{
  "version": 4,
  "terraform_version": "1.3.6",
  "serial": 1681,
  "lineage": "de500f46-fbe7-e666-87a0-1d02aab2c30a",
  "outputs": {
    "linux_vm_public_ip_addr": {
      "value": [
        "52.157.143.41"
      ],
      "type": [
        "tuple",
        [
          "string"
        ]
      ]
    },
    "name": {
      "value": "-----BEGIN RSA PRIVATE KEY-----\nMIIJKAIBAAKCAgEArcZhYrp/zoyC/HCjVz0ca308Dy1Tit+UI7sLbJh11tgQmq70\nB+p4DzgyO1Lq8sUnvEkl1fPa0UnPUjFCvBTtVZ11swpdTfeYE5lUgXD9qoMBFAG2\nP5t/pP7G3xBB2evK474dVhn5GJBZLuAisC+RHitF7lvYDDwoUYvdpzr95LUcga5B\n+cXzVAO/7c2j6WJHAyjZKI2+nkZzNtJ/ryyU6lsyYHdgPLPi89B1fQxxRlwACent\nRXlMJwn3NMMgEidBEmFBTPVe6NINyZkH5RScpseKNSD5e0jCQ1tcd/kAkkTeO9FZ\nm58UQulBTLoroIr2iBsoL1MIFDIClT7BIpJK9guZucT3lbxixZ9xGzqU+qxXpIoQ\nXr3RCO/3migAEop56sgO30R3QhMZeCWQphx82Kc5IWEIp7RBQmPhFlif4S/XMCkk\nqz2w6wwrO7Zpnd0JGj7lgK1U97uziGedB6oa6B7Hwb8Ip6GMQQrWfgEH4Sc2g83I\nvfP/hFftgRcAvICszUZ+H17qD9oKdWM8rhe6IrGjC8fjuQxRoTtszWwgW3xNZ3mr\nNIVrv7Ss+i92v1BxeqAUlSNGc9wYGgyGgwz+kY0tq6o8gS1zhjaD2eYcpqWiqg8o\niRpeDz2jq85B++fEQUotSpb6/NH2Uniy8bbTnq4AGCc6oOrCrl1rAt5B2wUCAwEA\nAQKCAgEAhGGqctHs52b3qmQMqzrs2Z4QEOfQyuzEJ+woKdSDgOYc0BoT4avnRoDj\nE3p5bfRv7uoynqkku2dlPxIz6qBupVhM/9YXenvyKIwYanuvYyRlv94F/rLxLLrC\nuc/iuqb8az67joo+z024AxPQmTPDc543qfvhvIBfnq/Ubb9tB7xJOSmNLUB1vD0X\nC4wrIHIz8t49gL1qx5yXzN3TU5m84EQVPpPyhovrix31QwwlhxozFVpV3SUotFzN\nLC6x0eKBmgTpAD20zdynkDq6XvOy2wML8KlsJVUqWLHS4bqZitRYEG3Nu9YWU1rq\n2g7BiY4TfWBi3pp8fxYSDaw+6Z1U6JWk++oerXAa7c4HMqk0O4baRRM1GYugvMfW\n0e/9hoxVjMpoaf1G6xjiAKVMpHn2U87x+1mwsl0nls77VIax8aC+0xkMpy3FqTB0\nxHZGmKi3WcANcUsI6jFgEWEv9RuDISYzpb1YV8iApblCrBFiwbnZaelkrdaonli2\n740Pohf4EY5I3GoXzKOdVgYObC1x9l9/aDJpDPpfKIma0T3YUT4FNU2tm4o++ooh\nFPQTodtH+y8nq1ytNb/LTwrWBTsZ8tkmBkkpAu75OnoUwj06PuffkWetKWK9YbKd\nEYDaobmhbdyGk8Pvn7Inn3c5IJ2x1UjqwV1E60Y4ArBEdf85jckCggEBAOE2EbBL\nlCmXdwbjlQsoRtzRwKDmKD78DQJ86yO1upcCDDWg04tDPolllD5i0zvNFAd+CT5u\n07cNfr76p1g0KOlgHsOZDDS1mr5ZWw9lNwV6XdHvc90yon9wJ4gemoF70KOgQIYo\nBW+GNwA2vf2PV0e0hTBthYP76Kohg4l25TqSK10ZVsDamrVVSAacIJAVx/aV71Dm\ns9t2aBh1z0feU/5pv2H+uxX0O5me2wdSoRBP44Y7bFTx+5LIg5k+VW6/jhI1EsSh\nVW/1yFAqb/Tet8Wu9aVypJF8IsIWxG1KaQrJ8KCWBv455Eg8cdCk2O31r80NsXKE\nhOpyzQhjdcdZ9GsCggEBAMWIJZFUr4HpiixwBtg7AyY96Nih9W7P2rqLN1WtoaU9\nwgBUE+C+E8262x4xAQXbhJBHARAMjW8ocVVJ2Y2E9Mb7DYqWn7Wx8Xan+v4b5txl\n4IRD2WQgIc3gCFqpdKMuC6ZoFPlDoZtFMH+3MmOmYj50Yx8csDYPSzr+ae37eP1i\nPI7WnNALA2qeDbpLsKeOLwP/Vw22aqC1eB62VFp/9Ge3HJD1AMN0QDiSTi5c7AQW\nhcOOjOJtW2Rzb316+2SOAm2/aDMBbLzS4hLHU8KuUaROMJtk2dGL+Q40rYzbyhii\n8Y5hsyO+7xPTZ5b6JrzbFmC3R1XO+bO642mbEgypyk8CggEAF0HuMbacZm8t65g1\nHCHcr5E5w2QBY//DmC4uWlG6Iz4i5KbnMcqP+sByvr6V8ecL2no5mij31D+ghzh7\nb7BzSSaUBr8Xc5oNkPrJXJ2nQPmSFswTuxQvk9mRO41th1GyCjPSdghMB2hk5bDB\njh3vdYg++PFWiHrLXEZ5vwh4Q8Q0lji3rNLmhzN3bLdS5Y5aSCzTuhcZG+Dufxgr\nf9CF/BAPo58a0vmV7hdppyfxWi3l4UbhuSQERvROItU9HWLK2TaB6ax/lkBbn2vC\nhBc8Az4+QAfG1v9q14BiaKb2khaosuzLbBWubYdQeauMe4aT0SlI2fq1f0C7y9H5\np8yyYQKCAQBLzamNEhCgLD1IPF2EEXFt9YgryktjkQSBXfeIO6+yt/aBJcLTFl6H\nLtPzzB52Xv2KWJVB0W9dXwnPDx4bvxAoZCOYMaFsmrLtNB2P8qkvnzD/0QHV+LbA\nSN8r26fVD1CNNZgG6DtWWMD54hXGRA2jpgp74AiHVmsqYoPIPh76Lf7LWfSnqfJP\nsgPWoEFUq63DPPPtYTmeHsXQE2xfpobmXlDqF/uJBk225/50sFgqYXJHz6alJg5S\niDIa110uA4lPEIsuN7fA5rS3PCMarMbL5O2mVJd6YNrc5r5LNfViavWEDF4ws48P\n7qrsN2cyRmlaCDup5FnS7T9kQYw1q9rlAoIBAFEQSCyUnk3KAugSjMMrYuSxnnfl\nQJDgtun6XJuvTtiE9gR5CwTVe4W/BCLPJynXfrXE//qLPQ18LGtL1mMkocBmB49j\nDIGtTYWeTcra8bJJ8tW8oSb0rv4/gNfu6BiRvHtBFoG94kzsRQJef9oThVadvUTW\nYacF8Y2A/Oh654uYTrzX5YHKwF7Z5Hzos2uHWyb6d+iS9m0COQrP+ukOr08ZoDwJ\n31cl08Da00R5+ccK02npRF4gJZL0I2LGWyxG79qkKXuboExT2gvT9QIi1WI0NGhC\nxFTQnsd4eTQVIOLb/jcIn0Fu7UqUUHqAsI76tGT9JqMNp8QET7+oObK6eug=\n-----END RSA PRIVATE KEY-----\n",
      "type": "string",
      "sensitive": true
    }
  },
  "resources": [
    {
      "mode": "data",
      "type": "azurerm_log_analytics_workspace",
      "name": "example",
      "provider": "provider[\"registry.terraform.io/hashicorp/azurerm\"]",
      "instances": [
        {
          "schema_version": 0,
          "attributes": {
            "daily_quota_gb": -1,
            "id": "/subscriptions/7409015c-1c36-4389-ab17-588c61f855ff/resourceGroups/rg-shared-westeurope-01/providers/Microsoft.OperationalInsights/workspaces/log-analytics-wp",
            "location": "westeurope",
            "name": "log-analytics-wp",
            "primary_shared_key": "xwexOxCZJyOmoVZblzoGJea0/2IwlWuaGoDgeIo8HCe7v9qrx+cyM1pus8mmB9ruUKxsoJtJdGMnL0xBj6uSsw==",
            "resource_group_name": "rg-shared-westeurope-01",
            "retention_in_days": 30,
            "secondary_shared_key": "MWrvoGH4C79SY63cdlXNT0w9vmiokZGoTaWSt7bU3eajVdKe4g9UqBw509Vm9BZhtufODiJfydbfBOxJ77FBEA==",
            "sku": "pergb2018",
            "tags": {},
            "timeouts": null,
            "workspace_id": "63a702b8-031b-47c4-ada0-2017cd5846f4"
          },
          "sensitive_attributes": []
        }
      ]
    },
    {
      "mode": "managed",
      "type": "azurerm_resource_group",
      "name": "example",
      "provider": "provider[\"registry.terraform.io/hashicorp/azurerm\"]",
      "instances": [
        {
          "schema_version": 0,
          "attributes": {
            "id": "/subscriptions/7409015c-1c36-4389-ab17-588c61f855ff/resourceGroups/rg-devops",
            "location": "westeurope",
            "name": "rg-devops",
            "tags": null,
            "timeouts": null
          },
          "sensitive_attributes": [],
          "private": "eyJlMmJmYjczMC1lY2FhLTExZTYtOGY4OC0zNDM2M2JjN2M0YzAiOnsiY3JlYXRlIjo1NDAwMDAwMDAwMDAwLCJkZWxldGUiOjU0MDAwMDAwMDAwMDAsInJlYWQiOjMwMDAwMDAwMDAwMCwidXBkYXRlIjo1NDAwMDAwMDAwMDAwfX0=",
          "create_before_destroy": true
        }
      ]
    },
    {
      "mode": "managed",
      "type": "null_resource",
      "name": "remoteExecProvisionerWFolder",
      "provider": "provider[\"registry.terraform.io/hashicorp/null\"]",
      "instances": [
        {
          "schema_version": 0,
          "attributes": {
            "id": "1518088359982495888",
            "triggers": null
          },
          "sensitive_attributes": [],
          "dependencies": [
            "azurerm_resource_group.example",
            "module.linuxservers.azurerm_availability_set.vm",
            "module.linuxservers.azurerm_network_interface.vm",
            "module.linuxservers.azurerm_public_ip.vm",
            "module.linuxservers.azurerm_storage_account.vm_sa",
            "module.linuxservers.azurerm_virtual_machine.vm_linux",
            "module.linuxservers.azurerm_virtual_machine.vm_windows",
            "module.linuxservers.data.azurerm_public_ip.vm",
            "module.linuxservers.data.azurerm_resource_group.vm",
            "module.linuxservers.random_id.vm_sa",
            "module.vnet.azurerm_subnet.subnet_count",
            "module.vnet.azurerm_subnet.subnet_for_each",
            "module.vnet.azurerm_virtual_network.vnet"
          ]
        }
      ]
    },
    {
      "module": "module.linuxservers",
      "mode": "data",
      "type": "azurerm_public_ip",
      "name": "vm",
      "provider": "provider[\"registry.terraform.io/hashicorp/azurerm\"]",
      "instances": [
        {
          "index_key": 0,
          "schema_version": 0,
          "attributes": {
            "allocation_method": "Dynamic",
            "ddos_protection_mode": "VirtualNetworkInherited",
            "ddos_protection_plan_id": null,
            "domain_name_label": "",
            "fqdn": "",
            "id": "/subscriptions/7409015c-1c36-4389-ab17-588c61f855ff/resourceGroups/rg-devops/providers/Microsoft.Network/publicIPAddresses/mylinuxvm-pip-0",
            "idle_timeout_in_minutes": 4,
            "ip_address": "52.157.143.41",
            "ip_tags": {},
            "ip_version": "IPv4",
            "location": "westeurope",
            "name": "mylinuxvm-pip-0",
            "resource_group_name": "rg-devops",
            "reverse_fqdn": "",
            "sku": "Basic",
            "tags": {
              "costcenter": "it",
              "environment": "dev"
            },
            "timeouts": null,
            "zones": []
          },
          "sensitive_attributes": []
        }
      ]
    },
    {
      "module": "module.linuxservers",
      "mode": "data",
      "type": "azurerm_resource_group",
      "name": "vm",
      "provider": "provider[\"registry.terraform.io/hashicorp/azurerm\"]",
      "instances": [
        {
          "index_key": 0,
          "schema_version": 0,
          "attributes": {
            "id": "/subscriptions/7409015c-1c36-4389-ab17-588c61f855ff/resourceGroups/rg-devops",
            "location": "westeurope",
            "name": "rg-devops",
            "tags": {},
            "timeouts": null
          },
          "sensitive_attributes": []
        }
      ]
    },
    {
      "module": "module.linuxservers",
      "mode": "managed",
      "type": "azurerm_availability_set",
      "name": "vm",
      "provider": "provider[\"registry.terraform.io/hashicorp/azurerm\"]",
      "instances": [
        {
          "index_key": 0,
          "schema_version": 0,
          "attributes": {
            "id": "/subscriptions/7409015c-1c36-4389-ab17-588c61f855ff/resourceGroups/rg-devops/providers/Microsoft.Compute/availabilitySets/mylinuxvm-avset",
            "location": "westeurope",
            "managed": true,
            "name": "mylinuxvm-avset",
            "platform_fault_domain_count": 2,
            "platform_update_domain_count": 2,
            "proximity_placement_group_id": null,
            "resource_group_name": "rg-devops",
            "tags": {
              "costcenter": "it",
              "environment": "dev"
            },
            "timeouts": null
          },
          "sensitive_attributes": [],
          "private": "eyJlMmJmYjczMC1lY2FhLTExZTYtOGY4OC0zNDM2M2JjN2M0YzAiOnsiY3JlYXRlIjoxODAwMDAwMDAwMDAwLCJkZWxldGUiOjE4MDAwMDAwMDAwMDAsInJlYWQiOjMwMDAwMDAwMDAwMCwidXBkYXRlIjoxODAwMDAwMDAwMDAwfX0=",
          "dependencies": [
            "azurerm_resource_group.example",
            "module.linuxservers.data.azurerm_resource_group.vm"
          ]
        }
      ]
    },
    {
      "module": "module.linuxservers",
      "mode": "managed",
      "type": "azurerm_network_interface",
      "name": "vm",
      "provider": "provider[\"registry.terraform.io/hashicorp/azurerm\"]",
      "instances": [
        {
          "index_key": 0,
          "schema_version": 0,
          "attributes": {
            "applied_dns_servers": [],
            "dns_servers": [],
            "edge_zone": "",
            "enable_accelerated_networking": true,
            "enable_ip_forwarding": false,
            "id": "/subscriptions/7409015c-1c36-4389-ab17-588c61f855ff/resourceGroups/rg-devops/providers/Microsoft.Network/networkInterfaces/mylinuxvm-nic-0",
            "internal_dns_name_label": "",
            "internal_domain_name_suffix": "zbqjnnu1ksledkmy2tx1nr1jaf.ax.internal.cloudapp.net",
            "ip_configuration": [
              {
                "gateway_load_balancer_frontend_ip_configuration_id": "",
                "name": "mylinuxvm-ip-0",
                "primary": true,
                "private_ip_address": "10.0.1.4",
                "private_ip_address_allocation": "Dynamic",
                "private_ip_address_version": "IPv4",
                "public_ip_address_id": "/subscriptions/7409015c-1c36-4389-ab17-588c61f855ff/resourceGroups/rg-devops/providers/Microsoft.Network/publicIPAddresses/mylinuxvm-pip-0",
                "subnet_id": "/subscriptions/7409015c-1c36-4389-ab17-588c61f855ff/resourceGroups/rg-shared-westeurope-01/providers/Microsoft.Network/virtualNetworks/vnet-shared-hub-westeurope-001/subnets/snet-management"
              }
            ],
            "location": "westeurope",
            "mac_address": "",
            "name": "mylinuxvm-nic-0",
            "private_ip_address": "10.0.1.4",
            "private_ip_addresses": [
              "10.0.1.4"
            ],
            "resource_group_name": "rg-devops",
            "tags": {
              "costcenter": "it",
              "environment": "dev"
            },
            "timeouts": null,
            "virtual_machine_id": ""
          },
          "sensitive_attributes": [],
          "private": "eyJlMmJmYjczMC1lY2FhLTExZTYtOGY4OC0zNDM2M2JjN2M0YzAiOnsiY3JlYXRlIjoxODAwMDAwMDAwMDAwLCJkZWxldGUiOjE4MDAwMDAwMDAwMDAsInJlYWQiOjMwMDAwMDAwMDAwMCwidXBkYXRlIjoxODAwMDAwMDAwMDAwfX0=",
          "dependencies": [
            "azurerm_resource_group.example",
            "module.linuxservers.azurerm_public_ip.vm",
            "module.linuxservers.data.azurerm_resource_group.vm",
            "module.vnet.azurerm_subnet.subnet_count",
            "module.vnet.azurerm_subnet.subnet_for_each",
            "module.vnet.azurerm_virtual_network.vnet"
          ]
        }
      ]
    },
    {
      "module": "module.linuxservers",
      "mode": "managed",
      "type": "azurerm_network_interface_security_group_association",
      "name": "test",
      "provider": "provider[\"registry.terraform.io/hashicorp/azurerm\"]",
      "instances": [
        {
          "index_key": 0,
          "schema_version": 0,
          "attributes": {
            "id": "/subscriptions/7409015c-1c36-4389-ab17-588c61f855ff/resourceGroups/rg-devops/providers/Microsoft.Network/networkInterfaces/mylinuxvm-nic-0|/subscriptions/7409015c-1c36-4389-ab17-588c61f855ff/resourceGroups/rg-devops/providers/Microsoft.Network/networkSecurityGroups/mylinuxvm-nsg",
            "network_interface_id": "/subscriptions/7409015c-1c36-4389-ab17-588c61f855ff/resourceGroups/rg-devops/providers/Microsoft.Network/networkInterfaces/mylinuxvm-nic-0",
            "network_security_group_id": "/subscriptions/7409015c-1c36-4389-ab17-588c61f855ff/resourceGroups/rg-devops/providers/Microsoft.Network/networkSecurityGroups/mylinuxvm-nsg",
            "timeouts": null
          },
          "sensitive_attributes": [],
          "private": "eyJlMmJmYjczMC1lY2FhLTExZTYtOGY4OC0zNDM2M2JjN2M0YzAiOnsiY3JlYXRlIjoxODAwMDAwMDAwMDAwLCJkZWxldGUiOjE4MDAwMDAwMDAwMDAsInJlYWQiOjMwMDAwMDAwMDAwMCwidXBkYXRlIjoxODAwMDAwMDAwMDAwfX0=",
          "dependencies": [
            "azurerm_resource_group.example",
            "module.linuxservers.azurerm_network_interface.vm",
            "module.linuxservers.azurerm_network_security_group.vm",
            "module.linuxservers.azurerm_public_ip.vm",
            "module.linuxservers.data.azurerm_resource_group.vm",
            "module.vnet.azurerm_subnet.subnet_count",
            "module.vnet.azurerm_subnet.subnet_for_each",
            "module.vnet.azurerm_virtual_network.vnet"
          ]
        }
      ]
    },
    {
      "module": "module.linuxservers",
      "mode": "managed",
      "type": "azurerm_network_security_group",
      "name": "vm",
      "provider": "provider[\"registry.terraform.io/hashicorp/azurerm\"]",
      "instances": [
        {
          "index_key": 0,
          "schema_version": 0,
          "attributes": {
            "id": "/subscriptions/7409015c-1c36-4389-ab17-588c61f855ff/resourceGroups/rg-devops/providers/Microsoft.Network/networkSecurityGroups/mylinuxvm-nsg",
            "location": "westeurope",
            "name": "mylinuxvm-nsg",
            "resource_group_name": "rg-devops",
            "security_rule": [],
            "tags": {
              "costcenter": "it",
              "environment": "dev"
            },
            "timeouts": null
          },
          "sensitive_attributes": [],
          "private": "eyJlMmJmYjczMC1lY2FhLTExZTYtOGY4OC0zNDM2M2JjN2M0YzAiOnsiY3JlYXRlIjoxODAwMDAwMDAwMDAwLCJkZWxldGUiOjE4MDAwMDAwMDAwMDAsInJlYWQiOjMwMDAwMDAwMDAwMCwidXBkYXRlIjoxODAwMDAwMDAwMDAwfX0=",
          "dependencies": [
            "azurerm_resource_group.example",
            "module.linuxservers.data.azurerm_resource_group.vm"
          ]
        }
      ]
    },
    {
      "module": "module.linuxservers",
      "mode": "managed",
      "type": "azurerm_network_security_rule",
      "name": "vm",
      "provider": "provider[\"registry.terraform.io/hashicorp/azurerm\"]",
      "instances": [
        {
          "index_key": 0,
          "schema_version": 0,
          "attributes": {
            "access": "Allow",
            "description": "Allow remote protocol in from all locations",
            "destination_address_prefix": "*",
            "destination_address_prefixes": null,
            "destination_application_security_group_ids": null,
            "destination_port_range": "22",
            "destination_port_ranges": null,
            "direction": "Inbound",
            "id": "/subscriptions/7409015c-1c36-4389-ab17-588c61f855ff/resourceGroups/rg-devops/providers/Microsoft.Network/networkSecurityGroups/mylinuxvm-nsg/securityRules/allow_remote_22_in_all",
            "name": "allow_remote_22_in_all",
            "network_security_group_name": "mylinuxvm-nsg",
            "priority": 101,
            "protocol": "Tcp",
            "resource_group_name": "rg-devops",
            "source_address_prefix": "",
            "source_address_prefixes": [
              "0.0.0.0/0"
            ],
            "source_application_security_group_ids": null,
            "source_port_range": "*",
            "source_port_ranges": null,
            "timeouts": null
          },
          "sensitive_attributes": [],
          "private": "eyJlMmJmYjczMC1lY2FhLTExZTYtOGY4OC0zNDM2M2JjN2M0YzAiOnsiY3JlYXRlIjoxODAwMDAwMDAwMDAwLCJkZWxldGUiOjE4MDAwMDAwMDAwMDAsInJlYWQiOjMwMDAwMDAwMDAwMCwidXBkYXRlIjoxODAwMDAwMDAwMDAwfX0=",
          "dependencies": [
            "azurerm_resource_group.example",
            "module.linuxservers.azurerm_network_security_group.vm",
            "module.linuxservers.data.azurerm_resource_group.vm"
          ]
        }
      ]
    },
    {
      "module": "module.linuxservers",
      "mode": "managed",
      "type": "azurerm_public_ip",
      "name": "vm",
      "provider": "provider[\"registry.terraform.io/hashicorp/azurerm\"]",
      "instances": [
        {
          "index_key": 0,
          "schema_version": 0,
          "attributes": {
            "allocation_method": "Dynamic",
            "ddos_protection_mode": "VirtualNetworkInherited",
            "ddos_protection_plan_id": null,
            "domain_name_label": null,
            "edge_zone": "",
            "fqdn": null,
            "id": "/subscriptions/7409015c-1c36-4389-ab17-588c61f855ff/resourceGroups/rg-devops/providers/Microsoft.Network/publicIPAddresses/mylinuxvm-pip-0",
            "idle_timeout_in_minutes": 4,
            "ip_address": "",
            "ip_tags": null,
            "ip_version": "IPv4",
            "location": "westeurope",
            "name": "mylinuxvm-pip-0",
            "public_ip_prefix_id": null,
            "resource_group_name": "rg-devops",
            "reverse_fqdn": null,
            "sku": "Basic",
            "sku_tier": "Regional",
            "tags": {
              "costcenter": "it",
              "environment": "dev"
            },
            "timeouts": null,
            "zones": null
          },
          "sensitive_attributes": [],
          "private": "eyJlMmJmYjczMC1lY2FhLTExZTYtOGY4OC0zNDM2M2JjN2M0YzAiOnsiY3JlYXRlIjoxODAwMDAwMDAwMDAwLCJkZWxldGUiOjE4MDAwMDAwMDAwMDAsInJlYWQiOjMwMDAwMDAwMDAwMCwidXBkYXRlIjoxODAwMDAwMDAwMDAwfX0=",
          "dependencies": [
            "azurerm_resource_group.example",
            "module.linuxservers.data.azurerm_resource_group.vm"
          ],
          "create_before_destroy": true
        }
      ]
    },
    {
      "module": "module.linuxservers",
      "mode": "managed",
      "type": "azurerm_storage_account",
      "name": "vm_sa",
      "provider": "provider[\"registry.terraform.io/hashicorp/azurerm\"]",
      "instances": [
        {
          "index_key": 0,
          "schema_version": 3,
          "attributes": {
            "access_tier": "Hot",
            "account_kind": "StorageV2",
            "account_replication_type": "LRS",
            "account_tier": "Standard",
            "allow_nested_items_to_be_public": true,
            "azure_files_authentication": [],
            "blob_properties": [
              {
                "change_feed_enabled": false,
                "change_feed_retention_in_days": 0,
                "container_delete_retention_policy": [],
                "cors_rule": [],
                "default_service_version": "",
                "delete_retention_policy": [],
                "last_access_time_enabled": false,
                "restore_policy": [],
                "versioning_enabled": false
              }
            ],
            "cross_tenant_replication_enabled": true,
            "custom_domain": [],
            "customer_managed_key": [],
            "default_to_oauth_authentication": false,
            "edge_zone": "",
            "enable_https_traffic_only": true,
            "id": "/subscriptions/7409015c-1c36-4389-ab17-588c61f855ff/resourceGroups/rg-devops/providers/Microsoft.Storage/storageAccounts/bootdiag1dfdabdefc9a",
            "identity": [],
            "immutability_policy": [],
            "infrastructure_encryption_enabled": false,
            "is_hns_enabled": false,
            "large_file_share_enabled": null,
            "location": "westeurope",
            "min_tls_version": "TLS1_2",
            "name": "bootdiag1dfdabdefc9a",
            "network_rules": [
              {
                "bypass": [
                  "AzureServices"
                ],
                "default_action": "Allow",
                "ip_rules": [],
                "private_link_access": [],
                "virtual_network_subnet_ids": []
              }
            ],
            "nfsv3_enabled": false,
            "primary_access_key": "bENIjAA1Vku5aukm/1WSuW6TIXOAlOVIQ6ah+Zey4ZgbTWRySJi/q1TmUKwvu/eg4cqkbGeGnIgw+ASthev47w==",
            "primary_blob_connection_string": "DefaultEndpointsProtocol=https;BlobEndpoint=https://bootdiag1dfdabdefc9a.blob.core.windows.net/;AccountName=bootdiag1dfdabdefc9a;AccountKey=bENIjAA1Vku5aukm/1WSuW6TIXOAlOVIQ6ah+Zey4ZgbTWRySJi/q1TmUKwvu/eg4cqkbGeGnIgw+ASthev47w==",
            "primary_blob_endpoint": "https://bootdiag1dfdabdefc9a.blob.core.windows.net/",
            "primary_blob_host": "bootdiag1dfdabdefc9a.blob.core.windows.net",
            "primary_connection_string": "DefaultEndpointsProtocol=https;AccountName=bootdiag1dfdabdefc9a;AccountKey=bENIjAA1Vku5aukm/1WSuW6TIXOAlOVIQ6ah+Zey4ZgbTWRySJi/q1TmUKwvu/eg4cqkbGeGnIgw+ASthev47w==;EndpointSuffix=core.windows.net",
            "primary_dfs_endpoint": "https://bootdiag1dfdabdefc9a.dfs.core.windows.net/",
            "primary_dfs_host": "bootdiag1dfdabdefc9a.dfs.core.windows.net",
            "primary_file_endpoint": "https://bootdiag1dfdabdefc9a.file.core.windows.net/",
            "primary_file_host": "bootdiag1dfdabdefc9a.file.core.windows.net",
            "primary_location": "westeurope",
            "primary_queue_endpoint": "https://bootdiag1dfdabdefc9a.queue.core.windows.net/",
            "primary_queue_host": "bootdiag1dfdabdefc9a.queue.core.windows.net",
            "primary_table_endpoint": "https://bootdiag1dfdabdefc9a.table.core.windows.net/",
            "primary_table_host": "bootdiag1dfdabdefc9a.table.core.windows.net",
            "primary_web_endpoint": "https://bootdiag1dfdabdefc9a.z6.web.core.windows.net/",
            "primary_web_host": "bootdiag1dfdabdefc9a.z6.web.core.windows.net",
            "public_network_access_enabled": true,
            "queue_encryption_key_type": "Service",
            "queue_properties": [
              {
                "cors_rule": [],
                "hour_metrics": [
                  {
                    "enabled": true,
                    "include_apis": true,
                    "retention_policy_days": 7,
                    "version": "1.0"
                  }
                ],
                "logging": [
                  {
                    "delete": false,
                    "read": false,
                    "retention_policy_days": 0,
                    "version": "1.0",
                    "write": false
                  }
                ],
                "minute_metrics": [
                  {
                    "enabled": false,
                    "include_apis": false,
                    "retention_policy_days": 0,
                    "version": "1.0"
                  }
                ]
              }
            ],
            "resource_group_name": "rg-devops",
            "routing": [],
            "sas_policy": [],
            "secondary_access_key": "/PGn9/d3yC011a2TwcYV62hpjNu/Wsl0THE5zQmrmR0c1J7YHE52leGYb4JimnI9Nu6hPVsgiXdJ+AStHsQhjw==",
            "secondary_blob_connection_string": "",
            "secondary_blob_endpoint": null,
            "secondary_blob_host": null,
            "secondary_connection_string": "DefaultEndpointsProtocol=https;AccountName=bootdiag1dfdabdefc9a;AccountKey=/PGn9/d3yC011a2TwcYV62hpjNu/Wsl0THE5zQmrmR0c1J7YHE52leGYb4JimnI9Nu6hPVsgiXdJ+AStHsQhjw==;EndpointSuffix=core.windows.net",
            "secondary_dfs_endpoint": null,
            "secondary_dfs_host": null,
            "secondary_file_endpoint": null,
            "secondary_file_host": null,
            "secondary_location": "",
            "secondary_queue_endpoint": null,
            "secondary_queue_host": null,
            "secondary_table_endpoint": null,
            "secondary_table_host": null,
            "secondary_web_endpoint": null,
            "secondary_web_host": null,
            "sftp_enabled": false,
            "share_properties": [
              {
                "cors_rule": [],
                "retention_policy": [
                  {
                    "days": 7
                  }
                ],
                "smb": []
              }
            ],
            "shared_access_key_enabled": true,
            "static_website": [],
            "table_encryption_key_type": "Service",
            "tags": {
              "costcenter": "it",
              "environment": "dev"
            },
            "timeouts": null
          },
          "sensitive_attributes": [],
          "private": "eyJlMmJmYjczMC1lY2FhLTExZTYtOGY4OC0zNDM2M2JjN2M0YzAiOnsiY3JlYXRlIjozNjAwMDAwMDAwMDAwLCJkZWxldGUiOjM2MDAwMDAwMDAwMDAsInJlYWQiOjMwMDAwMDAwMDAwMCwidXBkYXRlIjozNjAwMDAwMDAwMDAwfSwic2NoZW1hX3ZlcnNpb24iOiIzIn0=",
          "dependencies": [
            "azurerm_resource_group.example",
            "module.linuxservers.data.azurerm_resource_group.vm",
            "module.linuxservers.random_id.vm_sa"
          ]
        }
      ]
    },
    {
      "module": "module.linuxservers",
      "mode": "managed",
      "type": "azurerm_virtual_machine",
      "name": "vm_linux",
      "provider": "provider[\"registry.terraform.io/hashicorp/azurerm\"]",
      "instances": [
        {
          "index_key": 0,
          "schema_version": 0,
          "attributes": {
            "additional_capabilities": [],
            "availability_set_id": "/subscriptions/7409015c-1c36-4389-ab17-588c61f855ff/resourcegroups/rg-devops/providers/microsoft.compute/availabilitysets/mylinuxvm-avset",
            "boot_diagnostics": [
              {
                "enabled": true,
                "storage_uri": "https://bootdiag1dfdabdefc9a.blob.core.windows.net/"
              }
            ],
            "delete_data_disks_on_termination": true,
            "delete_os_disk_on_termination": true,
            "id": "/subscriptions/7409015c-1c36-4389-ab17-588c61f855ff/resourceGroups/rg-devops/providers/Microsoft.Compute/virtualMachines/mylinuxvm-vmLinux-0",
            "identity": [],
            "license_type": null,
            "location": "westeurope",
            "name": "mylinuxvm-vmLinux-0",
            "network_interface_ids": [
              "/subscriptions/7409015c-1c36-4389-ab17-588c61f855ff/resourceGroups/rg-devops/providers/Microsoft.Network/networkInterfaces/mylinuxvm-nic-0"
            ],
            "os_profile": [
              {
                "admin_password": "",
                "admin_username": "vmathpal",
                "computer_name": "mylinuxvm-0",
                "custom_data": "bc83fdc934ef53628226010de9f0bb660c0ac931"
              }
            ],
            "os_profile_linux_config": [
              {
                "disable_password_authentication": true,
                "ssh_keys": [
                  {
                    "key_data": "ssh-rsa AAAAB3NzaC1yc2EAAAADAQABAAABgQDDBH9EJA8Gzm0rbOASpP5LoB/GwU5RxDbc+sRFmkUViVvUTb37hX/6YPJPCPKAwP7cPeKBw6V2ZrdoqFPYYZ+U9znaUe7FGQkhJfR347jKs7k83rZhZd5+rWvMsXnGX5hkU2EEwfPnGWCKVCZkOPFnI0O2BCtve/CwWmxfOtisWyX9MGX3aIsRQ0aWSPQcPpS55Y4cB/qpr0CADF8LUti7Z5Sr8/VCgYD6zwPKf8XPkSgqEACP5ruTTRyVrIst9T3uELO1+8F9w0QnoN175sGOmblTAfqvQeRr7GTh5tqEet9YmDM14eGbe/zR2EhqLBchypwi/MGBzhIF9+2o/2IKX5FzthaTkHt6w/Bn4RInClMXCdhHYTmAuQzTju/7Ww6TjnkCk1VucgtyBlgiba/1R4XUzPbsC3Rxn9Lc4moCLzSc0BNg5h7iT2bH9esn1fjRSTD+KACSSZmaUuG2u/jAPjLcvhsU3K5g+fbwM/HrDWNntdboaY/nZ5a2zg/lQ4M= vmathpal@AIPL7889LT16443.local\n",
                    "path": "/home/vmathpal/.ssh/authorized_keys"
                  }
                ]
              }
            ],
            "os_profile_secrets": [],
            "os_profile_windows_config": [],
            "plan": [],
            "primary_network_interface_id": null,
            "proximity_placement_group_id": null,
            "resource_group_name": "rg-devops",
            "storage_data_disk": [
              {
                "caching": "None",
                "create_option": "Empty",
                "disk_size_gb": 16,
                "lun": 0,
                "managed_disk_id": "/subscriptions/7409015c-1c36-4389-ab17-588c61f855ff/resourceGroups/rg-devops/providers/Microsoft.Compute/disks/mylinuxvm-datadisk-0-0",
                "managed_disk_type": "Premium_LRS",
                "name": "mylinuxvm-datadisk-0-0",
                "vhd_uri": "",
                "write_accelerator_enabled": false
              }
            ],
            "storage_image_reference": [
              {
                "id": "",
                "offer": "CentOS-CI",
                "publisher": "OpenLogic",
                "sku": "7-CI",
                "version": "latest"
              }
            ],
            "storage_os_disk": [
              {
                "caching": "ReadWrite",
                "create_option": "FromImage",
                "disk_size_gb": 30,
                "image_uri": "",
                "managed_disk_id": "/subscriptions/7409015c-1c36-4389-ab17-588c61f855ff/resourceGroups/rg-devops/providers/Microsoft.Compute/disks/osdisk-mylinuxvm-0",
                "managed_disk_type": "Premium_LRS",
                "name": "osdisk-mylinuxvm-0",
                "os_type": "Linux",
                "vhd_uri": "",
                "write_accelerator_enabled": false
              }
            ],
            "tags": {
              "costcenter": "it",
              "environment": "dev"
            },
            "timeouts": null,
            "vm_size": "Standard_D2s_v3",
            "zones": null
          },
          "sensitive_attributes": [],
          "private": "eyJlMmJmYjczMC1lY2FhLTExZTYtOGY4OC0zNDM2M2JjN2M0YzAiOnsiY3JlYXRlIjozNjAwMDAwMDAwMDAwLCJkZWxldGUiOjM2MDAwMDAwMDAwMDAsInJlYWQiOjMwMDAwMDAwMDAwMCwidXBkYXRlIjozNjAwMDAwMDAwMDAwfX0=",
          "dependencies": [
            "azurerm_resource_group.example",
            "module.linuxservers.azurerm_availability_set.vm",
            "module.linuxservers.azurerm_network_interface.vm",
            "module.linuxservers.azurerm_public_ip.vm",
            "module.linuxservers.azurerm_storage_account.vm_sa",
            "module.linuxservers.data.azurerm_resource_group.vm",
            "module.linuxservers.random_id.vm_sa",
            "module.vnet.azurerm_subnet.subnet_count",
            "module.vnet.azurerm_subnet.subnet_for_each",
            "module.vnet.azurerm_virtual_network.vnet"
          ]
        }
      ]
    },
    {
      "module": "module.linuxservers",
      "mode": "managed",
      "type": "random_id",
      "name": "vm_sa",
      "provider": "provider[\"registry.terraform.io/hashicorp/random\"]",
      "instances": [
        {
          "schema_version": 0,
          "attributes": {
            "b64_std": "Hf2r3vya",
            "b64_url": "Hf2r3vya",
            "byte_length": 6,
            "dec": "32975347448986",
            "hex": "1dfdabdefc9a",
            "id": "Hf2r3vya",
            "keepers": {
              "vm_hostname": "mylinuxvm"
            },
            "prefix": null
          },
          "sensitive_attributes": [],
          "dependencies": [
            "azurerm_resource_group.example"
          ]
        }
      ]
    },
    {
      "module": "module.vmscaleset",
      "mode": "data",
      "type": "azurerm_resource_group",
      "name": "rg",
      "provider": "provider[\"registry.terraform.io/hashicorp/azurerm\"]",
      "instances": [
        {
          "schema_version": 0,
          "attributes": {
            "id": "/subscriptions/7409015c-1c36-4389-ab17-588c61f855ff/resourceGroups/rg-shared-westeurope-01",
            "location": "westeurope",
            "name": "rg-shared-westeurope-01",
            "tags": {},
            "timeouts": null
          },
          "sensitive_attributes": []
        }
      ]
    },
    {
      "module": "module.vmscaleset",
      "mode": "data",
      "type": "azurerm_subnet",
      "name": "snet",
      "provider": "provider[\"registry.terraform.io/hashicorp/azurerm\"]",
      "instances": [
        {
          "schema_version": 0,
          "attributes": {
            "address_prefix": "10.0.1.0/24",
            "address_prefixes": [
              "10.0.1.0/24"
            ],
            "enforce_private_link_endpoint_network_policies": false,
            "enforce_private_link_service_network_policies": false,
            "id": "/subscriptions/7409015c-1c36-4389-ab17-588c61f855ff/resourceGroups/rg-shared-westeurope-01/providers/Microsoft.Network/virtualNetworks/vnet-shared-hub-westeurope-001/subnets/snet-management",
            "name": "snet-management",
            "network_security_group_id": "",
            "private_endpoint_network_policies_enabled": true,
            "private_link_service_network_policies_enabled": true,
            "resource_group_name": "rg-shared-westeurope-01",
            "route_table_id": "",
            "service_endpoints": [],
            "timeouts": null,
            "virtual_network_name": "vnet-shared-hub-westeurope-001"
          },
          "sensitive_attributes": []
        }
      ]
    },
    {
      "module": "module.vmscaleset",
      "mode": "data",
      "type": "azurerm_virtual_network",
      "name": "vnet",
      "provider": "provider[\"registry.terraform.io/hashicorp/azurerm\"]",
      "instances": [
        {
          "schema_version": 0,
          "attributes": {
            "address_space": [
              "10.0.0.0/16"
            ],
            "dns_servers": [],
            "guid": "b69660c8-549b-4196-a998-e4efb6c76905",
            "id": "/subscriptions/7409015c-1c36-4389-ab17-588c61f855ff/resourceGroups/rg-shared-westeurope-01/providers/Microsoft.Network/virtualNetworks/vnet-shared-hub-westeurope-001",
            "location": "westeurope",
            "name": "vnet-shared-hub-westeurope-001",
            "resource_group_name": "rg-shared-westeurope-01",
            "subnets": [
              "snet-management"
            ],
            "tags": {
              "ENV": "test"
            },
            "timeouts": null,
            "vnet_peerings": {},
            "vnet_peerings_addresses": []
          },
          "sensitive_attributes": []
        }
      ]
    },
    {
      "module": "module.vmscaleset",
      "mode": "managed",
      "type": "azurerm_lb",
      "name": "vmsslb",
      "provider": "provider[\"registry.terraform.io/hashicorp/azurerm\"]",
      "instances": [
        {
          "index_key": 0,
          "schema_version": 0,
          "attributes": {
            "edge_zone": "",
            "frontend_ip_configuration": [
              {
                "gateway_load_balancer_frontend_ip_configuration_id": "",
                "id": "/subscriptions/7409015c-1c36-4389-ab17-588c61f855ff/resourceGroups/rg-shared-westeurope-01/providers/Microsoft.Network/loadBalancers/lbext-testvmss-westeurope/frontendIPConfigurations/lbext-frontend-testvmss",
                "inbound_nat_rules": [],
                "load_balancer_rules": [],
                "name": "lbext-frontend-testvmss",
                "outbound_rules": [],
                "private_ip_address": "",
                "private_ip_address_allocation": "Dynamic",
                "private_ip_address_version": "",
                "public_ip_address_id": "/subscriptions/7409015c-1c36-4389-ab17-588c61f855ff/resourceGroups/rg-shared-westeurope-01/providers/Microsoft.Network/publicIPAddresses/pip-vm-testvmss-westeurope-01",
                "public_ip_prefix_id": "",
                "subnet_id": "",
                "zones": null
              }
            ],
            "id": "/subscriptions/7409015c-1c36-4389-ab17-588c61f855ff/resourceGroups/rg-shared-westeurope-01/providers/Microsoft.Network/loadBalancers/lbext-testvmss-westeurope",
            "location": "westeurope",
            "name": "lbext-testvmss-westeurope",
            "private_ip_address": "",
            "private_ip_addresses": [],
            "resource_group_name": "rg-shared-westeurope-01",
            "sku": "Standard",
            "sku_tier": "Regional",
            "tags": {
              "Email": "vmathpal1@gmail.com",
              "Name": "Vibhor Mathpal",
              "ProjectName": "Sapient-Assessment",
              "resourcename": "lbext-testvmss-westeurope"
            },
            "timeouts": null
          },
          "sensitive_attributes": [],
          "private": "eyJlMmJmYjczMC1lY2FhLTExZTYtOGY4OC0zNDM2M2JjN2M0YzAiOnsiY3JlYXRlIjoxODAwMDAwMDAwMDAwLCJkZWxldGUiOjE4MDAwMDAwMDAwMDAsInJlYWQiOjMwMDAwMDAwMDAwMCwidXBkYXRlIjoxODAwMDAwMDAwMDAwfX0=",
          "dependencies": [
            "azurerm_resource_group.example",
            "module.linuxservers.azurerm_availability_set.vm",
            "module.linuxservers.azurerm_network_interface.vm",
            "module.linuxservers.azurerm_network_interface_security_group_association.test",
            "module.linuxservers.azurerm_network_security_group.vm",
            "module.linuxservers.azurerm_network_security_rule.vm",
            "module.linuxservers.azurerm_public_ip.vm",
            "module.linuxservers.azurerm_storage_account.vm_sa",
            "module.linuxservers.azurerm_virtual_machine.vm_linux",
            "module.linuxservers.azurerm_virtual_machine.vm_windows",
            "module.linuxservers.azurerm_virtual_machine_extension.extension",
            "module.linuxservers.data.azurerm_public_ip.vm",
            "module.linuxservers.data.azurerm_resource_group.vm",
            "module.linuxservers.random_id.vm_sa",
            "module.vmscaleset.azurerm_public_ip.pip",
            "module.vmscaleset.data.azurerm_resource_group.rg",
            "module.vmscaleset.data.azurerm_subnet.snet",
            "module.vmscaleset.data.azurerm_virtual_network.vnet",
            "module.vnet.azurerm_subnet.subnet_count",
            "module.vnet.azurerm_subnet.subnet_for_each",
            "module.vnet.azurerm_subnet_network_security_group_association.vnet",
            "module.vnet.azurerm_subnet_route_table_association.vnet",
            "module.vnet.azurerm_virtual_network.vnet"
          ]
        }
      ]
    },
    {
      "module": "module.vmscaleset",
      "mode": "managed",
      "type": "azurerm_lb_backend_address_pool",
      "name": "bepool",
      "provider": "provider[\"registry.terraform.io/hashicorp/azurerm\"]",
      "instances": [
        {
          "index_key": 0,
          "schema_version": 0,
          "attributes": {
            "backend_ip_configurations": [],
            "id": "/subscriptions/7409015c-1c36-4389-ab17-588c61f855ff/resourceGroups/rg-shared-westeurope-01/providers/Microsoft.Network/loadBalancers/lbext-testvmss-westeurope/backendAddressPools/lbe-backend-pool-testvmss",
            "inbound_nat_rules": [],
            "load_balancing_rules": [],
            "loadbalancer_id": "/subscriptions/7409015c-1c36-4389-ab17-588c61f855ff/resourceGroups/rg-shared-westeurope-01/providers/Microsoft.Network/loadBalancers/lbext-testvmss-westeurope",
            "name": "lbe-backend-pool-testvmss",
            "outbound_rules": [],
            "timeouts": null,
            "tunnel_interface": []
          },
          "sensitive_attributes": [],
          "private": "eyJlMmJmYjczMC1lY2FhLTExZTYtOGY4OC0zNDM2M2JjN2M0YzAiOnsiY3JlYXRlIjoxODAwMDAwMDAwMDAwLCJkZWxldGUiOjE4MDAwMDAwMDAwMDAsInJlYWQiOjMwMDAwMDAwMDAwMCwidXBkYXRlIjoxODAwMDAwMDAwMDAwfX0=",
          "dependencies": [
            "azurerm_resource_group.example",
            "module.linuxservers.azurerm_availability_set.vm",
            "module.linuxservers.azurerm_network_interface.vm",
            "module.linuxservers.azurerm_network_interface_security_group_association.test",
            "module.linuxservers.azurerm_network_security_group.vm",
            "module.linuxservers.azurerm_network_security_rule.vm",
            "module.linuxservers.azurerm_public_ip.vm",
            "module.linuxservers.azurerm_storage_account.vm_sa",
            "module.linuxservers.azurerm_virtual_machine.vm_linux",
            "module.linuxservers.azurerm_virtual_machine.vm_windows",
            "module.linuxservers.azurerm_virtual_machine_extension.extension",
            "module.linuxservers.data.azurerm_public_ip.vm",
            "module.linuxservers.data.azurerm_resource_group.vm",
            "module.linuxservers.random_id.vm_sa",
            "module.vmscaleset.azurerm_lb.vmsslb",
            "module.vmscaleset.azurerm_public_ip.pip",
            "module.vmscaleset.data.azurerm_resource_group.rg",
            "module.vmscaleset.data.azurerm_subnet.snet",
            "module.vmscaleset.data.azurerm_virtual_network.vnet",
            "module.vnet.azurerm_subnet.subnet_count",
            "module.vnet.azurerm_subnet.subnet_for_each",
            "module.vnet.azurerm_subnet_network_security_group_association.vnet",
            "module.vnet.azurerm_subnet_route_table_association.vnet",
            "module.vnet.azurerm_virtual_network.vnet"
          ]
        }
      ]
    },
    {
      "module": "module.vmscaleset",
      "mode": "managed",
      "type": "azurerm_lb_probe",
      "name": "lbp",
      "provider": "provider[\"registry.terraform.io/hashicorp/azurerm\"]",
      "instances": [
        {
          "index_key": 0,
          "schema_version": 0,
          "attributes": {
            "id": "/subscriptions/7409015c-1c36-4389-ab17-588c61f855ff/resourceGroups/rg-shared-westeurope-01/providers/Microsoft.Network/loadBalancers/lbext-testvmss-westeurope/probes/lb-probe-port-80-testvmss",
            "interval_in_seconds": 15,
            "load_balancer_rules": [],
            "loadbalancer_id": "/subscriptions/7409015c-1c36-4389-ab17-588c61f855ff/resourceGroups/rg-shared-westeurope-01/providers/Microsoft.Network/loadBalancers/lbext-testvmss-westeurope",
            "name": "lb-probe-port-80-testvmss",
            "number_of_probes": 2,
            "port": 80,
            "probe_threshold": 1,
            "protocol": "Tcp",
            "request_path": "",
            "timeouts": null
          },
          "sensitive_attributes": [],
          "private": "eyJlMmJmYjczMC1lY2FhLTExZTYtOGY4OC0zNDM2M2JjN2M0YzAiOnsiY3JlYXRlIjoxODAwMDAwMDAwMDAwLCJkZWxldGUiOjE4MDAwMDAwMDAwMDAsInJlYWQiOjMwMDAwMDAwMDAwMCwidXBkYXRlIjoxODAwMDAwMDAwMDAwfX0=",
          "dependencies": [
            "azurerm_resource_group.example",
            "module.linuxservers.azurerm_availability_set.vm",
            "module.linuxservers.azurerm_network_interface.vm",
            "module.linuxservers.azurerm_network_interface_security_group_association.test",
            "module.linuxservers.azurerm_network_security_group.vm",
            "module.linuxservers.azurerm_network_security_rule.vm",
            "module.linuxservers.azurerm_public_ip.vm",
            "module.linuxservers.azurerm_storage_account.vm_sa",
            "module.linuxservers.azurerm_virtual_machine.vm_linux",
            "module.linuxservers.azurerm_virtual_machine.vm_windows",
            "module.linuxservers.azurerm_virtual_machine_extension.extension",
            "module.linuxservers.data.azurerm_public_ip.vm",
            "module.linuxservers.data.azurerm_resource_group.vm",
            "module.linuxservers.random_id.vm_sa",
            "module.vmscaleset.azurerm_lb.vmsslb",
            "module.vmscaleset.azurerm_public_ip.pip",
            "module.vmscaleset.data.azurerm_resource_group.rg",
            "module.vmscaleset.data.azurerm_subnet.snet",
            "module.vmscaleset.data.azurerm_virtual_network.vnet",
            "module.vnet.azurerm_subnet.subnet_count",
            "module.vnet.azurerm_subnet.subnet_for_each",
            "module.vnet.azurerm_subnet_network_security_group_association.vnet",
            "module.vnet.azurerm_subnet_route_table_association.vnet",
            "module.vnet.azurerm_virtual_network.vnet"
          ]
        }
      ]
    },
    {
      "module": "module.vmscaleset",
      "mode": "managed",
      "type": "azurerm_lb_rule",
      "name": "lbrule",
      "provider": "provider[\"registry.terraform.io/hashicorp/azurerm\"]",
      "instances": [
        {
          "index_key": 0,
          "schema_version": 0,
          "attributes": {
            "backend_address_pool_ids": [
              "/subscriptions/7409015c-1c36-4389-ab17-588c61f855ff/resourceGroups/rg-shared-westeurope-01/providers/Microsoft.Network/loadBalancers/lbext-testvmss-westeurope/backendAddressPools/lbe-backend-pool-testvmss"
            ],
            "backend_port": 80,
            "disable_outbound_snat": false,
            "enable_floating_ip": false,
            "enable_tcp_reset": false,
            "frontend_ip_configuration_id": "/subscriptions/7409015c-1c36-4389-ab17-588c61f855ff/resourceGroups/rg-shared-westeurope-01/providers/Microsoft.Network/loadBalancers/lbext-testvmss-westeurope/frontendIPConfigurations/lbext-frontend-testvmss",
            "frontend_ip_configuration_name": "lbext-frontend-testvmss",
            "frontend_port": 80,
            "id": "/subscriptions/7409015c-1c36-4389-ab17-588c61f855ff/resourceGroups/rg-shared-westeurope-01/providers/Microsoft.Network/loadBalancers/lbext-testvmss-westeurope/loadBalancingRules/testvmss-01-rule",
            "idle_timeout_in_minutes": 4,
            "load_distribution": "Default",
            "loadbalancer_id": "/subscriptions/7409015c-1c36-4389-ab17-588c61f855ff/resourceGroups/rg-shared-westeurope-01/providers/Microsoft.Network/loadBalancers/lbext-testvmss-westeurope",
            "name": "testvmss-01-rule",
            "probe_id": "/subscriptions/7409015c-1c36-4389-ab17-588c61f855ff/resourceGroups/rg-shared-westeurope-01/providers/Microsoft.Network/loadBalancers/lbext-testvmss-westeurope/probes/lb-probe-port-80-testvmss",
            "protocol": "Tcp",
            "timeouts": null
          },
          "sensitive_attributes": [],
          "private": "eyJlMmJmYjczMC1lY2FhLTExZTYtOGY4OC0zNDM2M2JjN2M0YzAiOnsiY3JlYXRlIjoxODAwMDAwMDAwMDAwLCJkZWxldGUiOjE4MDAwMDAwMDAwMDAsInJlYWQiOjMwMDAwMDAwMDAwMCwidXBkYXRlIjoxODAwMDAwMDAwMDAwfX0=",
          "dependencies": [
            "azurerm_resource_group.example",
            "module.linuxservers.azurerm_availability_set.vm",
            "module.linuxservers.azurerm_network_interface.vm",
            "module.linuxservers.azurerm_network_interface_security_group_association.test",
            "module.linuxservers.azurerm_network_security_group.vm",
            "module.linuxservers.azurerm_network_security_rule.vm",
            "module.linuxservers.azurerm_public_ip.vm",
            "module.linuxservers.azurerm_storage_account.vm_sa",
            "module.linuxservers.azurerm_virtual_machine.vm_linux",
            "module.linuxservers.azurerm_virtual_machine.vm_windows",
            "module.linuxservers.azurerm_virtual_machine_extension.extension",
            "module.linuxservers.data.azurerm_public_ip.vm",
            "module.linuxservers.data.azurerm_resource_group.vm",
            "module.linuxservers.random_id.vm_sa",
            "module.vmscaleset.azurerm_lb.vmsslb",
            "module.vmscaleset.azurerm_lb_backend_address_pool.bepool",
            "module.vmscaleset.azurerm_lb_probe.lbp",
            "module.vmscaleset.azurerm_public_ip.pip",
            "module.vmscaleset.data.azurerm_resource_group.rg",
            "module.vmscaleset.data.azurerm_subnet.snet",
            "module.vmscaleset.data.azurerm_virtual_network.vnet",
            "module.vnet.azurerm_subnet.subnet_count",
            "module.vnet.azurerm_subnet.subnet_for_each",
            "module.vnet.azurerm_subnet_network_security_group_association.vnet",
            "module.vnet.azurerm_subnet_route_table_association.vnet",
            "module.vnet.azurerm_virtual_network.vnet"
          ]
        },
        {
          "index_key": 1,
          "schema_version": 0,
          "attributes": {
            "backend_address_pool_ids": [
              "/subscriptions/7409015c-1c36-4389-ab17-588c61f855ff/resourceGroups/rg-shared-westeurope-01/providers/Microsoft.Network/loadBalancers/lbext-testvmss-westeurope/backendAddressPools/lbe-backend-pool-testvmss"
            ],
            "backend_port": 443,
            "disable_outbound_snat": false,
            "enable_floating_ip": false,
            "enable_tcp_reset": false,
            "frontend_ip_configuration_id": "/subscriptions/7409015c-1c36-4389-ab17-588c61f855ff/resourceGroups/rg-shared-westeurope-01/providers/Microsoft.Network/loadBalancers/lbext-testvmss-westeurope/frontendIPConfigurations/lbext-frontend-testvmss",
            "frontend_ip_configuration_name": "lbext-frontend-testvmss",
            "frontend_port": 443,
            "id": "/subscriptions/7409015c-1c36-4389-ab17-588c61f855ff/resourceGroups/rg-shared-westeurope-01/providers/Microsoft.Network/loadBalancers/lbext-testvmss-westeurope/loadBalancingRules/testvmss-02-rule",
            "idle_timeout_in_minutes": 4,
            "load_distribution": "Default",
            "loadbalancer_id": "/subscriptions/7409015c-1c36-4389-ab17-588c61f855ff/resourceGroups/rg-shared-westeurope-01/providers/Microsoft.Network/loadBalancers/lbext-testvmss-westeurope",
            "name": "testvmss-02-rule",
            "probe_id": "/subscriptions/7409015c-1c36-4389-ab17-588c61f855ff/resourceGroups/rg-shared-westeurope-01/providers/Microsoft.Network/loadBalancers/lbext-testvmss-westeurope/probes/lb-probe-port-80-testvmss",
            "protocol": "Tcp",
            "timeouts": null
          },
          "sensitive_attributes": [],
          "private": "eyJlMmJmYjczMC1lY2FhLTExZTYtOGY4OC0zNDM2M2JjN2M0YzAiOnsiY3JlYXRlIjoxODAwMDAwMDAwMDAwLCJkZWxldGUiOjE4MDAwMDAwMDAwMDAsInJlYWQiOjMwMDAwMDAwMDAwMCwidXBkYXRlIjoxODAwMDAwMDAwMDAwfX0=",
          "dependencies": [
            "azurerm_resource_group.example",
            "module.linuxservers.azurerm_availability_set.vm",
            "module.linuxservers.azurerm_network_interface.vm",
            "module.linuxservers.azurerm_network_interface_security_group_association.test",
            "module.linuxservers.azurerm_network_security_group.vm",
            "module.linuxservers.azurerm_network_security_rule.vm",
            "module.linuxservers.azurerm_public_ip.vm",
            "module.linuxservers.azurerm_storage_account.vm_sa",
            "module.linuxservers.azurerm_virtual_machine.vm_linux",
            "module.linuxservers.azurerm_virtual_machine.vm_windows",
            "module.linuxservers.azurerm_virtual_machine_extension.extension",
            "module.linuxservers.data.azurerm_public_ip.vm",
            "module.linuxservers.data.azurerm_resource_group.vm",
            "module.linuxservers.random_id.vm_sa",
            "module.vmscaleset.azurerm_lb.vmsslb",
            "module.vmscaleset.azurerm_lb_backend_address_pool.bepool",
            "module.vmscaleset.azurerm_lb_probe.lbp",
            "module.vmscaleset.azurerm_public_ip.pip",
            "module.vmscaleset.data.azurerm_resource_group.rg",
            "module.vmscaleset.data.azurerm_subnet.snet",
            "module.vmscaleset.data.azurerm_virtual_network.vnet",
            "module.vnet.azurerm_subnet.subnet_count",
            "module.vnet.azurerm_subnet.subnet_for_each",
            "module.vnet.azurerm_subnet_network_security_group_association.vnet",
            "module.vnet.azurerm_subnet_route_table_association.vnet",
            "module.vnet.azurerm_virtual_network.vnet"
          ]
        }
      ]
    },
    {
      "module": "module.vmscaleset",
      "mode": "managed",
      "type": "azurerm_linux_virtual_machine_scale_set",
      "name": "linux_vmss",
      "provider": "provider[\"registry.terraform.io/hashicorp/azurerm\"]",
      "instances": [
        {
          "index_key": 0,
          "schema_version": 0,
          "attributes": {
            "additional_capabilities": [],
            "admin_password": null,
            "admin_ssh_key": [
              {
                "public_key": "ssh-rsa AAAAB3NzaC1yc2EAAAADAQABAAABgQDDBH9EJA8Gzm0rbOASpP5LoB/GwU5RxDbc+sRFmkUViVvUTb37hX/6YPJPCPKAwP7cPeKBw6V2ZrdoqFPYYZ+U9znaUe7FGQkhJfR347jKs7k83rZhZd5+rWvMsXnGX5hkU2EEwfPnGWCKVCZkOPFnI0O2BCtve/CwWmxfOtisWyX9MGX3aIsRQ0aWSPQcPpS55Y4cB/qpr0CADF8LUti7Z5Sr8/VCgYD6zwPKf8XPkSgqEACP5ruTTRyVrIst9T3uELO1+8F9w0QnoN175sGOmblTAfqvQeRr7GTh5tqEet9YmDM14eGbe/zR2EhqLBchypwi/MGBzhIF9+2o/2IKX5FzthaTkHt6w/Bn4RInClMXCdhHYTmAuQzTju/7Ww6TjnkCk1VucgtyBlgiba/1R4XUzPbsC3Rxn9Lc4moCLzSc0BNg5h7iT2bH9esn1fjRSTD+KACSSZmaUuG2u/jAPjLcvhsU3K5g+fbwM/HrDWNntdboaY/nZ5a2zg/lQ4M= vmathpal@AIPL7889LT16443.local\n",
                "username": "vmathpal"
              }
            ],
            "admin_username": "vmathpal",
            "automatic_instance_repair": [
              {
                "enabled": true,
                "grace_period": "PT30M"
              }
            ],
            "automatic_os_upgrade_policy": [
              {
                "disable_automatic_rollback": true,
                "enable_automatic_os_upgrade": true
              }
            ],
            "boot_diagnostics": [
              {
                "storage_account_uri": ""
              }
            ],
            "capacity_reservation_group_id": "",
            "computer_name_prefix": "testvmss1",
            "custom_data": null,
            "data_disk": [
              {
                "caching": "ReadWrite",
                "create_option": "Empty",
                "disk_encryption_set_id": "",
                "disk_size_gb": 100,
                "lun": 0,
                "name": "",
                "storage_account_type": "Standard_LRS",
                "ultra_ssd_disk_iops_read_write": 0,
                "ultra_ssd_disk_mbps_read_write": 0,
                "write_accelerator_enabled": false
              },
              {
                "caching": "ReadWrite",
                "create_option": "Empty",
                "disk_encryption_set_id": "",
                "disk_size_gb": 200,
                "lun": 1,
                "name": "",
                "storage_account_type": "Standard_LRS",
                "ultra_ssd_disk_iops_read_write": 0,
                "ultra_ssd_disk_mbps_read_write": 0,
                "write_accelerator_enabled": false
              }
            ],
            "disable_password_authentication": true,
            "do_not_run_extensions_on_overprovisioned_machines": false,
            "edge_zone": "",
            "encryption_at_host_enabled": false,
            "eviction_policy": "",
            "extension": [],
            "extension_operations_enabled": true,
            "extensions_time_budget": "PT1H30M",
            "gallery_application": null,
            "gallery_applications": null,
            "health_probe_id": "/subscriptions/7409015c-1c36-4389-ab17-588c61f855ff/resourceGroups/rg-shared-westeurope-01/providers/Microsoft.Network/loadBalancers/lbext-testvmss-westeurope/probes/lb-probe-port-80-testvmss",
            "host_group_id": null,
            "id": "/subscriptions/7409015c-1c36-4389-ab17-588c61f855ff/resourceGroups/rg-shared-westeurope-01/providers/Microsoft.Compute/virtualMachineScaleSets/vmtestvmss1",
            "identity": [],
            "instances": 2,
            "location": "westeurope",
            "max_bid_price": -1,
            "name": "vmtestvmss1",
            "network_interface": [
              {
                "dns_servers": [],
                "enable_accelerated_networking": false,
                "enable_ip_forwarding": false,
                "ip_configuration": [
                  {
                    "application_gateway_backend_address_pool_ids": null,
                    "application_security_group_ids": null,
                    "load_balancer_backend_address_pool_ids": [
                      "/subscriptions/7409015c-1c36-4389-ab17-588c61f855ff/resourceGroups/rg-shared-westeurope-01/providers/Microsoft.Network/loadBalancers/lbext-testvmss-westeurope/backendAddressPools/lbe-backend-pool-testvmss"
                    ],
                    "load_balancer_inbound_nat_rules_ids": null,
                    "name": "ipconig-vmtestvmss1",
                    "primary": true,
                    "public_ip_address": [
                      {
                        "domain_name_label": "",
                        "idle_timeout_in_minutes": 4,
                        "ip_tag": [],
                        "name": "pip-vmtestvmss01",
                        "public_ip_prefix_id": "",
                        "version": "IPv4"
                      }
                    ],
                    "subnet_id": "/subscriptions/7409015c-1c36-4389-ab17-588c61f855ff/resourceGroups/rg-shared-westeurope-01/providers/Microsoft.Network/virtualNetworks/vnet-shared-hub-westeurope-001/subnets/snet-management",
                    "version": "IPv4"
                  }
                ],
                "name": "nic-vmtestvmss1",
                "network_security_group_id": "/subscriptions/7409015c-1c36-4389-ab17-588c61f855ff/resourceGroups/rg-shared-westeurope-01/providers/Microsoft.Network/networkSecurityGroups/nsg_testvmss_westeurope_in",
                "primary": true
              }
            ],
            "os_disk": [
              {
                "caching": "ReadWrite",
                "diff_disk_settings": [],
                "disk_encryption_set_id": "",
                "disk_size_gb": 30,
                "secure_vm_disk_encryption_set_id": "",
                "security_encryption_type": "",
                "storage_account_type": "StandardSSD_LRS",
                "write_accelerator_enabled": false
              }
            ],
            "overprovision": false,
            "plan": [],
            "platform_fault_domain_count": 0,
            "priority": "Regular",
            "provision_vm_agent": true,
            "proximity_placement_group_id": "/subscriptions/7409015c-1c36-4389-ab17-588c61f855ff/resourceGroups/RG-SHARED-WESTEUROPE-01/providers/Microsoft.Compute/proximityPlacementGroups/proxigrp-testvmss-westeurope",
            "resource_group_name": "rg-shared-westeurope-01",
            "rolling_upgrade_policy": [
              {
                "cross_zone_upgrades_enabled": false,
                "max_batch_instance_percent": 20,
                "max_unhealthy_instance_percent": 20,
                "max_unhealthy_upgraded_instance_percent": 20,
                "pause_time_between_batches": "PT0S",
                "prioritize_unhealthy_instances_enabled": false
              }
            ],
            "scale_in": [
              {
                "force_deletion_enabled": false,
                "rule": "Default"
              }
            ],
            "scale_in_policy": "Default",
            "secret": [],
            "secure_boot_enabled": false,
            "single_placement_group": true,
            "sku": "Standard_A2_v2",
            "source_image_id": "",
            "source_image_reference": [
              {
                "offer": "UbuntuServer",
                "publisher": "Canonical",
                "sku": "18.04-LTS",
                "version": "latest"
              }
            ],
            "spot_restore": null,
            "tags": {
              "Email": "vmathpal1@gmail.com",
              "Name": "Vibhor Mathpal",
              "ProjectName": "Sapient-Assessment",
              "resourcename": "vmtestvmss1"
            },
            "terminate_notification": null,
            "termination_notification": null,
            "timeouts": null,
            "unique_id": "01e9347b-0741-4c35-a327-8946bc2b0b42",
            "upgrade_mode": "Automatic",
            "user_data": "",
            "vtpm_enabled": false,
            "zone_balance": false,
            "zones": null
          },
          "sensitive_attributes": [],
          "private": "eyJlMmJmYjczMC1lY2FhLTExZTYtOGY4OC0zNDM2M2JjN2M0YzAiOnsiY3JlYXRlIjozNjAwMDAwMDAwMDAwLCJkZWxldGUiOjM2MDAwMDAwMDAwMDAsInJlYWQiOjMwMDAwMDAwMDAwMCwidXBkYXRlIjozNjAwMDAwMDAwMDAwfX0=",
          "dependencies": [
            "azurerm_resource_group.example",
            "module.linuxservers.azurerm_availability_set.vm",
            "module.linuxservers.azurerm_network_interface.vm",
            "module.linuxservers.azurerm_network_interface_security_group_association.test",
            "module.linuxservers.azurerm_network_security_group.vm",
            "module.linuxservers.azurerm_network_security_rule.vm",
            "module.linuxservers.azurerm_public_ip.vm",
            "module.linuxservers.azurerm_storage_account.vm_sa",
            "module.linuxservers.azurerm_virtual_machine.vm_linux",
            "module.linuxservers.azurerm_virtual_machine.vm_windows",
            "module.linuxservers.azurerm_virtual_machine_extension.extension",
            "module.linuxservers.data.azurerm_public_ip.vm",
            "module.linuxservers.data.azurerm_resource_group.vm",
            "module.linuxservers.random_id.vm_sa",
            "module.vmscaleset.azurerm_lb.vmsslb",
            "module.vmscaleset.azurerm_lb_backend_address_pool.bepool",
            "module.vmscaleset.azurerm_lb_nat_pool.natpol",
            "module.vmscaleset.azurerm_lb_probe.lbp",
            "module.vmscaleset.azurerm_lb_rule.lbrule",
            "module.vmscaleset.azurerm_network_security_group.nsg",
            "module.vmscaleset.azurerm_proximity_placement_group.appgrp",
            "module.vmscaleset.azurerm_public_ip.pip",
            "module.vmscaleset.data.azurerm_resource_group.rg",
            "module.vmscaleset.data.azurerm_storage_account.storeacc",
            "module.vmscaleset.data.azurerm_subnet.snet",
            "module.vmscaleset.data.azurerm_virtual_network.vnet",
            "module.vmscaleset.random_password.passwd",
            "module.vmscaleset.tls_private_key.rsa",
            "module.vnet.azurerm_subnet.subnet_count",
            "module.vnet.azurerm_subnet.subnet_for_each",
            "module.vnet.azurerm_subnet_network_security_group_association.vnet",
            "module.vnet.azurerm_subnet_route_table_association.vnet",
            "module.vnet.azurerm_virtual_network.vnet"
          ]
        }
      ]
    },
    {
      "module": "module.vmscaleset",
      "mode": "managed",
      "type": "azurerm_monitor_autoscale_setting",
      "name": "auto",
      "provider": "provider[\"registry.terraform.io/hashicorp/azurerm\"]",
      "instances": [
        {
          "index_key": 0,
          "schema_version": 2,
          "attributes": {
            "enabled": true,
            "id": "/subscriptions/7409015c-1c36-4389-ab17-588c61f855ff/resourceGroups/rg-shared-westeurope-01/providers/Microsoft.Insights/autoScaleSettings/auto-scale-set-testvmss",
            "location": "westeurope",
            "name": "auto-scale-set-testvmss",
            "notification": [],
            "profile": [
              {
                "capacity": [
                  {
                    "default": 2,
                    "maximum": 5,
                    "minimum": 2
                  }
                ],
                "fixed_date": [],
                "name": "default",
                "recurrence": [],
                "rule": [
                  {
                    "metric_trigger": [
                      {
                        "dimensions": [],
                        "divide_by_instance_count": false,
                        "metric_name": "Percentage CPU",
                        "metric_namespace": "",
                        "metric_resource_id": "/subscriptions/7409015c-1c36-4389-ab17-588c61f855ff/resourceGroups/rg-shared-westeurope-01/providers/Microsoft.Compute/virtualMachineScaleSets/vmtestvmss1",
                        "operator": "GreaterThan",
                        "statistic": "Average",
                        "threshold": 80,
                        "time_aggregation": "Average",
                        "time_grain": "PT1M",
                        "time_window": "PT5M"
                      }
                    ],
                    "scale_action": [
                      {
                        "cooldown": "PT1M",
                        "direction": "Increase",
                        "type": "ChangeCount",
                        "value": 1
                      }
                    ]
                  },
                  {
                    "metric_trigger": [
                      {
                        "dimensions": [],
                        "divide_by_instance_count": false,
                        "metric_name": "Percentage CPU",
                        "metric_namespace": "",
                        "metric_resource_id": "/subscriptions/7409015c-1c36-4389-ab17-588c61f855ff/resourceGroups/rg-shared-westeurope-01/providers/Microsoft.Compute/virtualMachineScaleSets/vmtestvmss1",
                        "operator": "LessThan",
                        "statistic": "Average",
                        "threshold": 20,
                        "time_aggregation": "Average",
                        "time_grain": "PT1M",
                        "time_window": "PT5M"
                      }
                    ],
                    "scale_action": [
                      {
                        "cooldown": "PT1M",
                        "direction": "Decrease",
                        "type": "ChangeCount",
                        "value": 1
                      }
                    ]
                  }
                ]
              }
            ],
            "resource_group_name": "rg-shared-westeurope-01",
            "tags": null,
            "target_resource_id": "/subscriptions/7409015c-1c36-4389-ab17-588c61f855ff/resourceGroups/rg-shared-westeurope-01/providers/Microsoft.Compute/virtualMachineScaleSets/vmtestvmss1",
            "timeouts": null
          },
          "sensitive_attributes": [],
          "private": "eyJlMmJmYjczMC1lY2FhLTExZTYtOGY4OC0zNDM2M2JjN2M0YzAiOnsiY3JlYXRlIjoxODAwMDAwMDAwMDAwLCJkZWxldGUiOjE4MDAwMDAwMDAwMDAsInJlYWQiOjMwMDAwMDAwMDAwMCwidXBkYXRlIjoxODAwMDAwMDAwMDAwfSwic2NoZW1hX3ZlcnNpb24iOiIyIn0=",
          "dependencies": [
            "azurerm_resource_group.example",
            "module.linuxservers.azurerm_availability_set.vm",
            "module.linuxservers.azurerm_network_interface.vm",
            "module.linuxservers.azurerm_network_interface_security_group_association.test",
            "module.linuxservers.azurerm_network_security_group.vm",
            "module.linuxservers.azurerm_network_security_rule.vm",
            "module.linuxservers.azurerm_public_ip.vm",
            "module.linuxservers.azurerm_storage_account.vm_sa",
            "module.linuxservers.azurerm_virtual_machine.vm_linux",
            "module.linuxservers.azurerm_virtual_machine.vm_windows",
            "module.linuxservers.azurerm_virtual_machine_extension.extension",
            "module.linuxservers.data.azurerm_public_ip.vm",
            "module.linuxservers.data.azurerm_resource_group.vm",
            "module.linuxservers.random_id.vm_sa",
            "module.vmscaleset.azurerm_lb.vmsslb",
            "module.vmscaleset.azurerm_lb_backend_address_pool.bepool",
            "module.vmscaleset.azurerm_lb_nat_pool.natpol",
            "module.vmscaleset.azurerm_lb_probe.lbp",
            "module.vmscaleset.azurerm_lb_rule.lbrule",
            "module.vmscaleset.azurerm_linux_virtual_machine_scale_set.linux_vmss",
            "module.vmscaleset.azurerm_network_security_group.nsg",
            "module.vmscaleset.azurerm_proximity_placement_group.appgrp",
            "module.vmscaleset.azurerm_public_ip.pip",
            "module.vmscaleset.azurerm_windows_virtual_machine_scale_set.winsrv_vmss",
            "module.vmscaleset.data.azurerm_resource_group.rg",
            "module.vmscaleset.data.azurerm_storage_account.storeacc",
            "module.vmscaleset.data.azurerm_subnet.snet",
            "module.vmscaleset.data.azurerm_virtual_network.vnet",
            "module.vmscaleset.random_password.passwd",
            "module.vmscaleset.tls_private_key.rsa",
            "module.vnet.azurerm_subnet.subnet_count",
            "module.vnet.azurerm_subnet.subnet_for_each",
            "module.vnet.azurerm_subnet_network_security_group_association.vnet",
            "module.vnet.azurerm_subnet_route_table_association.vnet",
            "module.vnet.azurerm_virtual_network.vnet"
          ]
        }
      ]
    },
    {
      "module": "module.vmscaleset",
      "mode": "managed",
      "type": "azurerm_monitor_diagnostic_setting",
      "name": "lb-pip",
      "provider": "provider[\"registry.terraform.io/hashicorp/azurerm\"]",
      "instances": [
        {
          "index_key": 0,
          "schema_version": 0,
          "attributes": {
            "eventhub_authorization_rule_id": "",
            "eventhub_name": "",
            "id": "/subscriptions/7409015c-1c36-4389-ab17-588c61f855ff/resourceGroups/rg-shared-westeurope-01/providers/Microsoft.Network/publicIPAddresses/pip-vm-testvmss-westeurope-01|testvmss-pip-diag",
            "log": [
              {
                "category": "DDoSMitigationFlowLogs",
                "category_group": "",
                "enabled": true,
                "retention_policy": [
                  {
                    "days": null,
                    "enabled": false
                  }
                ]
              },
              {
                "category": "DDoSMitigationReports",
                "category_group": "",
                "enabled": true,
                "retention_policy": [
                  {
                    "days": null,
                    "enabled": false
                  }
                ]
              },
              {
                "category": "DDoSProtectionNotifications",
                "category_group": "",
                "enabled": true,
                "retention_policy": [
                  {
                    "days": null,
                    "enabled": false
                  }
                ]
              }
            ],
            "log_analytics_destination_type": "",
            "log_analytics_workspace_id": "/subscriptions/7409015c-1c36-4389-ab17-588c61f855ff/resourceGroups/rg-shared-westeurope-01/providers/Microsoft.OperationalInsights/workspaces/log-analytics-wp",
            "metric": [
              {
                "category": "AllMetrics",
                "enabled": true,
                "retention_policy": [
                  {
                    "days": null,
                    "enabled": false
                  }
                ]
              }
            ],
            "name": "testvmss-pip-diag",
            "partner_solution_id": null,
            "storage_account_id": null,
            "target_resource_id": "/subscriptions/7409015c-1c36-4389-ab17-588c61f855ff/resourceGroups/rg-shared-westeurope-01/providers/Microsoft.Network/publicIPAddresses/pip-vm-testvmss-westeurope-01",
            "timeouts": null
          },
          "sensitive_attributes": [],
          "private": "eyJlMmJmYjczMC1lY2FhLTExZTYtOGY4OC0zNDM2M2JjN2M0YzAiOnsiY3JlYXRlIjoxODAwMDAwMDAwMDAwLCJkZWxldGUiOjM2MDAwMDAwMDAwMDAsInJlYWQiOjMwMDAwMDAwMDAwMCwidXBkYXRlIjoxODAwMDAwMDAwMDAwfX0=",
          "dependencies": [
            "azurerm_resource_group.example",
            "data.azurerm_log_analytics_workspace.example",
            "module.linuxservers.azurerm_availability_set.vm",
            "module.linuxservers.azurerm_network_interface.vm",
            "module.linuxservers.azurerm_network_interface_security_group_association.test",
            "module.linuxservers.azurerm_network_security_group.vm",
            "module.linuxservers.azurerm_network_security_rule.vm",
            "module.linuxservers.azurerm_public_ip.vm",
            "module.linuxservers.azurerm_storage_account.vm_sa",
            "module.linuxservers.azurerm_virtual_machine.vm_linux",
            "module.linuxservers.azurerm_virtual_machine.vm_windows",
            "module.linuxservers.azurerm_virtual_machine_extension.extension",
            "module.linuxservers.data.azurerm_public_ip.vm",
            "module.linuxservers.data.azurerm_resource_group.vm",
            "module.linuxservers.random_id.vm_sa",
            "module.vmscaleset.azurerm_public_ip.pip",
            "module.vmscaleset.data.azurerm_resource_group.rg",
            "module.vnet.azurerm_subnet.subnet_count",
            "module.vnet.azurerm_subnet.subnet_for_each",
            "module.vnet.azurerm_subnet_network_security_group_association.vnet",
            "module.vnet.azurerm_subnet_route_table_association.vnet",
            "module.vnet.azurerm_virtual_network.vnet"
          ]
        }
      ]
    },
    {
      "module": "module.vmscaleset",
      "mode": "managed",
      "type": "azurerm_monitor_diagnostic_setting",
      "name": "nsg",
      "provider": "provider[\"registry.terraform.io/hashicorp/azurerm\"]",
      "instances": [
        {
          "index_key": 0,
          "schema_version": 0,
          "attributes": {
            "eventhub_authorization_rule_id": "",
            "eventhub_name": "",
            "id": "/subscriptions/7409015c-1c36-4389-ab17-588c61f855ff/resourceGroups/rg-shared-westeurope-01/providers/Microsoft.Network/networkSecurityGroups/nsg_testvmss_westeurope_in|nsg-testvmss-diag",
            "log": [
              {
                "category": "NetworkSecurityGroupEvent",
                "category_group": "",
                "enabled": true,
                "retention_policy": [
                  {
                    "days": null,
                    "enabled": false
                  }
                ]
              },
              {
                "category": "NetworkSecurityGroupRuleCounter",
                "category_group": "",
                "enabled": true,
                "retention_policy": [
                  {
                    "days": null,
                    "enabled": false
                  }
                ]
              }
            ],
            "log_analytics_destination_type": "",
            "log_analytics_workspace_id": "/subscriptions/7409015c-1c36-4389-ab17-588c61f855ff/resourceGroups/rg-shared-westeurope-01/providers/Microsoft.OperationalInsights/workspaces/log-analytics-wp",
            "metric": [],
            "name": "nsg-testvmss-diag",
            "partner_solution_id": null,
            "storage_account_id": null,
            "target_resource_id": "/subscriptions/7409015c-1c36-4389-ab17-588c61f855ff/resourceGroups/rg-shared-westeurope-01/providers/Microsoft.Network/networkSecurityGroups/nsg_testvmss_westeurope_in",
            "timeouts": null
          },
          "sensitive_attributes": [],
          "private": "eyJlMmJmYjczMC1lY2FhLTExZTYtOGY4OC0zNDM2M2JjN2M0YzAiOnsiY3JlYXRlIjoxODAwMDAwMDAwMDAwLCJkZWxldGUiOjM2MDAwMDAwMDAwMDAsInJlYWQiOjMwMDAwMDAwMDAwMCwidXBkYXRlIjoxODAwMDAwMDAwMDAwfX0=",
          "dependencies": [
            "azurerm_resource_group.example",
            "data.azurerm_log_analytics_workspace.example",
            "module.linuxservers.azurerm_availability_set.vm",
            "module.linuxservers.azurerm_network_interface.vm",
            "module.linuxservers.azurerm_network_interface_security_group_association.test",
            "module.linuxservers.azurerm_network_security_group.vm",
            "module.linuxservers.azurerm_network_security_rule.vm",
            "module.linuxservers.azurerm_public_ip.vm",
            "module.linuxservers.azurerm_storage_account.vm_sa",
            "module.linuxservers.azurerm_virtual_machine.vm_linux",
            "module.linuxservers.azurerm_virtual_machine.vm_windows",
            "module.linuxservers.azurerm_virtual_machine_extension.extension",
            "module.linuxservers.data.azurerm_public_ip.vm",
            "module.linuxservers.data.azurerm_resource_group.vm",
            "module.linuxservers.random_id.vm_sa",
            "module.vmscaleset.azurerm_network_security_group.nsg",
            "module.vmscaleset.data.azurerm_resource_group.rg",
            "module.vnet.azurerm_subnet.subnet_count",
            "module.vnet.azurerm_subnet.subnet_for_each",
            "module.vnet.azurerm_subnet_network_security_group_association.vnet",
            "module.vnet.azurerm_subnet_route_table_association.vnet",
            "module.vnet.azurerm_virtual_network.vnet"
          ]
        }
      ]
    },
    {
      "module": "module.vmscaleset",
      "mode": "managed",
      "type": "azurerm_monitor_diagnostic_setting",
      "name": "vmmsdiag",
      "provider": "provider[\"registry.terraform.io/hashicorp/azurerm\"]",
      "instances": [
        {
          "index_key": 0,
          "schema_version": 0,
          "attributes": {
            "eventhub_authorization_rule_id": "",
            "eventhub_name": "",
            "id": "/subscriptions/7409015c-1c36-4389-ab17-588c61f855ff/resourceGroups/rg-shared-westeurope-01/providers/Microsoft.Compute/virtualMachineScaleSets/vmtestvmss1|testvmss-diag",
            "log": [],
            "log_analytics_destination_type": "",
            "log_analytics_workspace_id": "/subscriptions/7409015c-1c36-4389-ab17-588c61f855ff/resourceGroups/rg-shared-westeurope-01/providers/Microsoft.OperationalInsights/workspaces/log-analytics-wp",
            "metric": [
              {
                "category": "AllMetrics",
                "enabled": true,
                "retention_policy": [
                  {
                    "days": null,
                    "enabled": false
                  }
                ]
              }
            ],
            "name": "testvmss-diag",
            "partner_solution_id": null,
            "storage_account_id": null,
            "target_resource_id": "/subscriptions/7409015c-1c36-4389-ab17-588c61f855ff/resourceGroups/rg-shared-westeurope-01/providers/Microsoft.Compute/virtualMachineScaleSets/vmtestvmss1",
            "timeouts": null
          },
          "sensitive_attributes": [],
          "private": "eyJlMmJmYjczMC1lY2FhLTExZTYtOGY4OC0zNDM2M2JjN2M0YzAiOnsiY3JlYXRlIjoxODAwMDAwMDAwMDAwLCJkZWxldGUiOjM2MDAwMDAwMDAwMDAsInJlYWQiOjMwMDAwMDAwMDAwMCwidXBkYXRlIjoxODAwMDAwMDAwMDAwfX0=",
          "dependencies": [
            "azurerm_resource_group.example",
            "data.azurerm_log_analytics_workspace.example",
            "module.linuxservers.azurerm_availability_set.vm",
            "module.linuxservers.azurerm_network_interface.vm",
            "module.linuxservers.azurerm_network_interface_security_group_association.test",
            "module.linuxservers.azurerm_network_security_group.vm",
            "module.linuxservers.azurerm_network_security_rule.vm",
            "module.linuxservers.azurerm_public_ip.vm",
            "module.linuxservers.azurerm_storage_account.vm_sa",
            "module.linuxservers.azurerm_virtual_machine.vm_linux",
            "module.linuxservers.azurerm_virtual_machine.vm_windows",
            "module.linuxservers.azurerm_virtual_machine_extension.extension",
            "module.linuxservers.data.azurerm_public_ip.vm",
            "module.linuxservers.data.azurerm_resource_group.vm",
            "module.linuxservers.random_id.vm_sa",
            "module.vmscaleset.azurerm_lb.vmsslb",
            "module.vmscaleset.azurerm_lb_backend_address_pool.bepool",
            "module.vmscaleset.azurerm_lb_nat_pool.natpol",
            "module.vmscaleset.azurerm_lb_probe.lbp",
            "module.vmscaleset.azurerm_lb_rule.lbrule",
            "module.vmscaleset.azurerm_linux_virtual_machine_scale_set.linux_vmss",
            "module.vmscaleset.azurerm_network_security_group.nsg",
            "module.vmscaleset.azurerm_proximity_placement_group.appgrp",
            "module.vmscaleset.azurerm_public_ip.pip",
            "module.vmscaleset.azurerm_windows_virtual_machine_scale_set.winsrv_vmss",
            "module.vmscaleset.data.azurerm_resource_group.rg",
            "module.vmscaleset.data.azurerm_storage_account.storeacc",
            "module.vmscaleset.data.azurerm_subnet.snet",
            "module.vmscaleset.data.azurerm_virtual_network.vnet",
            "module.vmscaleset.random_password.passwd",
            "module.vmscaleset.tls_private_key.rsa",
            "module.vnet.azurerm_subnet.subnet_count",
            "module.vnet.azurerm_subnet.subnet_for_each",
            "module.vnet.azurerm_subnet_network_security_group_association.vnet",
            "module.vnet.azurerm_subnet_route_table_association.vnet",
            "module.vnet.azurerm_virtual_network.vnet"
          ]
        }
      ]
    },
    {
      "module": "module.vmscaleset",
      "mode": "managed",
      "type": "azurerm_network_security_group",
      "name": "nsg",
      "provider": "provider[\"registry.terraform.io/hashicorp/azurerm\"]",
      "instances": [
        {
          "index_key": 0,
          "schema_version": 0,
          "attributes": {
            "id": "/subscriptions/7409015c-1c36-4389-ab17-588c61f855ff/resourceGroups/rg-shared-westeurope-01/providers/Microsoft.Network/networkSecurityGroups/nsg_testvmss_westeurope_in",
            "location": "westeurope",
            "name": "nsg_testvmss_westeurope_in",
            "resource_group_name": "rg-shared-westeurope-01",
            "security_rule": [],
            "tags": {
              "Email": "vmathpal1@gmail.com",
              "Name": "Vibhor Mathpal",
              "ProjectName": "Sapient-Assessment",
              "resourcename": "nsg_testvmss_westeurope_in"
            },
            "timeouts": null
          },
          "sensitive_attributes": [],
          "private": "eyJlMmJmYjczMC1lY2FhLTExZTYtOGY4OC0zNDM2M2JjN2M0YzAiOnsiY3JlYXRlIjoxODAwMDAwMDAwMDAwLCJkZWxldGUiOjE4MDAwMDAwMDAwMDAsInJlYWQiOjMwMDAwMDAwMDAwMCwidXBkYXRlIjoxODAwMDAwMDAwMDAwfX0=",
          "dependencies": [
            "azurerm_resource_group.example",
            "module.linuxservers.azurerm_availability_set.vm",
            "module.linuxservers.azurerm_network_interface.vm",
            "module.linuxservers.azurerm_network_interface_security_group_association.test",
            "module.linuxservers.azurerm_network_security_group.vm",
            "module.linuxservers.azurerm_network_security_rule.vm",
            "module.linuxservers.azurerm_public_ip.vm",
            "module.linuxservers.azurerm_storage_account.vm_sa",
            "module.linuxservers.azurerm_virtual_machine.vm_linux",
            "module.linuxservers.azurerm_virtual_machine.vm_windows",
            "module.linuxservers.azurerm_virtual_machine_extension.extension",
            "module.linuxservers.data.azurerm_public_ip.vm",
            "module.linuxservers.data.azurerm_resource_group.vm",
            "module.linuxservers.random_id.vm_sa",
            "module.vmscaleset.data.azurerm_resource_group.rg",
            "module.vnet.azurerm_subnet.subnet_count",
            "module.vnet.azurerm_subnet.subnet_for_each",
            "module.vnet.azurerm_subnet_network_security_group_association.vnet",
            "module.vnet.azurerm_subnet_route_table_association.vnet",
            "module.vnet.azurerm_virtual_network.vnet"
          ]
        }
      ]
    },
    {
      "module": "module.vmscaleset",
      "mode": "managed",
      "type": "azurerm_network_security_rule",
      "name": "nsg_rule",
      "provider": "provider[\"registry.terraform.io/hashicorp/azurerm\"]",
      "instances": [
        {
          "index_key": "http",
          "schema_version": 0,
          "attributes": {
            "access": "Allow",
            "description": "Inbound_Port_80",
            "destination_address_prefix": "10.0.1.0/24",
            "destination_address_prefixes": null,
            "destination_application_security_group_ids": null,
            "destination_port_range": "80",
            "destination_port_ranges": null,
            "direction": "Inbound",
            "id": "/subscriptions/7409015c-1c36-4389-ab17-588c61f855ff/resourceGroups/rg-shared-westeurope-01/providers/Microsoft.Network/networkSecurityGroups/nsg_testvmss_westeurope_in/securityRules/http",
            "name": "http",
            "network_security_group_name": "nsg_testvmss_westeurope_in",
            "priority": 100,
            "protocol": "Tcp",
            "resource_group_name": "rg-shared-westeurope-01",
            "source_address_prefix": "*",
            "source_address_prefixes": null,
            "source_application_security_group_ids": null,
            "source_port_range": "*",
            "source_port_ranges": null,
            "timeouts": null
          },
          "sensitive_attributes": [],
          "private": "eyJlMmJmYjczMC1lY2FhLTExZTYtOGY4OC0zNDM2M2JjN2M0YzAiOnsiY3JlYXRlIjoxODAwMDAwMDAwMDAwLCJkZWxldGUiOjE4MDAwMDAwMDAwMDAsInJlYWQiOjMwMDAwMDAwMDAwMCwidXBkYXRlIjoxODAwMDAwMDAwMDAwfX0=",
          "dependencies": [
            "azurerm_resource_group.example",
            "module.linuxservers.azurerm_availability_set.vm",
            "module.linuxservers.azurerm_network_interface.vm",
            "module.linuxservers.azurerm_network_interface_security_group_association.test",
            "module.linuxservers.azurerm_network_security_group.vm",
            "module.linuxservers.azurerm_network_security_rule.vm",
            "module.linuxservers.azurerm_public_ip.vm",
            "module.linuxservers.azurerm_storage_account.vm_sa",
            "module.linuxservers.azurerm_virtual_machine.vm_linux",
            "module.linuxservers.azurerm_virtual_machine.vm_windows",
            "module.linuxservers.azurerm_virtual_machine_extension.extension",
            "module.linuxservers.data.azurerm_public_ip.vm",
            "module.linuxservers.data.azurerm_resource_group.vm",
            "module.linuxservers.random_id.vm_sa",
            "module.vmscaleset.azurerm_network_security_group.nsg",
            "module.vmscaleset.data.azurerm_resource_group.rg",
            "module.vmscaleset.data.azurerm_subnet.snet",
            "module.vmscaleset.data.azurerm_virtual_network.vnet",
            "module.vnet.azurerm_subnet.subnet_count",
            "module.vnet.azurerm_subnet.subnet_for_each",
            "module.vnet.azurerm_subnet_network_security_group_association.vnet",
            "module.vnet.azurerm_subnet_route_table_association.vnet",
            "module.vnet.azurerm_virtual_network.vnet"
          ]
        },
        {
          "index_key": "https",
          "schema_version": 0,
          "attributes": {
            "access": "Allow",
            "description": "Inbound_Port_443",
            "destination_address_prefix": "10.0.1.0/24",
            "destination_address_prefixes": null,
            "destination_application_security_group_ids": null,
            "destination_port_range": "443",
            "destination_port_ranges": null,
            "direction": "Inbound",
            "id": "/subscriptions/7409015c-1c36-4389-ab17-588c61f855ff/resourceGroups/rg-shared-westeurope-01/providers/Microsoft.Network/networkSecurityGroups/nsg_testvmss_westeurope_in/securityRules/https",
            "name": "https",
            "network_security_group_name": "nsg_testvmss_westeurope_in",
            "priority": 200,
            "protocol": "Tcp",
            "resource_group_name": "rg-shared-westeurope-01",
            "source_address_prefix": "*",
            "source_address_prefixes": null,
            "source_application_security_group_ids": null,
            "source_port_range": "*",
            "source_port_ranges": null,
            "timeouts": null
          },
          "sensitive_attributes": [],
          "private": "eyJlMmJmYjczMC1lY2FhLTExZTYtOGY4OC0zNDM2M2JjN2M0YzAiOnsiY3JlYXRlIjoxODAwMDAwMDAwMDAwLCJkZWxldGUiOjE4MDAwMDAwMDAwMDAsInJlYWQiOjMwMDAwMDAwMDAwMCwidXBkYXRlIjoxODAwMDAwMDAwMDAwfX0=",
          "dependencies": [
            "azurerm_resource_group.example",
            "module.linuxservers.azurerm_availability_set.vm",
            "module.linuxservers.azurerm_network_interface.vm",
            "module.linuxservers.azurerm_network_interface_security_group_association.test",
            "module.linuxservers.azurerm_network_security_group.vm",
            "module.linuxservers.azurerm_network_security_rule.vm",
            "module.linuxservers.azurerm_public_ip.vm",
            "module.linuxservers.azurerm_storage_account.vm_sa",
            "module.linuxservers.azurerm_virtual_machine.vm_linux",
            "module.linuxservers.azurerm_virtual_machine.vm_windows",
            "module.linuxservers.azurerm_virtual_machine_extension.extension",
            "module.linuxservers.data.azurerm_public_ip.vm",
            "module.linuxservers.data.azurerm_resource_group.vm",
            "module.linuxservers.random_id.vm_sa",
            "module.vmscaleset.azurerm_network_security_group.nsg",
            "module.vmscaleset.data.azurerm_resource_group.rg",
            "module.vmscaleset.data.azurerm_subnet.snet",
            "module.vmscaleset.data.azurerm_virtual_network.vnet",
            "module.vnet.azurerm_subnet.subnet_count",
            "module.vnet.azurerm_subnet.subnet_for_each",
            "module.vnet.azurerm_subnet_network_security_group_association.vnet",
            "module.vnet.azurerm_subnet_route_table_association.vnet",
            "module.vnet.azurerm_virtual_network.vnet"
          ]
        },
        {
          "index_key": "linuxaccess",
          "schema_version": 0,
          "attributes": {
            "access": "Allow",
            "description": "Inbound_Port_22",
            "destination_address_prefix": "10.0.1.0/24",
            "destination_address_prefixes": null,
            "destination_application_security_group_ids": null,
            "destination_port_range": "22",
            "destination_port_ranges": null,
            "direction": "Inbound",
            "id": "/subscriptions/7409015c-1c36-4389-ab17-588c61f855ff/resourceGroups/rg-shared-westeurope-01/providers/Microsoft.Network/networkSecurityGroups/nsg_testvmss_westeurope_in/securityRules/linuxaccess",
            "name": "linuxaccess",
            "network_security_group_name": "nsg_testvmss_westeurope_in",
            "priority": 300,
            "protocol": "Tcp",
            "resource_group_name": "rg-shared-westeurope-01",
            "source_address_prefix": "210.16.95.159/32",
            "source_address_prefixes": null,
            "source_application_security_group_ids": null,
            "source_port_range": "*",
            "source_port_ranges": null,
            "timeouts": null
          },
          "sensitive_attributes": [],
          "private": "eyJlMmJmYjczMC1lY2FhLTExZTYtOGY4OC0zNDM2M2JjN2M0YzAiOnsiY3JlYXRlIjoxODAwMDAwMDAwMDAwLCJkZWxldGUiOjE4MDAwMDAwMDAwMDAsInJlYWQiOjMwMDAwMDAwMDAwMCwidXBkYXRlIjoxODAwMDAwMDAwMDAwfX0=",
          "dependencies": [
            "azurerm_resource_group.example",
            "module.linuxservers.azurerm_availability_set.vm",
            "module.linuxservers.azurerm_network_interface.vm",
            "module.linuxservers.azurerm_network_interface_security_group_association.test",
            "module.linuxservers.azurerm_network_security_group.vm",
            "module.linuxservers.azurerm_network_security_rule.vm",
            "module.linuxservers.azurerm_public_ip.vm",
            "module.linuxservers.azurerm_storage_account.vm_sa",
            "module.linuxservers.azurerm_virtual_machine.vm_linux",
            "module.linuxservers.azurerm_virtual_machine.vm_windows",
            "module.linuxservers.azurerm_virtual_machine_extension.extension",
            "module.linuxservers.data.azurerm_public_ip.vm",
            "module.linuxservers.data.azurerm_resource_group.vm",
            "module.linuxservers.random_id.vm_sa",
            "module.vmscaleset.azurerm_network_security_group.nsg",
            "module.vmscaleset.data.azurerm_resource_group.rg",
            "module.vmscaleset.data.azurerm_subnet.snet",
            "module.vmscaleset.data.azurerm_virtual_network.vnet",
            "module.vnet.azurerm_subnet.subnet_count",
            "module.vnet.azurerm_subnet.subnet_for_each",
            "module.vnet.azurerm_subnet_network_security_group_association.vnet",
            "module.vnet.azurerm_subnet_route_table_association.vnet",
            "module.vnet.azurerm_virtual_network.vnet"
          ]
        }
      ]
    },
    {
      "module": "module.vmscaleset",
      "mode": "managed",
      "type": "azurerm_proximity_placement_group",
      "name": "appgrp",
      "provider": "provider[\"registry.terraform.io/hashicorp/azurerm\"]",
      "instances": [
        {
          "index_key": 0,
          "schema_version": 0,
          "attributes": {
            "id": "/subscriptions/7409015c-1c36-4389-ab17-588c61f855ff/resourceGroups/rg-shared-westeurope-01/providers/Microsoft.Compute/proximityPlacementGroups/proxigrp-testvmss-westeurope",
            "location": "westeurope",
            "name": "proxigrp-testvmss-westeurope",
            "resource_group_name": "rg-shared-westeurope-01",
            "tags": {
              "Email": "vmathpal1@gmail.com",
              "Name": "Vibhor Mathpal",
              "ProjectName": "Sapient-Assessment",
              "resourcename": "proxigrp-testvmss-westeurope"
            },
            "timeouts": null
          },
          "sensitive_attributes": [],
          "private": "eyJlMmJmYjczMC1lY2FhLTExZTYtOGY4OC0zNDM2M2JjN2M0YzAiOnsiY3JlYXRlIjoxODAwMDAwMDAwMDAwLCJkZWxldGUiOjE4MDAwMDAwMDAwMDAsInJlYWQiOjMwMDAwMDAwMDAwMCwidXBkYXRlIjoxODAwMDAwMDAwMDAwfX0=",
          "dependencies": [
            "azurerm_resource_group.example",
            "module.linuxservers.azurerm_availability_set.vm",
            "module.linuxservers.azurerm_network_interface.vm",
            "module.linuxservers.azurerm_network_interface_security_group_association.test",
            "module.linuxservers.azurerm_network_security_group.vm",
            "module.linuxservers.azurerm_network_security_rule.vm",
            "module.linuxservers.azurerm_public_ip.vm",
            "module.linuxservers.azurerm_storage_account.vm_sa",
            "module.linuxservers.azurerm_virtual_machine.vm_linux",
            "module.linuxservers.azurerm_virtual_machine.vm_windows",
            "module.linuxservers.azurerm_virtual_machine_extension.extension",
            "module.linuxservers.data.azurerm_public_ip.vm",
            "module.linuxservers.data.azurerm_resource_group.vm",
            "module.linuxservers.random_id.vm_sa",
            "module.vmscaleset.data.azurerm_resource_group.rg",
            "module.vnet.azurerm_subnet.subnet_count",
            "module.vnet.azurerm_subnet.subnet_for_each",
            "module.vnet.azurerm_subnet_network_security_group_association.vnet",
            "module.vnet.azurerm_subnet_route_table_association.vnet",
            "module.vnet.azurerm_virtual_network.vnet"
          ]
        }
      ]
    },
    {
      "module": "module.vmscaleset",
      "mode": "managed",
      "type": "azurerm_public_ip",
      "name": "pip",
      "provider": "provider[\"registry.terraform.io/hashicorp/azurerm\"]",
      "instances": [
        {
          "index_key": 0,
          "schema_version": 0,
          "attributes": {
            "allocation_method": "Static",
            "ddos_protection_mode": "VirtualNetworkInherited",
            "ddos_protection_plan_id": null,
            "domain_name_label": null,
            "edge_zone": "",
            "fqdn": null,
            "id": "/subscriptions/7409015c-1c36-4389-ab17-588c61f855ff/resourceGroups/rg-shared-westeurope-01/providers/Microsoft.Network/publicIPAddresses/pip-vm-testvmss-westeurope-01",
            "idle_timeout_in_minutes": 4,
            "ip_address": "52.157.168.107",
            "ip_tags": null,
            "ip_version": "IPv4",
            "location": "westeurope",
            "name": "pip-vm-testvmss-westeurope-01",
            "public_ip_prefix_id": null,
            "resource_group_name": "rg-shared-westeurope-01",
            "reverse_fqdn": null,
            "sku": "Standard",
            "sku_tier": "Regional",
            "tags": {
              "Email": "vmathpal1@gmail.com",
              "Name": "Vibhor Mathpal",
              "ProjectName": "Sapient-Assessment",
              "resourcename": "pip-vm-testvmss-westeurope-01"
            },
            "timeouts": null,
            "zones": null
          },
          "sensitive_attributes": [],
          "private": "eyJlMmJmYjczMC1lY2FhLTExZTYtOGY4OC0zNDM2M2JjN2M0YzAiOnsiY3JlYXRlIjoxODAwMDAwMDAwMDAwLCJkZWxldGUiOjE4MDAwMDAwMDAwMDAsInJlYWQiOjMwMDAwMDAwMDAwMCwidXBkYXRlIjoxODAwMDAwMDAwMDAwfX0=",
          "dependencies": [
            "azurerm_resource_group.example",
            "module.linuxservers.azurerm_availability_set.vm",
            "module.linuxservers.azurerm_network_interface.vm",
            "module.linuxservers.azurerm_network_interface_security_group_association.test",
            "module.linuxservers.azurerm_network_security_group.vm",
            "module.linuxservers.azurerm_network_security_rule.vm",
            "module.linuxservers.azurerm_public_ip.vm",
            "module.linuxservers.azurerm_storage_account.vm_sa",
            "module.linuxservers.azurerm_virtual_machine.vm_linux",
            "module.linuxservers.azurerm_virtual_machine.vm_windows",
            "module.linuxservers.azurerm_virtual_machine_extension.extension",
            "module.linuxservers.data.azurerm_public_ip.vm",
            "module.linuxservers.data.azurerm_resource_group.vm",
            "module.linuxservers.random_id.vm_sa",
            "module.vmscaleset.data.azurerm_resource_group.rg",
            "module.vnet.azurerm_subnet.subnet_count",
            "module.vnet.azurerm_subnet.subnet_for_each",
            "module.vnet.azurerm_subnet_network_security_group_association.vnet",
            "module.vnet.azurerm_subnet_route_table_association.vnet",
            "module.vnet.azurerm_virtual_network.vnet"
          ]
        }
      ]
    },
    {
      "module": "module.vmscaleset",
      "mode": "managed",
      "type": "azurerm_virtual_machine_scale_set_extension",
      "name": "omsagentlinux",
      "provider": "provider[\"registry.terraform.io/hashicorp/azurerm\"]",
      "instances": [
        {
          "index_key": 0,
          "schema_version": 0,
          "attributes": {
            "auto_upgrade_minor_version": true,
            "automatic_upgrade_enabled": false,
            "failure_suppression_enabled": false,
            "force_update_tag": "",
            "id": "/subscriptions/7409015c-1c36-4389-ab17-588c61f855ff/resourceGroups/rg-shared-westeurope-01/providers/Microsoft.Compute/virtualMachineScaleSets/vmtestvmss1/extensions/OmsAgentForLinux",
            "name": "OmsAgentForLinux",
            "protected_settings": "    {\r\n    \"workspaceKey\": \"xwexOxCZJyOmoVZblzoGJea0/2IwlWuaGoDgeIo8HCe7v9qrx+cyM1pus8mmB9ruUKxsoJtJdGMnL0xBj6uSsw==\"\r\n    }\r\n",
            "protected_settings_from_key_vault": [],
            "provision_after_extensions": null,
            "publisher": "Microsoft.EnterpriseCloud.Monitoring",
            "settings": "{\"workspaceId\":\"63a702b8-031b-47c4-ada0-2017cd5846f4\"}",
            "timeouts": null,
            "type": "OmsAgentForLinux",
            "type_handler_version": "1.13",
            "virtual_machine_scale_set_id": "/subscriptions/7409015c-1c36-4389-ab17-588c61f855ff/resourceGroups/rg-shared-westeurope-01/providers/Microsoft.Compute/virtualMachineScaleSets/vmtestvmss1"
          },
          "sensitive_attributes": [
            [
              {
                "type": "get_attr",
                "value": "protected_settings"
              }
            ]
          ],
          "private": "eyJlMmJmYjczMC1lY2FhLTExZTYtOGY4OC0zNDM2M2JjN2M0YzAiOnsiY3JlYXRlIjoxODAwMDAwMDAwMDAwLCJkZWxldGUiOjE4MDAwMDAwMDAwMDAsInJlYWQiOjMwMDAwMDAwMDAwMCwidXBkYXRlIjoxODAwMDAwMDAwMDAwfX0=",
          "dependencies": [
            "azurerm_resource_group.example",
            "data.azurerm_log_analytics_workspace.example",
            "module.linuxservers.azurerm_availability_set.vm",
            "module.linuxservers.azurerm_network_interface.vm",
            "module.linuxservers.azurerm_network_interface_security_group_association.test",
            "module.linuxservers.azurerm_network_security_group.vm",
            "module.linuxservers.azurerm_network_security_rule.vm",
            "module.linuxservers.azurerm_public_ip.vm",
            "module.linuxservers.azurerm_storage_account.vm_sa",
            "module.linuxservers.azurerm_virtual_machine.vm_linux",
            "module.linuxservers.azurerm_virtual_machine.vm_windows",
            "module.linuxservers.azurerm_virtual_machine_extension.extension",
            "module.linuxservers.data.azurerm_public_ip.vm",
            "module.linuxservers.data.azurerm_resource_group.vm",
            "module.linuxservers.random_id.vm_sa",
            "module.vmscaleset.azurerm_lb.vmsslb",
            "module.vmscaleset.azurerm_lb_backend_address_pool.bepool",
            "module.vmscaleset.azurerm_lb_nat_pool.natpol",
            "module.vmscaleset.azurerm_lb_probe.lbp",
            "module.vmscaleset.azurerm_lb_rule.lbrule",
            "module.vmscaleset.azurerm_linux_virtual_machine_scale_set.linux_vmss",
            "module.vmscaleset.azurerm_network_security_group.nsg",
            "module.vmscaleset.azurerm_proximity_placement_group.appgrp",
            "module.vmscaleset.azurerm_public_ip.pip",
            "module.vmscaleset.data.azurerm_resource_group.rg",
            "module.vmscaleset.data.azurerm_storage_account.storeacc",
            "module.vmscaleset.data.azurerm_subnet.snet",
            "module.vmscaleset.data.azurerm_virtual_network.vnet",
            "module.vmscaleset.random_password.passwd",
            "module.vmscaleset.tls_private_key.rsa",
            "module.vnet.azurerm_subnet.subnet_count",
            "module.vnet.azurerm_subnet.subnet_for_each",
            "module.vnet.azurerm_subnet_network_security_group_association.vnet",
            "module.vnet.azurerm_subnet_route_table_association.vnet",
            "module.vnet.azurerm_virtual_network.vnet"
          ]
        }
      ]
    },
    {
      "module": "module.vmscaleset",
      "mode": "managed",
      "type": "tls_private_key",
      "name": "rsa",
      "provider": "provider[\"registry.terraform.io/hashicorp/tls\"]",
      "instances": [
        {
          "index_key": 0,
          "schema_version": 1,
          "attributes": {
            "algorithm": "RSA",
            "ecdsa_curve": "P224",
            "id": "4c341572782a9fefec4bba36cc4934082594e32a",
            "private_key_openssh": "-----BEGIN OPENSSH PRIVATE KEY-----\nb3BlbnNzaC1rZXktdjEAAAAABG5vbmUAAAAEbm9uZQAAAAAAAAABAAACFwAAAAdz\nc2gtcnNhAAAAAwEAAQAAAgEArcZhYrp/zoyC/HCjVz0ca308Dy1Tit+UI7sLbJh1\n1tgQmq70B+p4DzgyO1Lq8sUnvEkl1fPa0UnPUjFCvBTtVZ11swpdTfeYE5lUgXD9\nqoMBFAG2P5t/pP7G3xBB2evK474dVhn5GJBZLuAisC+RHitF7lvYDDwoUYvdpzr9\n5LUcga5B+cXzVAO/7c2j6WJHAyjZKI2+nkZzNtJ/ryyU6lsyYHdgPLPi89B1fQxx\nRlwACentRXlMJwn3NMMgEidBEmFBTPVe6NINyZkH5RScpseKNSD5e0jCQ1tcd/kA\nkkTeO9FZm58UQulBTLoroIr2iBsoL1MIFDIClT7BIpJK9guZucT3lbxixZ9xGzqU\n+qxXpIoQXr3RCO/3migAEop56sgO30R3QhMZeCWQphx82Kc5IWEIp7RBQmPhFlif\n4S/XMCkkqz2w6wwrO7Zpnd0JGj7lgK1U97uziGedB6oa6B7Hwb8Ip6GMQQrWfgEH\n4Sc2g83IvfP/hFftgRcAvICszUZ+H17qD9oKdWM8rhe6IrGjC8fjuQxRoTtszWwg\nW3xNZ3mrNIVrv7Ss+i92v1BxeqAUlSNGc9wYGgyGgwz+kY0tq6o8gS1zhjaD2eYc\npqWiqg8oiRpeDz2jq85B++fEQUotSpb6/NH2Uniy8bbTnq4AGCc6oOrCrl1rAt5B\n2wUAAAc4hfdpdYX3aXUAAAAHc3NoLXJzYQAAAgEArcZhYrp/zoyC/HCjVz0ca308\nDy1Tit+UI7sLbJh11tgQmq70B+p4DzgyO1Lq8sUnvEkl1fPa0UnPUjFCvBTtVZ11\nswpdTfeYE5lUgXD9qoMBFAG2P5t/pP7G3xBB2evK474dVhn5GJBZLuAisC+RHitF\n7lvYDDwoUYvdpzr95LUcga5B+cXzVAO/7c2j6WJHAyjZKI2+nkZzNtJ/ryyU6lsy\nYHdgPLPi89B1fQxxRlwACentRXlMJwn3NMMgEidBEmFBTPVe6NINyZkH5RScpseK\nNSD5e0jCQ1tcd/kAkkTeO9FZm58UQulBTLoroIr2iBsoL1MIFDIClT7BIpJK9guZ\nucT3lbxixZ9xGzqU+qxXpIoQXr3RCO/3migAEop56sgO30R3QhMZeCWQphx82Kc5\nIWEIp7RBQmPhFlif4S/XMCkkqz2w6wwrO7Zpnd0JGj7lgK1U97uziGedB6oa6B7H\nwb8Ip6GMQQrWfgEH4Sc2g83IvfP/hFftgRcAvICszUZ+H17qD9oKdWM8rhe6IrGj\nC8fjuQxRoTtszWwgW3xNZ3mrNIVrv7Ss+i92v1BxeqAUlSNGc9wYGgyGgwz+kY0t\nq6o8gS1zhjaD2eYcpqWiqg8oiRpeDz2jq85B++fEQUotSpb6/NH2Uniy8bbTnq4A\nGCc6oOrCrl1rAt5B2wUAAAADAQABAAACAQCEYapy0eznZveqZAyrOuzZnhAQ59DK\n7MQn7Cgp1IOA5hzQGhPhq+dGgOMTenlt9G/u6jKeqSS7Z2U/EjPqoG6lWEz/1hd6\ne/IojBhqe69jJGW/3gX+svEsusK5z+K6pvxrPruOij7PTbgDE9CZM8Nznjep++G8\ngF+er9Rtv20HvEk5KY0tQHW8PRcLjCsgcjPy3j2AvWrHnJfM3dNTmbzgRBU+k/KG\ni+uLHfVDDCWHGjMVWlXdJSi0XM0sLrHR4oGaBOkAPbTN3KeQOrpe87LbAwvwqWwl\nVSpYsdLhupmK1FgQbc271hZTWuraDsGJjhN9YGLemnx/FhINrD7pnVTolaT76h6t\ncBrtzgcyqTQ7htpFEzUZi6C8x9bR7/2GjFWMymhp/UbrGOIApUykefZTzvH7WbCy\nXSeWzvtUhrHxoL7TGQynLcWpMHTEdkaYqLdZwA1xSwjqMWARYS/1G4MhJjOlvVhX\nyICluUKsEWLBudlp6WSt1qieWLbvjQ+iF/gRjkjcahfMo51WBg5sLXH2X39oMmkM\n+l8oiZrRPdhRPgU1Ta2bij76iiEU9BOh20f7LyerXK01v8tPCtYFOxny2SYGSSkC\n7vk6ehTCPTo+59+RZ60pYr1hsp0RgNqhuaFt3IaTw++fsiefdzkgnbHVSOrBXUTr\nRjgCsER1/zmNyQAAAQBREEgslJ5NygLoEozDK2LksZ535UCQ4Lbp+lybr07YhPYE\neQsE1XuFvwQizycp1361xP/6iz0NfCxrS9ZjJKHAZgePYwyBrU2Fnk3K2vGySfLV\nvKEm9K7+P4DX7ugYkbx7QRaBveJM7EUCXn/aE4VWnb1E1mGnBfGNgPzoeueLmE68\n1+WBysBe2eR86LNrh1sm+nfokvZtAjkKz/rpDq9PGaA8Cd9XJdPA2tNEefnHCtNp\n6UReICWS9CNixlssRu/apCl7m6BMU9oL0/UCItViNDRoQsRU0J7HeHk0FSDi2/43\nCJ9Bbu1KlFB6gLCO+rRk/SajDafEBE+/qDmyunroAAABAQDhNhGwS5Qpl3cG45UL\nKEbc0cCg5ig+/A0CfOsjtbqXAgw1oNOLQz6JZZQ+YtM7zRQHfgk+btO3DX6++qdY\nNCjpYB7DmQw0tZq+WVsPZTcFel3R73PdMqJ/cCeIHpqBe9CjoECGKAVvhjcANr39\nj1dHtIUwbYWD++iqIYOJduU6kitdGVbA2pq1VUgGnCCQFcf2le9Q5rPbdmgYdc9H\n3lP+ab9h/rsV9DuZntsHUqEQT+OGO2xU8fuSyIOZPlVuv44SNRLEoVVv9chQKm/0\n3rfFrvWlcqSRfCLCFsRtSmkKyfCglgb+OeRIPHHQpNjt9a/NDbFyhITqcs0IY3XH\nWfRrAAABAQDFiCWRVK+B6YoscAbYOwMmPejYofVuz9q6izdVraGlPcIAVBPgvhPN\nutseMQEF24SQRwEQDI1vKHFVSdmNhPTG+w2Klp+1sfF2p/r+G+bcZeCEQ9lkICHN\n4AhaqXSjLgumaBT5Q6GbRTB/tzJjpmI+dGMfHLA2D0s6/mnt+3j9YjyO1pzQCwNq\nng26S7Cnji8D/1cNtmqgtXgetlRaf/RntxyQ9QDDdEA4kk4uXOwEFoXDjozibVtk\nc299evtkjgJtv2gzAWy80uISx1PCrlGkTjCbZNnRi/kONK2M28oYovGOYbMjvu8T\n02eW+ia82xZgt0dVzvmzuuNpmxIMqcpPAAAAAAEC\n-----END OPENSSH PRIVATE KEY-----\n",
            "private_key_pem": "-----BEGIN RSA PRIVATE KEY-----\nMIIJKAIBAAKCAgEArcZhYrp/zoyC/HCjVz0ca308Dy1Tit+UI7sLbJh11tgQmq70\nB+p4DzgyO1Lq8sUnvEkl1fPa0UnPUjFCvBTtVZ11swpdTfeYE5lUgXD9qoMBFAG2\nP5t/pP7G3xBB2evK474dVhn5GJBZLuAisC+RHitF7lvYDDwoUYvdpzr95LUcga5B\n+cXzVAO/7c2j6WJHAyjZKI2+nkZzNtJ/ryyU6lsyYHdgPLPi89B1fQxxRlwACent\nRXlMJwn3NMMgEidBEmFBTPVe6NINyZkH5RScpseKNSD5e0jCQ1tcd/kAkkTeO9FZ\nm58UQulBTLoroIr2iBsoL1MIFDIClT7BIpJK9guZucT3lbxixZ9xGzqU+qxXpIoQ\nXr3RCO/3migAEop56sgO30R3QhMZeCWQphx82Kc5IWEIp7RBQmPhFlif4S/XMCkk\nqz2w6wwrO7Zpnd0JGj7lgK1U97uziGedB6oa6B7Hwb8Ip6GMQQrWfgEH4Sc2g83I\nvfP/hFftgRcAvICszUZ+H17qD9oKdWM8rhe6IrGjC8fjuQxRoTtszWwgW3xNZ3mr\nNIVrv7Ss+i92v1BxeqAUlSNGc9wYGgyGgwz+kY0tq6o8gS1zhjaD2eYcpqWiqg8o\niRpeDz2jq85B++fEQUotSpb6/NH2Uniy8bbTnq4AGCc6oOrCrl1rAt5B2wUCAwEA\nAQKCAgEAhGGqctHs52b3qmQMqzrs2Z4QEOfQyuzEJ+woKdSDgOYc0BoT4avnRoDj\nE3p5bfRv7uoynqkku2dlPxIz6qBupVhM/9YXenvyKIwYanuvYyRlv94F/rLxLLrC\nuc/iuqb8az67joo+z024AxPQmTPDc543qfvhvIBfnq/Ubb9tB7xJOSmNLUB1vD0X\nC4wrIHIz8t49gL1qx5yXzN3TU5m84EQVPpPyhovrix31QwwlhxozFVpV3SUotFzN\nLC6x0eKBmgTpAD20zdynkDq6XvOy2wML8KlsJVUqWLHS4bqZitRYEG3Nu9YWU1rq\n2g7BiY4TfWBi3pp8fxYSDaw+6Z1U6JWk++oerXAa7c4HMqk0O4baRRM1GYugvMfW\n0e/9hoxVjMpoaf1G6xjiAKVMpHn2U87x+1mwsl0nls77VIax8aC+0xkMpy3FqTB0\nxHZGmKi3WcANcUsI6jFgEWEv9RuDISYzpb1YV8iApblCrBFiwbnZaelkrdaonli2\n740Pohf4EY5I3GoXzKOdVgYObC1x9l9/aDJpDPpfKIma0T3YUT4FNU2tm4o++ooh\nFPQTodtH+y8nq1ytNb/LTwrWBTsZ8tkmBkkpAu75OnoUwj06PuffkWetKWK9YbKd\nEYDaobmhbdyGk8Pvn7Inn3c5IJ2x1UjqwV1E60Y4ArBEdf85jckCggEBAOE2EbBL\nlCmXdwbjlQsoRtzRwKDmKD78DQJ86yO1upcCDDWg04tDPolllD5i0zvNFAd+CT5u\n07cNfr76p1g0KOlgHsOZDDS1mr5ZWw9lNwV6XdHvc90yon9wJ4gemoF70KOgQIYo\nBW+GNwA2vf2PV0e0hTBthYP76Kohg4l25TqSK10ZVsDamrVVSAacIJAVx/aV71Dm\ns9t2aBh1z0feU/5pv2H+uxX0O5me2wdSoRBP44Y7bFTx+5LIg5k+VW6/jhI1EsSh\nVW/1yFAqb/Tet8Wu9aVypJF8IsIWxG1KaQrJ8KCWBv455Eg8cdCk2O31r80NsXKE\nhOpyzQhjdcdZ9GsCggEBAMWIJZFUr4HpiixwBtg7AyY96Nih9W7P2rqLN1WtoaU9\nwgBUE+C+E8262x4xAQXbhJBHARAMjW8ocVVJ2Y2E9Mb7DYqWn7Wx8Xan+v4b5txl\n4IRD2WQgIc3gCFqpdKMuC6ZoFPlDoZtFMH+3MmOmYj50Yx8csDYPSzr+ae37eP1i\nPI7WnNALA2qeDbpLsKeOLwP/Vw22aqC1eB62VFp/9Ge3HJD1AMN0QDiSTi5c7AQW\nhcOOjOJtW2Rzb316+2SOAm2/aDMBbLzS4hLHU8KuUaROMJtk2dGL+Q40rYzbyhii\n8Y5hsyO+7xPTZ5b6JrzbFmC3R1XO+bO642mbEgypyk8CggEAF0HuMbacZm8t65g1\nHCHcr5E5w2QBY//DmC4uWlG6Iz4i5KbnMcqP+sByvr6V8ecL2no5mij31D+ghzh7\nb7BzSSaUBr8Xc5oNkPrJXJ2nQPmSFswTuxQvk9mRO41th1GyCjPSdghMB2hk5bDB\njh3vdYg++PFWiHrLXEZ5vwh4Q8Q0lji3rNLmhzN3bLdS5Y5aSCzTuhcZG+Dufxgr\nf9CF/BAPo58a0vmV7hdppyfxWi3l4UbhuSQERvROItU9HWLK2TaB6ax/lkBbn2vC\nhBc8Az4+QAfG1v9q14BiaKb2khaosuzLbBWubYdQeauMe4aT0SlI2fq1f0C7y9H5\np8yyYQKCAQBLzamNEhCgLD1IPF2EEXFt9YgryktjkQSBXfeIO6+yt/aBJcLTFl6H\nLtPzzB52Xv2KWJVB0W9dXwnPDx4bvxAoZCOYMaFsmrLtNB2P8qkvnzD/0QHV+LbA\nSN8r26fVD1CNNZgG6DtWWMD54hXGRA2jpgp74AiHVmsqYoPIPh76Lf7LWfSnqfJP\nsgPWoEFUq63DPPPtYTmeHsXQE2xfpobmXlDqF/uJBk225/50sFgqYXJHz6alJg5S\niDIa110uA4lPEIsuN7fA5rS3PCMarMbL5O2mVJd6YNrc5r5LNfViavWEDF4ws48P\n7qrsN2cyRmlaCDup5FnS7T9kQYw1q9rlAoIBAFEQSCyUnk3KAugSjMMrYuSxnnfl\nQJDgtun6XJuvTtiE9gR5CwTVe4W/BCLPJynXfrXE//qLPQ18LGtL1mMkocBmB49j\nDIGtTYWeTcra8bJJ8tW8oSb0rv4/gNfu6BiRvHtBFoG94kzsRQJef9oThVadvUTW\nYacF8Y2A/Oh654uYTrzX5YHKwF7Z5Hzos2uHWyb6d+iS9m0COQrP+ukOr08ZoDwJ\n31cl08Da00R5+ccK02npRF4gJZL0I2LGWyxG79qkKXuboExT2gvT9QIi1WI0NGhC\nxFTQnsd4eTQVIOLb/jcIn0Fu7UqUUHqAsI76tGT9JqMNp8QET7+oObK6eug=\n-----END RSA PRIVATE KEY-----\n",
            "private_key_pem_pkcs8": "-----BEGIN PRIVATE KEY-----\nMIIJQgIBADANBgkqhkiG9w0BAQEFAASCCSwwggkoAgEAAoICAQCtxmFiun/OjIL8\ncKNXPRxrfTwPLVOK35QjuwtsmHXW2BCarvQH6ngPODI7UuryxSe8SSXV89rRSc9S\nMUK8FO1VnXWzCl1N95gTmVSBcP2qgwEUAbY/m3+k/sbfEEHZ68rjvh1WGfkYkFku\n4CKwL5EeK0XuW9gMPChRi92nOv3ktRyBrkH5xfNUA7/tzaPpYkcDKNkojb6eRnM2\n0n+vLJTqWzJgd2A8s+Lz0HV9DHFGXAAJ6e1FeUwnCfc0wyASJ0ESYUFM9V7o0g3J\nmQflFJymx4o1IPl7SMJDW1x3+QCSRN470VmbnxRC6UFMuiugivaIGygvUwgUMgKV\nPsEikkr2C5m5xPeVvGLFn3EbOpT6rFekihBevdEI7/eaKAASinnqyA7fRHdCExl4\nJZCmHHzYpzkhYQintEFCY+EWWJ/hL9cwKSSrPbDrDCs7tmmd3QkaPuWArVT3u7OI\nZ50HqhroHsfBvwinoYxBCtZ+AQfhJzaDzci98/+EV+2BFwC8gKzNRn4fXuoP2gp1\nYzyuF7oisaMLx+O5DFGhO2zNbCBbfE1neas0hWu/tKz6L3a/UHF6oBSVI0Zz3Bga\nDIaDDP6RjS2rqjyBLXOGNoPZ5hympaKqDyiJGl4PPaOrzkH758RBSi1Klvr80fZS\neLLxttOergAYJzqg6sKuXWsC3kHbBQIDAQABAoICAQCEYapy0eznZveqZAyrOuzZ\nnhAQ59DK7MQn7Cgp1IOA5hzQGhPhq+dGgOMTenlt9G/u6jKeqSS7Z2U/EjPqoG6l\nWEz/1hd6e/IojBhqe69jJGW/3gX+svEsusK5z+K6pvxrPruOij7PTbgDE9CZM8Nz\nnjep++G8gF+er9Rtv20HvEk5KY0tQHW8PRcLjCsgcjPy3j2AvWrHnJfM3dNTmbzg\nRBU+k/KGi+uLHfVDDCWHGjMVWlXdJSi0XM0sLrHR4oGaBOkAPbTN3KeQOrpe87Lb\nAwvwqWwlVSpYsdLhupmK1FgQbc271hZTWuraDsGJjhN9YGLemnx/FhINrD7pnVTo\nlaT76h6tcBrtzgcyqTQ7htpFEzUZi6C8x9bR7/2GjFWMymhp/UbrGOIApUykefZT\nzvH7WbCyXSeWzvtUhrHxoL7TGQynLcWpMHTEdkaYqLdZwA1xSwjqMWARYS/1G4Mh\nJjOlvVhXyICluUKsEWLBudlp6WSt1qieWLbvjQ+iF/gRjkjcahfMo51WBg5sLXH2\nX39oMmkM+l8oiZrRPdhRPgU1Ta2bij76iiEU9BOh20f7LyerXK01v8tPCtYFOxny\n2SYGSSkC7vk6ehTCPTo+59+RZ60pYr1hsp0RgNqhuaFt3IaTw++fsiefdzkgnbHV\nSOrBXUTrRjgCsER1/zmNyQKCAQEA4TYRsEuUKZd3BuOVCyhG3NHAoOYoPvwNAnzr\nI7W6lwIMNaDTi0M+iWWUPmLTO80UB34JPm7Ttw1+vvqnWDQo6WAew5kMNLWavllb\nD2U3BXpd0e9z3TKif3AniB6agXvQo6BAhigFb4Y3ADa9/Y9XR7SFMG2Fg/voqiGD\niXblOpIrXRlWwNqatVVIBpwgkBXH9pXvUOaz23ZoGHXPR95T/mm/Yf67FfQ7mZ7b\nB1KhEE/jhjtsVPH7ksiDmT5Vbr+OEjUSxKFVb/XIUCpv9N63xa71pXKkkXwiwhbE\nbUppCsnwoJYG/jnkSDxx0KTY7fWvzQ2xcoSE6nLNCGN1x1n0awKCAQEAxYglkVSv\ngemKLHAG2DsDJj3o2KH1bs/auos3Va2hpT3CAFQT4L4TzbrbHjEBBduEkEcBEAyN\nbyhxVUnZjYT0xvsNipaftbHxdqf6/hvm3GXghEPZZCAhzeAIWql0oy4LpmgU+UOh\nm0Uwf7cyY6ZiPnRjHxywNg9LOv5p7ft4/WI8jtac0AsDap4Nukuwp44vA/9XDbZq\noLV4HrZUWn/0Z7cckPUAw3RAOJJOLlzsBBaFw46M4m1bZHNvfXr7ZI4Cbb9oMwFs\nvNLiEsdTwq5RpE4wm2TZ0Yv5DjStjNvKGKLxjmGzI77vE9NnlvomvNsWYLdHVc75\ns7rjaZsSDKnKTwKCAQAXQe4xtpxmby3rmDUcIdyvkTnDZAFj/8OYLi5aUbojPiLk\npucxyo/6wHK+vpXx5wvaejmaKPfUP6CHOHtvsHNJJpQGvxdzmg2Q+slcnadA+ZIW\nzBO7FC+T2ZE7jW2HUbIKM9J2CEwHaGTlsMGOHe91iD748VaIestcRnm/CHhDxDSW\nOLes0uaHM3dst1LljlpILNO6Fxkb4O5/GCt/0IX8EA+jnxrS+ZXuF2mnJ/FaLeXh\nRuG5JARG9E4i1T0dYsrZNoHprH+WQFufa8KEFzwDPj5AB8bW/2rXgGJopvaSFqiy\n7MtsFa5th1B5q4x7hpPRKUjZ+rV/QLvL0fmnzLJhAoIBAEvNqY0SEKAsPUg8XYQR\ncW31iCvKS2ORBIFd94g7r7K39oElwtMWXocu0/PMHnZe/YpYlUHRb11fCc8PHhu/\nEChkI5gxoWyasu00HY/yqS+fMP/RAdX4tsBI3yvbp9UPUI01mAboO1ZYwPniFcZE\nDaOmCnvgCIdWaypig8g+Hvot/stZ9Kep8k+yA9agQVSrrcM88+1hOZ4exdATbF+m\nhuZeUOoX+4kGTbbn/nSwWCphckfPpqUmDlKIMhrXXS4DiU8Qiy43t8DmtLc8Ixqs\nxsvk7aZUl3pg2tzmvks19WJq9YQMXjCzjw/uquw3ZzJGaVoIO6nkWdLtP2RBjDWr\n2uUCggEAURBILJSeTcoC6BKMwyti5LGed+VAkOC26fpcm69O2IT2BHkLBNV7hb8E\nIs8nKdd+tcT/+os9DXwsa0vWYyShwGYHj2MMga1NhZ5Nytrxskny1byhJvSu/j+A\n1+7oGJG8e0EWgb3iTOxFAl5/2hOFVp29RNZhpwXxjYD86Hrni5hOvNflgcrAXtnk\nfOiza4dbJvp36JL2bQI5Cs/66Q6vTxmgPAnfVyXTwNrTRHn5xwrTaelEXiAlkvQj\nYsZbLEbv2qQpe5ugTFPaC9P1AiLVYjQ0aELEVNCex3h5NBUg4tv+NwifQW7tSpRQ\neoCwjvq0ZP0mow2nxARPv6g5srp66A==\n-----END PRIVATE KEY-----\n",
            "public_key_fingerprint_md5": "97:4a:9c:55:80:2e:e0:f4:ec:07:7e:d8:66:f0:ea:da",
            "public_key_fingerprint_sha256": "SHA256:eNa6dYXzUA2FKO6F2eWP1h0b629klMEKTt+nCHTS4Yg",
            "public_key_openssh": "ssh-rsa AAAAB3NzaC1yc2EAAAADAQABAAACAQCtxmFiun/OjIL8cKNXPRxrfTwPLVOK35QjuwtsmHXW2BCarvQH6ngPODI7UuryxSe8SSXV89rRSc9SMUK8FO1VnXWzCl1N95gTmVSBcP2qgwEUAbY/m3+k/sbfEEHZ68rjvh1WGfkYkFku4CKwL5EeK0XuW9gMPChRi92nOv3ktRyBrkH5xfNUA7/tzaPpYkcDKNkojb6eRnM20n+vLJTqWzJgd2A8s+Lz0HV9DHFGXAAJ6e1FeUwnCfc0wyASJ0ESYUFM9V7o0g3JmQflFJymx4o1IPl7SMJDW1x3+QCSRN470VmbnxRC6UFMuiugivaIGygvUwgUMgKVPsEikkr2C5m5xPeVvGLFn3EbOpT6rFekihBevdEI7/eaKAASinnqyA7fRHdCExl4JZCmHHzYpzkhYQintEFCY+EWWJ/hL9cwKSSrPbDrDCs7tmmd3QkaPuWArVT3u7OIZ50HqhroHsfBvwinoYxBCtZ+AQfhJzaDzci98/+EV+2BFwC8gKzNRn4fXuoP2gp1YzyuF7oisaMLx+O5DFGhO2zNbCBbfE1neas0hWu/tKz6L3a/UHF6oBSVI0Zz3BgaDIaDDP6RjS2rqjyBLXOGNoPZ5hympaKqDyiJGl4PPaOrzkH758RBSi1Klvr80fZSeLLxttOergAYJzqg6sKuXWsC3kHbBQ==\n",
            "public_key_pem": "-----BEGIN PUBLIC KEY-----\nMIICIjANBgkqhkiG9w0BAQEFAAOCAg8AMIICCgKCAgEArcZhYrp/zoyC/HCjVz0c\na308Dy1Tit+UI7sLbJh11tgQmq70B+p4DzgyO1Lq8sUnvEkl1fPa0UnPUjFCvBTt\nVZ11swpdTfeYE5lUgXD9qoMBFAG2P5t/pP7G3xBB2evK474dVhn5GJBZLuAisC+R\nHitF7lvYDDwoUYvdpzr95LUcga5B+cXzVAO/7c2j6WJHAyjZKI2+nkZzNtJ/ryyU\n6lsyYHdgPLPi89B1fQxxRlwACentRXlMJwn3NMMgEidBEmFBTPVe6NINyZkH5RSc\npseKNSD5e0jCQ1tcd/kAkkTeO9FZm58UQulBTLoroIr2iBsoL1MIFDIClT7BIpJK\n9guZucT3lbxixZ9xGzqU+qxXpIoQXr3RCO/3migAEop56sgO30R3QhMZeCWQphx8\n2Kc5IWEIp7RBQmPhFlif4S/XMCkkqz2w6wwrO7Zpnd0JGj7lgK1U97uziGedB6oa\n6B7Hwb8Ip6GMQQrWfgEH4Sc2g83IvfP/hFftgRcAvICszUZ+H17qD9oKdWM8rhe6\nIrGjC8fjuQxRoTtszWwgW3xNZ3mrNIVrv7Ss+i92v1BxeqAUlSNGc9wYGgyGgwz+\nkY0tq6o8gS1zhjaD2eYcpqWiqg8oiRpeDz2jq85B++fEQUotSpb6/NH2Uniy8bbT\nnq4AGCc6oOrCrl1rAt5B2wUCAwEAAQ==\n-----END PUBLIC KEY-----\n",
            "rsa_bits": 4096
          },
          "sensitive_attributes": [],
          "dependencies": [
            "azurerm_resource_group.example",
            "module.linuxservers.azurerm_availability_set.vm",
            "module.linuxservers.azurerm_network_interface.vm",
            "module.linuxservers.azurerm_network_interface_security_group_association.test",
            "module.linuxservers.azurerm_network_security_group.vm",
            "module.linuxservers.azurerm_network_security_rule.vm",
            "module.linuxservers.azurerm_public_ip.vm",
            "module.linuxservers.azurerm_storage_account.vm_sa",
            "module.linuxservers.azurerm_virtual_machine.vm_linux",
            "module.linuxservers.azurerm_virtual_machine.vm_windows",
            "module.linuxservers.azurerm_virtual_machine_extension.extension",
            "module.linuxservers.data.azurerm_public_ip.vm",
            "module.linuxservers.data.azurerm_resource_group.vm",
            "module.linuxservers.random_id.vm_sa",
            "module.vnet.azurerm_subnet.subnet_count",
            "module.vnet.azurerm_subnet.subnet_for_each",
            "module.vnet.azurerm_subnet_network_security_group_association.vnet",
            "module.vnet.azurerm_subnet_route_table_association.vnet",
            "module.vnet.azurerm_virtual_network.vnet"
          ]
        }
      ]
    },
    {
      "module": "module.vnet",
      "mode": "managed",
      "type": "azurerm_subnet",
      "name": "subnet_count",
      "provider": "provider[\"registry.terraform.io/hashicorp/azurerm\"]",
      "instances": [
        {
          "index_key": 0,
          "schema_version": 0,
          "attributes": {
            "address_prefixes": [
              "10.0.1.0/24"
            ],
            "delegation": [],
            "enforce_private_link_endpoint_network_policies": false,
            "enforce_private_link_service_network_policies": false,
            "id": "/subscriptions/7409015c-1c36-4389-ab17-588c61f855ff/resourceGroups/rg-shared-westeurope-01/providers/Microsoft.Network/virtualNetworks/vnet-shared-hub-westeurope-001/subnets/snet-management",
            "name": "snet-management",
            "private_endpoint_network_policies_enabled": true,
            "private_link_service_network_policies_enabled": true,
            "resource_group_name": "rg-shared-westeurope-01",
            "service_endpoint_policy_ids": null,
            "service_endpoints": null,
            "timeouts": null,
            "virtual_network_name": "vnet-shared-hub-westeurope-001"
          },
          "sensitive_attributes": [],
          "private": "eyJlMmJmYjczMC1lY2FhLTExZTYtOGY4OC0zNDM2M2JjN2M0YzAiOnsiY3JlYXRlIjoxODAwMDAwMDAwMDAwLCJkZWxldGUiOjE4MDAwMDAwMDAwMDAsInJlYWQiOjMwMDAwMDAwMDAwMCwidXBkYXRlIjoxODAwMDAwMDAwMDAwfX0=",
          "dependencies": [
            "module.vnet.azurerm_virtual_network.vnet"
          ]
        }
      ]
    },
    {
      "module": "module.vnet",
      "mode": "managed",
      "type": "azurerm_virtual_network",
      "name": "vnet",
      "provider": "provider[\"registry.terraform.io/hashicorp/azurerm\"]",
      "instances": [
        {
          "schema_version": 0,
          "attributes": {
            "address_space": [
              "10.0.0.0/16"
            ],
            "bgp_community": "",
            "ddos_protection_plan": [],
            "dns_servers": [],
            "edge_zone": "",
            "flow_timeout_in_minutes": 0,
            "guid": "b69660c8-549b-4196-a998-e4efb6c76905",
            "id": "/subscriptions/7409015c-1c36-4389-ab17-588c61f855ff/resourceGroups/rg-shared-westeurope-01/providers/Microsoft.Network/virtualNetworks/vnet-shared-hub-westeurope-001",
            "location": "westeurope",
            "name": "vnet-shared-hub-westeurope-001",
            "resource_group_name": "rg-shared-westeurope-01",
            "subnet": [],
            "tags": {
              "ENV": "test"
            },
            "timeouts": null
          },
          "sensitive_attributes": [],
          "private": "eyJlMmJmYjczMC1lY2FhLTExZTYtOGY4OC0zNDM2M2JjN2M0YzAiOnsiY3JlYXRlIjoxODAwMDAwMDAwMDAwLCJkZWxldGUiOjE4MDAwMDAwMDAwMDAsInJlYWQiOjMwMDAwMDAwMDAwMCwidXBkYXRlIjoxODAwMDAwMDAwMDAwfX0="
        }
      ]
    }
  ],
  "check_results": [
    {
      "object_kind": "resource",
      "config_addr": "module.linuxservers.azurerm_virtual_machine.vm_windows",
      "status": "pass",
      "objects": null
    },
    {
      "object_kind": "resource",
      "config_addr": "module.linuxservers.azurerm_virtual_machine.vm_linux",
      "status": "pass",
      "objects": [
        {
          "object_addr": "module.linuxservers.azurerm_virtual_machine.vm_linux[0]",
          "status": "pass"
        }
      ]
    }
  ]
}
