{
  "version": 4,
  "terraform_version": "1.3.6",
  "serial": 763,
  "lineage": "de500f46-fbe7-e666-87a0-1d02aab2c30a",
  "outputs": {
    "name": {
      "value": "-----BEGIN RSA PRIVATE KEY-----\nMIIJKAIBAAKCAgEA2KUMACc2cUN7CBYimyJCBLhW9kmLaUc+IYAguZSpxt07pabp\nSpO+j0Ssjz/EedC3iHsHtdlqTaeTVoItgVHcgo2JTylPen2PsOn9YtJwOaz2J3E7\nLanIpAADxJ3X6z7y4LDoHY6+/OOG5weja19W+u910m36+wHWZxF4CEAbIGbgRhcR\n/PIKwlKi825SAgCjgS25CBvv6XjxWblPqHyYm6aM8+PaDlUTWBC1xKhI3ZPfyHr0\npyevuyZymPlCIljK/p66uLAaY+knczS34shtdWAkBc3V1Ob0ykw91wmSH30SQAJ3\n6s84z1VCfm0hcEy93IChJXE30spt57j2Ul75tQ16MiYKNJB8brEtDM2c0SQ3rZ8y\niVigOVfkzb8YYVu/lBtQWRT4bp6NoQQXmNfhWIN1heBZDJLAhyOba429eOhCnmFC\nPc2VxkbhFse6MnYZdG2joOPySz8XH2yi6iTsQDg+44FMXweYngp7M95qNsF2H8CE\nkfFhnP6aODPlR16oPg0RaRYWPOI86GTHa3cNIKQtlA6knYWCHLkiATk5JXyWYeOw\njKyAVrHd5EnIAKzbERhw3xMNLW+AxiMZE6st03PnoreMDe2FEhbPinBqHnVDl54I\n/u1MQAiTUuQr25/DPwmG4gvOO7laq66EdPoTbT4Tt82+XSV0+5FRmw81ntsCAwEA\nAQKCAgAIZy51+w9jiUiGYcVp2wRQho3o86VSqg7A4eVjDV8gdYhQvo6h8+UaTYGb\n9M88IlpcEtmTtiEnbe6LFnWJZJF3BuJijamliKVAKXNIl/z+X7UUhpHTDZjYs59x\nyuWLHF/zUylNrDHAQVsELwmpqoMHLK6XQOjRP5r/WHAdcc8bjKH6Vf6+nuzH6Mil\nRIwtw7ST2CArLlo55hUGc+ehE2Qf9W/WLepRT/92FP/X5uccoRW3Av3mVeW9Dpq3\nUEO+bU9CXQnFDB+Z7Hs5Prw7Mab9PINpLjizD1pDVn23j4l5azKABRh9pRgBAr+X\ng8geQPvER8D4YNHXfT6SFFyJiWGKD/w10rt1PueN3OAWVDMKkJpn9gyROsFLPJJ2\nzPlQu6P4b4ukDgFranipyLtVbgsll0SsiX95QVOuYdeLoTAY208IWujFrLGLiI3K\nURnjTFYcIDhaSo0pl5eLnQtutZi1BzX3/AdAKdEO65E/Djns7sK7efPiitVVwt/L\n92QJGd6MjY5UZjnby93MiZXRzF5IpLWxmxUCex1XUZhkwBUTnukRovC9YvGg1A/I\nTQb7CDpHYEtTIJQVnowrdH6rbw1aNT0EEEdspJ93ed/Jw1uyme2W8SvVIojx2zpY\nlA/Lq5UBW5gTwMtOwHX1H1jyz8KQAaXnnNKMTA634fdleR/SIQKCAQEA72tbu7Bz\nN6UYkIj9OStpLO3WTwuo/W7bDldi21jbGq18vS45q8u3tmdk7R9420oA/XXC8oVI\nR1Fyj9CZkYPAqjb8BiTXSIu+XbyxmMZnfs07Zjnc5pYffKmmgBVk5GN+0mEailHf\nzwXiTHAk/CUxVPwip613dJoipwcXec3MAYxp1m2DROVM6EZIB79f0IS9idHl3GTP\nbqyXBeAlFkR9MolWUvsdX0qEP1StV4ZorowpqGewjHkrXCg5sATI7WMZoXI51rOv\nTxTgyexxKlyV8zPtEf9rm8DROS+JvCoNf32A4ZF/GICEU+H9gjp5JPFeC5ket9kW\nYpa4ZjQHA2WJ8wKCAQEA56XrRI6HTXs2Qq9rmSOVHneBdsVDHk/8AnuN/h86BciR\nEmShXCKzsfXefftU0gjGqdMRD6n/bi9Cv+jibXLq25Bmvhkcp1vIdGONYHrnJEXu\nrFMnzRM+aktPxpTL2HX1+c6O9QqXSJA9/uHoEEuNG/GbI8fyiOBkxPz89OeyXCMJ\nlAIqPiGgpWjJ6srgh04TcYmSUp2B8PxaGZsNb4LjGqYRAKiC3u7yTWn1Z42FivdT\n8XnU57163JT5JbkOv1L1Li5hS6W4pa2dU2gR6D9JgKHOhh5KXm1h5u9i/0iHfdzp\nZnRYMAZCZZn0vRmguJhQb1DHIvizdwiQ2JuFFsKpeQKCAQAYFPRlLJpqPnD6GM1f\nsr4hhsrHqKSW2U+vYZrP9WAUjt69KKkkXplb/4pnT4MYi5kN5Yp2WnGqusaLMLBB\nsr7uYBl5hLsi0OuVAiXa+Bnw5zPSVH+jsfX41BerSnubfWaEQsAoqZOZfz4D8kPG\nGPedVL8nnoslb1uM8WmrFsguX7FFoD5T77yMoIUeQmGg17k446P7RyiWOUX3kVQp\nqTnum2HTdu69ZwFmXV4SL7LX28FU7xkTCB0UZ/dlfRW4yv8I/jRTJD+99Juns+Cu\nIiHzFIYECW0JfZuN5Po1swUojbco+TmPfV3SEiktsDP/Q0fyYrR0SaG2yPJDVXhf\nHxeBAoIBAQDJxu7d8sDMruyevaqd5C66MSKmUEGcn9NGXlVa69xguUoUmW8skFWy\nSBab6lcB9P8HYoDUAiIq2iPsgnDpIVaOFoRIRht9dCdxql21kpjQMdIqbOyYZ5DQ\nifVdZrMBRA8Un+ZKcAVDAdHeuOypdQXfN18Jldsfe0aLiErXERN9yk9Hi3M8V5JV\nQqfPSxS1Bz9MgKbiK6zKOyZIc5UKcxpbVhgtWJtWkRCieg93OgD/AV0vVA4uJhBl\nH6a+QyojYaGLrn61pA7o0gfeZSJkCOx/jXIVxUDGa8UBobe74nOTIOB1jBZdDra7\nRZW3OiGTaal2rQgo4DWDFAUHiMAvCTURAoIBAFRiLiEZ+8oFgZr83PQYp+qZkfv4\nof49doE97PU9U1mQEQAf4v7orl9wMUDWHYO0yqoKs/2c+Aag2xeR81brsAPpakiR\nhfnuOaywPFnNDfIyR0kXWXnlpiuTqO+7K5CFlkxM1b5om9oqoZQJIEUy38juC/iN\nGCMPNDoKj+uY2wxXj8IuaYrtFEJMSwp0C7mUafWrAfnkDlqWOlTzMM9KNS9Q/9gy\nnSJIktUd9AE1zGbSsM25ZnLo4cSRuOUbm8jRHptHdWbb3t0FpF4XJpSFs58mU0rb\nGuExmLbv4OIdPpulIIYEJAqVdoGlG+t0OLz1YwJciDw7yUIR0RZFKyytktA=\n-----END RSA PRIVATE KEY-----\n",
      "type": "string",
      "sensitive": true
    }
  },
  "resources": [
    {
      "mode": "data",
      "type": "azurerm_log_analytics_workspace",
      "name": "example",
      "provider": "provider[\"registry.terraform.io/hashicorp/azurerm\"]",
      "instances": [
        {
          "schema_version": 0,
          "attributes": {
            "daily_quota_gb": -1,
            "id": "/subscriptions/7409015c-1c36-4389-ab17-588c61f855ff/resourceGroups/rg-shared-westeurope-01/providers/Microsoft.OperationalInsights/workspaces/log-analytics-wp",
            "location": "westeurope",
            "name": "log-analytics-wp",
            "primary_shared_key": "xwexOxCZJyOmoVZblzoGJea0/2IwlWuaGoDgeIo8HCe7v9qrx+cyM1pus8mmB9ruUKxsoJtJdGMnL0xBj6uSsw==",
            "resource_group_name": "rg-shared-westeurope-01",
            "retention_in_days": 30,
            "secondary_shared_key": "MWrvoGH4C79SY63cdlXNT0w9vmiokZGoTaWSt7bU3eajVdKe4g9UqBw509Vm9BZhtufODiJfydbfBOxJ77FBEA==",
            "sku": "pergb2018",
            "tags": {},
            "timeouts": null,
            "workspace_id": "63a702b8-031b-47c4-ada0-2017cd5846f4"
          },
          "sensitive_attributes": []
        }
      ]
    },
    {
      "mode": "managed",
      "type": "azurerm_resource_group",
      "name": "example",
      "provider": "provider[\"registry.terraform.io/hashicorp/azurerm\"]",
      "instances": [
        {
          "schema_version": 0,
          "attributes": {
            "id": "/subscriptions/7409015c-1c36-4389-ab17-588c61f855ff/resourceGroups/rg-devops",
            "location": "westeurope",
            "name": "rg-devops",
            "tags": null,
            "timeouts": null
          },
          "sensitive_attributes": [],
          "private": "eyJlMmJmYjczMC1lY2FhLTExZTYtOGY4OC0zNDM2M2JjN2M0YzAiOnsiY3JlYXRlIjo1NDAwMDAwMDAwMDAwLCJkZWxldGUiOjU0MDAwMDAwMDAwMDAsInJlYWQiOjMwMDAwMDAwMDAwMCwidXBkYXRlIjo1NDAwMDAwMDAwMDAwfX0=",
          "create_before_destroy": true
        }
      ]
    },
    {
      "module": "module.linuxservers",
      "mode": "data",
      "type": "azurerm_public_ip",
      "name": "vm",
      "provider": "provider[\"registry.terraform.io/hashicorp/azurerm\"]",
      "instances": [
        {
          "index_key": 0,
          "schema_version": 0,
          "attributes": {
            "allocation_method": "Dynamic",
            "ddos_protection_mode": "VirtualNetworkInherited",
            "ddos_protection_plan_id": null,
            "domain_name_label": "",
            "fqdn": "",
            "id": "/subscriptions/7409015c-1c36-4389-ab17-588c61f855ff/resourceGroups/rg-devops/providers/Microsoft.Network/publicIPAddresses/mylinuxvm-pip-0",
            "idle_timeout_in_minutes": 4,
            "ip_address": "104.214.230.156",
            "ip_tags": {},
            "ip_version": "IPv4",
            "location": "westeurope",
            "name": "mylinuxvm-pip-0",
            "resource_group_name": "rg-devops",
            "reverse_fqdn": "",
            "sku": "Basic",
            "tags": {
              "costcenter": "it",
              "environment": "dev"
            },
            "timeouts": null,
            "zones": []
          },
          "sensitive_attributes": []
        }
      ]
    },
    {
      "module": "module.linuxservers",
      "mode": "data",
      "type": "azurerm_resource_group",
      "name": "vm",
      "provider": "provider[\"registry.terraform.io/hashicorp/azurerm\"]",
      "instances": [
        {
          "index_key": 0,
          "schema_version": 0,
          "attributes": {
            "id": "/subscriptions/7409015c-1c36-4389-ab17-588c61f855ff/resourceGroups/rg-devops",
            "location": "westeurope",
            "name": "rg-devops",
            "tags": {},
            "timeouts": null
          },
          "sensitive_attributes": []
        }
      ]
    },
    {
      "module": "module.linuxservers",
      "mode": "managed",
      "type": "azurerm_availability_set",
      "name": "vm",
      "provider": "provider[\"registry.terraform.io/hashicorp/azurerm\"]",
      "instances": [
        {
          "index_key": 0,
          "schema_version": 0,
          "attributes": {
            "id": "/subscriptions/7409015c-1c36-4389-ab17-588c61f855ff/resourceGroups/rg-devops/providers/Microsoft.Compute/availabilitySets/mylinuxvm-avset",
            "location": "westeurope",
            "managed": true,
            "name": "mylinuxvm-avset",
            "platform_fault_domain_count": 2,
            "platform_update_domain_count": 2,
            "proximity_placement_group_id": null,
            "resource_group_name": "rg-devops",
            "tags": {
              "costcenter": "it",
              "environment": "dev"
            },
            "timeouts": null
          },
          "sensitive_attributes": [],
          "private": "eyJlMmJmYjczMC1lY2FhLTExZTYtOGY4OC0zNDM2M2JjN2M0YzAiOnsiY3JlYXRlIjoxODAwMDAwMDAwMDAwLCJkZWxldGUiOjE4MDAwMDAwMDAwMDAsInJlYWQiOjMwMDAwMDAwMDAwMCwidXBkYXRlIjoxODAwMDAwMDAwMDAwfX0=",
          "dependencies": [
            "azurerm_resource_group.example",
            "module.linuxservers.data.azurerm_resource_group.vm"
          ]
        }
      ]
    },
    {
      "module": "module.linuxservers",
      "mode": "managed",
      "type": "azurerm_network_interface",
      "name": "vm",
      "provider": "provider[\"registry.terraform.io/hashicorp/azurerm\"]",
      "instances": [
        {
          "index_key": 0,
          "schema_version": 0,
          "attributes": {
            "applied_dns_servers": [],
            "dns_servers": [],
            "edge_zone": "",
            "enable_accelerated_networking": true,
            "enable_ip_forwarding": false,
            "id": "/subscriptions/7409015c-1c36-4389-ab17-588c61f855ff/resourceGroups/rg-devops/providers/Microsoft.Network/networkInterfaces/mylinuxvm-nic-0",
            "internal_dns_name_label": "",
            "internal_domain_name_suffix": "ynpe1d0rd1huxjlrfp1cdympwf.ax.internal.cloudapp.net",
            "ip_configuration": [
              {
                "gateway_load_balancer_frontend_ip_configuration_id": "",
                "name": "mylinuxvm-ip-0",
                "primary": true,
                "private_ip_address": "10.0.1.5",
                "private_ip_address_allocation": "Dynamic",
                "private_ip_address_version": "IPv4",
                "public_ip_address_id": "/subscriptions/7409015c-1c36-4389-ab17-588c61f855ff/resourceGroups/rg-devops/providers/Microsoft.Network/publicIPAddresses/mylinuxvm-pip-0",
                "subnet_id": "/subscriptions/7409015c-1c36-4389-ab17-588c61f855ff/resourceGroups/rg-shared-westeurope-01/providers/Microsoft.Network/virtualNetworks/vnet-shared-hub-westeurope-001/subnets/snet-management"
              }
            ],
            "location": "westeurope",
            "mac_address": "",
            "name": "mylinuxvm-nic-0",
            "private_ip_address": "10.0.1.5",
            "private_ip_addresses": [
              "10.0.1.5"
            ],
            "resource_group_name": "rg-devops",
            "tags": {
              "costcenter": "it",
              "environment": "dev"
            },
            "timeouts": null,
            "virtual_machine_id": ""
          },
          "sensitive_attributes": [],
          "private": "eyJlMmJmYjczMC1lY2FhLTExZTYtOGY4OC0zNDM2M2JjN2M0YzAiOnsiY3JlYXRlIjoxODAwMDAwMDAwMDAwLCJkZWxldGUiOjE4MDAwMDAwMDAwMDAsInJlYWQiOjMwMDAwMDAwMDAwMCwidXBkYXRlIjoxODAwMDAwMDAwMDAwfX0=",
          "dependencies": [
            "azurerm_resource_group.example",
            "module.linuxservers.azurerm_public_ip.vm",
            "module.linuxservers.data.azurerm_resource_group.vm",
            "module.vnet.azurerm_subnet.subnet_count",
            "module.vnet.azurerm_subnet.subnet_for_each"
          ]
        }
      ]
    },
    {
      "module": "module.linuxservers",
      "mode": "managed",
      "type": "azurerm_network_interface_security_group_association",
      "name": "test",
      "provider": "provider[\"registry.terraform.io/hashicorp/azurerm\"]",
      "instances": [
        {
          "index_key": 0,
          "schema_version": 0,
          "attributes": {
            "id": "/subscriptions/7409015c-1c36-4389-ab17-588c61f855ff/resourceGroups/rg-devops/providers/Microsoft.Network/networkInterfaces/mylinuxvm-nic-0|/subscriptions/7409015c-1c36-4389-ab17-588c61f855ff/resourceGroups/rg-devops/providers/Microsoft.Network/networkSecurityGroups/mylinuxvm-nsg",
            "network_interface_id": "/subscriptions/7409015c-1c36-4389-ab17-588c61f855ff/resourceGroups/rg-devops/providers/Microsoft.Network/networkInterfaces/mylinuxvm-nic-0",
            "network_security_group_id": "/subscriptions/7409015c-1c36-4389-ab17-588c61f855ff/resourceGroups/rg-devops/providers/Microsoft.Network/networkSecurityGroups/mylinuxvm-nsg",
            "timeouts": null
          },
          "sensitive_attributes": [],
          "private": "eyJlMmJmYjczMC1lY2FhLTExZTYtOGY4OC0zNDM2M2JjN2M0YzAiOnsiY3JlYXRlIjoxODAwMDAwMDAwMDAwLCJkZWxldGUiOjE4MDAwMDAwMDAwMDAsInJlYWQiOjMwMDAwMDAwMDAwMCwidXBkYXRlIjoxODAwMDAwMDAwMDAwfX0=",
          "dependencies": [
            "azurerm_resource_group.example",
            "module.linuxservers.azurerm_network_interface.vm",
            "module.linuxservers.azurerm_network_security_group.vm",
            "module.linuxservers.azurerm_public_ip.vm",
            "module.linuxservers.data.azurerm_resource_group.vm",
            "module.vnet.azurerm_subnet.subnet_count",
            "module.vnet.azurerm_subnet.subnet_for_each"
          ]
        }
      ]
    },
    {
      "module": "module.linuxservers",
      "mode": "managed",
      "type": "azurerm_network_security_group",
      "name": "vm",
      "provider": "provider[\"registry.terraform.io/hashicorp/azurerm\"]",
      "instances": [
        {
          "index_key": 0,
          "schema_version": 0,
          "attributes": {
            "id": "/subscriptions/7409015c-1c36-4389-ab17-588c61f855ff/resourceGroups/rg-devops/providers/Microsoft.Network/networkSecurityGroups/mylinuxvm-nsg",
            "location": "westeurope",
            "name": "mylinuxvm-nsg",
            "resource_group_name": "rg-devops",
            "security_rule": [],
            "tags": {
              "costcenter": "it",
              "environment": "dev"
            },
            "timeouts": null
          },
          "sensitive_attributes": [],
          "private": "eyJlMmJmYjczMC1lY2FhLTExZTYtOGY4OC0zNDM2M2JjN2M0YzAiOnsiY3JlYXRlIjoxODAwMDAwMDAwMDAwLCJkZWxldGUiOjE4MDAwMDAwMDAwMDAsInJlYWQiOjMwMDAwMDAwMDAwMCwidXBkYXRlIjoxODAwMDAwMDAwMDAwfX0=",
          "dependencies": [
            "azurerm_resource_group.example",
            "module.linuxservers.data.azurerm_resource_group.vm"
          ]
        }
      ]
    },
    {
      "module": "module.linuxservers",
      "mode": "managed",
      "type": "azurerm_network_security_rule",
      "name": "vm",
      "provider": "provider[\"registry.terraform.io/hashicorp/azurerm\"]",
      "instances": [
        {
          "index_key": 0,
          "schema_version": 0,
          "attributes": {
            "access": "Allow",
            "description": "Allow remote protocol in from all locations",
            "destination_address_prefix": "*",
            "destination_address_prefixes": null,
            "destination_application_security_group_ids": null,
            "destination_port_range": "22",
            "destination_port_ranges": null,
            "direction": "Inbound",
            "id": "/subscriptions/7409015c-1c36-4389-ab17-588c61f855ff/resourceGroups/rg-devops/providers/Microsoft.Network/networkSecurityGroups/mylinuxvm-nsg/securityRules/allow_remote_22_in_all",
            "name": "allow_remote_22_in_all",
            "network_security_group_name": "mylinuxvm-nsg",
            "priority": 101,
            "protocol": "Tcp",
            "resource_group_name": "rg-devops",
            "source_address_prefix": "",
            "source_address_prefixes": [
              "0.0.0.0/0"
            ],
            "source_application_security_group_ids": null,
            "source_port_range": "*",
            "source_port_ranges": null,
            "timeouts": null
          },
          "sensitive_attributes": [],
          "private": "eyJlMmJmYjczMC1lY2FhLTExZTYtOGY4OC0zNDM2M2JjN2M0YzAiOnsiY3JlYXRlIjoxODAwMDAwMDAwMDAwLCJkZWxldGUiOjE4MDAwMDAwMDAwMDAsInJlYWQiOjMwMDAwMDAwMDAwMCwidXBkYXRlIjoxODAwMDAwMDAwMDAwfX0=",
          "dependencies": [
            "azurerm_resource_group.example",
            "module.linuxservers.azurerm_network_security_group.vm",
            "module.linuxservers.data.azurerm_resource_group.vm"
          ]
        }
      ]
    },
    {
      "module": "module.linuxservers",
      "mode": "managed",
      "type": "azurerm_public_ip",
      "name": "vm",
      "provider": "provider[\"registry.terraform.io/hashicorp/azurerm\"]",
      "instances": [
        {
          "index_key": 0,
          "schema_version": 0,
          "attributes": {
            "allocation_method": "Dynamic",
            "ddos_protection_mode": "VirtualNetworkInherited",
            "ddos_protection_plan_id": null,
            "domain_name_label": null,
            "edge_zone": "",
            "fqdn": null,
            "id": "/subscriptions/7409015c-1c36-4389-ab17-588c61f855ff/resourceGroups/rg-devops/providers/Microsoft.Network/publicIPAddresses/mylinuxvm-pip-0",
            "idle_timeout_in_minutes": 4,
            "ip_address": "",
            "ip_tags": null,
            "ip_version": "IPv4",
            "location": "westeurope",
            "name": "mylinuxvm-pip-0",
            "public_ip_prefix_id": null,
            "resource_group_name": "rg-devops",
            "reverse_fqdn": null,
            "sku": "Basic",
            "sku_tier": "Regional",
            "tags": {
              "costcenter": "it",
              "environment": "dev"
            },
            "timeouts": null,
            "zones": null
          },
          "sensitive_attributes": [],
          "private": "eyJlMmJmYjczMC1lY2FhLTExZTYtOGY4OC0zNDM2M2JjN2M0YzAiOnsiY3JlYXRlIjoxODAwMDAwMDAwMDAwLCJkZWxldGUiOjE4MDAwMDAwMDAwMDAsInJlYWQiOjMwMDAwMDAwMDAwMCwidXBkYXRlIjoxODAwMDAwMDAwMDAwfX0=",
          "dependencies": [
            "azurerm_resource_group.example",
            "module.linuxservers.data.azurerm_resource_group.vm"
          ],
          "create_before_destroy": true
        }
      ]
    },
    {
      "module": "module.linuxservers",
      "mode": "managed",
      "type": "azurerm_storage_account",
      "name": "vm_sa",
      "provider": "provider[\"registry.terraform.io/hashicorp/azurerm\"]",
      "instances": [
        {
          "index_key": 0,
          "schema_version": 3,
          "attributes": {
            "access_tier": "Hot",
            "account_kind": "StorageV2",
            "account_replication_type": "LRS",
            "account_tier": "Standard",
            "allow_nested_items_to_be_public": true,
            "azure_files_authentication": [],
            "blob_properties": [
              {
                "change_feed_enabled": false,
                "change_feed_retention_in_days": 0,
                "container_delete_retention_policy": [],
                "cors_rule": [],
                "default_service_version": "",
                "delete_retention_policy": [],
                "last_access_time_enabled": false,
                "restore_policy": [],
                "versioning_enabled": false
              }
            ],
            "cross_tenant_replication_enabled": true,
            "custom_domain": [],
            "customer_managed_key": [],
            "default_to_oauth_authentication": false,
            "edge_zone": "",
            "enable_https_traffic_only": true,
            "id": "/subscriptions/7409015c-1c36-4389-ab17-588c61f855ff/resourceGroups/rg-devops/providers/Microsoft.Storage/storageAccounts/bootdiagd988b528db5e",
            "identity": [],
            "immutability_policy": [],
            "infrastructure_encryption_enabled": false,
            "is_hns_enabled": false,
            "large_file_share_enabled": null,
            "location": "westeurope",
            "min_tls_version": "TLS1_2",
            "name": "bootdiagd988b528db5e",
            "network_rules": [
              {
                "bypass": [
                  "AzureServices"
                ],
                "default_action": "Allow",
                "ip_rules": [],
                "private_link_access": [],
                "virtual_network_subnet_ids": []
              }
            ],
            "nfsv3_enabled": false,
            "primary_access_key": "KH6ap4J5xPFZwNYcufUoIVaV/6egA7acml4r2LCdpvemVhJaFSBmlXfZ3/mj66KO2DaC+5+wlCPB+AStHgNb/w==",
            "primary_blob_connection_string": "DefaultEndpointsProtocol=https;BlobEndpoint=https://bootdiagd988b528db5e.blob.core.windows.net/;AccountName=bootdiagd988b528db5e;AccountKey=KH6ap4J5xPFZwNYcufUoIVaV/6egA7acml4r2LCdpvemVhJaFSBmlXfZ3/mj66KO2DaC+5+wlCPB+AStHgNb/w==",
            "primary_blob_endpoint": "https://bootdiagd988b528db5e.blob.core.windows.net/",
            "primary_blob_host": "bootdiagd988b528db5e.blob.core.windows.net",
            "primary_connection_string": "DefaultEndpointsProtocol=https;AccountName=bootdiagd988b528db5e;AccountKey=KH6ap4J5xPFZwNYcufUoIVaV/6egA7acml4r2LCdpvemVhJaFSBmlXfZ3/mj66KO2DaC+5+wlCPB+AStHgNb/w==;EndpointSuffix=core.windows.net",
            "primary_dfs_endpoint": "https://bootdiagd988b528db5e.dfs.core.windows.net/",
            "primary_dfs_host": "bootdiagd988b528db5e.dfs.core.windows.net",
            "primary_file_endpoint": "https://bootdiagd988b528db5e.file.core.windows.net/",
            "primary_file_host": "bootdiagd988b528db5e.file.core.windows.net",
            "primary_location": "westeurope",
            "primary_queue_endpoint": "https://bootdiagd988b528db5e.queue.core.windows.net/",
            "primary_queue_host": "bootdiagd988b528db5e.queue.core.windows.net",
            "primary_table_endpoint": "https://bootdiagd988b528db5e.table.core.windows.net/",
            "primary_table_host": "bootdiagd988b528db5e.table.core.windows.net",
            "primary_web_endpoint": "https://bootdiagd988b528db5e.z6.web.core.windows.net/",
            "primary_web_host": "bootdiagd988b528db5e.z6.web.core.windows.net",
            "public_network_access_enabled": true,
            "queue_encryption_key_type": "Service",
            "queue_properties": [
              {
                "cors_rule": [],
                "hour_metrics": [
                  {
                    "enabled": true,
                    "include_apis": true,
                    "retention_policy_days": 7,
                    "version": "1.0"
                  }
                ],
                "logging": [
                  {
                    "delete": false,
                    "read": false,
                    "retention_policy_days": 0,
                    "version": "1.0",
                    "write": false
                  }
                ],
                "minute_metrics": [
                  {
                    "enabled": false,
                    "include_apis": false,
                    "retention_policy_days": 0,
                    "version": "1.0"
                  }
                ]
              }
            ],
            "resource_group_name": "rg-devops",
            "routing": [],
            "sas_policy": [],
            "secondary_access_key": "Ooon7v2TpzsLi63Nf/v8pjn7YXProv68T6D40+OY5+kT0dcpucxUkWXzsH1/PWob/wQoAMeJjJih+AStqX8dyw==",
            "secondary_blob_connection_string": "",
            "secondary_blob_endpoint": null,
            "secondary_blob_host": null,
            "secondary_connection_string": "DefaultEndpointsProtocol=https;AccountName=bootdiagd988b528db5e;AccountKey=Ooon7v2TpzsLi63Nf/v8pjn7YXProv68T6D40+OY5+kT0dcpucxUkWXzsH1/PWob/wQoAMeJjJih+AStqX8dyw==;EndpointSuffix=core.windows.net",
            "secondary_dfs_endpoint": null,
            "secondary_dfs_host": null,
            "secondary_file_endpoint": null,
            "secondary_file_host": null,
            "secondary_location": "",
            "secondary_queue_endpoint": null,
            "secondary_queue_host": null,
            "secondary_table_endpoint": null,
            "secondary_table_host": null,
            "secondary_web_endpoint": null,
            "secondary_web_host": null,
            "sftp_enabled": false,
            "share_properties": [
              {
                "cors_rule": [],
                "retention_policy": [
                  {
                    "days": 7
                  }
                ],
                "smb": []
              }
            ],
            "shared_access_key_enabled": true,
            "static_website": [],
            "table_encryption_key_type": "Service",
            "tags": {
              "costcenter": "it",
              "environment": "dev"
            },
            "timeouts": null
          },
          "sensitive_attributes": [],
          "private": "eyJlMmJmYjczMC1lY2FhLTExZTYtOGY4OC0zNDM2M2JjN2M0YzAiOnsiY3JlYXRlIjozNjAwMDAwMDAwMDAwLCJkZWxldGUiOjM2MDAwMDAwMDAwMDAsInJlYWQiOjMwMDAwMDAwMDAwMCwidXBkYXRlIjozNjAwMDAwMDAwMDAwfSwic2NoZW1hX3ZlcnNpb24iOiIzIn0=",
          "dependencies": [
            "azurerm_resource_group.example",
            "module.linuxservers.data.azurerm_resource_group.vm",
            "module.linuxservers.random_id.vm_sa"
          ]
        }
      ]
    },
    {
      "module": "module.linuxservers",
      "mode": "managed",
      "type": "azurerm_virtual_machine",
      "name": "vm_linux",
      "provider": "provider[\"registry.terraform.io/hashicorp/azurerm\"]",
      "instances": [
        {
          "index_key": 0,
          "schema_version": 0,
          "attributes": {
            "additional_capabilities": [],
            "availability_set_id": "/subscriptions/7409015c-1c36-4389-ab17-588c61f855ff/resourcegroups/rg-devops/providers/microsoft.compute/availabilitysets/mylinuxvm-avset",
            "boot_diagnostics": [
              {
                "enabled": true,
                "storage_uri": "https://bootdiagd988b528db5e.blob.core.windows.net/"
              }
            ],
            "delete_data_disks_on_termination": true,
            "delete_os_disk_on_termination": true,
            "id": "/subscriptions/7409015c-1c36-4389-ab17-588c61f855ff/resourceGroups/rg-devops/providers/Microsoft.Compute/virtualMachines/mylinuxvm-vmLinux-0",
            "identity": [],
            "license_type": null,
            "location": "westeurope",
            "name": "mylinuxvm-vmLinux-0",
            "network_interface_ids": [
              "/subscriptions/7409015c-1c36-4389-ab17-588c61f855ff/resourceGroups/rg-devops/providers/Microsoft.Network/networkInterfaces/mylinuxvm-nic-0"
            ],
            "os_profile": [
              {
                "admin_password": "",
                "admin_username": "vmathpal",
                "computer_name": "mylinuxvm-0",
                "custom_data": "da39a3ee5e6b4b0d3255bfef95601890afd80709"
              }
            ],
            "os_profile_linux_config": [
              {
                "disable_password_authentication": true,
                "ssh_keys": [
                  {
                    "key_data": "ssh-rsa AAAAB3NzaC1yc2EAAAADAQABAAABgQDDBH9EJA8Gzm0rbOASpP5LoB/GwU5RxDbc+sRFmkUViVvUTb37hX/6YPJPCPKAwP7cPeKBw6V2ZrdoqFPYYZ+U9znaUe7FGQkhJfR347jKs7k83rZhZd5+rWvMsXnGX5hkU2EEwfPnGWCKVCZkOPFnI0O2BCtve/CwWmxfOtisWyX9MGX3aIsRQ0aWSPQcPpS55Y4cB/qpr0CADF8LUti7Z5Sr8/VCgYD6zwPKf8XPkSgqEACP5ruTTRyVrIst9T3uELO1+8F9w0QnoN175sGOmblTAfqvQeRr7GTh5tqEet9YmDM14eGbe/zR2EhqLBchypwi/MGBzhIF9+2o/2IKX5FzthaTkHt6w/Bn4RInClMXCdhHYTmAuQzTju/7Ww6TjnkCk1VucgtyBlgiba/1R4XUzPbsC3Rxn9Lc4moCLzSc0BNg5h7iT2bH9esn1fjRSTD+KACSSZmaUuG2u/jAPjLcvhsU3K5g+fbwM/HrDWNntdboaY/nZ5a2zg/lQ4M= vmathpal@AIPL7889LT16443.local\n",
                    "path": "/home/vmathpal/.ssh/authorized_keys"
                  }
                ]
              }
            ],
            "os_profile_secrets": [],
            "os_profile_windows_config": [],
            "plan": [],
            "primary_network_interface_id": null,
            "proximity_placement_group_id": null,
            "resource_group_name": "rg-devops",
            "storage_data_disk": [
              {
                "caching": "None",
                "create_option": "Empty",
                "disk_size_gb": 16,
                "lun": 0,
                "managed_disk_id": "/subscriptions/7409015c-1c36-4389-ab17-588c61f855ff/resourceGroups/rg-devops/providers/Microsoft.Compute/disks/mylinuxvm-datadisk-0-0",
                "managed_disk_type": "Premium_LRS",
                "name": "mylinuxvm-datadisk-0-0",
                "vhd_uri": "",
                "write_accelerator_enabled": false
              }
            ],
            "storage_image_reference": [
              {
                "id": "",
                "offer": "CentOS",
                "publisher": "OpenLogic",
                "sku": "7.5",
                "version": "latest"
              }
            ],
            "storage_os_disk": [
              {
                "caching": "ReadWrite",
                "create_option": "FromImage",
                "disk_size_gb": 30,
                "image_uri": "",
                "managed_disk_id": "/subscriptions/7409015c-1c36-4389-ab17-588c61f855ff/resourceGroups/rg-devops/providers/Microsoft.Compute/disks/osdisk-mylinuxvm-0",
                "managed_disk_type": "Premium_LRS",
                "name": "osdisk-mylinuxvm-0",
                "os_type": "Linux",
                "vhd_uri": "",
                "write_accelerator_enabled": false
              }
            ],
            "tags": {
              "costcenter": "it",
              "environment": "dev"
            },
            "timeouts": null,
            "vm_size": "Standard_D2s_v3",
            "zones": null
          },
          "sensitive_attributes": [],
          "private": "eyJlMmJmYjczMC1lY2FhLTExZTYtOGY4OC0zNDM2M2JjN2M0YzAiOnsiY3JlYXRlIjozNjAwMDAwMDAwMDAwLCJkZWxldGUiOjM2MDAwMDAwMDAwMDAsInJlYWQiOjMwMDAwMDAwMDAwMCwidXBkYXRlIjozNjAwMDAwMDAwMDAwfX0=",
          "dependencies": [
            "azurerm_resource_group.example",
            "module.linuxservers.azurerm_availability_set.vm",
            "module.linuxservers.azurerm_network_interface.vm",
            "module.linuxservers.azurerm_public_ip.vm",
            "module.linuxservers.azurerm_storage_account.vm_sa",
            "module.linuxservers.data.azurerm_resource_group.vm",
            "module.linuxservers.random_id.vm_sa",
            "module.vnet.azurerm_subnet.subnet_count",
            "module.vnet.azurerm_subnet.subnet_for_each"
          ]
        }
      ]
    },
    {
      "module": "module.linuxservers",
      "mode": "managed",
      "type": "random_id",
      "name": "vm_sa",
      "provider": "provider[\"registry.terraform.io/hashicorp/random\"]",
      "instances": [
        {
          "schema_version": 0,
          "attributes": {
            "b64_std": "2Yi1KNte",
            "b64_url": "2Yi1KNte",
            "byte_length": 6,
            "dec": "239181178133342",
            "hex": "d988b528db5e",
            "id": "2Yi1KNte",
            "keepers": {
              "vm_hostname": "mylinuxvm"
            },
            "prefix": null
          },
          "sensitive_attributes": [],
          "dependencies": [
            "azurerm_resource_group.example"
          ]
        }
      ]
    },
    {
      "module": "module.vmscaleset",
      "mode": "data",
      "type": "azurerm_resource_group",
      "name": "rg",
      "provider": "provider[\"registry.terraform.io/hashicorp/azurerm\"]",
      "instances": [
        {
          "schema_version": 0,
          "attributes": {
            "id": "/subscriptions/7409015c-1c36-4389-ab17-588c61f855ff/resourceGroups/rg-shared-westeurope-01",
            "location": "westeurope",
            "name": "rg-shared-westeurope-01",
            "tags": {},
            "timeouts": null
          },
          "sensitive_attributes": []
        }
      ]
    },
    {
      "module": "module.vmscaleset",
      "mode": "data",
      "type": "azurerm_subnet",
      "name": "snet",
      "provider": "provider[\"registry.terraform.io/hashicorp/azurerm\"]",
      "instances": [
        {
          "schema_version": 0,
          "attributes": {
            "address_prefix": "10.0.1.0/24",
            "address_prefixes": [
              "10.0.1.0/24"
            ],
            "enforce_private_link_endpoint_network_policies": false,
            "enforce_private_link_service_network_policies": false,
            "id": "/subscriptions/7409015c-1c36-4389-ab17-588c61f855ff/resourceGroups/rg-shared-westeurope-01/providers/Microsoft.Network/virtualNetworks/vnet-shared-hub-westeurope-001/subnets/snet-management",
            "name": "snet-management",
            "network_security_group_id": "",
            "private_endpoint_network_policies_enabled": true,
            "private_link_service_network_policies_enabled": true,
            "resource_group_name": "rg-shared-westeurope-01",
            "route_table_id": "",
            "service_endpoints": [],
            "timeouts": null,
            "virtual_network_name": "vnet-shared-hub-westeurope-001"
          },
          "sensitive_attributes": []
        }
      ]
    },
    {
      "module": "module.vmscaleset",
      "mode": "data",
      "type": "azurerm_virtual_network",
      "name": "vnet",
      "provider": "provider[\"registry.terraform.io/hashicorp/azurerm\"]",
      "instances": [
        {
          "schema_version": 0,
          "attributes": {
            "address_space": [
              "10.0.0.0/16"
            ],
            "dns_servers": [],
            "guid": "8f4d5ec3-1e51-4bcf-a571-2bf621e18fb5",
            "id": "/subscriptions/7409015c-1c36-4389-ab17-588c61f855ff/resourceGroups/rg-shared-westeurope-01/providers/Microsoft.Network/virtualNetworks/vnet-shared-hub-westeurope-001",
            "location": "westeurope",
            "name": "vnet-shared-hub-westeurope-001",
            "resource_group_name": "rg-shared-westeurope-01",
            "subnets": [
              "snet-management"
            ],
            "tags": {
              "ENV": "test"
            },
            "timeouts": null,
            "vnet_peerings": {},
            "vnet_peerings_addresses": []
          },
          "sensitive_attributes": []
        }
      ]
    },
    {
      "module": "module.vmscaleset",
      "mode": "managed",
      "type": "azurerm_lb",
      "name": "vmsslb",
      "provider": "provider[\"registry.terraform.io/hashicorp/azurerm\"]",
      "instances": [
        {
          "index_key": 0,
          "schema_version": 0,
          "attributes": {
            "edge_zone": "",
            "frontend_ip_configuration": [
              {
                "gateway_load_balancer_frontend_ip_configuration_id": "",
                "id": "/subscriptions/7409015c-1c36-4389-ab17-588c61f855ff/resourceGroups/rg-shared-westeurope-01/providers/Microsoft.Network/loadBalancers/lbext-testvmss-westeurope/frontendIPConfigurations/lbext-frontend-testvmss",
                "inbound_nat_rules": [],
                "load_balancer_rules": [
                  "/subscriptions/7409015c-1c36-4389-ab17-588c61f855ff/resourceGroups/rg-shared-westeurope-01/providers/Microsoft.Network/loadBalancers/lbext-testvmss-westeurope/loadBalancingRules/testvmss-01-rule",
                  "/subscriptions/7409015c-1c36-4389-ab17-588c61f855ff/resourceGroups/rg-shared-westeurope-01/providers/Microsoft.Network/loadBalancers/lbext-testvmss-westeurope/loadBalancingRules/testvmss-02-rule"
                ],
                "name": "lbext-frontend-testvmss",
                "outbound_rules": [],
                "private_ip_address": "",
                "private_ip_address_allocation": "Dynamic",
                "private_ip_address_version": "",
                "public_ip_address_id": "/subscriptions/7409015c-1c36-4389-ab17-588c61f855ff/resourceGroups/rg-shared-westeurope-01/providers/Microsoft.Network/publicIPAddresses/pip-vm-testvmss-westeurope-01",
                "public_ip_prefix_id": "",
                "subnet_id": "",
                "zones": []
              }
            ],
            "id": "/subscriptions/7409015c-1c36-4389-ab17-588c61f855ff/resourceGroups/rg-shared-westeurope-01/providers/Microsoft.Network/loadBalancers/lbext-testvmss-westeurope",
            "location": "westeurope",
            "name": "lbext-testvmss-westeurope",
            "private_ip_address": "",
            "private_ip_addresses": [],
            "resource_group_name": "rg-shared-westeurope-01",
            "sku": "Standard",
            "sku_tier": "Regional",
            "tags": {
              "BusinessUnit": "CORP",
              "Env": "dev",
              "Owner": "user@example.com",
              "ProjectName": "demo-project",
              "ServiceClass": "Gold",
              "resourcename": "lbext-testvmss-westeurope"
            },
            "timeouts": null
          },
          "sensitive_attributes": [],
          "private": "eyJlMmJmYjczMC1lY2FhLTExZTYtOGY4OC0zNDM2M2JjN2M0YzAiOnsiY3JlYXRlIjoxODAwMDAwMDAwMDAwLCJkZWxldGUiOjE4MDAwMDAwMDAwMDAsInJlYWQiOjMwMDAwMDAwMDAwMCwidXBkYXRlIjoxODAwMDAwMDAwMDAwfX0=",
          "dependencies": [
            "module.vmscaleset.azurerm_public_ip.pip",
            "module.vmscaleset.data.azurerm_resource_group.rg",
            "module.vmscaleset.data.azurerm_subnet.snet",
            "module.vmscaleset.data.azurerm_virtual_network.vnet",
            "module.vnet.azurerm_subnet.subnet_count",
            "module.vnet.azurerm_subnet.subnet_for_each",
            "module.vnet.azurerm_subnet_network_security_group_association.vnet",
            "module.vnet.azurerm_subnet_route_table_association.vnet",
            "module.vnet.azurerm_virtual_network.vnet"
          ]
        }
      ]
    },
    {
      "module": "module.vmscaleset",
      "mode": "managed",
      "type": "azurerm_lb_backend_address_pool",
      "name": "bepool",
      "provider": "provider[\"registry.terraform.io/hashicorp/azurerm\"]",
      "instances": [
        {
          "index_key": 0,
          "schema_version": 0,
          "attributes": {
            "backend_ip_configurations": [
              "/subscriptions/7409015c-1c36-4389-ab17-588c61f855ff/resourceGroups/rg-shared-westeurope-01/providers/Microsoft.Compute/virtualMachineScaleSets/vmtestvmss1/virtualMachines/0/networkInterfaces/nic-vmtestvmss1/ipConfigurations/ipconig-vmtestvmss1",
              "/subscriptions/7409015c-1c36-4389-ab17-588c61f855ff/resourceGroups/rg-shared-westeurope-01/providers/Microsoft.Compute/virtualMachineScaleSets/vmtestvmss1/virtualMachines/7/networkInterfaces/nic-vmtestvmss1/ipConfigurations/ipconig-vmtestvmss1"
            ],
            "id": "/subscriptions/7409015c-1c36-4389-ab17-588c61f855ff/resourceGroups/rg-shared-westeurope-01/providers/Microsoft.Network/loadBalancers/lbext-testvmss-westeurope/backendAddressPools/lbe-backend-pool-testvmss",
            "inbound_nat_rules": [],
            "load_balancing_rules": [
              "/subscriptions/7409015c-1c36-4389-ab17-588c61f855ff/resourceGroups/rg-shared-westeurope-01/providers/Microsoft.Network/loadBalancers/lbext-testvmss-westeurope/loadBalancingRules/testvmss-02-rule",
              "/subscriptions/7409015c-1c36-4389-ab17-588c61f855ff/resourceGroups/rg-shared-westeurope-01/providers/Microsoft.Network/loadBalancers/lbext-testvmss-westeurope/loadBalancingRules/testvmss-01-rule"
            ],
            "loadbalancer_id": "/subscriptions/7409015c-1c36-4389-ab17-588c61f855ff/resourceGroups/rg-shared-westeurope-01/providers/Microsoft.Network/loadBalancers/lbext-testvmss-westeurope",
            "name": "lbe-backend-pool-testvmss",
            "outbound_rules": [],
            "timeouts": null,
            "tunnel_interface": []
          },
          "sensitive_attributes": [],
          "private": "eyJlMmJmYjczMC1lY2FhLTExZTYtOGY4OC0zNDM2M2JjN2M0YzAiOnsiY3JlYXRlIjoxODAwMDAwMDAwMDAwLCJkZWxldGUiOjE4MDAwMDAwMDAwMDAsInJlYWQiOjMwMDAwMDAwMDAwMCwidXBkYXRlIjoxODAwMDAwMDAwMDAwfX0=",
          "dependencies": [
            "module.vmscaleset.azurerm_lb.vmsslb",
            "module.vmscaleset.azurerm_public_ip.pip",
            "module.vmscaleset.data.azurerm_resource_group.rg",
            "module.vmscaleset.data.azurerm_subnet.snet",
            "module.vmscaleset.data.azurerm_virtual_network.vnet",
            "module.vnet.azurerm_subnet.subnet_count",
            "module.vnet.azurerm_subnet.subnet_for_each",
            "module.vnet.azurerm_subnet_network_security_group_association.vnet",
            "module.vnet.azurerm_subnet_route_table_association.vnet",
            "module.vnet.azurerm_virtual_network.vnet"
          ]
        }
      ]
    },
    {
      "module": "module.vmscaleset",
      "mode": "managed",
      "type": "azurerm_lb_probe",
      "name": "lbp",
      "provider": "provider[\"registry.terraform.io/hashicorp/azurerm\"]",
      "instances": [
        {
          "index_key": 0,
          "schema_version": 0,
          "attributes": {
            "id": "/subscriptions/7409015c-1c36-4389-ab17-588c61f855ff/resourceGroups/rg-shared-westeurope-01/providers/Microsoft.Network/loadBalancers/lbext-testvmss-westeurope/probes/lb-probe-port-80-testvmss",
            "interval_in_seconds": 15,
            "load_balancer_rules": [
              "/subscriptions/7409015c-1c36-4389-ab17-588c61f855ff/resourceGroups/rg-shared-westeurope-01/providers/Microsoft.Network/loadBalancers/lbext-testvmss-westeurope/loadBalancingRules/testvmss-01-rule",
              "/subscriptions/7409015c-1c36-4389-ab17-588c61f855ff/resourceGroups/rg-shared-westeurope-01/providers/Microsoft.Network/loadBalancers/lbext-testvmss-westeurope/loadBalancingRules/testvmss-02-rule"
            ],
            "loadbalancer_id": "/subscriptions/7409015c-1c36-4389-ab17-588c61f855ff/resourceGroups/rg-shared-westeurope-01/providers/Microsoft.Network/loadBalancers/lbext-testvmss-westeurope",
            "name": "lb-probe-port-80-testvmss",
            "number_of_probes": 2,
            "port": 80,
            "probe_threshold": 1,
            "protocol": "Tcp",
            "request_path": "",
            "timeouts": null
          },
          "sensitive_attributes": [],
          "private": "eyJlMmJmYjczMC1lY2FhLTExZTYtOGY4OC0zNDM2M2JjN2M0YzAiOnsiY3JlYXRlIjoxODAwMDAwMDAwMDAwLCJkZWxldGUiOjE4MDAwMDAwMDAwMDAsInJlYWQiOjMwMDAwMDAwMDAwMCwidXBkYXRlIjoxODAwMDAwMDAwMDAwfX0=",
          "dependencies": [
            "module.vmscaleset.azurerm_lb.vmsslb",
            "module.vmscaleset.azurerm_public_ip.pip",
            "module.vmscaleset.data.azurerm_resource_group.rg",
            "module.vmscaleset.data.azurerm_subnet.snet",
            "module.vmscaleset.data.azurerm_virtual_network.vnet",
            "module.vnet.azurerm_subnet.subnet_count",
            "module.vnet.azurerm_subnet.subnet_for_each",
            "module.vnet.azurerm_subnet_network_security_group_association.vnet",
            "module.vnet.azurerm_subnet_route_table_association.vnet",
            "module.vnet.azurerm_virtual_network.vnet"
          ]
        }
      ]
    },
    {
      "module": "module.vmscaleset",
      "mode": "managed",
      "type": "azurerm_lb_rule",
      "name": "lbrule",
      "provider": "provider[\"registry.terraform.io/hashicorp/azurerm\"]",
      "instances": [
        {
          "index_key": 0,
          "schema_version": 0,
          "attributes": {
            "backend_address_pool_ids": [
              "/subscriptions/7409015c-1c36-4389-ab17-588c61f855ff/resourceGroups/rg-shared-westeurope-01/providers/Microsoft.Network/loadBalancers/lbext-testvmss-westeurope/backendAddressPools/lbe-backend-pool-testvmss"
            ],
            "backend_port": 80,
            "disable_outbound_snat": false,
            "enable_floating_ip": false,
            "enable_tcp_reset": false,
            "frontend_ip_configuration_id": "/subscriptions/7409015c-1c36-4389-ab17-588c61f855ff/resourceGroups/rg-shared-westeurope-01/providers/Microsoft.Network/loadBalancers/lbext-testvmss-westeurope/frontendIPConfigurations/lbext-frontend-testvmss",
            "frontend_ip_configuration_name": "lbext-frontend-testvmss",
            "frontend_port": 80,
            "id": "/subscriptions/7409015c-1c36-4389-ab17-588c61f855ff/resourceGroups/rg-shared-westeurope-01/providers/Microsoft.Network/loadBalancers/lbext-testvmss-westeurope/loadBalancingRules/testvmss-01-rule",
            "idle_timeout_in_minutes": 4,
            "load_distribution": "Default",
            "loadbalancer_id": "/subscriptions/7409015c-1c36-4389-ab17-588c61f855ff/resourceGroups/rg-shared-westeurope-01/providers/Microsoft.Network/loadBalancers/lbext-testvmss-westeurope",
            "name": "testvmss-01-rule",
            "probe_id": "/subscriptions/7409015c-1c36-4389-ab17-588c61f855ff/resourceGroups/rg-shared-westeurope-01/providers/Microsoft.Network/loadBalancers/lbext-testvmss-westeurope/probes/lb-probe-port-80-testvmss",
            "protocol": "Tcp",
            "timeouts": null
          },
          "sensitive_attributes": [],
          "private": "eyJlMmJmYjczMC1lY2FhLTExZTYtOGY4OC0zNDM2M2JjN2M0YzAiOnsiY3JlYXRlIjoxODAwMDAwMDAwMDAwLCJkZWxldGUiOjE4MDAwMDAwMDAwMDAsInJlYWQiOjMwMDAwMDAwMDAwMCwidXBkYXRlIjoxODAwMDAwMDAwMDAwfX0=",
          "dependencies": [
            "module.vmscaleset.azurerm_lb.vmsslb",
            "module.vmscaleset.azurerm_lb_backend_address_pool.bepool",
            "module.vmscaleset.azurerm_lb_probe.lbp",
            "module.vmscaleset.azurerm_public_ip.pip",
            "module.vmscaleset.data.azurerm_resource_group.rg",
            "module.vmscaleset.data.azurerm_subnet.snet",
            "module.vmscaleset.data.azurerm_virtual_network.vnet",
            "module.vnet.azurerm_subnet.subnet_count",
            "module.vnet.azurerm_subnet.subnet_for_each",
            "module.vnet.azurerm_subnet_network_security_group_association.vnet",
            "module.vnet.azurerm_subnet_route_table_association.vnet",
            "module.vnet.azurerm_virtual_network.vnet"
          ]
        },
        {
          "index_key": 1,
          "schema_version": 0,
          "attributes": {
            "backend_address_pool_ids": [
              "/subscriptions/7409015c-1c36-4389-ab17-588c61f855ff/resourceGroups/rg-shared-westeurope-01/providers/Microsoft.Network/loadBalancers/lbext-testvmss-westeurope/backendAddressPools/lbe-backend-pool-testvmss"
            ],
            "backend_port": 443,
            "disable_outbound_snat": false,
            "enable_floating_ip": false,
            "enable_tcp_reset": false,
            "frontend_ip_configuration_id": "/subscriptions/7409015c-1c36-4389-ab17-588c61f855ff/resourceGroups/rg-shared-westeurope-01/providers/Microsoft.Network/loadBalancers/lbext-testvmss-westeurope/frontendIPConfigurations/lbext-frontend-testvmss",
            "frontend_ip_configuration_name": "lbext-frontend-testvmss",
            "frontend_port": 443,
            "id": "/subscriptions/7409015c-1c36-4389-ab17-588c61f855ff/resourceGroups/rg-shared-westeurope-01/providers/Microsoft.Network/loadBalancers/lbext-testvmss-westeurope/loadBalancingRules/testvmss-02-rule",
            "idle_timeout_in_minutes": 4,
            "load_distribution": "Default",
            "loadbalancer_id": "/subscriptions/7409015c-1c36-4389-ab17-588c61f855ff/resourceGroups/rg-shared-westeurope-01/providers/Microsoft.Network/loadBalancers/lbext-testvmss-westeurope",
            "name": "testvmss-02-rule",
            "probe_id": "/subscriptions/7409015c-1c36-4389-ab17-588c61f855ff/resourceGroups/rg-shared-westeurope-01/providers/Microsoft.Network/loadBalancers/lbext-testvmss-westeurope/probes/lb-probe-port-80-testvmss",
            "protocol": "Tcp",
            "timeouts": null
          },
          "sensitive_attributes": [],
          "private": "eyJlMmJmYjczMC1lY2FhLTExZTYtOGY4OC0zNDM2M2JjN2M0YzAiOnsiY3JlYXRlIjoxODAwMDAwMDAwMDAwLCJkZWxldGUiOjE4MDAwMDAwMDAwMDAsInJlYWQiOjMwMDAwMDAwMDAwMCwidXBkYXRlIjoxODAwMDAwMDAwMDAwfX0=",
          "dependencies": [
            "module.vmscaleset.azurerm_lb.vmsslb",
            "module.vmscaleset.azurerm_lb_backend_address_pool.bepool",
            "module.vmscaleset.azurerm_lb_probe.lbp",
            "module.vmscaleset.azurerm_public_ip.pip",
            "module.vmscaleset.data.azurerm_resource_group.rg",
            "module.vmscaleset.data.azurerm_subnet.snet",
            "module.vmscaleset.data.azurerm_virtual_network.vnet",
            "module.vnet.azurerm_subnet.subnet_count",
            "module.vnet.azurerm_subnet.subnet_for_each",
            "module.vnet.azurerm_subnet_network_security_group_association.vnet",
            "module.vnet.azurerm_subnet_route_table_association.vnet",
            "module.vnet.azurerm_virtual_network.vnet"
          ]
        }
      ]
    },
    {
      "module": "module.vmscaleset",
      "mode": "managed",
      "type": "azurerm_linux_virtual_machine_scale_set",
      "name": "linux_vmss",
      "provider": "provider[\"registry.terraform.io/hashicorp/azurerm\"]",
      "instances": [
        {
          "index_key": 0,
          "schema_version": 0,
          "attributes": {
            "additional_capabilities": [],
            "admin_password": null,
            "admin_ssh_key": [
              {
                "public_key": "ssh-rsa AAAAB3NzaC1yc2EAAAADAQABAAABgQDDBH9EJA8Gzm0rbOASpP5LoB/GwU5RxDbc+sRFmkUViVvUTb37hX/6YPJPCPKAwP7cPeKBw6V2ZrdoqFPYYZ+U9znaUe7FGQkhJfR347jKs7k83rZhZd5+rWvMsXnGX5hkU2EEwfPnGWCKVCZkOPFnI0O2BCtve/CwWmxfOtisWyX9MGX3aIsRQ0aWSPQcPpS55Y4cB/qpr0CADF8LUti7Z5Sr8/VCgYD6zwPKf8XPkSgqEACP5ruTTRyVrIst9T3uELO1+8F9w0QnoN175sGOmblTAfqvQeRr7GTh5tqEet9YmDM14eGbe/zR2EhqLBchypwi/MGBzhIF9+2o/2IKX5FzthaTkHt6w/Bn4RInClMXCdhHYTmAuQzTju/7Ww6TjnkCk1VucgtyBlgiba/1R4XUzPbsC3Rxn9Lc4moCLzSc0BNg5h7iT2bH9esn1fjRSTD+KACSSZmaUuG2u/jAPjLcvhsU3K5g+fbwM/HrDWNntdboaY/nZ5a2zg/lQ4M= vmathpal@AIPL7889LT16443.local\n",
                "username": "vmathpal"
              }
            ],
            "admin_username": "vmathpal",
            "automatic_instance_repair": [
              {
                "enabled": true,
                "grace_period": "PT30M"
              }
            ],
            "automatic_os_upgrade_policy": [
              {
                "disable_automatic_rollback": true,
                "enable_automatic_os_upgrade": true
              }
            ],
            "boot_diagnostics": [
              {
                "storage_account_uri": ""
              }
            ],
            "capacity_reservation_group_id": "",
            "computer_name_prefix": "testvmss1",
            "custom_data": null,
            "data_disk": [
              {
                "caching": "ReadWrite",
                "create_option": "Empty",
                "disk_encryption_set_id": "",
                "disk_size_gb": 100,
                "lun": 0,
                "name": "",
                "storage_account_type": "Standard_LRS",
                "ultra_ssd_disk_iops_read_write": 0,
                "ultra_ssd_disk_mbps_read_write": 0,
                "write_accelerator_enabled": false
              },
              {
                "caching": "ReadWrite",
                "create_option": "Empty",
                "disk_encryption_set_id": "",
                "disk_size_gb": 200,
                "lun": 1,
                "name": "",
                "storage_account_type": "Standard_LRS",
                "ultra_ssd_disk_iops_read_write": 0,
                "ultra_ssd_disk_mbps_read_write": 0,
                "write_accelerator_enabled": false
              }
            ],
            "disable_password_authentication": true,
            "do_not_run_extensions_on_overprovisioned_machines": false,
            "edge_zone": "",
            "encryption_at_host_enabled": false,
            "eviction_policy": "",
            "extension": [
              {
                "auto_upgrade_minor_version": true,
                "automatic_upgrade_enabled": false,
                "force_update_tag": "",
                "name": "OmsAgentForLinux",
                "protected_settings": "",
                "protected_settings_from_key_vault": [],
                "provision_after_extensions": [],
                "publisher": "Microsoft.EnterpriseCloud.Monitoring",
                "settings": "{\"workspaceId\":\"63a702b8-031b-47c4-ada0-2017cd5846f4\"}",
                "type": "OmsAgentForLinux",
                "type_handler_version": "1.13"
              }
            ],
            "extension_operations_enabled": true,
            "extensions_time_budget": "PT1H30M",
            "gallery_application": [],
            "gallery_applications": [],
            "health_probe_id": "/subscriptions/7409015c-1c36-4389-ab17-588c61f855ff/resourceGroups/rg-shared-westeurope-01/providers/Microsoft.Network/loadBalancers/lbext-testvmss-westeurope/probes/lb-probe-port-80-testvmss",
            "host_group_id": null,
            "id": "/subscriptions/7409015c-1c36-4389-ab17-588c61f855ff/resourceGroups/rg-shared-westeurope-01/providers/Microsoft.Compute/virtualMachineScaleSets/vmtestvmss1",
            "identity": [],
            "instances": 2,
            "location": "westeurope",
            "max_bid_price": -1,
            "name": "vmtestvmss1",
            "network_interface": [
              {
                "dns_servers": [],
                "enable_accelerated_networking": false,
                "enable_ip_forwarding": false,
                "ip_configuration": [
                  {
                    "application_gateway_backend_address_pool_ids": [],
                    "application_security_group_ids": [],
                    "load_balancer_backend_address_pool_ids": [
                      "/subscriptions/7409015c-1c36-4389-ab17-588c61f855ff/resourceGroups/rg-shared-westeurope-01/providers/Microsoft.Network/loadBalancers/lbext-testvmss-westeurope/backendAddressPools/lbe-backend-pool-testvmss"
                    ],
                    "load_balancer_inbound_nat_rules_ids": [],
                    "name": "ipconig-vmtestvmss1",
                    "primary": true,
                    "public_ip_address": [
                      {
                        "domain_name_label": "",
                        "idle_timeout_in_minutes": 4,
                        "ip_tag": [],
                        "name": "pip-vmtestvmss01",
                        "public_ip_prefix_id": "",
                        "version": "IPv4"
                      }
                    ],
                    "subnet_id": "/subscriptions/7409015c-1c36-4389-ab17-588c61f855ff/resourceGroups/rg-shared-westeurope-01/providers/Microsoft.Network/virtualNetworks/vnet-shared-hub-westeurope-001/subnets/snet-management",
                    "version": "IPv4"
                  }
                ],
                "name": "nic-vmtestvmss1",
                "network_security_group_id": "/subscriptions/7409015c-1c36-4389-ab17-588c61f855ff/resourceGroups/rg-shared-westeurope-01/providers/Microsoft.Network/networkSecurityGroups/nsg_testvmss_westeurope_in",
                "primary": true
              }
            ],
            "os_disk": [
              {
                "caching": "ReadWrite",
                "diff_disk_settings": [],
                "disk_encryption_set_id": "",
                "disk_size_gb": 30,
                "secure_vm_disk_encryption_set_id": "",
                "security_encryption_type": "",
                "storage_account_type": "StandardSSD_LRS",
                "write_accelerator_enabled": false
              }
            ],
            "overprovision": false,
            "plan": [],
            "platform_fault_domain_count": 0,
            "priority": "Regular",
            "provision_vm_agent": true,
            "proximity_placement_group_id": "/subscriptions/7409015c-1c36-4389-ab17-588c61f855ff/resourceGroups/RG-SHARED-WESTEUROPE-01/providers/Microsoft.Compute/proximityPlacementGroups/proxigrp-testvmss-westeurope",
            "resource_group_name": "rg-shared-westeurope-01",
            "rolling_upgrade_policy": [
              {
                "cross_zone_upgrades_enabled": false,
                "max_batch_instance_percent": 20,
                "max_unhealthy_instance_percent": 20,
                "max_unhealthy_upgraded_instance_percent": 20,
                "pause_time_between_batches": "PT0S",
                "prioritize_unhealthy_instances_enabled": false
              }
            ],
            "scale_in": [
              {
                "force_deletion_enabled": false,
                "rule": "Default"
              }
            ],
            "scale_in_policy": "Default",
            "secret": [],
            "secure_boot_enabled": false,
            "single_placement_group": true,
            "sku": "Standard_A2_v2",
            "source_image_id": "",
            "source_image_reference": [
              {
                "offer": "UbuntuServer",
                "publisher": "Canonical",
                "sku": "18.04-LTS",
                "version": "latest"
              }
            ],
            "spot_restore": [],
            "tags": {
              "BusinessUnit": "CORP",
              "Env": "dev",
              "Owner": "user@example.com",
              "ProjectName": "demo-project",
              "ServiceClass": "Gold",
              "resourcename": "vmtestvmss1"
            },
            "terminate_notification": [],
            "termination_notification": [],
            "timeouts": null,
            "unique_id": "ef0e1592-b39d-4d3d-9f91-68172bfa7cfe",
            "upgrade_mode": "Automatic",
            "user_data": "",
            "vtpm_enabled": false,
            "zone_balance": false,
            "zones": []
          },
          "sensitive_attributes": [],
          "private": "eyJlMmJmYjczMC1lY2FhLTExZTYtOGY4OC0zNDM2M2JjN2M0YzAiOnsiY3JlYXRlIjozNjAwMDAwMDAwMDAwLCJkZWxldGUiOjM2MDAwMDAwMDAwMDAsInJlYWQiOjMwMDAwMDAwMDAwMCwidXBkYXRlIjozNjAwMDAwMDAwMDAwfX0=",
          "dependencies": [
            "module.vmscaleset.azurerm_lb.vmsslb",
            "module.vmscaleset.azurerm_lb_backend_address_pool.bepool",
            "module.vmscaleset.azurerm_lb_nat_pool.natpol",
            "module.vmscaleset.azurerm_lb_probe.lbp",
            "module.vmscaleset.azurerm_lb_rule.lbrule",
            "module.vmscaleset.azurerm_network_security_group.nsg",
            "module.vmscaleset.azurerm_proximity_placement_group.appgrp",
            "module.vmscaleset.azurerm_public_ip.pip",
            "module.vmscaleset.data.azurerm_resource_group.rg",
            "module.vmscaleset.data.azurerm_storage_account.storeacc",
            "module.vmscaleset.data.azurerm_subnet.snet",
            "module.vmscaleset.data.azurerm_virtual_network.vnet",
            "module.vmscaleset.random_password.passwd",
            "module.vmscaleset.tls_private_key.rsa",
            "module.vnet.azurerm_subnet.subnet_count",
            "module.vnet.azurerm_subnet.subnet_for_each",
            "module.vnet.azurerm_subnet_network_security_group_association.vnet",
            "module.vnet.azurerm_subnet_route_table_association.vnet",
            "module.vnet.azurerm_virtual_network.vnet"
          ]
        }
      ]
    },
    {
      "module": "module.vmscaleset",
      "mode": "managed",
      "type": "azurerm_monitor_autoscale_setting",
      "name": "auto",
      "provider": "provider[\"registry.terraform.io/hashicorp/azurerm\"]",
      "instances": [
        {
          "index_key": 0,
          "schema_version": 2,
          "attributes": {
            "enabled": true,
            "id": "/subscriptions/7409015c-1c36-4389-ab17-588c61f855ff/resourceGroups/rg-shared-westeurope-01/providers/Microsoft.Insights/autoScaleSettings/auto-scale-set-testvmss",
            "location": "westeurope",
            "name": "auto-scale-set-testvmss",
            "notification": [],
            "profile": [
              {
                "capacity": [
                  {
                    "default": 2,
                    "maximum": 5,
                    "minimum": 2
                  }
                ],
                "fixed_date": [],
                "name": "default",
                "recurrence": [],
                "rule": [
                  {
                    "metric_trigger": [
                      {
                        "dimensions": [],
                        "divide_by_instance_count": false,
                        "metric_name": "Percentage CPU",
                        "metric_namespace": "",
                        "metric_resource_id": "/subscriptions/7409015c-1c36-4389-ab17-588c61f855ff/resourceGroups/rg-shared-westeurope-01/providers/Microsoft.Compute/virtualMachineScaleSets/vmtestvmss1",
                        "operator": "GreaterThan",
                        "statistic": "Average",
                        "threshold": 80,
                        "time_aggregation": "Average",
                        "time_grain": "PT1M",
                        "time_window": "PT5M"
                      }
                    ],
                    "scale_action": [
                      {
                        "cooldown": "PT1M",
                        "direction": "Increase",
                        "type": "ChangeCount",
                        "value": 1
                      }
                    ]
                  },
                  {
                    "metric_trigger": [
                      {
                        "dimensions": [],
                        "divide_by_instance_count": false,
                        "metric_name": "Percentage CPU",
                        "metric_namespace": "",
                        "metric_resource_id": "/subscriptions/7409015c-1c36-4389-ab17-588c61f855ff/resourceGroups/rg-shared-westeurope-01/providers/Microsoft.Compute/virtualMachineScaleSets/vmtestvmss1",
                        "operator": "LessThan",
                        "statistic": "Average",
                        "threshold": 20,
                        "time_aggregation": "Average",
                        "time_grain": "PT1M",
                        "time_window": "PT5M"
                      }
                    ],
                    "scale_action": [
                      {
                        "cooldown": "PT1M",
                        "direction": "Decrease",
                        "type": "ChangeCount",
                        "value": 1
                      }
                    ]
                  }
                ]
              }
            ],
            "resource_group_name": "rg-shared-westeurope-01",
            "tags": {},
            "target_resource_id": "/subscriptions/7409015c-1c36-4389-ab17-588c61f855ff/resourceGroups/rg-shared-westeurope-01/providers/Microsoft.Compute/virtualMachineScaleSets/vmtestvmss1",
            "timeouts": null
          },
          "sensitive_attributes": [],
          "private": "eyJlMmJmYjczMC1lY2FhLTExZTYtOGY4OC0zNDM2M2JjN2M0YzAiOnsiY3JlYXRlIjoxODAwMDAwMDAwMDAwLCJkZWxldGUiOjE4MDAwMDAwMDAwMDAsInJlYWQiOjMwMDAwMDAwMDAwMCwidXBkYXRlIjoxODAwMDAwMDAwMDAwfSwic2NoZW1hX3ZlcnNpb24iOiIyIn0=",
          "dependencies": [
            "module.vmscaleset.azurerm_lb.vmsslb",
            "module.vmscaleset.azurerm_lb_backend_address_pool.bepool",
            "module.vmscaleset.azurerm_lb_nat_pool.natpol",
            "module.vmscaleset.azurerm_lb_probe.lbp",
            "module.vmscaleset.azurerm_lb_rule.lbrule",
            "module.vmscaleset.azurerm_linux_virtual_machine_scale_set.linux_vmss",
            "module.vmscaleset.azurerm_network_security_group.nsg",
            "module.vmscaleset.azurerm_proximity_placement_group.appgrp",
            "module.vmscaleset.azurerm_public_ip.pip",
            "module.vmscaleset.azurerm_windows_virtual_machine_scale_set.winsrv_vmss",
            "module.vmscaleset.data.azurerm_resource_group.rg",
            "module.vmscaleset.data.azurerm_storage_account.storeacc",
            "module.vmscaleset.data.azurerm_subnet.snet",
            "module.vmscaleset.data.azurerm_virtual_network.vnet",
            "module.vmscaleset.random_password.passwd",
            "module.vmscaleset.tls_private_key.rsa",
            "module.vnet.azurerm_subnet.subnet_count",
            "module.vnet.azurerm_subnet.subnet_for_each",
            "module.vnet.azurerm_subnet_network_security_group_association.vnet",
            "module.vnet.azurerm_subnet_route_table_association.vnet",
            "module.vnet.azurerm_virtual_network.vnet"
          ]
        }
      ]
    },
    {
      "module": "module.vmscaleset",
      "mode": "managed",
      "type": "azurerm_monitor_diagnostic_setting",
      "name": "lb-pip",
      "provider": "provider[\"registry.terraform.io/hashicorp/azurerm\"]",
      "instances": [
        {
          "index_key": 0,
          "schema_version": 0,
          "attributes": {
            "eventhub_authorization_rule_id": "",
            "eventhub_name": "",
            "id": "/subscriptions/7409015c-1c36-4389-ab17-588c61f855ff/resourceGroups/rg-shared-westeurope-01/providers/Microsoft.Network/publicIPAddresses/pip-vm-testvmss-westeurope-01|testvmss-pip-diag",
            "log": [
              {
                "category": "DDoSMitigationFlowLogs",
                "category_group": "",
                "enabled": true,
                "retention_policy": [
                  {
                    "days": 0,
                    "enabled": false
                  }
                ]
              },
              {
                "category": "DDoSMitigationReports",
                "category_group": "",
                "enabled": true,
                "retention_policy": [
                  {
                    "days": 0,
                    "enabled": false
                  }
                ]
              },
              {
                "category": "DDoSProtectionNotifications",
                "category_group": "",
                "enabled": true,
                "retention_policy": [
                  {
                    "days": 0,
                    "enabled": false
                  }
                ]
              }
            ],
            "log_analytics_destination_type": "",
            "log_analytics_workspace_id": "/subscriptions/7409015c-1c36-4389-ab17-588c61f855ff/resourceGroups/rg-shared-westeurope-01/providers/Microsoft.OperationalInsights/workspaces/log-analytics-wp",
            "metric": [
              {
                "category": "AllMetrics",
                "enabled": true,
                "retention_policy": [
                  {
                    "days": 0,
                    "enabled": false
                  }
                ]
              }
            ],
            "name": "testvmss-pip-diag",
            "partner_solution_id": null,
            "storage_account_id": null,
            "target_resource_id": "/subscriptions/7409015c-1c36-4389-ab17-588c61f855ff/resourceGroups/rg-shared-westeurope-01/providers/Microsoft.Network/publicIPAddresses/pip-vm-testvmss-westeurope-01",
            "timeouts": null
          },
          "sensitive_attributes": [],
          "private": "eyJlMmJmYjczMC1lY2FhLTExZTYtOGY4OC0zNDM2M2JjN2M0YzAiOnsiY3JlYXRlIjoxODAwMDAwMDAwMDAwLCJkZWxldGUiOjM2MDAwMDAwMDAwMDAsInJlYWQiOjMwMDAwMDAwMDAwMCwidXBkYXRlIjoxODAwMDAwMDAwMDAwfX0=",
          "dependencies": [
            "data.azurerm_log_analytics_workspace.example",
            "module.vmscaleset.azurerm_public_ip.pip",
            "module.vmscaleset.data.azurerm_resource_group.rg",
            "module.vnet.azurerm_subnet.subnet_count",
            "module.vnet.azurerm_subnet.subnet_for_each",
            "module.vnet.azurerm_subnet_network_security_group_association.vnet",
            "module.vnet.azurerm_subnet_route_table_association.vnet",
            "module.vnet.azurerm_virtual_network.vnet"
          ]
        }
      ]
    },
    {
      "module": "module.vmscaleset",
      "mode": "managed",
      "type": "azurerm_monitor_diagnostic_setting",
      "name": "nsg",
      "provider": "provider[\"registry.terraform.io/hashicorp/azurerm\"]",
      "instances": [
        {
          "index_key": 0,
          "schema_version": 0,
          "attributes": {
            "eventhub_authorization_rule_id": "",
            "eventhub_name": "",
            "id": "/subscriptions/7409015c-1c36-4389-ab17-588c61f855ff/resourceGroups/rg-shared-westeurope-01/providers/Microsoft.Network/networkSecurityGroups/nsg_testvmss_westeurope_in|nsg-testvmss-diag",
            "log": [
              {
                "category": "NetworkSecurityGroupEvent",
                "category_group": "",
                "enabled": true,
                "retention_policy": [
                  {
                    "days": 0,
                    "enabled": false
                  }
                ]
              },
              {
                "category": "NetworkSecurityGroupRuleCounter",
                "category_group": "",
                "enabled": true,
                "retention_policy": [
                  {
                    "days": 0,
                    "enabled": false
                  }
                ]
              }
            ],
            "log_analytics_destination_type": "",
            "log_analytics_workspace_id": "/subscriptions/7409015c-1c36-4389-ab17-588c61f855ff/resourceGroups/rg-shared-westeurope-01/providers/Microsoft.OperationalInsights/workspaces/log-analytics-wp",
            "metric": [],
            "name": "nsg-testvmss-diag",
            "partner_solution_id": null,
            "storage_account_id": null,
            "target_resource_id": "/subscriptions/7409015c-1c36-4389-ab17-588c61f855ff/resourceGroups/rg-shared-westeurope-01/providers/Microsoft.Network/networkSecurityGroups/nsg_testvmss_westeurope_in",
            "timeouts": null
          },
          "sensitive_attributes": [],
          "private": "eyJlMmJmYjczMC1lY2FhLTExZTYtOGY4OC0zNDM2M2JjN2M0YzAiOnsiY3JlYXRlIjoxODAwMDAwMDAwMDAwLCJkZWxldGUiOjM2MDAwMDAwMDAwMDAsInJlYWQiOjMwMDAwMDAwMDAwMCwidXBkYXRlIjoxODAwMDAwMDAwMDAwfX0=",
          "dependencies": [
            "data.azurerm_log_analytics_workspace.example",
            "module.vmscaleset.azurerm_network_security_group.nsg",
            "module.vmscaleset.data.azurerm_resource_group.rg",
            "module.vnet.azurerm_subnet.subnet_count",
            "module.vnet.azurerm_subnet.subnet_for_each",
            "module.vnet.azurerm_subnet_network_security_group_association.vnet",
            "module.vnet.azurerm_subnet_route_table_association.vnet",
            "module.vnet.azurerm_virtual_network.vnet"
          ]
        }
      ]
    },
    {
      "module": "module.vmscaleset",
      "mode": "managed",
      "type": "azurerm_monitor_diagnostic_setting",
      "name": "vmmsdiag",
      "provider": "provider[\"registry.terraform.io/hashicorp/azurerm\"]",
      "instances": [
        {
          "index_key": 0,
          "schema_version": 0,
          "attributes": {
            "eventhub_authorization_rule_id": "",
            "eventhub_name": "",
            "id": "/subscriptions/7409015c-1c36-4389-ab17-588c61f855ff/resourceGroups/rg-shared-westeurope-01/providers/Microsoft.Compute/virtualMachineScaleSets/vmtestvmss1|testvmss-diag",
            "log": [],
            "log_analytics_destination_type": "",
            "log_analytics_workspace_id": "/subscriptions/7409015c-1c36-4389-ab17-588c61f855ff/resourceGroups/rg-shared-westeurope-01/providers/Microsoft.OperationalInsights/workspaces/log-analytics-wp",
            "metric": [
              {
                "category": "AllMetrics",
                "enabled": true,
                "retention_policy": [
                  {
                    "days": 0,
                    "enabled": false
                  }
                ]
              }
            ],
            "name": "testvmss-diag",
            "partner_solution_id": null,
            "storage_account_id": null,
            "target_resource_id": "/subscriptions/7409015c-1c36-4389-ab17-588c61f855ff/resourceGroups/rg-shared-westeurope-01/providers/Microsoft.Compute/virtualMachineScaleSets/vmtestvmss1",
            "timeouts": null
          },
          "sensitive_attributes": [],
          "private": "eyJlMmJmYjczMC1lY2FhLTExZTYtOGY4OC0zNDM2M2JjN2M0YzAiOnsiY3JlYXRlIjoxODAwMDAwMDAwMDAwLCJkZWxldGUiOjM2MDAwMDAwMDAwMDAsInJlYWQiOjMwMDAwMDAwMDAwMCwidXBkYXRlIjoxODAwMDAwMDAwMDAwfX0=",
          "dependencies": [
            "data.azurerm_log_analytics_workspace.example",
            "module.vmscaleset.azurerm_lb.vmsslb",
            "module.vmscaleset.azurerm_lb_backend_address_pool.bepool",
            "module.vmscaleset.azurerm_lb_nat_pool.natpol",
            "module.vmscaleset.azurerm_lb_probe.lbp",
            "module.vmscaleset.azurerm_lb_rule.lbrule",
            "module.vmscaleset.azurerm_linux_virtual_machine_scale_set.linux_vmss",
            "module.vmscaleset.azurerm_network_security_group.nsg",
            "module.vmscaleset.azurerm_proximity_placement_group.appgrp",
            "module.vmscaleset.azurerm_public_ip.pip",
            "module.vmscaleset.azurerm_windows_virtual_machine_scale_set.winsrv_vmss",
            "module.vmscaleset.data.azurerm_resource_group.rg",
            "module.vmscaleset.data.azurerm_storage_account.storeacc",
            "module.vmscaleset.data.azurerm_subnet.snet",
            "module.vmscaleset.data.azurerm_virtual_network.vnet",
            "module.vmscaleset.random_password.passwd",
            "module.vmscaleset.tls_private_key.rsa",
            "module.vnet.azurerm_subnet.subnet_count",
            "module.vnet.azurerm_subnet.subnet_for_each",
            "module.vnet.azurerm_subnet_network_security_group_association.vnet",
            "module.vnet.azurerm_subnet_route_table_association.vnet",
            "module.vnet.azurerm_virtual_network.vnet"
          ]
        }
      ]
    },
    {
      "module": "module.vmscaleset",
      "mode": "managed",
      "type": "azurerm_network_security_group",
      "name": "nsg",
      "provider": "provider[\"registry.terraform.io/hashicorp/azurerm\"]",
      "instances": [
        {
          "index_key": 0,
          "schema_version": 0,
          "attributes": {
            "id": "/subscriptions/7409015c-1c36-4389-ab17-588c61f855ff/resourceGroups/rg-shared-westeurope-01/providers/Microsoft.Network/networkSecurityGroups/nsg_testvmss_westeurope_in",
            "location": "westeurope",
            "name": "nsg_testvmss_westeurope_in",
            "resource_group_name": "rg-shared-westeurope-01",
            "security_rule": [
              {
                "access": "Allow",
                "description": "Inbound_Port_22",
                "destination_address_prefix": "10.0.1.0/24",
                "destination_address_prefixes": [],
                "destination_application_security_group_ids": [],
                "destination_port_range": "22",
                "destination_port_ranges": [],
                "direction": "Inbound",
                "name": "linuxaccess",
                "priority": 300,
                "protocol": "Tcp",
                "source_address_prefix": "210.16.95.159/32",
                "source_address_prefixes": [],
                "source_application_security_group_ids": [],
                "source_port_range": "*",
                "source_port_ranges": []
              },
              {
                "access": "Allow",
                "description": "Inbound_Port_443",
                "destination_address_prefix": "10.0.1.0/24",
                "destination_address_prefixes": [],
                "destination_application_security_group_ids": [],
                "destination_port_range": "443",
                "destination_port_ranges": [],
                "direction": "Inbound",
                "name": "https",
                "priority": 200,
                "protocol": "Tcp",
                "source_address_prefix": "*",
                "source_address_prefixes": [],
                "source_application_security_group_ids": [],
                "source_port_range": "*",
                "source_port_ranges": []
              },
              {
                "access": "Allow",
                "description": "Inbound_Port_80",
                "destination_address_prefix": "10.0.1.0/24",
                "destination_address_prefixes": [],
                "destination_application_security_group_ids": [],
                "destination_port_range": "80",
                "destination_port_ranges": [],
                "direction": "Inbound",
                "name": "http",
                "priority": 100,
                "protocol": "Tcp",
                "source_address_prefix": "*",
                "source_address_prefixes": [],
                "source_application_security_group_ids": [],
                "source_port_range": "*",
                "source_port_ranges": []
              }
            ],
            "tags": {
              "BusinessUnit": "CORP",
              "Env": "dev",
              "Owner": "user@example.com",
              "ProjectName": "demo-project",
              "ServiceClass": "Gold",
              "resourcename": "nsg_testvmss_westeurope_in"
            },
            "timeouts": null
          },
          "sensitive_attributes": [],
          "private": "eyJlMmJmYjczMC1lY2FhLTExZTYtOGY4OC0zNDM2M2JjN2M0YzAiOnsiY3JlYXRlIjoxODAwMDAwMDAwMDAwLCJkZWxldGUiOjE4MDAwMDAwMDAwMDAsInJlYWQiOjMwMDAwMDAwMDAwMCwidXBkYXRlIjoxODAwMDAwMDAwMDAwfX0=",
          "dependencies": [
            "module.vmscaleset.data.azurerm_resource_group.rg",
            "module.vnet.azurerm_subnet.subnet_count",
            "module.vnet.azurerm_subnet.subnet_for_each",
            "module.vnet.azurerm_subnet_network_security_group_association.vnet",
            "module.vnet.azurerm_subnet_route_table_association.vnet",
            "module.vnet.azurerm_virtual_network.vnet"
          ]
        }
      ]
    },
    {
      "module": "module.vmscaleset",
      "mode": "managed",
      "type": "azurerm_network_security_rule",
      "name": "nsg_rule",
      "provider": "provider[\"registry.terraform.io/hashicorp/azurerm\"]",
      "instances": [
        {
          "index_key": "http",
          "schema_version": 0,
          "attributes": {
            "access": "Allow",
            "description": "Inbound_Port_80",
            "destination_address_prefix": "10.0.1.0/24",
            "destination_address_prefixes": [],
            "destination_application_security_group_ids": [],
            "destination_port_range": "80",
            "destination_port_ranges": [],
            "direction": "Inbound",
            "id": "/subscriptions/7409015c-1c36-4389-ab17-588c61f855ff/resourceGroups/rg-shared-westeurope-01/providers/Microsoft.Network/networkSecurityGroups/nsg_testvmss_westeurope_in/securityRules/http",
            "name": "http",
            "network_security_group_name": "nsg_testvmss_westeurope_in",
            "priority": 100,
            "protocol": "Tcp",
            "resource_group_name": "rg-shared-westeurope-01",
            "source_address_prefix": "*",
            "source_address_prefixes": [],
            "source_application_security_group_ids": [],
            "source_port_range": "*",
            "source_port_ranges": [],
            "timeouts": null
          },
          "sensitive_attributes": [],
          "private": "eyJlMmJmYjczMC1lY2FhLTExZTYtOGY4OC0zNDM2M2JjN2M0YzAiOnsiY3JlYXRlIjoxODAwMDAwMDAwMDAwLCJkZWxldGUiOjE4MDAwMDAwMDAwMDAsInJlYWQiOjMwMDAwMDAwMDAwMCwidXBkYXRlIjoxODAwMDAwMDAwMDAwfX0=",
          "dependencies": [
            "module.vmscaleset.azurerm_network_security_group.nsg",
            "module.vmscaleset.data.azurerm_resource_group.rg",
            "module.vmscaleset.data.azurerm_subnet.snet",
            "module.vmscaleset.data.azurerm_virtual_network.vnet",
            "module.vnet.azurerm_subnet.subnet_count",
            "module.vnet.azurerm_subnet.subnet_for_each",
            "module.vnet.azurerm_subnet_network_security_group_association.vnet",
            "module.vnet.azurerm_subnet_route_table_association.vnet",
            "module.vnet.azurerm_virtual_network.vnet"
          ]
        },
        {
          "index_key": "https",
          "schema_version": 0,
          "attributes": {
            "access": "Allow",
            "description": "Inbound_Port_443",
            "destination_address_prefix": "10.0.1.0/24",
            "destination_address_prefixes": [],
            "destination_application_security_group_ids": [],
            "destination_port_range": "443",
            "destination_port_ranges": [],
            "direction": "Inbound",
            "id": "/subscriptions/7409015c-1c36-4389-ab17-588c61f855ff/resourceGroups/rg-shared-westeurope-01/providers/Microsoft.Network/networkSecurityGroups/nsg_testvmss_westeurope_in/securityRules/https",
            "name": "https",
            "network_security_group_name": "nsg_testvmss_westeurope_in",
            "priority": 200,
            "protocol": "Tcp",
            "resource_group_name": "rg-shared-westeurope-01",
            "source_address_prefix": "*",
            "source_address_prefixes": [],
            "source_application_security_group_ids": [],
            "source_port_range": "*",
            "source_port_ranges": [],
            "timeouts": null
          },
          "sensitive_attributes": [],
          "private": "eyJlMmJmYjczMC1lY2FhLTExZTYtOGY4OC0zNDM2M2JjN2M0YzAiOnsiY3JlYXRlIjoxODAwMDAwMDAwMDAwLCJkZWxldGUiOjE4MDAwMDAwMDAwMDAsInJlYWQiOjMwMDAwMDAwMDAwMCwidXBkYXRlIjoxODAwMDAwMDAwMDAwfX0=",
          "dependencies": [
            "module.vmscaleset.azurerm_network_security_group.nsg",
            "module.vmscaleset.data.azurerm_resource_group.rg",
            "module.vmscaleset.data.azurerm_subnet.snet",
            "module.vmscaleset.data.azurerm_virtual_network.vnet",
            "module.vnet.azurerm_subnet.subnet_count",
            "module.vnet.azurerm_subnet.subnet_for_each",
            "module.vnet.azurerm_subnet_network_security_group_association.vnet",
            "module.vnet.azurerm_subnet_route_table_association.vnet",
            "module.vnet.azurerm_virtual_network.vnet"
          ]
        },
        {
          "index_key": "linuxaccess",
          "schema_version": 0,
          "attributes": {
            "access": "Allow",
            "description": "Inbound_Port_22",
            "destination_address_prefix": "10.0.1.0/24",
            "destination_address_prefixes": [],
            "destination_application_security_group_ids": [],
            "destination_port_range": "22",
            "destination_port_ranges": [],
            "direction": "Inbound",
            "id": "/subscriptions/7409015c-1c36-4389-ab17-588c61f855ff/resourceGroups/rg-shared-westeurope-01/providers/Microsoft.Network/networkSecurityGroups/nsg_testvmss_westeurope_in/securityRules/linuxaccess",
            "name": "linuxaccess",
            "network_security_group_name": "nsg_testvmss_westeurope_in",
            "priority": 300,
            "protocol": "Tcp",
            "resource_group_name": "rg-shared-westeurope-01",
            "source_address_prefix": "210.16.95.159/32",
            "source_address_prefixes": [],
            "source_application_security_group_ids": [],
            "source_port_range": "*",
            "source_port_ranges": [],
            "timeouts": null
          },
          "sensitive_attributes": [],
          "private": "eyJlMmJmYjczMC1lY2FhLTExZTYtOGY4OC0zNDM2M2JjN2M0YzAiOnsiY3JlYXRlIjoxODAwMDAwMDAwMDAwLCJkZWxldGUiOjE4MDAwMDAwMDAwMDAsInJlYWQiOjMwMDAwMDAwMDAwMCwidXBkYXRlIjoxODAwMDAwMDAwMDAwfX0=",
          "dependencies": [
            "module.vmscaleset.azurerm_network_security_group.nsg",
            "module.vmscaleset.data.azurerm_resource_group.rg",
            "module.vmscaleset.data.azurerm_subnet.snet",
            "module.vmscaleset.data.azurerm_virtual_network.vnet",
            "module.vnet.azurerm_subnet.subnet_count",
            "module.vnet.azurerm_subnet.subnet_for_each",
            "module.vnet.azurerm_subnet_network_security_group_association.vnet",
            "module.vnet.azurerm_subnet_route_table_association.vnet",
            "module.vnet.azurerm_virtual_network.vnet"
          ]
        }
      ]
    },
    {
      "module": "module.vmscaleset",
      "mode": "managed",
      "type": "azurerm_proximity_placement_group",
      "name": "appgrp",
      "provider": "provider[\"registry.terraform.io/hashicorp/azurerm\"]",
      "instances": [
        {
          "index_key": 0,
          "schema_version": 0,
          "attributes": {
            "id": "/subscriptions/7409015c-1c36-4389-ab17-588c61f855ff/resourceGroups/rg-shared-westeurope-01/providers/Microsoft.Compute/proximityPlacementGroups/proxigrp-testvmss-westeurope",
            "location": "westeurope",
            "name": "proxigrp-testvmss-westeurope",
            "resource_group_name": "rg-shared-westeurope-01",
            "tags": {
              "BusinessUnit": "CORP",
              "Env": "dev",
              "Owner": "user@example.com",
              "ProjectName": "demo-project",
              "ServiceClass": "Gold",
              "resourcename": "proxigrp-testvmss-westeurope"
            },
            "timeouts": null
          },
          "sensitive_attributes": [],
          "private": "eyJlMmJmYjczMC1lY2FhLTExZTYtOGY4OC0zNDM2M2JjN2M0YzAiOnsiY3JlYXRlIjoxODAwMDAwMDAwMDAwLCJkZWxldGUiOjE4MDAwMDAwMDAwMDAsInJlYWQiOjMwMDAwMDAwMDAwMCwidXBkYXRlIjoxODAwMDAwMDAwMDAwfX0=",
          "dependencies": [
            "module.vmscaleset.data.azurerm_resource_group.rg",
            "module.vnet.azurerm_subnet.subnet_count",
            "module.vnet.azurerm_subnet.subnet_for_each",
            "module.vnet.azurerm_subnet_network_security_group_association.vnet",
            "module.vnet.azurerm_subnet_route_table_association.vnet",
            "module.vnet.azurerm_virtual_network.vnet"
          ]
        }
      ]
    },
    {
      "module": "module.vmscaleset",
      "mode": "managed",
      "type": "azurerm_public_ip",
      "name": "pip",
      "provider": "provider[\"registry.terraform.io/hashicorp/azurerm\"]",
      "instances": [
        {
          "index_key": 0,
          "schema_version": 0,
          "attributes": {
            "allocation_method": "Static",
            "ddos_protection_mode": "VirtualNetworkInherited",
            "ddos_protection_plan_id": null,
            "domain_name_label": null,
            "edge_zone": "",
            "fqdn": null,
            "id": "/subscriptions/7409015c-1c36-4389-ab17-588c61f855ff/resourceGroups/rg-shared-westeurope-01/providers/Microsoft.Network/publicIPAddresses/pip-vm-testvmss-westeurope-01",
            "idle_timeout_in_minutes": 4,
            "ip_address": "20.224.145.22",
            "ip_tags": {},
            "ip_version": "IPv4",
            "location": "westeurope",
            "name": "pip-vm-testvmss-westeurope-01",
            "public_ip_prefix_id": null,
            "resource_group_name": "rg-shared-westeurope-01",
            "reverse_fqdn": null,
            "sku": "Standard",
            "sku_tier": "Regional",
            "tags": {
              "BusinessUnit": "CORP",
              "Env": "dev",
              "Owner": "user@example.com",
              "ProjectName": "demo-project",
              "ServiceClass": "Gold",
              "resourcename": "pip-vm-testvmss-westeurope-01"
            },
            "timeouts": null,
            "zones": []
          },
          "sensitive_attributes": [],
          "private": "eyJlMmJmYjczMC1lY2FhLTExZTYtOGY4OC0zNDM2M2JjN2M0YzAiOnsiY3JlYXRlIjoxODAwMDAwMDAwMDAwLCJkZWxldGUiOjE4MDAwMDAwMDAwMDAsInJlYWQiOjMwMDAwMDAwMDAwMCwidXBkYXRlIjoxODAwMDAwMDAwMDAwfX0=",
          "dependencies": [
            "module.vmscaleset.data.azurerm_resource_group.rg",
            "module.vnet.azurerm_subnet.subnet_count",
            "module.vnet.azurerm_subnet.subnet_for_each",
            "module.vnet.azurerm_subnet_network_security_group_association.vnet",
            "module.vnet.azurerm_subnet_route_table_association.vnet",
            "module.vnet.azurerm_virtual_network.vnet"
          ]
        }
      ]
    },
    {
      "module": "module.vmscaleset",
      "mode": "managed",
      "type": "azurerm_virtual_machine_scale_set_extension",
      "name": "omsagentlinux",
      "provider": "provider[\"registry.terraform.io/hashicorp/azurerm\"]",
      "instances": [
        {
          "index_key": 0,
          "schema_version": 0,
          "attributes": {
            "auto_upgrade_minor_version": true,
            "automatic_upgrade_enabled": false,
            "failure_suppression_enabled": false,
            "force_update_tag": "",
            "id": "/subscriptions/7409015c-1c36-4389-ab17-588c61f855ff/resourceGroups/rg-shared-westeurope-01/providers/Microsoft.Compute/virtualMachineScaleSets/vmtestvmss1/extensions/OmsAgentForLinux",
            "name": "OmsAgentForLinux",
            "protected_settings": "    {\r\n    \"workspaceKey\": \"xwexOxCZJyOmoVZblzoGJea0/2IwlWuaGoDgeIo8HCe7v9qrx+cyM1pus8mmB9ruUKxsoJtJdGMnL0xBj6uSsw==\"\r\n    }\r\n",
            "protected_settings_from_key_vault": [],
            "provision_after_extensions": [],
            "publisher": "Microsoft.EnterpriseCloud.Monitoring",
            "settings": "{\"workspaceId\":\"63a702b8-031b-47c4-ada0-2017cd5846f4\"}",
            "timeouts": null,
            "type": "OmsAgentForLinux",
            "type_handler_version": "1.13",
            "virtual_machine_scale_set_id": "/subscriptions/7409015c-1c36-4389-ab17-588c61f855ff/resourceGroups/rg-shared-westeurope-01/providers/Microsoft.Compute/virtualMachineScaleSets/vmtestvmss1"
          },
          "sensitive_attributes": [
            [
              {
                "type": "get_attr",
                "value": "protected_settings"
              }
            ]
          ],
          "private": "eyJlMmJmYjczMC1lY2FhLTExZTYtOGY4OC0zNDM2M2JjN2M0YzAiOnsiY3JlYXRlIjoxODAwMDAwMDAwMDAwLCJkZWxldGUiOjE4MDAwMDAwMDAwMDAsInJlYWQiOjMwMDAwMDAwMDAwMCwidXBkYXRlIjoxODAwMDAwMDAwMDAwfX0=",
          "dependencies": [
            "data.azurerm_log_analytics_workspace.example",
            "module.vmscaleset.azurerm_lb.vmsslb",
            "module.vmscaleset.azurerm_lb_backend_address_pool.bepool",
            "module.vmscaleset.azurerm_lb_nat_pool.natpol",
            "module.vmscaleset.azurerm_lb_probe.lbp",
            "module.vmscaleset.azurerm_lb_rule.lbrule",
            "module.vmscaleset.azurerm_linux_virtual_machine_scale_set.linux_vmss",
            "module.vmscaleset.azurerm_network_security_group.nsg",
            "module.vmscaleset.azurerm_proximity_placement_group.appgrp",
            "module.vmscaleset.azurerm_public_ip.pip",
            "module.vmscaleset.data.azurerm_resource_group.rg",
            "module.vmscaleset.data.azurerm_storage_account.storeacc",
            "module.vmscaleset.data.azurerm_subnet.snet",
            "module.vmscaleset.data.azurerm_virtual_network.vnet",
            "module.vmscaleset.random_password.passwd",
            "module.vmscaleset.tls_private_key.rsa",
            "module.vnet.azurerm_subnet.subnet_count",
            "module.vnet.azurerm_subnet.subnet_for_each",
            "module.vnet.azurerm_subnet_network_security_group_association.vnet",
            "module.vnet.azurerm_subnet_route_table_association.vnet",
            "module.vnet.azurerm_virtual_network.vnet"
          ]
        }
      ]
    },
    {
      "module": "module.vmscaleset",
      "mode": "managed",
      "type": "tls_private_key",
      "name": "rsa",
      "provider": "provider[\"registry.terraform.io/hashicorp/tls\"]",
      "instances": [
        {
          "index_key": 0,
          "schema_version": 1,
          "attributes": {
            "algorithm": "RSA",
            "ecdsa_curve": "P224",
            "id": "68789720cbe9587a2a8c5bdd8d9069792e6d566d",
            "private_key_openssh": "-----BEGIN OPENSSH PRIVATE KEY-----\nb3BlbnNzaC1rZXktdjEAAAAABG5vbmUAAAAEbm9uZQAAAAAAAAABAAACFwAAAAdz\nc2gtcnNhAAAAAwEAAQAAAgEA2KUMACc2cUN7CBYimyJCBLhW9kmLaUc+IYAguZSp\nxt07pabpSpO+j0Ssjz/EedC3iHsHtdlqTaeTVoItgVHcgo2JTylPen2PsOn9YtJw\nOaz2J3E7LanIpAADxJ3X6z7y4LDoHY6+/OOG5weja19W+u910m36+wHWZxF4CEAb\nIGbgRhcR/PIKwlKi825SAgCjgS25CBvv6XjxWblPqHyYm6aM8+PaDlUTWBC1xKhI\n3ZPfyHr0pyevuyZymPlCIljK/p66uLAaY+knczS34shtdWAkBc3V1Ob0ykw91wmS\nH30SQAJ36s84z1VCfm0hcEy93IChJXE30spt57j2Ul75tQ16MiYKNJB8brEtDM2c\n0SQ3rZ8yiVigOVfkzb8YYVu/lBtQWRT4bp6NoQQXmNfhWIN1heBZDJLAhyOba429\neOhCnmFCPc2VxkbhFse6MnYZdG2joOPySz8XH2yi6iTsQDg+44FMXweYngp7M95q\nNsF2H8CEkfFhnP6aODPlR16oPg0RaRYWPOI86GTHa3cNIKQtlA6knYWCHLkiATk5\nJXyWYeOwjKyAVrHd5EnIAKzbERhw3xMNLW+AxiMZE6st03PnoreMDe2FEhbPinBq\nHnVDl54I/u1MQAiTUuQr25/DPwmG4gvOO7laq66EdPoTbT4Tt82+XSV0+5FRmw81\nntsAAAc4iTTzAIk08wAAAAAHc3NoLXJzYQAAAgEA2KUMACc2cUN7CBYimyJCBLhW\n9kmLaUc+IYAguZSpxt07pabpSpO+j0Ssjz/EedC3iHsHtdlqTaeTVoItgVHcgo2J\nTylPen2PsOn9YtJwOaz2J3E7LanIpAADxJ3X6z7y4LDoHY6+/OOG5weja19W+u91\n0m36+wHWZxF4CEAbIGbgRhcR/PIKwlKi825SAgCjgS25CBvv6XjxWblPqHyYm6aM\n8+PaDlUTWBC1xKhI3ZPfyHr0pyevuyZymPlCIljK/p66uLAaY+knczS34shtdWAk\nBc3V1Ob0ykw91wmSH30SQAJ36s84z1VCfm0hcEy93IChJXE30spt57j2Ul75tQ16\nMiYKNJB8brEtDM2c0SQ3rZ8yiVigOVfkzb8YYVu/lBtQWRT4bp6NoQQXmNfhWIN1\nheBZDJLAhyOba429eOhCnmFCPc2VxkbhFse6MnYZdG2joOPySz8XH2yi6iTsQDg+\n44FMXweYngp7M95qNsF2H8CEkfFhnP6aODPlR16oPg0RaRYWPOI86GTHa3cNIKQt\nlA6knYWCHLkiATk5JXyWYeOwjKyAVrHd5EnIAKzbERhw3xMNLW+AxiMZE6st03Pn\noreMDe2FEhbPinBqHnVDl54I/u1MQAiTUuQr25/DPwmG4gvOO7laq66EdPoTbT4T\nt82+XSV0+5FRmw81ntsAAAADAQABAAACAAhnLnX7D2OJSIZhxWnbBFCGjejzpVKq\nDsDh5WMNXyB1iFC+jqHz5RpNgZv0zzwiWlwS2ZO2ISdt7osWdYlkkXcG4mKNqaWI\npUApc0iX/P5ftRSGkdMNmNizn3HK5YscX/NTKU2sMcBBWwQvCamqgwcsrpdA6NE/\nmv9YcB1xzxuMofpV/r6e7MfoyKVEjC3DtJPYICsuWjnmFQZz56ETZB/1b9Yt6lFP\n/3YU/9fm5xyhFbcC/eZV5b0OmrdQQ75tT0JdCcUMH5nsezk+vDsxpv08g2kuOLMP\nWkNWfbePiXlrMoAFGH2lGAECv5eDyB5A+8RHwPhg0dd9PpIUXImJYYoP/DXSu3U+\n543c4BZUMwqQmmf2DJE6wUs8knbM+VC7o/hvi6QOAWtqeKnIu1VuCyWXRKyJf3lB\nU65h14uhMBjbTwha6MWssYuIjcpRGeNMVhwgOFpKjSmXl4udC261mLUHNff8B0Ap\n0Q7rkT8OOezuwrt58+KK1VXC38v3ZAkZ3oyNjlRmOdvL3cyJldHMXkiktbGbFQJ7\nHVdRmGTAFROe6RGi8L1i8aDUD8hNBvsIOkdgS1MglBWejCt0fqtvDVo1PQQQR2yk\nn3d538nDW7KZ7ZbxK9UiiPHbOliUD8urlQFbmBPAy07AdfUfWPLPwpABpeec0oxM\nDrfh92V5H9IhAAABAFRiLiEZ+8oFgZr83PQYp+qZkfv4of49doE97PU9U1mQEQAf\n4v7orl9wMUDWHYO0yqoKs/2c+Aag2xeR81brsAPpakiRhfnuOaywPFnNDfIyR0kX\nWXnlpiuTqO+7K5CFlkxM1b5om9oqoZQJIEUy38juC/iNGCMPNDoKj+uY2wxXj8Iu\naYrtFEJMSwp0C7mUafWrAfnkDlqWOlTzMM9KNS9Q/9gynSJIktUd9AE1zGbSsM25\nZnLo4cSRuOUbm8jRHptHdWbb3t0FpF4XJpSFs58mU0rbGuExmLbv4OIdPpulIIYE\nJAqVdoGlG+t0OLz1YwJciDw7yUIR0RZFKyytktAAAAEBAO9rW7uwczelGJCI/Tkr\naSzt1k8LqP1u2w5XYttY2xqtfL0uOavLt7ZnZO0feNtKAP11wvKFSEdRco/QmZGD\nwKo2/AYk10iLvl28sZjGZ37NO2Y53OaWH3yppoAVZORjftJhGopR388F4kxwJPwl\nMVT8Iqetd3SaIqcHF3nNzAGMadZtg0TlTOhGSAe/X9CEvYnR5dxkz26slwXgJRZE\nfTKJVlL7HV9KhD9UrVeGaK6MKahnsIx5K1woObAEyO1jGaFyOdazr08U4MnscSpc\nlfMz7RH/a5vA0TkvibwqDX99gOGRfxiAhFPh/YI6eSTxXguZHrfZFmKWuGY0BwNl\nifMAAAEBAOel60SOh017NkKva5kjlR53gXbFQx5P/AJ7jf4fOgXIkRJkoVwis7H1\n3n37VNIIxqnTEQ+p/24vQr/o4m1y6tuQZr4ZHKdbyHRjjWB65yRF7qxTJ80TPmpL\nT8aUy9h19fnOjvUKl0iQPf7h6BBLjRvxmyPH8ojgZMT8/PTnslwjCZQCKj4hoKVo\nyerK4IdOE3GJklKdgfD8WhmbDW+C4xqmEQCogt7u8k1p9WeNhYr3U/F51Oe9etyU\n+SW5Dr9S9S4uYUuluKWtnVNoEeg/SYChzoYeSl5tYebvYv9Ih33c6WZ0WDAGQmWZ\n9L0ZoLiYUG9QxyL4s3cIkNibhRbCqXkAAAAAAQID\n-----END OPENSSH PRIVATE KEY-----\n",
            "private_key_pem": "-----BEGIN RSA PRIVATE KEY-----\nMIIJKAIBAAKCAgEA2KUMACc2cUN7CBYimyJCBLhW9kmLaUc+IYAguZSpxt07pabp\nSpO+j0Ssjz/EedC3iHsHtdlqTaeTVoItgVHcgo2JTylPen2PsOn9YtJwOaz2J3E7\nLanIpAADxJ3X6z7y4LDoHY6+/OOG5weja19W+u910m36+wHWZxF4CEAbIGbgRhcR\n/PIKwlKi825SAgCjgS25CBvv6XjxWblPqHyYm6aM8+PaDlUTWBC1xKhI3ZPfyHr0\npyevuyZymPlCIljK/p66uLAaY+knczS34shtdWAkBc3V1Ob0ykw91wmSH30SQAJ3\n6s84z1VCfm0hcEy93IChJXE30spt57j2Ul75tQ16MiYKNJB8brEtDM2c0SQ3rZ8y\niVigOVfkzb8YYVu/lBtQWRT4bp6NoQQXmNfhWIN1heBZDJLAhyOba429eOhCnmFC\nPc2VxkbhFse6MnYZdG2joOPySz8XH2yi6iTsQDg+44FMXweYngp7M95qNsF2H8CE\nkfFhnP6aODPlR16oPg0RaRYWPOI86GTHa3cNIKQtlA6knYWCHLkiATk5JXyWYeOw\njKyAVrHd5EnIAKzbERhw3xMNLW+AxiMZE6st03PnoreMDe2FEhbPinBqHnVDl54I\n/u1MQAiTUuQr25/DPwmG4gvOO7laq66EdPoTbT4Tt82+XSV0+5FRmw81ntsCAwEA\nAQKCAgAIZy51+w9jiUiGYcVp2wRQho3o86VSqg7A4eVjDV8gdYhQvo6h8+UaTYGb\n9M88IlpcEtmTtiEnbe6LFnWJZJF3BuJijamliKVAKXNIl/z+X7UUhpHTDZjYs59x\nyuWLHF/zUylNrDHAQVsELwmpqoMHLK6XQOjRP5r/WHAdcc8bjKH6Vf6+nuzH6Mil\nRIwtw7ST2CArLlo55hUGc+ehE2Qf9W/WLepRT/92FP/X5uccoRW3Av3mVeW9Dpq3\nUEO+bU9CXQnFDB+Z7Hs5Prw7Mab9PINpLjizD1pDVn23j4l5azKABRh9pRgBAr+X\ng8geQPvER8D4YNHXfT6SFFyJiWGKD/w10rt1PueN3OAWVDMKkJpn9gyROsFLPJJ2\nzPlQu6P4b4ukDgFranipyLtVbgsll0SsiX95QVOuYdeLoTAY208IWujFrLGLiI3K\nURnjTFYcIDhaSo0pl5eLnQtutZi1BzX3/AdAKdEO65E/Djns7sK7efPiitVVwt/L\n92QJGd6MjY5UZjnby93MiZXRzF5IpLWxmxUCex1XUZhkwBUTnukRovC9YvGg1A/I\nTQb7CDpHYEtTIJQVnowrdH6rbw1aNT0EEEdspJ93ed/Jw1uyme2W8SvVIojx2zpY\nlA/Lq5UBW5gTwMtOwHX1H1jyz8KQAaXnnNKMTA634fdleR/SIQKCAQEA72tbu7Bz\nN6UYkIj9OStpLO3WTwuo/W7bDldi21jbGq18vS45q8u3tmdk7R9420oA/XXC8oVI\nR1Fyj9CZkYPAqjb8BiTXSIu+XbyxmMZnfs07Zjnc5pYffKmmgBVk5GN+0mEailHf\nzwXiTHAk/CUxVPwip613dJoipwcXec3MAYxp1m2DROVM6EZIB79f0IS9idHl3GTP\nbqyXBeAlFkR9MolWUvsdX0qEP1StV4ZorowpqGewjHkrXCg5sATI7WMZoXI51rOv\nTxTgyexxKlyV8zPtEf9rm8DROS+JvCoNf32A4ZF/GICEU+H9gjp5JPFeC5ket9kW\nYpa4ZjQHA2WJ8wKCAQEA56XrRI6HTXs2Qq9rmSOVHneBdsVDHk/8AnuN/h86BciR\nEmShXCKzsfXefftU0gjGqdMRD6n/bi9Cv+jibXLq25Bmvhkcp1vIdGONYHrnJEXu\nrFMnzRM+aktPxpTL2HX1+c6O9QqXSJA9/uHoEEuNG/GbI8fyiOBkxPz89OeyXCMJ\nlAIqPiGgpWjJ6srgh04TcYmSUp2B8PxaGZsNb4LjGqYRAKiC3u7yTWn1Z42FivdT\n8XnU57163JT5JbkOv1L1Li5hS6W4pa2dU2gR6D9JgKHOhh5KXm1h5u9i/0iHfdzp\nZnRYMAZCZZn0vRmguJhQb1DHIvizdwiQ2JuFFsKpeQKCAQAYFPRlLJpqPnD6GM1f\nsr4hhsrHqKSW2U+vYZrP9WAUjt69KKkkXplb/4pnT4MYi5kN5Yp2WnGqusaLMLBB\nsr7uYBl5hLsi0OuVAiXa+Bnw5zPSVH+jsfX41BerSnubfWaEQsAoqZOZfz4D8kPG\nGPedVL8nnoslb1uM8WmrFsguX7FFoD5T77yMoIUeQmGg17k446P7RyiWOUX3kVQp\nqTnum2HTdu69ZwFmXV4SL7LX28FU7xkTCB0UZ/dlfRW4yv8I/jRTJD+99Juns+Cu\nIiHzFIYECW0JfZuN5Po1swUojbco+TmPfV3SEiktsDP/Q0fyYrR0SaG2yPJDVXhf\nHxeBAoIBAQDJxu7d8sDMruyevaqd5C66MSKmUEGcn9NGXlVa69xguUoUmW8skFWy\nSBab6lcB9P8HYoDUAiIq2iPsgnDpIVaOFoRIRht9dCdxql21kpjQMdIqbOyYZ5DQ\nifVdZrMBRA8Un+ZKcAVDAdHeuOypdQXfN18Jldsfe0aLiErXERN9yk9Hi3M8V5JV\nQqfPSxS1Bz9MgKbiK6zKOyZIc5UKcxpbVhgtWJtWkRCieg93OgD/AV0vVA4uJhBl\nH6a+QyojYaGLrn61pA7o0gfeZSJkCOx/jXIVxUDGa8UBobe74nOTIOB1jBZdDra7\nRZW3OiGTaal2rQgo4DWDFAUHiMAvCTURAoIBAFRiLiEZ+8oFgZr83PQYp+qZkfv4\nof49doE97PU9U1mQEQAf4v7orl9wMUDWHYO0yqoKs/2c+Aag2xeR81brsAPpakiR\nhfnuOaywPFnNDfIyR0kXWXnlpiuTqO+7K5CFlkxM1b5om9oqoZQJIEUy38juC/iN\nGCMPNDoKj+uY2wxXj8IuaYrtFEJMSwp0C7mUafWrAfnkDlqWOlTzMM9KNS9Q/9gy\nnSJIktUd9AE1zGbSsM25ZnLo4cSRuOUbm8jRHptHdWbb3t0FpF4XJpSFs58mU0rb\nGuExmLbv4OIdPpulIIYEJAqVdoGlG+t0OLz1YwJciDw7yUIR0RZFKyytktA=\n-----END RSA PRIVATE KEY-----\n",
            "private_key_pem_pkcs8": "-----BEGIN PRIVATE KEY-----\nMIIJQgIBADANBgkqhkiG9w0BAQEFAASCCSwwggkoAgEAAoICAQDYpQwAJzZxQ3sI\nFiKbIkIEuFb2SYtpRz4hgCC5lKnG3TulpulKk76PRKyPP8R50LeIewe12WpNp5NW\ngi2BUdyCjYlPKU96fY+w6f1i0nA5rPYncTstqcikAAPEndfrPvLgsOgdjr7844bn\nB6NrX1b673XSbfr7AdZnEXgIQBsgZuBGFxH88grCUqLzblICAKOBLbkIG+/pePFZ\nuU+ofJibpozz49oOVRNYELXEqEjdk9/IevSnJ6+7JnKY+UIiWMr+nrq4sBpj6Sdz\nNLfiyG11YCQFzdXU5vTKTD3XCZIffRJAAnfqzzjPVUJ+bSFwTL3cgKElcTfSym3n\nuPZSXvm1DXoyJgo0kHxusS0MzZzRJDetnzKJWKA5V+TNvxhhW7+UG1BZFPhuno2h\nBBeY1+FYg3WF4FkMksCHI5trjb146EKeYUI9zZXGRuEWx7oydhl0baOg4/JLPxcf\nbKLqJOxAOD7jgUxfB5ieCnsz3mo2wXYfwISR8WGc/po4M+VHXqg+DRFpFhY84jzo\nZMdrdw0gpC2UDqSdhYIcuSIBOTklfJZh47CMrIBWsd3kScgArNsRGHDfEw0tb4DG\nIxkTqy3Tc+eit4wN7YUSFs+KcGoedUOXngj+7UxACJNS5Cvbn8M/CYbiC847uVqr\nroR0+hNtPhO3zb5dJXT7kVGbDzWe2wIDAQABAoICAAhnLnX7D2OJSIZhxWnbBFCG\njejzpVKqDsDh5WMNXyB1iFC+jqHz5RpNgZv0zzwiWlwS2ZO2ISdt7osWdYlkkXcG\n4mKNqaWIpUApc0iX/P5ftRSGkdMNmNizn3HK5YscX/NTKU2sMcBBWwQvCamqgwcs\nrpdA6NE/mv9YcB1xzxuMofpV/r6e7MfoyKVEjC3DtJPYICsuWjnmFQZz56ETZB/1\nb9Yt6lFP/3YU/9fm5xyhFbcC/eZV5b0OmrdQQ75tT0JdCcUMH5nsezk+vDsxpv08\ng2kuOLMPWkNWfbePiXlrMoAFGH2lGAECv5eDyB5A+8RHwPhg0dd9PpIUXImJYYoP\n/DXSu3U+543c4BZUMwqQmmf2DJE6wUs8knbM+VC7o/hvi6QOAWtqeKnIu1VuCyWX\nRKyJf3lBU65h14uhMBjbTwha6MWssYuIjcpRGeNMVhwgOFpKjSmXl4udC261mLUH\nNff8B0Ap0Q7rkT8OOezuwrt58+KK1VXC38v3ZAkZ3oyNjlRmOdvL3cyJldHMXkik\ntbGbFQJ7HVdRmGTAFROe6RGi8L1i8aDUD8hNBvsIOkdgS1MglBWejCt0fqtvDVo1\nPQQQR2ykn3d538nDW7KZ7ZbxK9UiiPHbOliUD8urlQFbmBPAy07AdfUfWPLPwpAB\npeec0oxMDrfh92V5H9IhAoIBAQDva1u7sHM3pRiQiP05K2ks7dZPC6j9btsOV2Lb\nWNsarXy9Ljmry7e2Z2TtH3jbSgD9dcLyhUhHUXKP0JmRg8CqNvwGJNdIi75dvLGY\nxmd+zTtmOdzmlh98qaaAFWTkY37SYRqKUd/PBeJMcCT8JTFU/CKnrXd0miKnBxd5\nzcwBjGnWbYNE5UzoRkgHv1/QhL2J0eXcZM9urJcF4CUWRH0yiVZS+x1fSoQ/VK1X\nhmiujCmoZ7CMeStcKDmwBMjtYxmhcjnWs69PFODJ7HEqXJXzM+0R/2ubwNE5L4m8\nKg1/fYDhkX8YgIRT4f2COnkk8V4LmR632RZilrhmNAcDZYnzAoIBAQDnpetEjodN\nezZCr2uZI5Ued4F2xUMeT/wCe43+HzoFyJESZKFcIrOx9d59+1TSCMap0xEPqf9u\nL0K/6OJtcurbkGa+GRynW8h0Y41geuckRe6sUyfNEz5qS0/GlMvYdfX5zo71CpdI\nkD3+4egQS40b8Zsjx/KI4GTE/Pz057JcIwmUAio+IaClaMnqyuCHThNxiZJSnYHw\n/FoZmw1vguMaphEAqILe7vJNafVnjYWK91PxedTnvXrclPkluQ6/UvUuLmFLpbil\nrZ1TaBHoP0mAoc6GHkpebWHm72L/SId93OlmdFgwBkJlmfS9GaC4mFBvUMci+LN3\nCJDYm4UWwql5AoIBABgU9GUsmmo+cPoYzV+yviGGyseopJbZT69hms/1YBSO3r0o\nqSRemVv/imdPgxiLmQ3linZacaq6xoswsEGyvu5gGXmEuyLQ65UCJdr4GfDnM9JU\nf6Ox9fjUF6tKe5t9ZoRCwCipk5l/PgPyQ8YY951UvyeeiyVvW4zxaasWyC5fsUWg\nPlPvvIyghR5CYaDXuTjjo/tHKJY5RfeRVCmpOe6bYdN27r1nAWZdXhIvstfbwVTv\nGRMIHRRn92V9FbjK/wj+NFMkP730m6ez4K4iIfMUhgQJbQl9m43k+jWzBSiNtyj5\nOY99XdISKS2wM/9DR/JitHRJobbI8kNVeF8fF4ECggEBAMnG7t3ywMyu7J69qp3k\nLroxIqZQQZyf00ZeVVrr3GC5ShSZbyyQVbJIFpvqVwH0/wdigNQCIiraI+yCcOkh\nVo4WhEhGG310J3GqXbWSmNAx0ips7JhnkNCJ9V1mswFEDxSf5kpwBUMB0d647Kl1\nBd83XwmV2x97RouIStcRE33KT0eLczxXklVCp89LFLUHP0yApuIrrMo7JkhzlQpz\nGltWGC1Ym1aREKJ6D3c6AP8BXS9UDi4mEGUfpr5DKiNhoYuufrWkDujSB95lImQI\n7H+NchXFQMZrxQGht7vic5Mg4HWMFl0OtrtFlbc6IZNpqXatCCjgNYMUBQeIwC8J\nNRECggEAVGIuIRn7ygWBmvzc9Bin6pmR+/ih/j12gT3s9T1TWZARAB/i/uiuX3Ax\nQNYdg7TKqgqz/Zz4BqDbF5HzVuuwA+lqSJGF+e45rLA8Wc0N8jJHSRdZeeWmK5Oo\n77srkIWWTEzVvmib2iqhlAkgRTLfyO4L+I0YIw80OgqP65jbDFePwi5piu0UQkxL\nCnQLuZRp9asB+eQOWpY6VPMwz0o1L1D/2DKdIkiS1R30ATXMZtKwzblmcujhxJG4\n5RubyNEem0d1Ztve3QWkXhcmlIWznyZTStsa4TGYtu/g4h0+m6UghgQkCpV2gaUb\n63Q4vPVjAlyIPDvJQhHRFkUrLK2S0A==\n-----END PRIVATE KEY-----\n",
            "public_key_fingerprint_md5": "69:4a:40:e5:49:94:1d:67:6f:20:04:b0:a2:95:5a:b1",
            "public_key_fingerprint_sha256": "SHA256:Ybj+g3PWES8vQo6v4K3CaQHADWXNeMBWW3hMLmmzOpE",
            "public_key_openssh": "ssh-rsa AAAAB3NzaC1yc2EAAAADAQABAAACAQDYpQwAJzZxQ3sIFiKbIkIEuFb2SYtpRz4hgCC5lKnG3TulpulKk76PRKyPP8R50LeIewe12WpNp5NWgi2BUdyCjYlPKU96fY+w6f1i0nA5rPYncTstqcikAAPEndfrPvLgsOgdjr7844bnB6NrX1b673XSbfr7AdZnEXgIQBsgZuBGFxH88grCUqLzblICAKOBLbkIG+/pePFZuU+ofJibpozz49oOVRNYELXEqEjdk9/IevSnJ6+7JnKY+UIiWMr+nrq4sBpj6SdzNLfiyG11YCQFzdXU5vTKTD3XCZIffRJAAnfqzzjPVUJ+bSFwTL3cgKElcTfSym3nuPZSXvm1DXoyJgo0kHxusS0MzZzRJDetnzKJWKA5V+TNvxhhW7+UG1BZFPhuno2hBBeY1+FYg3WF4FkMksCHI5trjb146EKeYUI9zZXGRuEWx7oydhl0baOg4/JLPxcfbKLqJOxAOD7jgUxfB5ieCnsz3mo2wXYfwISR8WGc/po4M+VHXqg+DRFpFhY84jzoZMdrdw0gpC2UDqSdhYIcuSIBOTklfJZh47CMrIBWsd3kScgArNsRGHDfEw0tb4DGIxkTqy3Tc+eit4wN7YUSFs+KcGoedUOXngj+7UxACJNS5Cvbn8M/CYbiC847uVqrroR0+hNtPhO3zb5dJXT7kVGbDzWe2w==\n",
            "public_key_pem": "-----BEGIN PUBLIC KEY-----\nMIICIjANBgkqhkiG9w0BAQEFAAOCAg8AMIICCgKCAgEA2KUMACc2cUN7CBYimyJC\nBLhW9kmLaUc+IYAguZSpxt07pabpSpO+j0Ssjz/EedC3iHsHtdlqTaeTVoItgVHc\ngo2JTylPen2PsOn9YtJwOaz2J3E7LanIpAADxJ3X6z7y4LDoHY6+/OOG5weja19W\n+u910m36+wHWZxF4CEAbIGbgRhcR/PIKwlKi825SAgCjgS25CBvv6XjxWblPqHyY\nm6aM8+PaDlUTWBC1xKhI3ZPfyHr0pyevuyZymPlCIljK/p66uLAaY+knczS34sht\ndWAkBc3V1Ob0ykw91wmSH30SQAJ36s84z1VCfm0hcEy93IChJXE30spt57j2Ul75\ntQ16MiYKNJB8brEtDM2c0SQ3rZ8yiVigOVfkzb8YYVu/lBtQWRT4bp6NoQQXmNfh\nWIN1heBZDJLAhyOba429eOhCnmFCPc2VxkbhFse6MnYZdG2joOPySz8XH2yi6iTs\nQDg+44FMXweYngp7M95qNsF2H8CEkfFhnP6aODPlR16oPg0RaRYWPOI86GTHa3cN\nIKQtlA6knYWCHLkiATk5JXyWYeOwjKyAVrHd5EnIAKzbERhw3xMNLW+AxiMZE6st\n03PnoreMDe2FEhbPinBqHnVDl54I/u1MQAiTUuQr25/DPwmG4gvOO7laq66EdPoT\nbT4Tt82+XSV0+5FRmw81ntsCAwEAAQ==\n-----END PUBLIC KEY-----\n",
            "rsa_bits": 4096
          },
          "sensitive_attributes": [],
          "dependencies": [
            "module.vnet.azurerm_subnet.subnet_count",
            "module.vnet.azurerm_subnet.subnet_for_each",
            "module.vnet.azurerm_subnet_network_security_group_association.vnet",
            "module.vnet.azurerm_subnet_route_table_association.vnet",
            "module.vnet.azurerm_virtual_network.vnet"
          ]
        }
      ]
    },
    {
      "module": "module.vnet",
      "mode": "managed",
      "type": "azurerm_subnet",
      "name": "subnet_count",
      "provider": "provider[\"registry.terraform.io/hashicorp/azurerm\"]",
      "instances": [
        {
          "index_key": 0,
          "schema_version": 0,
          "attributes": {
            "address_prefixes": [
              "10.0.1.0/24"
            ],
            "delegation": [],
            "enforce_private_link_endpoint_network_policies": false,
            "enforce_private_link_service_network_policies": false,
            "id": "/subscriptions/7409015c-1c36-4389-ab17-588c61f855ff/resourceGroups/rg-shared-westeurope-01/providers/Microsoft.Network/virtualNetworks/vnet-shared-hub-westeurope-001/subnets/snet-management",
            "name": "snet-management",
            "private_endpoint_network_policies_enabled": true,
            "private_link_service_network_policies_enabled": true,
            "resource_group_name": "rg-shared-westeurope-01",
            "service_endpoint_policy_ids": [],
            "service_endpoints": [],
            "timeouts": null,
            "virtual_network_name": "vnet-shared-hub-westeurope-001"
          },
          "sensitive_attributes": [],
          "private": "eyJlMmJmYjczMC1lY2FhLTExZTYtOGY4OC0zNDM2M2JjN2M0YzAiOnsiY3JlYXRlIjoxODAwMDAwMDAwMDAwLCJkZWxldGUiOjE4MDAwMDAwMDAwMDAsInJlYWQiOjMwMDAwMDAwMDAwMCwidXBkYXRlIjoxODAwMDAwMDAwMDAwfX0=",
          "dependencies": [
            "module.vnet.azurerm_virtual_network.vnet"
          ]
        }
      ]
    },
    {
      "module": "module.vnet",
      "mode": "managed",
      "type": "azurerm_virtual_network",
      "name": "vnet",
      "provider": "provider[\"registry.terraform.io/hashicorp/azurerm\"]",
      "instances": [
        {
          "schema_version": 0,
          "attributes": {
            "address_space": [
              "10.0.0.0/16"
            ],
            "bgp_community": "",
            "ddos_protection_plan": [],
            "dns_servers": [],
            "edge_zone": "",
            "flow_timeout_in_minutes": 0,
            "guid": "8f4d5ec3-1e51-4bcf-a571-2bf621e18fb5",
            "id": "/subscriptions/7409015c-1c36-4389-ab17-588c61f855ff/resourceGroups/rg-shared-westeurope-01/providers/Microsoft.Network/virtualNetworks/vnet-shared-hub-westeurope-001",
            "location": "westeurope",
            "name": "vnet-shared-hub-westeurope-001",
            "resource_group_name": "rg-shared-westeurope-01",
            "subnet": [
              {
                "address_prefix": "10.0.1.0/24",
                "id": "/subscriptions/7409015c-1c36-4389-ab17-588c61f855ff/resourceGroups/rg-shared-westeurope-01/providers/Microsoft.Network/virtualNetworks/vnet-shared-hub-westeurope-001/subnets/snet-management",
                "name": "snet-management",
                "security_group": ""
              }
            ],
            "tags": {
              "ENV": "test"
            },
            "timeouts": null
          },
          "sensitive_attributes": [],
          "private": "eyJlMmJmYjczMC1lY2FhLTExZTYtOGY4OC0zNDM2M2JjN2M0YzAiOnsiY3JlYXRlIjoxODAwMDAwMDAwMDAwLCJkZWxldGUiOjE4MDAwMDAwMDAwMDAsInJlYWQiOjMwMDAwMDAwMDAwMCwidXBkYXRlIjoxODAwMDAwMDAwMDAwfX0="
        }
      ]
    }
  ],
  "check_results": [
    {
      "object_kind": "resource",
      "config_addr": "module.linuxservers.azurerm_virtual_machine.vm_windows",
      "status": "pass",
      "objects": null
    },
    {
      "object_kind": "resource",
      "config_addr": "module.linuxservers.azurerm_virtual_machine.vm_linux",
      "status": "pass",
      "objects": [
        {
          "object_addr": "module.linuxservers.azurerm_virtual_machine.vm_linux[0]",
          "status": "pass"
        }
      ]
    }
  ]
}
