{
  "version": 4,
  "terraform_version": "1.3.6",
  "serial": 837,
  "lineage": "de500f46-fbe7-e666-87a0-1d02aab2c30a",
  "outputs": {
    "linux_vm_public_ip_addr": {
      "value": [
        "52.166.6.228"
      ],
      "type": [
        "tuple",
        [
          "string"
        ]
      ]
    },
    "name": {
      "value": "-----BEGIN RSA PRIVATE KEY-----\nMIIJJwIBAAKCAgEAxLecO3h7Db6n4gi+rEUxFGD5zIUJ16BKDVGo/nCW2AmScGUB\nqyMpYQ/+ESyVCHFCI10g7agh0WlS182IUnM276BTFWVRP3InMHrHNL/hxKwP1FFy\nvqSSjblkAdXFp2rdqwOCTR2ANPv6dm/EpbMxk34uIacEx3BEm5Fm6yU/lhzJuD+0\nMG5R/n+VSgR6zXBNSRk80C9YS+ktXKBu8eL3rBXyTs9mVdnkDyZpBuromWSp0Tmo\nGqKo6kHI3RD+Uybr6YX1ae22NNa5K4fmhECrlcdG35wT+UDsFjPZ9BhTaJJUBSET\nBoBkw77HPStDRnDdOfF7fKI5h+hr0PfrLvjAXVVmzq/xHGs9sCPtq51PisU8ob2w\nY+rwtlwqVZbCkUtwOx9WoNRIcRrehQ27Jo39r++aC76vV8IUr+lL92JEMbN8c9rG\n1uiGgXKnvqsR8gUPBVVMhcBQQIexPmSzoHePDzdVIQB9+YBYm1qmbk9fLSZDhL3y\nw6Mr/AT3kbMf53cKMh13GcD/wcXs0zQQRP0kYnGOOS5eE5Jj5pbbWqWhq2XaSLFd\nu4auJw7rqWEcWyvkfqilx14bilc8NvMcJSbRTdpTue4m99OipE+mI/vPaj2ConuE\nfFsXKTxwTK00ixfY8OxvgcLE9Awx2HMbhaPCGORIOF1jQ4K907MN+tZGAgMCAwEA\nAQKCAgBIcztGJ+xiNorMU94twln+IG0/5uumD7HWT/IGq97SeEwHuxuvNQcDaYlw\nN9Q3xMbQEXeUL+0snDbXpioD+80K2ihfY+5ViKxoTX/arKTw81HtJ4Y0MpaLPfFY\nP6xJKbG0T1mJH0ldukQXpLhvMp0arkk9Oa8n6PBLv3SBPDm8BqRAiK3LfIYUTlbk\naNv1l9vPBU2Bez5wztNXHvtdePMw3PBeGEKfcd1tuv7JfnDmNc3Zcfu4u5mslUfu\nK1kPtPEEE8M8HUGTGlYeczHyGYNYaYlvx6MPlNqensAyB1eI1wO8096W8WirMzNc\nEvf3FJBVy9toHrNDm9VBpF1o8lKeJtbYJhxKdFS4wDdB3PcahyoF0uxEjC2aNDgK\nJ6lyNpoWZsaJ8CXEY9hZV8fKo5a7JvlK941lgWS0OOdptOQcVKYuNvrLo8d1itg/\nifxAsr3kmhIaSJoJmQAPByqwxAguJmTKKx1R77aRozNFOooILPMmOGLEQF4Mk5fb\n4TJQzrubSBEG+mYtERoZAirgjEftLNpjvq8rl2o4pboo3ZJ1F/b5+xVJAu0L6+cU\ndZMPzsgyKFqS2YBe+0TArmedUreAm1M2D2MEoKjE4spyj/n3K3SPBp9ykLjTytCW\nAbRjGT5FoQj717sEa2yELqIFMq9B2eS5+Ro5iCEcqZ/D/rohGQKCAQEAxsvezA2B\nA316rNawTrR9dZCWhUXwwkXyn72N9kVe0dGGVPJVd7RL7vyAqwTTubcMo3zT7FDi\nGDUdZgcgLznOChwaPsLWdPVjpVnz+E3Jy3dlW9AmWfHHBqPiPbJHAq6+EhEfsUri\nOFM01TqZ7L2T7NpseKGSN+dAhvnfI8o4sfbywYWCDVAOj3cegqrDOZsoI6SelzOY\nxXkzI6zPcH/nT+vTjutf1Z4ST54pRywD8VTCMOH74KodGCFzhfs0ypN20p542meP\nUSaPf8EPzFfmYnFlW6Ne1Qihz1sw5f/to/49LVHbx7zeIhF99ucY05nWdZa4Hfm1\nZV0QcDRvqjs0xwKCAQEA/VKVDJnxCFNeMYC+vmUCMXMJOhygsmLPAGsOwTaSg1T7\npsxapfye0+hpHwXCS6ePM6xDcpzwjxc0nD1V6wmc2jZPDf0qM58aPC647jnzvD4r\nUXTGYLvZTFfo/Rp8lkPPo4LPAWtw1Bc/MjTf7/c21Nm1dVzwGDACNPwER4zl69Ch\nWkPB++bbiMWswbss8eleD1dL8f9nwZogJxMGdBuN57WRH5yvqy+4gaDMC3onFB/1\newNdpva1cjqXx8ljZAytWZFpeumhjYg1e85TMSBc7UJ9DmqqBWvpFJonUzvnTpHh\nwK3UTPG0gNRX8t/iq+aUqPp+ZLj6SGkqPSDn2o3U5QKCAQADIvBO89+XOIGY/IIn\nm71m/3MAg0v7JLNhRdJZklqeoNmnuXMTwmp4SM+W4yqcAYFXiv6k+dm3XA8sruwZ\nEqZnjm3zk4tiqQR7dWHeBwwqA6Y7vpr8TE5BkpBdPNTV+//PtSl02KOdE+L/gj8v\ndwZAdGnFtXbjHujruEGHBQfD9wt5divJHfw80zpOAXe3DvWhKlW+OPguFW1zIKTd\nN4dkwWnDFX+blTTgwLQSBWXChv3RW59nugdffBegg4gfshfr1sg9Weju9NbKwzcG\nmFRwNS3ONlOmtM4owV2SI2mSbs50SphXHGm8y93a6WaA4Cp8DHa3MltkUAWUX59r\nZie9AoIBAHBcieod+hB0UgppDbILwY5HdSdGfWzCcQjBc7j1yMTiFAEnEWoghB6A\nLuhouIawGs+TsBMNU5JUe6x1dD+dcupDPot46JgfERbyrmpUYCz18mbeAgP0Lm0z\nbQ+fCPXpvBbNtZ3ulwwsB4bwdwfMQpDkxBz7jS9dVA1GX2uRLoaLcpZECa3+9w9S\nhs8jg8sFdQge83uyisYP5AUQ5kLn2eiV23oHGNA4iYFN3lOU6fJ+PndCxe6B7Xdu\nT9Z5GFHPYbCh1ASFznelm/t/R905ep5uaGPVofZnp+nQenLr1iw+fsDlGY7LgwHF\nrgD3l2YiD3xoJ1nrxnAJ3YdhqhWB5ZUCggEAKgZEz2GpsjbmSObDRHrPiGs/659M\nk8puUwQP6FZQO7Oq/ZeLh0sCKYy7QW6RAKctGieR0n4O1A0mI38Qarp4/24lOAfW\nmAnwzRxCVeDyd3S3bDpfS2MAWIAMCSoyF/G/pXI0K5xrNP9dwHBNJ3UUu33TQx/2\nChG7244bt8CF8VXezaYiSUKh+oZLoy08bRpFWh7aBXg5zY4YRDB8MhsobNCEe+Oh\nWBO0Co5C41amOMiKgdnNWHsv3TfHDqKDErPrW+ZUgq9MPjuPn3Kw0MBPsGKdVegy\nHQ67vWjv3ekI8rB5IdvKt5eKIM8b7GlEFkEHClimhgBI0XoOJe+ITG+ydw==\n-----END RSA PRIVATE KEY-----\n",
      "type": "string",
      "sensitive": true
    }
  },
  "resources": [
    {
      "mode": "data",
      "type": "azurerm_log_analytics_workspace",
      "name": "example",
      "provider": "provider[\"registry.terraform.io/hashicorp/azurerm\"]",
      "instances": [
        {
          "schema_version": 0,
          "attributes": {
            "daily_quota_gb": -1,
            "id": "/subscriptions/7409015c-1c36-4389-ab17-588c61f855ff/resourceGroups/rg-shared-westeurope-01/providers/Microsoft.OperationalInsights/workspaces/log-analytics-wp",
            "location": "westeurope",
            "name": "log-analytics-wp",
            "primary_shared_key": "xwexOxCZJyOmoVZblzoGJea0/2IwlWuaGoDgeIo8HCe7v9qrx+cyM1pus8mmB9ruUKxsoJtJdGMnL0xBj6uSsw==",
            "resource_group_name": "rg-shared-westeurope-01",
            "retention_in_days": 30,
            "secondary_shared_key": "MWrvoGH4C79SY63cdlXNT0w9vmiokZGoTaWSt7bU3eajVdKe4g9UqBw509Vm9BZhtufODiJfydbfBOxJ77FBEA==",
            "sku": "pergb2018",
            "tags": {},
            "timeouts": null,
            "workspace_id": "63a702b8-031b-47c4-ada0-2017cd5846f4"
          },
          "sensitive_attributes": []
        }
      ]
    },
    {
      "mode": "managed",
      "type": "azurerm_resource_group",
      "name": "example",
      "provider": "provider[\"registry.terraform.io/hashicorp/azurerm\"]",
      "instances": [
        {
          "schema_version": 0,
          "attributes": {
            "id": "/subscriptions/7409015c-1c36-4389-ab17-588c61f855ff/resourceGroups/rg-devops",
            "location": "westeurope",
            "name": "rg-devops",
            "tags": null,
            "timeouts": null
          },
          "sensitive_attributes": [],
          "private": "eyJlMmJmYjczMC1lY2FhLTExZTYtOGY4OC0zNDM2M2JjN2M0YzAiOnsiY3JlYXRlIjo1NDAwMDAwMDAwMDAwLCJkZWxldGUiOjU0MDAwMDAwMDAwMDAsInJlYWQiOjMwMDAwMDAwMDAwMCwidXBkYXRlIjo1NDAwMDAwMDAwMDAwfX0=",
          "create_before_destroy": true
        }
      ]
    },
    {
      "module": "module.linuxservers",
      "mode": "data",
      "type": "azurerm_public_ip",
      "name": "vm",
      "provider": "provider[\"registry.terraform.io/hashicorp/azurerm\"]",
      "instances": [
        {
          "index_key": 0,
          "schema_version": 0,
          "attributes": {
            "allocation_method": "Dynamic",
            "ddos_protection_mode": "VirtualNetworkInherited",
            "ddos_protection_plan_id": null,
            "domain_name_label": "",
            "fqdn": "",
            "id": "/subscriptions/7409015c-1c36-4389-ab17-588c61f855ff/resourceGroups/rg-devops/providers/Microsoft.Network/publicIPAddresses/mylinuxvm-pip-0",
            "idle_timeout_in_minutes": 4,
            "ip_address": "52.166.6.228",
            "ip_tags": {},
            "ip_version": "IPv4",
            "location": "westeurope",
            "name": "mylinuxvm-pip-0",
            "resource_group_name": "rg-devops",
            "reverse_fqdn": "",
            "sku": "Basic",
            "tags": {
              "costcenter": "it",
              "environment": "dev"
            },
            "timeouts": null,
            "zones": []
          },
          "sensitive_attributes": []
        }
      ]
    },
    {
      "module": "module.linuxservers",
      "mode": "data",
      "type": "azurerm_resource_group",
      "name": "vm",
      "provider": "provider[\"registry.terraform.io/hashicorp/azurerm\"]",
      "instances": [
        {
          "index_key": 0,
          "schema_version": 0,
          "attributes": {
            "id": "/subscriptions/7409015c-1c36-4389-ab17-588c61f855ff/resourceGroups/rg-devops",
            "location": "westeurope",
            "name": "rg-devops",
            "tags": {},
            "timeouts": null
          },
          "sensitive_attributes": []
        }
      ]
    },
    {
      "module": "module.linuxservers",
      "mode": "managed",
      "type": "azurerm_availability_set",
      "name": "vm",
      "provider": "provider[\"registry.terraform.io/hashicorp/azurerm\"]",
      "instances": [
        {
          "index_key": 0,
          "schema_version": 0,
          "attributes": {
            "id": "/subscriptions/7409015c-1c36-4389-ab17-588c61f855ff/resourceGroups/rg-devops/providers/Microsoft.Compute/availabilitySets/mylinuxvm-avset",
            "location": "westeurope",
            "managed": true,
            "name": "mylinuxvm-avset",
            "platform_fault_domain_count": 2,
            "platform_update_domain_count": 2,
            "proximity_placement_group_id": null,
            "resource_group_name": "rg-devops",
            "tags": {
              "costcenter": "it",
              "environment": "dev"
            },
            "timeouts": null
          },
          "sensitive_attributes": [],
          "private": "eyJlMmJmYjczMC1lY2FhLTExZTYtOGY4OC0zNDM2M2JjN2M0YzAiOnsiY3JlYXRlIjoxODAwMDAwMDAwMDAwLCJkZWxldGUiOjE4MDAwMDAwMDAwMDAsInJlYWQiOjMwMDAwMDAwMDAwMCwidXBkYXRlIjoxODAwMDAwMDAwMDAwfX0=",
          "dependencies": [
            "azurerm_resource_group.example",
            "module.linuxservers.data.azurerm_resource_group.vm"
          ]
        }
      ]
    },
    {
      "module": "module.linuxservers",
      "mode": "managed",
      "type": "azurerm_network_interface",
      "name": "vm",
      "provider": "provider[\"registry.terraform.io/hashicorp/azurerm\"]",
      "instances": [
        {
          "index_key": 0,
          "schema_version": 0,
          "attributes": {
            "applied_dns_servers": [],
            "dns_servers": [],
            "edge_zone": "",
            "enable_accelerated_networking": true,
            "enable_ip_forwarding": false,
            "id": "/subscriptions/7409015c-1c36-4389-ab17-588c61f855ff/resourceGroups/rg-devops/providers/Microsoft.Network/networkInterfaces/mylinuxvm-nic-0",
            "internal_dns_name_label": "",
            "internal_domain_name_suffix": "vkzmipzakwhepeork2yfwicd0c.ax.internal.cloudapp.net",
            "ip_configuration": [
              {
                "gateway_load_balancer_frontend_ip_configuration_id": "",
                "name": "mylinuxvm-ip-0",
                "primary": true,
                "private_ip_address": "10.0.1.4",
                "private_ip_address_allocation": "Dynamic",
                "private_ip_address_version": "IPv4",
                "public_ip_address_id": "/subscriptions/7409015c-1c36-4389-ab17-588c61f855ff/resourceGroups/rg-devops/providers/Microsoft.Network/publicIPAddresses/mylinuxvm-pip-0",
                "subnet_id": "/subscriptions/7409015c-1c36-4389-ab17-588c61f855ff/resourceGroups/rg-shared-westeurope-01/providers/Microsoft.Network/virtualNetworks/vnet-shared-hub-westeurope-001/subnets/snet-management"
              }
            ],
            "location": "westeurope",
            "mac_address": "",
            "name": "mylinuxvm-nic-0",
            "private_ip_address": "10.0.1.4",
            "private_ip_addresses": [
              "10.0.1.4"
            ],
            "resource_group_name": "rg-devops",
            "tags": {
              "costcenter": "it",
              "environment": "dev"
            },
            "timeouts": null,
            "virtual_machine_id": ""
          },
          "sensitive_attributes": [],
          "private": "eyJlMmJmYjczMC1lY2FhLTExZTYtOGY4OC0zNDM2M2JjN2M0YzAiOnsiY3JlYXRlIjoxODAwMDAwMDAwMDAwLCJkZWxldGUiOjE4MDAwMDAwMDAwMDAsInJlYWQiOjMwMDAwMDAwMDAwMCwidXBkYXRlIjoxODAwMDAwMDAwMDAwfX0=",
          "dependencies": [
            "azurerm_resource_group.example",
            "module.linuxservers.azurerm_public_ip.vm",
            "module.linuxservers.data.azurerm_resource_group.vm",
            "module.vnet.azurerm_subnet.subnet_count",
            "module.vnet.azurerm_subnet.subnet_for_each",
            "module.vnet.azurerm_virtual_network.vnet"
          ]
        }
      ]
    },
    {
      "module": "module.linuxservers",
      "mode": "managed",
      "type": "azurerm_network_interface_security_group_association",
      "name": "test",
      "provider": "provider[\"registry.terraform.io/hashicorp/azurerm\"]",
      "instances": [
        {
          "index_key": 0,
          "schema_version": 0,
          "attributes": {
            "id": "/subscriptions/7409015c-1c36-4389-ab17-588c61f855ff/resourceGroups/rg-devops/providers/Microsoft.Network/networkInterfaces/mylinuxvm-nic-0|/subscriptions/7409015c-1c36-4389-ab17-588c61f855ff/resourceGroups/rg-devops/providers/Microsoft.Network/networkSecurityGroups/mylinuxvm-nsg",
            "network_interface_id": "/subscriptions/7409015c-1c36-4389-ab17-588c61f855ff/resourceGroups/rg-devops/providers/Microsoft.Network/networkInterfaces/mylinuxvm-nic-0",
            "network_security_group_id": "/subscriptions/7409015c-1c36-4389-ab17-588c61f855ff/resourceGroups/rg-devops/providers/Microsoft.Network/networkSecurityGroups/mylinuxvm-nsg",
            "timeouts": null
          },
          "sensitive_attributes": [],
          "private": "eyJlMmJmYjczMC1lY2FhLTExZTYtOGY4OC0zNDM2M2JjN2M0YzAiOnsiY3JlYXRlIjoxODAwMDAwMDAwMDAwLCJkZWxldGUiOjE4MDAwMDAwMDAwMDAsInJlYWQiOjMwMDAwMDAwMDAwMCwidXBkYXRlIjoxODAwMDAwMDAwMDAwfX0=",
          "dependencies": [
            "azurerm_resource_group.example",
            "module.linuxservers.azurerm_network_interface.vm",
            "module.linuxservers.azurerm_network_security_group.vm",
            "module.linuxservers.azurerm_public_ip.vm",
            "module.linuxservers.data.azurerm_resource_group.vm",
            "module.vnet.azurerm_subnet.subnet_count",
            "module.vnet.azurerm_subnet.subnet_for_each",
            "module.vnet.azurerm_virtual_network.vnet"
          ]
        }
      ]
    },
    {
      "module": "module.linuxservers",
      "mode": "managed",
      "type": "azurerm_network_security_group",
      "name": "vm",
      "provider": "provider[\"registry.terraform.io/hashicorp/azurerm\"]",
      "instances": [
        {
          "index_key": 0,
          "schema_version": 0,
          "attributes": {
            "id": "/subscriptions/7409015c-1c36-4389-ab17-588c61f855ff/resourceGroups/rg-devops/providers/Microsoft.Network/networkSecurityGroups/mylinuxvm-nsg",
            "location": "westeurope",
            "name": "mylinuxvm-nsg",
            "resource_group_name": "rg-devops",
            "security_rule": [],
            "tags": {
              "costcenter": "it",
              "environment": "dev"
            },
            "timeouts": null
          },
          "sensitive_attributes": [],
          "private": "eyJlMmJmYjczMC1lY2FhLTExZTYtOGY4OC0zNDM2M2JjN2M0YzAiOnsiY3JlYXRlIjoxODAwMDAwMDAwMDAwLCJkZWxldGUiOjE4MDAwMDAwMDAwMDAsInJlYWQiOjMwMDAwMDAwMDAwMCwidXBkYXRlIjoxODAwMDAwMDAwMDAwfX0=",
          "dependencies": [
            "azurerm_resource_group.example",
            "module.linuxservers.data.azurerm_resource_group.vm"
          ]
        }
      ]
    },
    {
      "module": "module.linuxservers",
      "mode": "managed",
      "type": "azurerm_network_security_rule",
      "name": "vm",
      "provider": "provider[\"registry.terraform.io/hashicorp/azurerm\"]",
      "instances": [
        {
          "index_key": 0,
          "schema_version": 0,
          "attributes": {
            "access": "Allow",
            "description": "Allow remote protocol in from all locations",
            "destination_address_prefix": "*",
            "destination_address_prefixes": null,
            "destination_application_security_group_ids": null,
            "destination_port_range": "22",
            "destination_port_ranges": null,
            "direction": "Inbound",
            "id": "/subscriptions/7409015c-1c36-4389-ab17-588c61f855ff/resourceGroups/rg-devops/providers/Microsoft.Network/networkSecurityGroups/mylinuxvm-nsg/securityRules/allow_remote_22_in_all",
            "name": "allow_remote_22_in_all",
            "network_security_group_name": "mylinuxvm-nsg",
            "priority": 101,
            "protocol": "Tcp",
            "resource_group_name": "rg-devops",
            "source_address_prefix": "",
            "source_address_prefixes": [
              "0.0.0.0/0"
            ],
            "source_application_security_group_ids": null,
            "source_port_range": "*",
            "source_port_ranges": null,
            "timeouts": null
          },
          "sensitive_attributes": [],
          "private": "eyJlMmJmYjczMC1lY2FhLTExZTYtOGY4OC0zNDM2M2JjN2M0YzAiOnsiY3JlYXRlIjoxODAwMDAwMDAwMDAwLCJkZWxldGUiOjE4MDAwMDAwMDAwMDAsInJlYWQiOjMwMDAwMDAwMDAwMCwidXBkYXRlIjoxODAwMDAwMDAwMDAwfX0=",
          "dependencies": [
            "azurerm_resource_group.example",
            "module.linuxservers.azurerm_network_security_group.vm",
            "module.linuxservers.data.azurerm_resource_group.vm"
          ]
        }
      ]
    },
    {
      "module": "module.linuxservers",
      "mode": "managed",
      "type": "azurerm_public_ip",
      "name": "vm",
      "provider": "provider[\"registry.terraform.io/hashicorp/azurerm\"]",
      "instances": [
        {
          "index_key": 0,
          "schema_version": 0,
          "attributes": {
            "allocation_method": "Dynamic",
            "ddos_protection_mode": "VirtualNetworkInherited",
            "ddos_protection_plan_id": null,
            "domain_name_label": null,
            "edge_zone": "",
            "fqdn": null,
            "id": "/subscriptions/7409015c-1c36-4389-ab17-588c61f855ff/resourceGroups/rg-devops/providers/Microsoft.Network/publicIPAddresses/mylinuxvm-pip-0",
            "idle_timeout_in_minutes": 4,
            "ip_address": "",
            "ip_tags": null,
            "ip_version": "IPv4",
            "location": "westeurope",
            "name": "mylinuxvm-pip-0",
            "public_ip_prefix_id": null,
            "resource_group_name": "rg-devops",
            "reverse_fqdn": null,
            "sku": "Basic",
            "sku_tier": "Regional",
            "tags": {
              "costcenter": "it",
              "environment": "dev"
            },
            "timeouts": null,
            "zones": null
          },
          "sensitive_attributes": [],
          "private": "eyJlMmJmYjczMC1lY2FhLTExZTYtOGY4OC0zNDM2M2JjN2M0YzAiOnsiY3JlYXRlIjoxODAwMDAwMDAwMDAwLCJkZWxldGUiOjE4MDAwMDAwMDAwMDAsInJlYWQiOjMwMDAwMDAwMDAwMCwidXBkYXRlIjoxODAwMDAwMDAwMDAwfX0=",
          "dependencies": [
            "azurerm_resource_group.example",
            "module.linuxservers.data.azurerm_resource_group.vm"
          ],
          "create_before_destroy": true
        }
      ]
    },
    {
      "module": "module.linuxservers",
      "mode": "managed",
      "type": "azurerm_storage_account",
      "name": "vm_sa",
      "provider": "provider[\"registry.terraform.io/hashicorp/azurerm\"]",
      "instances": [
        {
          "index_key": 0,
          "schema_version": 3,
          "attributes": {
            "access_tier": "Hot",
            "account_kind": "StorageV2",
            "account_replication_type": "LRS",
            "account_tier": "Standard",
            "allow_nested_items_to_be_public": true,
            "azure_files_authentication": [],
            "blob_properties": [
              {
                "change_feed_enabled": false,
                "change_feed_retention_in_days": 0,
                "container_delete_retention_policy": [],
                "cors_rule": [],
                "default_service_version": "",
                "delete_retention_policy": [],
                "last_access_time_enabled": false,
                "restore_policy": [],
                "versioning_enabled": false
              }
            ],
            "cross_tenant_replication_enabled": true,
            "custom_domain": [],
            "customer_managed_key": [],
            "default_to_oauth_authentication": false,
            "edge_zone": "",
            "enable_https_traffic_only": true,
            "id": "/subscriptions/7409015c-1c36-4389-ab17-588c61f855ff/resourceGroups/rg-devops/providers/Microsoft.Storage/storageAccounts/bootdiagee10f8c7e6ba",
            "identity": [],
            "immutability_policy": [],
            "infrastructure_encryption_enabled": false,
            "is_hns_enabled": false,
            "large_file_share_enabled": null,
            "location": "westeurope",
            "min_tls_version": "TLS1_2",
            "name": "bootdiagee10f8c7e6ba",
            "network_rules": [
              {
                "bypass": [
                  "AzureServices"
                ],
                "default_action": "Allow",
                "ip_rules": [],
                "private_link_access": [],
                "virtual_network_subnet_ids": []
              }
            ],
            "nfsv3_enabled": false,
            "primary_access_key": "qzIoFdZ+/scediYMdR+ZYhTmSJz8ZkZmT4iwkHVSrK2lLWFOH3YyYcX9ec1SJ0qKFQOUayI3IzhB+AStN3NXPg==",
            "primary_blob_connection_string": "DefaultEndpointsProtocol=https;BlobEndpoint=https://bootdiagee10f8c7e6ba.blob.core.windows.net/;AccountName=bootdiagee10f8c7e6ba;AccountKey=qzIoFdZ+/scediYMdR+ZYhTmSJz8ZkZmT4iwkHVSrK2lLWFOH3YyYcX9ec1SJ0qKFQOUayI3IzhB+AStN3NXPg==",
            "primary_blob_endpoint": "https://bootdiagee10f8c7e6ba.blob.core.windows.net/",
            "primary_blob_host": "bootdiagee10f8c7e6ba.blob.core.windows.net",
            "primary_connection_string": "DefaultEndpointsProtocol=https;AccountName=bootdiagee10f8c7e6ba;AccountKey=qzIoFdZ+/scediYMdR+ZYhTmSJz8ZkZmT4iwkHVSrK2lLWFOH3YyYcX9ec1SJ0qKFQOUayI3IzhB+AStN3NXPg==;EndpointSuffix=core.windows.net",
            "primary_dfs_endpoint": "https://bootdiagee10f8c7e6ba.dfs.core.windows.net/",
            "primary_dfs_host": "bootdiagee10f8c7e6ba.dfs.core.windows.net",
            "primary_file_endpoint": "https://bootdiagee10f8c7e6ba.file.core.windows.net/",
            "primary_file_host": "bootdiagee10f8c7e6ba.file.core.windows.net",
            "primary_location": "westeurope",
            "primary_queue_endpoint": "https://bootdiagee10f8c7e6ba.queue.core.windows.net/",
            "primary_queue_host": "bootdiagee10f8c7e6ba.queue.core.windows.net",
            "primary_table_endpoint": "https://bootdiagee10f8c7e6ba.table.core.windows.net/",
            "primary_table_host": "bootdiagee10f8c7e6ba.table.core.windows.net",
            "primary_web_endpoint": "https://bootdiagee10f8c7e6ba.z6.web.core.windows.net/",
            "primary_web_host": "bootdiagee10f8c7e6ba.z6.web.core.windows.net",
            "public_network_access_enabled": true,
            "queue_encryption_key_type": "Service",
            "queue_properties": [
              {
                "cors_rule": [],
                "hour_metrics": [
                  {
                    "enabled": true,
                    "include_apis": true,
                    "retention_policy_days": 7,
                    "version": "1.0"
                  }
                ],
                "logging": [
                  {
                    "delete": false,
                    "read": false,
                    "retention_policy_days": 0,
                    "version": "1.0",
                    "write": false
                  }
                ],
                "minute_metrics": [
                  {
                    "enabled": false,
                    "include_apis": false,
                    "retention_policy_days": 0,
                    "version": "1.0"
                  }
                ]
              }
            ],
            "resource_group_name": "rg-devops",
            "routing": [],
            "sas_policy": [],
            "secondary_access_key": "rP0GMQU0Kk/cFf8oFyIdraPFfzZMee3ZpGPm1fERg/7fbzeqhkAfWvywIB0w5oodpNGlVzfAJ4Og+ASt5g4/+w==",
            "secondary_blob_connection_string": "",
            "secondary_blob_endpoint": null,
            "secondary_blob_host": null,
            "secondary_connection_string": "DefaultEndpointsProtocol=https;AccountName=bootdiagee10f8c7e6ba;AccountKey=rP0GMQU0Kk/cFf8oFyIdraPFfzZMee3ZpGPm1fERg/7fbzeqhkAfWvywIB0w5oodpNGlVzfAJ4Og+ASt5g4/+w==;EndpointSuffix=core.windows.net",
            "secondary_dfs_endpoint": null,
            "secondary_dfs_host": null,
            "secondary_file_endpoint": null,
            "secondary_file_host": null,
            "secondary_location": "",
            "secondary_queue_endpoint": null,
            "secondary_queue_host": null,
            "secondary_table_endpoint": null,
            "secondary_table_host": null,
            "secondary_web_endpoint": null,
            "secondary_web_host": null,
            "sftp_enabled": false,
            "share_properties": [
              {
                "cors_rule": [],
                "retention_policy": [
                  {
                    "days": 7
                  }
                ],
                "smb": []
              }
            ],
            "shared_access_key_enabled": true,
            "static_website": [],
            "table_encryption_key_type": "Service",
            "tags": {
              "costcenter": "it",
              "environment": "dev"
            },
            "timeouts": null
          },
          "sensitive_attributes": [],
          "private": "eyJlMmJmYjczMC1lY2FhLTExZTYtOGY4OC0zNDM2M2JjN2M0YzAiOnsiY3JlYXRlIjozNjAwMDAwMDAwMDAwLCJkZWxldGUiOjM2MDAwMDAwMDAwMDAsInJlYWQiOjMwMDAwMDAwMDAwMCwidXBkYXRlIjozNjAwMDAwMDAwMDAwfSwic2NoZW1hX3ZlcnNpb24iOiIzIn0=",
          "dependencies": [
            "azurerm_resource_group.example",
            "module.linuxservers.data.azurerm_resource_group.vm",
            "module.linuxservers.random_id.vm_sa"
          ]
        }
      ]
    },
    {
      "module": "module.linuxservers",
      "mode": "managed",
      "type": "azurerm_virtual_machine",
      "name": "vm_linux",
      "provider": "provider[\"registry.terraform.io/hashicorp/azurerm\"]",
      "instances": [
        {
          "index_key": 0,
          "schema_version": 0,
          "attributes": {
            "additional_capabilities": [],
            "availability_set_id": "/subscriptions/7409015c-1c36-4389-ab17-588c61f855ff/resourcegroups/rg-devops/providers/microsoft.compute/availabilitysets/mylinuxvm-avset",
            "boot_diagnostics": [
              {
                "enabled": true,
                "storage_uri": "https://bootdiagee10f8c7e6ba.blob.core.windows.net/"
              }
            ],
            "delete_data_disks_on_termination": true,
            "delete_os_disk_on_termination": true,
            "id": "/subscriptions/7409015c-1c36-4389-ab17-588c61f855ff/resourceGroups/rg-devops/providers/Microsoft.Compute/virtualMachines/mylinuxvm-vmLinux-0",
            "identity": [],
            "license_type": null,
            "location": "westeurope",
            "name": "mylinuxvm-vmLinux-0",
            "network_interface_ids": [
              "/subscriptions/7409015c-1c36-4389-ab17-588c61f855ff/resourceGroups/rg-devops/providers/Microsoft.Network/networkInterfaces/mylinuxvm-nic-0"
            ],
            "os_profile": [
              {
                "admin_password": "",
                "admin_username": "vmathpal",
                "computer_name": "mylinuxvm-0",
                "custom_data": "eb1715978bc53d7bc9158a09e2b4aa0e1d0933f7"
              }
            ],
            "os_profile_linux_config": [
              {
                "disable_password_authentication": true,
                "ssh_keys": [
                  {
                    "key_data": "ssh-rsa AAAAB3NzaC1yc2EAAAADAQABAAABgQDDBH9EJA8Gzm0rbOASpP5LoB/GwU5RxDbc+sRFmkUViVvUTb37hX/6YPJPCPKAwP7cPeKBw6V2ZrdoqFPYYZ+U9znaUe7FGQkhJfR347jKs7k83rZhZd5+rWvMsXnGX5hkU2EEwfPnGWCKVCZkOPFnI0O2BCtve/CwWmxfOtisWyX9MGX3aIsRQ0aWSPQcPpS55Y4cB/qpr0CADF8LUti7Z5Sr8/VCgYD6zwPKf8XPkSgqEACP5ruTTRyVrIst9T3uELO1+8F9w0QnoN175sGOmblTAfqvQeRr7GTh5tqEet9YmDM14eGbe/zR2EhqLBchypwi/MGBzhIF9+2o/2IKX5FzthaTkHt6w/Bn4RInClMXCdhHYTmAuQzTju/7Ww6TjnkCk1VucgtyBlgiba/1R4XUzPbsC3Rxn9Lc4moCLzSc0BNg5h7iT2bH9esn1fjRSTD+KACSSZmaUuG2u/jAPjLcvhsU3K5g+fbwM/HrDWNntdboaY/nZ5a2zg/lQ4M= vmathpal@AIPL7889LT16443.local\n",
                    "path": "/home/vmathpal/.ssh/authorized_keys"
                  }
                ]
              }
            ],
            "os_profile_secrets": [],
            "os_profile_windows_config": [],
            "plan": [],
            "primary_network_interface_id": null,
            "proximity_placement_group_id": null,
            "resource_group_name": "rg-devops",
            "storage_data_disk": [
              {
                "caching": "None",
                "create_option": "Empty",
                "disk_size_gb": 16,
                "lun": 0,
                "managed_disk_id": "/subscriptions/7409015c-1c36-4389-ab17-588c61f855ff/resourceGroups/rg-devops/providers/Microsoft.Compute/disks/mylinuxvm-datadisk-0-0",
                "managed_disk_type": "Premium_LRS",
                "name": "mylinuxvm-datadisk-0-0",
                "vhd_uri": "",
                "write_accelerator_enabled": false
              }
            ],
            "storage_image_reference": [
              {
                "id": "",
                "offer": "CentOS-CI",
                "publisher": "OpenLogic",
                "sku": "7-CI",
                "version": "latest"
              }
            ],
            "storage_os_disk": [
              {
                "caching": "ReadWrite",
                "create_option": "FromImage",
                "disk_size_gb": 30,
                "image_uri": "",
                "managed_disk_id": "/subscriptions/7409015c-1c36-4389-ab17-588c61f855ff/resourceGroups/rg-devops/providers/Microsoft.Compute/disks/osdisk-mylinuxvm-0",
                "managed_disk_type": "Premium_LRS",
                "name": "osdisk-mylinuxvm-0",
                "os_type": "Linux",
                "vhd_uri": "",
                "write_accelerator_enabled": false
              }
            ],
            "tags": {
              "costcenter": "it",
              "environment": "dev"
            },
            "timeouts": null,
            "vm_size": "Standard_D2s_v3",
            "zones": null
          },
          "sensitive_attributes": [],
          "private": "eyJlMmJmYjczMC1lY2FhLTExZTYtOGY4OC0zNDM2M2JjN2M0YzAiOnsiY3JlYXRlIjozNjAwMDAwMDAwMDAwLCJkZWxldGUiOjM2MDAwMDAwMDAwMDAsInJlYWQiOjMwMDAwMDAwMDAwMCwidXBkYXRlIjozNjAwMDAwMDAwMDAwfX0=",
          "dependencies": [
            "azurerm_resource_group.example",
            "module.linuxservers.azurerm_availability_set.vm",
            "module.linuxservers.azurerm_network_interface.vm",
            "module.linuxservers.azurerm_public_ip.vm",
            "module.linuxservers.azurerm_storage_account.vm_sa",
            "module.linuxservers.data.azurerm_resource_group.vm",
            "module.linuxservers.random_id.vm_sa",
            "module.vnet.azurerm_subnet.subnet_count",
            "module.vnet.azurerm_subnet.subnet_for_each",
            "module.vnet.azurerm_virtual_network.vnet"
          ]
        }
      ]
    },
    {
      "module": "module.linuxservers",
      "mode": "managed",
      "type": "random_id",
      "name": "vm_sa",
      "provider": "provider[\"registry.terraform.io/hashicorp/random\"]",
      "instances": [
        {
          "schema_version": 0,
          "attributes": {
            "b64_std": "7hD4x+a6",
            "b64_url": "7hD4x-a6",
            "byte_length": 6,
            "dec": "261756660737722",
            "hex": "ee10f8c7e6ba",
            "id": "7hD4x-a6",
            "keepers": {
              "vm_hostname": "mylinuxvm"
            },
            "prefix": null
          },
          "sensitive_attributes": [],
          "dependencies": [
            "azurerm_resource_group.example"
          ]
        }
      ]
    },
    {
      "module": "module.vmscaleset",
      "mode": "data",
      "type": "azurerm_resource_group",
      "name": "rg",
      "provider": "provider[\"registry.terraform.io/hashicorp/azurerm\"]",
      "instances": [
        {
          "schema_version": 0,
          "attributes": {
            "id": "/subscriptions/7409015c-1c36-4389-ab17-588c61f855ff/resourceGroups/rg-shared-westeurope-01",
            "location": "westeurope",
            "name": "rg-shared-westeurope-01",
            "tags": {},
            "timeouts": null
          },
          "sensitive_attributes": []
        }
      ]
    },
    {
      "module": "module.vmscaleset",
      "mode": "data",
      "type": "azurerm_subnet",
      "name": "snet",
      "provider": "provider[\"registry.terraform.io/hashicorp/azurerm\"]",
      "instances": [
        {
          "schema_version": 0,
          "attributes": {
            "address_prefix": "10.0.1.0/24",
            "address_prefixes": [
              "10.0.1.0/24"
            ],
            "enforce_private_link_endpoint_network_policies": false,
            "enforce_private_link_service_network_policies": false,
            "id": "/subscriptions/7409015c-1c36-4389-ab17-588c61f855ff/resourceGroups/rg-shared-westeurope-01/providers/Microsoft.Network/virtualNetworks/vnet-shared-hub-westeurope-001/subnets/snet-management",
            "name": "snet-management",
            "network_security_group_id": "",
            "private_endpoint_network_policies_enabled": true,
            "private_link_service_network_policies_enabled": true,
            "resource_group_name": "rg-shared-westeurope-01",
            "route_table_id": "",
            "service_endpoints": [],
            "timeouts": null,
            "virtual_network_name": "vnet-shared-hub-westeurope-001"
          },
          "sensitive_attributes": []
        }
      ]
    },
    {
      "module": "module.vmscaleset",
      "mode": "data",
      "type": "azurerm_virtual_network",
      "name": "vnet",
      "provider": "provider[\"registry.terraform.io/hashicorp/azurerm\"]",
      "instances": [
        {
          "schema_version": 0,
          "attributes": {
            "address_space": [
              "10.0.0.0/16"
            ],
            "dns_servers": [],
            "guid": "3fc4b2aa-5520-478e-91d1-57305b2043d2",
            "id": "/subscriptions/7409015c-1c36-4389-ab17-588c61f855ff/resourceGroups/rg-shared-westeurope-01/providers/Microsoft.Network/virtualNetworks/vnet-shared-hub-westeurope-001",
            "location": "westeurope",
            "name": "vnet-shared-hub-westeurope-001",
            "resource_group_name": "rg-shared-westeurope-01",
            "subnets": [
              "snet-management"
            ],
            "tags": {
              "ENV": "test"
            },
            "timeouts": null,
            "vnet_peerings": {},
            "vnet_peerings_addresses": []
          },
          "sensitive_attributes": []
        }
      ]
    },
    {
      "module": "module.vmscaleset",
      "mode": "managed",
      "type": "azurerm_lb",
      "name": "vmsslb",
      "provider": "provider[\"registry.terraform.io/hashicorp/azurerm\"]",
      "instances": [
        {
          "index_key": 0,
          "schema_version": 0,
          "attributes": {
            "edge_zone": "",
            "frontend_ip_configuration": [
              {
                "gateway_load_balancer_frontend_ip_configuration_id": "",
                "id": "/subscriptions/7409015c-1c36-4389-ab17-588c61f855ff/resourceGroups/rg-shared-westeurope-01/providers/Microsoft.Network/loadBalancers/lbext-testvmss-westeurope/frontendIPConfigurations/lbext-frontend-testvmss",
                "inbound_nat_rules": [],
                "load_balancer_rules": [],
                "name": "lbext-frontend-testvmss",
                "outbound_rules": [],
                "private_ip_address": "",
                "private_ip_address_allocation": "Dynamic",
                "private_ip_address_version": "",
                "public_ip_address_id": "/subscriptions/7409015c-1c36-4389-ab17-588c61f855ff/resourceGroups/rg-shared-westeurope-01/providers/Microsoft.Network/publicIPAddresses/pip-vm-testvmss-westeurope-01",
                "public_ip_prefix_id": "",
                "subnet_id": "",
                "zones": null
              }
            ],
            "id": "/subscriptions/7409015c-1c36-4389-ab17-588c61f855ff/resourceGroups/rg-shared-westeurope-01/providers/Microsoft.Network/loadBalancers/lbext-testvmss-westeurope",
            "location": "westeurope",
            "name": "lbext-testvmss-westeurope",
            "private_ip_address": "",
            "private_ip_addresses": [],
            "resource_group_name": "rg-shared-westeurope-01",
            "sku": "Standard",
            "sku_tier": "Regional",
            "tags": {
              "BusinessUnit": "CORP",
              "Env": "dev",
              "Owner": "user@example.com",
              "ProjectName": "demo-project",
              "ServiceClass": "Gold",
              "resourcename": "lbext-testvmss-westeurope"
            },
            "timeouts": null
          },
          "sensitive_attributes": [],
          "private": "eyJlMmJmYjczMC1lY2FhLTExZTYtOGY4OC0zNDM2M2JjN2M0YzAiOnsiY3JlYXRlIjoxODAwMDAwMDAwMDAwLCJkZWxldGUiOjE4MDAwMDAwMDAwMDAsInJlYWQiOjMwMDAwMDAwMDAwMCwidXBkYXRlIjoxODAwMDAwMDAwMDAwfX0=",
          "dependencies": [
            "azurerm_resource_group.example",
            "module.linuxservers.azurerm_availability_set.vm",
            "module.linuxservers.azurerm_network_interface.vm",
            "module.linuxservers.azurerm_network_interface_security_group_association.test",
            "module.linuxservers.azurerm_network_security_group.vm",
            "module.linuxservers.azurerm_network_security_rule.vm",
            "module.linuxservers.azurerm_public_ip.vm",
            "module.linuxservers.azurerm_storage_account.vm_sa",
            "module.linuxservers.azurerm_virtual_machine.vm_linux",
            "module.linuxservers.azurerm_virtual_machine.vm_windows",
            "module.linuxservers.azurerm_virtual_machine_extension.extension",
            "module.linuxservers.data.azurerm_public_ip.vm",
            "module.linuxservers.data.azurerm_resource_group.vm",
            "module.linuxservers.random_id.vm_sa",
            "module.vmscaleset.azurerm_public_ip.pip",
            "module.vmscaleset.data.azurerm_resource_group.rg",
            "module.vmscaleset.data.azurerm_subnet.snet",
            "module.vmscaleset.data.azurerm_virtual_network.vnet",
            "module.vnet.azurerm_subnet.subnet_count",
            "module.vnet.azurerm_subnet.subnet_for_each",
            "module.vnet.azurerm_subnet_network_security_group_association.vnet",
            "module.vnet.azurerm_subnet_route_table_association.vnet",
            "module.vnet.azurerm_virtual_network.vnet"
          ]
        }
      ]
    },
    {
      "module": "module.vmscaleset",
      "mode": "managed",
      "type": "azurerm_lb_backend_address_pool",
      "name": "bepool",
      "provider": "provider[\"registry.terraform.io/hashicorp/azurerm\"]",
      "instances": [
        {
          "index_key": 0,
          "schema_version": 0,
          "attributes": {
            "backend_ip_configurations": [],
            "id": "/subscriptions/7409015c-1c36-4389-ab17-588c61f855ff/resourceGroups/rg-shared-westeurope-01/providers/Microsoft.Network/loadBalancers/lbext-testvmss-westeurope/backendAddressPools/lbe-backend-pool-testvmss",
            "inbound_nat_rules": [],
            "load_balancing_rules": [],
            "loadbalancer_id": "/subscriptions/7409015c-1c36-4389-ab17-588c61f855ff/resourceGroups/rg-shared-westeurope-01/providers/Microsoft.Network/loadBalancers/lbext-testvmss-westeurope",
            "name": "lbe-backend-pool-testvmss",
            "outbound_rules": [],
            "timeouts": null,
            "tunnel_interface": []
          },
          "sensitive_attributes": [],
          "private": "eyJlMmJmYjczMC1lY2FhLTExZTYtOGY4OC0zNDM2M2JjN2M0YzAiOnsiY3JlYXRlIjoxODAwMDAwMDAwMDAwLCJkZWxldGUiOjE4MDAwMDAwMDAwMDAsInJlYWQiOjMwMDAwMDAwMDAwMCwidXBkYXRlIjoxODAwMDAwMDAwMDAwfX0=",
          "dependencies": [
            "azurerm_resource_group.example",
            "module.linuxservers.azurerm_availability_set.vm",
            "module.linuxservers.azurerm_network_interface.vm",
            "module.linuxservers.azurerm_network_interface_security_group_association.test",
            "module.linuxservers.azurerm_network_security_group.vm",
            "module.linuxservers.azurerm_network_security_rule.vm",
            "module.linuxservers.azurerm_public_ip.vm",
            "module.linuxservers.azurerm_storage_account.vm_sa",
            "module.linuxservers.azurerm_virtual_machine.vm_linux",
            "module.linuxservers.azurerm_virtual_machine.vm_windows",
            "module.linuxservers.azurerm_virtual_machine_extension.extension",
            "module.linuxservers.data.azurerm_public_ip.vm",
            "module.linuxservers.data.azurerm_resource_group.vm",
            "module.linuxservers.random_id.vm_sa",
            "module.vmscaleset.azurerm_lb.vmsslb",
            "module.vmscaleset.azurerm_public_ip.pip",
            "module.vmscaleset.data.azurerm_resource_group.rg",
            "module.vmscaleset.data.azurerm_subnet.snet",
            "module.vmscaleset.data.azurerm_virtual_network.vnet",
            "module.vnet.azurerm_subnet.subnet_count",
            "module.vnet.azurerm_subnet.subnet_for_each",
            "module.vnet.azurerm_subnet_network_security_group_association.vnet",
            "module.vnet.azurerm_subnet_route_table_association.vnet",
            "module.vnet.azurerm_virtual_network.vnet"
          ]
        }
      ]
    },
    {
      "module": "module.vmscaleset",
      "mode": "managed",
      "type": "azurerm_lb_probe",
      "name": "lbp",
      "provider": "provider[\"registry.terraform.io/hashicorp/azurerm\"]",
      "instances": [
        {
          "index_key": 0,
          "schema_version": 0,
          "attributes": {
            "id": "/subscriptions/7409015c-1c36-4389-ab17-588c61f855ff/resourceGroups/rg-shared-westeurope-01/providers/Microsoft.Network/loadBalancers/lbext-testvmss-westeurope/probes/lb-probe-port-80-testvmss",
            "interval_in_seconds": 15,
            "load_balancer_rules": [],
            "loadbalancer_id": "/subscriptions/7409015c-1c36-4389-ab17-588c61f855ff/resourceGroups/rg-shared-westeurope-01/providers/Microsoft.Network/loadBalancers/lbext-testvmss-westeurope",
            "name": "lb-probe-port-80-testvmss",
            "number_of_probes": 2,
            "port": 80,
            "probe_threshold": 1,
            "protocol": "Tcp",
            "request_path": "",
            "timeouts": null
          },
          "sensitive_attributes": [],
          "private": "eyJlMmJmYjczMC1lY2FhLTExZTYtOGY4OC0zNDM2M2JjN2M0YzAiOnsiY3JlYXRlIjoxODAwMDAwMDAwMDAwLCJkZWxldGUiOjE4MDAwMDAwMDAwMDAsInJlYWQiOjMwMDAwMDAwMDAwMCwidXBkYXRlIjoxODAwMDAwMDAwMDAwfX0=",
          "dependencies": [
            "azurerm_resource_group.example",
            "module.linuxservers.azurerm_availability_set.vm",
            "module.linuxservers.azurerm_network_interface.vm",
            "module.linuxservers.azurerm_network_interface_security_group_association.test",
            "module.linuxservers.azurerm_network_security_group.vm",
            "module.linuxservers.azurerm_network_security_rule.vm",
            "module.linuxservers.azurerm_public_ip.vm",
            "module.linuxservers.azurerm_storage_account.vm_sa",
            "module.linuxservers.azurerm_virtual_machine.vm_linux",
            "module.linuxservers.azurerm_virtual_machine.vm_windows",
            "module.linuxservers.azurerm_virtual_machine_extension.extension",
            "module.linuxservers.data.azurerm_public_ip.vm",
            "module.linuxservers.data.azurerm_resource_group.vm",
            "module.linuxservers.random_id.vm_sa",
            "module.vmscaleset.azurerm_lb.vmsslb",
            "module.vmscaleset.azurerm_public_ip.pip",
            "module.vmscaleset.data.azurerm_resource_group.rg",
            "module.vmscaleset.data.azurerm_subnet.snet",
            "module.vmscaleset.data.azurerm_virtual_network.vnet",
            "module.vnet.azurerm_subnet.subnet_count",
            "module.vnet.azurerm_subnet.subnet_for_each",
            "module.vnet.azurerm_subnet_network_security_group_association.vnet",
            "module.vnet.azurerm_subnet_route_table_association.vnet",
            "module.vnet.azurerm_virtual_network.vnet"
          ]
        }
      ]
    },
    {
      "module": "module.vmscaleset",
      "mode": "managed",
      "type": "azurerm_lb_rule",
      "name": "lbrule",
      "provider": "provider[\"registry.terraform.io/hashicorp/azurerm\"]",
      "instances": [
        {
          "index_key": 0,
          "schema_version": 0,
          "attributes": {
            "backend_address_pool_ids": [
              "/subscriptions/7409015c-1c36-4389-ab17-588c61f855ff/resourceGroups/rg-shared-westeurope-01/providers/Microsoft.Network/loadBalancers/lbext-testvmss-westeurope/backendAddressPools/lbe-backend-pool-testvmss"
            ],
            "backend_port": 80,
            "disable_outbound_snat": false,
            "enable_floating_ip": false,
            "enable_tcp_reset": false,
            "frontend_ip_configuration_id": "/subscriptions/7409015c-1c36-4389-ab17-588c61f855ff/resourceGroups/rg-shared-westeurope-01/providers/Microsoft.Network/loadBalancers/lbext-testvmss-westeurope/frontendIPConfigurations/lbext-frontend-testvmss",
            "frontend_ip_configuration_name": "lbext-frontend-testvmss",
            "frontend_port": 80,
            "id": "/subscriptions/7409015c-1c36-4389-ab17-588c61f855ff/resourceGroups/rg-shared-westeurope-01/providers/Microsoft.Network/loadBalancers/lbext-testvmss-westeurope/loadBalancingRules/testvmss-01-rule",
            "idle_timeout_in_minutes": 4,
            "load_distribution": "Default",
            "loadbalancer_id": "/subscriptions/7409015c-1c36-4389-ab17-588c61f855ff/resourceGroups/rg-shared-westeurope-01/providers/Microsoft.Network/loadBalancers/lbext-testvmss-westeurope",
            "name": "testvmss-01-rule",
            "probe_id": "/subscriptions/7409015c-1c36-4389-ab17-588c61f855ff/resourceGroups/rg-shared-westeurope-01/providers/Microsoft.Network/loadBalancers/lbext-testvmss-westeurope/probes/lb-probe-port-80-testvmss",
            "protocol": "Tcp",
            "timeouts": null
          },
          "sensitive_attributes": [],
          "private": "eyJlMmJmYjczMC1lY2FhLTExZTYtOGY4OC0zNDM2M2JjN2M0YzAiOnsiY3JlYXRlIjoxODAwMDAwMDAwMDAwLCJkZWxldGUiOjE4MDAwMDAwMDAwMDAsInJlYWQiOjMwMDAwMDAwMDAwMCwidXBkYXRlIjoxODAwMDAwMDAwMDAwfX0=",
          "dependencies": [
            "azurerm_resource_group.example",
            "module.linuxservers.azurerm_availability_set.vm",
            "module.linuxservers.azurerm_network_interface.vm",
            "module.linuxservers.azurerm_network_interface_security_group_association.test",
            "module.linuxservers.azurerm_network_security_group.vm",
            "module.linuxservers.azurerm_network_security_rule.vm",
            "module.linuxservers.azurerm_public_ip.vm",
            "module.linuxservers.azurerm_storage_account.vm_sa",
            "module.linuxservers.azurerm_virtual_machine.vm_linux",
            "module.linuxservers.azurerm_virtual_machine.vm_windows",
            "module.linuxservers.azurerm_virtual_machine_extension.extension",
            "module.linuxservers.data.azurerm_public_ip.vm",
            "module.linuxservers.data.azurerm_resource_group.vm",
            "module.linuxservers.random_id.vm_sa",
            "module.vmscaleset.azurerm_lb.vmsslb",
            "module.vmscaleset.azurerm_lb_backend_address_pool.bepool",
            "module.vmscaleset.azurerm_lb_probe.lbp",
            "module.vmscaleset.azurerm_public_ip.pip",
            "module.vmscaleset.data.azurerm_resource_group.rg",
            "module.vmscaleset.data.azurerm_subnet.snet",
            "module.vmscaleset.data.azurerm_virtual_network.vnet",
            "module.vnet.azurerm_subnet.subnet_count",
            "module.vnet.azurerm_subnet.subnet_for_each",
            "module.vnet.azurerm_subnet_network_security_group_association.vnet",
            "module.vnet.azurerm_subnet_route_table_association.vnet",
            "module.vnet.azurerm_virtual_network.vnet"
          ]
        },
        {
          "index_key": 1,
          "schema_version": 0,
          "attributes": {
            "backend_address_pool_ids": [
              "/subscriptions/7409015c-1c36-4389-ab17-588c61f855ff/resourceGroups/rg-shared-westeurope-01/providers/Microsoft.Network/loadBalancers/lbext-testvmss-westeurope/backendAddressPools/lbe-backend-pool-testvmss"
            ],
            "backend_port": 443,
            "disable_outbound_snat": false,
            "enable_floating_ip": false,
            "enable_tcp_reset": false,
            "frontend_ip_configuration_id": "/subscriptions/7409015c-1c36-4389-ab17-588c61f855ff/resourceGroups/rg-shared-westeurope-01/providers/Microsoft.Network/loadBalancers/lbext-testvmss-westeurope/frontendIPConfigurations/lbext-frontend-testvmss",
            "frontend_ip_configuration_name": "lbext-frontend-testvmss",
            "frontend_port": 443,
            "id": "/subscriptions/7409015c-1c36-4389-ab17-588c61f855ff/resourceGroups/rg-shared-westeurope-01/providers/Microsoft.Network/loadBalancers/lbext-testvmss-westeurope/loadBalancingRules/testvmss-02-rule",
            "idle_timeout_in_minutes": 4,
            "load_distribution": "Default",
            "loadbalancer_id": "/subscriptions/7409015c-1c36-4389-ab17-588c61f855ff/resourceGroups/rg-shared-westeurope-01/providers/Microsoft.Network/loadBalancers/lbext-testvmss-westeurope",
            "name": "testvmss-02-rule",
            "probe_id": "/subscriptions/7409015c-1c36-4389-ab17-588c61f855ff/resourceGroups/rg-shared-westeurope-01/providers/Microsoft.Network/loadBalancers/lbext-testvmss-westeurope/probes/lb-probe-port-80-testvmss",
            "protocol": "Tcp",
            "timeouts": null
          },
          "sensitive_attributes": [],
          "private": "eyJlMmJmYjczMC1lY2FhLTExZTYtOGY4OC0zNDM2M2JjN2M0YzAiOnsiY3JlYXRlIjoxODAwMDAwMDAwMDAwLCJkZWxldGUiOjE4MDAwMDAwMDAwMDAsInJlYWQiOjMwMDAwMDAwMDAwMCwidXBkYXRlIjoxODAwMDAwMDAwMDAwfX0=",
          "dependencies": [
            "azurerm_resource_group.example",
            "module.linuxservers.azurerm_availability_set.vm",
            "module.linuxservers.azurerm_network_interface.vm",
            "module.linuxservers.azurerm_network_interface_security_group_association.test",
            "module.linuxservers.azurerm_network_security_group.vm",
            "module.linuxservers.azurerm_network_security_rule.vm",
            "module.linuxservers.azurerm_public_ip.vm",
            "module.linuxservers.azurerm_storage_account.vm_sa",
            "module.linuxservers.azurerm_virtual_machine.vm_linux",
            "module.linuxservers.azurerm_virtual_machine.vm_windows",
            "module.linuxservers.azurerm_virtual_machine_extension.extension",
            "module.linuxservers.data.azurerm_public_ip.vm",
            "module.linuxservers.data.azurerm_resource_group.vm",
            "module.linuxservers.random_id.vm_sa",
            "module.vmscaleset.azurerm_lb.vmsslb",
            "module.vmscaleset.azurerm_lb_backend_address_pool.bepool",
            "module.vmscaleset.azurerm_lb_probe.lbp",
            "module.vmscaleset.azurerm_public_ip.pip",
            "module.vmscaleset.data.azurerm_resource_group.rg",
            "module.vmscaleset.data.azurerm_subnet.snet",
            "module.vmscaleset.data.azurerm_virtual_network.vnet",
            "module.vnet.azurerm_subnet.subnet_count",
            "module.vnet.azurerm_subnet.subnet_for_each",
            "module.vnet.azurerm_subnet_network_security_group_association.vnet",
            "module.vnet.azurerm_subnet_route_table_association.vnet",
            "module.vnet.azurerm_virtual_network.vnet"
          ]
        }
      ]
    },
    {
      "module": "module.vmscaleset",
      "mode": "managed",
      "type": "azurerm_linux_virtual_machine_scale_set",
      "name": "linux_vmss",
      "provider": "provider[\"registry.terraform.io/hashicorp/azurerm\"]",
      "instances": [
        {
          "index_key": 0,
          "schema_version": 0,
          "attributes": {
            "additional_capabilities": [],
            "admin_password": null,
            "admin_ssh_key": [
              {
                "public_key": "ssh-rsa AAAAB3NzaC1yc2EAAAADAQABAAABgQDDBH9EJA8Gzm0rbOASpP5LoB/GwU5RxDbc+sRFmkUViVvUTb37hX/6YPJPCPKAwP7cPeKBw6V2ZrdoqFPYYZ+U9znaUe7FGQkhJfR347jKs7k83rZhZd5+rWvMsXnGX5hkU2EEwfPnGWCKVCZkOPFnI0O2BCtve/CwWmxfOtisWyX9MGX3aIsRQ0aWSPQcPpS55Y4cB/qpr0CADF8LUti7Z5Sr8/VCgYD6zwPKf8XPkSgqEACP5ruTTRyVrIst9T3uELO1+8F9w0QnoN175sGOmblTAfqvQeRr7GTh5tqEet9YmDM14eGbe/zR2EhqLBchypwi/MGBzhIF9+2o/2IKX5FzthaTkHt6w/Bn4RInClMXCdhHYTmAuQzTju/7Ww6TjnkCk1VucgtyBlgiba/1R4XUzPbsC3Rxn9Lc4moCLzSc0BNg5h7iT2bH9esn1fjRSTD+KACSSZmaUuG2u/jAPjLcvhsU3K5g+fbwM/HrDWNntdboaY/nZ5a2zg/lQ4M= vmathpal@AIPL7889LT16443.local\n",
                "username": "vmathpal"
              }
            ],
            "admin_username": "vmathpal",
            "automatic_instance_repair": [
              {
                "enabled": true,
                "grace_period": "PT30M"
              }
            ],
            "automatic_os_upgrade_policy": [
              {
                "disable_automatic_rollback": true,
                "enable_automatic_os_upgrade": true
              }
            ],
            "boot_diagnostics": [
              {
                "storage_account_uri": ""
              }
            ],
            "capacity_reservation_group_id": "",
            "computer_name_prefix": "testvmss1",
            "custom_data": null,
            "data_disk": [
              {
                "caching": "ReadWrite",
                "create_option": "Empty",
                "disk_encryption_set_id": "",
                "disk_size_gb": 100,
                "lun": 0,
                "name": "",
                "storage_account_type": "Standard_LRS",
                "ultra_ssd_disk_iops_read_write": 0,
                "ultra_ssd_disk_mbps_read_write": 0,
                "write_accelerator_enabled": false
              },
              {
                "caching": "ReadWrite",
                "create_option": "Empty",
                "disk_encryption_set_id": "",
                "disk_size_gb": 200,
                "lun": 1,
                "name": "",
                "storage_account_type": "Standard_LRS",
                "ultra_ssd_disk_iops_read_write": 0,
                "ultra_ssd_disk_mbps_read_write": 0,
                "write_accelerator_enabled": false
              }
            ],
            "disable_password_authentication": true,
            "do_not_run_extensions_on_overprovisioned_machines": false,
            "edge_zone": "",
            "encryption_at_host_enabled": false,
            "eviction_policy": "",
            "extension": [],
            "extension_operations_enabled": true,
            "extensions_time_budget": "PT1H30M",
            "gallery_application": null,
            "gallery_applications": null,
            "health_probe_id": "/subscriptions/7409015c-1c36-4389-ab17-588c61f855ff/resourceGroups/rg-shared-westeurope-01/providers/Microsoft.Network/loadBalancers/lbext-testvmss-westeurope/probes/lb-probe-port-80-testvmss",
            "host_group_id": null,
            "id": "/subscriptions/7409015c-1c36-4389-ab17-588c61f855ff/resourceGroups/rg-shared-westeurope-01/providers/Microsoft.Compute/virtualMachineScaleSets/vmtestvmss1",
            "identity": [],
            "instances": 2,
            "location": "westeurope",
            "max_bid_price": -1,
            "name": "vmtestvmss1",
            "network_interface": [
              {
                "dns_servers": [],
                "enable_accelerated_networking": false,
                "enable_ip_forwarding": false,
                "ip_configuration": [
                  {
                    "application_gateway_backend_address_pool_ids": null,
                    "application_security_group_ids": null,
                    "load_balancer_backend_address_pool_ids": [
                      "/subscriptions/7409015c-1c36-4389-ab17-588c61f855ff/resourceGroups/rg-shared-westeurope-01/providers/Microsoft.Network/loadBalancers/lbext-testvmss-westeurope/backendAddressPools/lbe-backend-pool-testvmss"
                    ],
                    "load_balancer_inbound_nat_rules_ids": null,
                    "name": "ipconig-vmtestvmss1",
                    "primary": true,
                    "public_ip_address": [
                      {
                        "domain_name_label": "",
                        "idle_timeout_in_minutes": 4,
                        "ip_tag": [],
                        "name": "pip-vmtestvmss01",
                        "public_ip_prefix_id": "",
                        "version": "IPv4"
                      }
                    ],
                    "subnet_id": "/subscriptions/7409015c-1c36-4389-ab17-588c61f855ff/resourceGroups/rg-shared-westeurope-01/providers/Microsoft.Network/virtualNetworks/vnet-shared-hub-westeurope-001/subnets/snet-management",
                    "version": "IPv4"
                  }
                ],
                "name": "nic-vmtestvmss1",
                "network_security_group_id": "/subscriptions/7409015c-1c36-4389-ab17-588c61f855ff/resourceGroups/rg-shared-westeurope-01/providers/Microsoft.Network/networkSecurityGroups/nsg_testvmss_westeurope_in",
                "primary": true
              }
            ],
            "os_disk": [
              {
                "caching": "ReadWrite",
                "diff_disk_settings": [],
                "disk_encryption_set_id": "",
                "disk_size_gb": 30,
                "secure_vm_disk_encryption_set_id": "",
                "security_encryption_type": "",
                "storage_account_type": "StandardSSD_LRS",
                "write_accelerator_enabled": false
              }
            ],
            "overprovision": false,
            "plan": [],
            "platform_fault_domain_count": 0,
            "priority": "Regular",
            "provision_vm_agent": true,
            "proximity_placement_group_id": "/subscriptions/7409015c-1c36-4389-ab17-588c61f855ff/resourceGroups/RG-SHARED-WESTEUROPE-01/providers/Microsoft.Compute/proximityPlacementGroups/proxigrp-testvmss-westeurope",
            "resource_group_name": "rg-shared-westeurope-01",
            "rolling_upgrade_policy": [
              {
                "cross_zone_upgrades_enabled": false,
                "max_batch_instance_percent": 20,
                "max_unhealthy_instance_percent": 20,
                "max_unhealthy_upgraded_instance_percent": 20,
                "pause_time_between_batches": "PT0S",
                "prioritize_unhealthy_instances_enabled": false
              }
            ],
            "scale_in": [
              {
                "force_deletion_enabled": false,
                "rule": "Default"
              }
            ],
            "scale_in_policy": "Default",
            "secret": [],
            "secure_boot_enabled": false,
            "single_placement_group": true,
            "sku": "Standard_A2_v2",
            "source_image_id": "",
            "source_image_reference": [
              {
                "offer": "UbuntuServer",
                "publisher": "Canonical",
                "sku": "18.04-LTS",
                "version": "latest"
              }
            ],
            "spot_restore": null,
            "tags": {
              "BusinessUnit": "CORP",
              "Env": "dev",
              "Owner": "user@example.com",
              "ProjectName": "demo-project",
              "ServiceClass": "Gold",
              "resourcename": "vmtestvmss1"
            },
            "terminate_notification": null,
            "termination_notification": null,
            "timeouts": null,
            "unique_id": "f381b365-f467-4504-bce8-270a5f782b7c",
            "upgrade_mode": "Automatic",
            "user_data": "",
            "vtpm_enabled": false,
            "zone_balance": false,
            "zones": null
          },
          "sensitive_attributes": [],
          "private": "eyJlMmJmYjczMC1lY2FhLTExZTYtOGY4OC0zNDM2M2JjN2M0YzAiOnsiY3JlYXRlIjozNjAwMDAwMDAwMDAwLCJkZWxldGUiOjM2MDAwMDAwMDAwMDAsInJlYWQiOjMwMDAwMDAwMDAwMCwidXBkYXRlIjozNjAwMDAwMDAwMDAwfX0=",
          "dependencies": [
            "azurerm_resource_group.example",
            "module.linuxservers.azurerm_availability_set.vm",
            "module.linuxservers.azurerm_network_interface.vm",
            "module.linuxservers.azurerm_network_interface_security_group_association.test",
            "module.linuxservers.azurerm_network_security_group.vm",
            "module.linuxservers.azurerm_network_security_rule.vm",
            "module.linuxservers.azurerm_public_ip.vm",
            "module.linuxservers.azurerm_storage_account.vm_sa",
            "module.linuxservers.azurerm_virtual_machine.vm_linux",
            "module.linuxservers.azurerm_virtual_machine.vm_windows",
            "module.linuxservers.azurerm_virtual_machine_extension.extension",
            "module.linuxservers.data.azurerm_public_ip.vm",
            "module.linuxservers.data.azurerm_resource_group.vm",
            "module.linuxservers.random_id.vm_sa",
            "module.vmscaleset.azurerm_lb.vmsslb",
            "module.vmscaleset.azurerm_lb_backend_address_pool.bepool",
            "module.vmscaleset.azurerm_lb_nat_pool.natpol",
            "module.vmscaleset.azurerm_lb_probe.lbp",
            "module.vmscaleset.azurerm_lb_rule.lbrule",
            "module.vmscaleset.azurerm_network_security_group.nsg",
            "module.vmscaleset.azurerm_proximity_placement_group.appgrp",
            "module.vmscaleset.azurerm_public_ip.pip",
            "module.vmscaleset.data.azurerm_resource_group.rg",
            "module.vmscaleset.data.azurerm_storage_account.storeacc",
            "module.vmscaleset.data.azurerm_subnet.snet",
            "module.vmscaleset.data.azurerm_virtual_network.vnet",
            "module.vmscaleset.random_password.passwd",
            "module.vmscaleset.tls_private_key.rsa",
            "module.vnet.azurerm_subnet.subnet_count",
            "module.vnet.azurerm_subnet.subnet_for_each",
            "module.vnet.azurerm_subnet_network_security_group_association.vnet",
            "module.vnet.azurerm_subnet_route_table_association.vnet",
            "module.vnet.azurerm_virtual_network.vnet"
          ]
        }
      ]
    },
    {
      "module": "module.vmscaleset",
      "mode": "managed",
      "type": "azurerm_monitor_autoscale_setting",
      "name": "auto",
      "provider": "provider[\"registry.terraform.io/hashicorp/azurerm\"]",
      "instances": [
        {
          "index_key": 0,
          "schema_version": 2,
          "attributes": {
            "enabled": true,
            "id": "/subscriptions/7409015c-1c36-4389-ab17-588c61f855ff/resourceGroups/rg-shared-westeurope-01/providers/Microsoft.Insights/autoScaleSettings/auto-scale-set-testvmss",
            "location": "westeurope",
            "name": "auto-scale-set-testvmss",
            "notification": [],
            "profile": [
              {
                "capacity": [
                  {
                    "default": 2,
                    "maximum": 5,
                    "minimum": 2
                  }
                ],
                "fixed_date": [],
                "name": "default",
                "recurrence": [],
                "rule": [
                  {
                    "metric_trigger": [
                      {
                        "dimensions": [],
                        "divide_by_instance_count": false,
                        "metric_name": "Percentage CPU",
                        "metric_namespace": "",
                        "metric_resource_id": "/subscriptions/7409015c-1c36-4389-ab17-588c61f855ff/resourceGroups/rg-shared-westeurope-01/providers/Microsoft.Compute/virtualMachineScaleSets/vmtestvmss1",
                        "operator": "GreaterThan",
                        "statistic": "Average",
                        "threshold": 80,
                        "time_aggregation": "Average",
                        "time_grain": "PT1M",
                        "time_window": "PT5M"
                      }
                    ],
                    "scale_action": [
                      {
                        "cooldown": "PT1M",
                        "direction": "Increase",
                        "type": "ChangeCount",
                        "value": 1
                      }
                    ]
                  },
                  {
                    "metric_trigger": [
                      {
                        "dimensions": [],
                        "divide_by_instance_count": false,
                        "metric_name": "Percentage CPU",
                        "metric_namespace": "",
                        "metric_resource_id": "/subscriptions/7409015c-1c36-4389-ab17-588c61f855ff/resourceGroups/rg-shared-westeurope-01/providers/Microsoft.Compute/virtualMachineScaleSets/vmtestvmss1",
                        "operator": "LessThan",
                        "statistic": "Average",
                        "threshold": 20,
                        "time_aggregation": "Average",
                        "time_grain": "PT1M",
                        "time_window": "PT5M"
                      }
                    ],
                    "scale_action": [
                      {
                        "cooldown": "PT1M",
                        "direction": "Decrease",
                        "type": "ChangeCount",
                        "value": 1
                      }
                    ]
                  }
                ]
              }
            ],
            "resource_group_name": "rg-shared-westeurope-01",
            "tags": null,
            "target_resource_id": "/subscriptions/7409015c-1c36-4389-ab17-588c61f855ff/resourceGroups/rg-shared-westeurope-01/providers/Microsoft.Compute/virtualMachineScaleSets/vmtestvmss1",
            "timeouts": null
          },
          "sensitive_attributes": [],
          "private": "eyJlMmJmYjczMC1lY2FhLTExZTYtOGY4OC0zNDM2M2JjN2M0YzAiOnsiY3JlYXRlIjoxODAwMDAwMDAwMDAwLCJkZWxldGUiOjE4MDAwMDAwMDAwMDAsInJlYWQiOjMwMDAwMDAwMDAwMCwidXBkYXRlIjoxODAwMDAwMDAwMDAwfSwic2NoZW1hX3ZlcnNpb24iOiIyIn0=",
          "dependencies": [
            "azurerm_resource_group.example",
            "module.linuxservers.azurerm_availability_set.vm",
            "module.linuxservers.azurerm_network_interface.vm",
            "module.linuxservers.azurerm_network_interface_security_group_association.test",
            "module.linuxservers.azurerm_network_security_group.vm",
            "module.linuxservers.azurerm_network_security_rule.vm",
            "module.linuxservers.azurerm_public_ip.vm",
            "module.linuxservers.azurerm_storage_account.vm_sa",
            "module.linuxservers.azurerm_virtual_machine.vm_linux",
            "module.linuxservers.azurerm_virtual_machine.vm_windows",
            "module.linuxservers.azurerm_virtual_machine_extension.extension",
            "module.linuxservers.data.azurerm_public_ip.vm",
            "module.linuxservers.data.azurerm_resource_group.vm",
            "module.linuxservers.random_id.vm_sa",
            "module.vmscaleset.azurerm_lb.vmsslb",
            "module.vmscaleset.azurerm_lb_backend_address_pool.bepool",
            "module.vmscaleset.azurerm_lb_nat_pool.natpol",
            "module.vmscaleset.azurerm_lb_probe.lbp",
            "module.vmscaleset.azurerm_lb_rule.lbrule",
            "module.vmscaleset.azurerm_linux_virtual_machine_scale_set.linux_vmss",
            "module.vmscaleset.azurerm_network_security_group.nsg",
            "module.vmscaleset.azurerm_proximity_placement_group.appgrp",
            "module.vmscaleset.azurerm_public_ip.pip",
            "module.vmscaleset.azurerm_windows_virtual_machine_scale_set.winsrv_vmss",
            "module.vmscaleset.data.azurerm_resource_group.rg",
            "module.vmscaleset.data.azurerm_storage_account.storeacc",
            "module.vmscaleset.data.azurerm_subnet.snet",
            "module.vmscaleset.data.azurerm_virtual_network.vnet",
            "module.vmscaleset.random_password.passwd",
            "module.vmscaleset.tls_private_key.rsa",
            "module.vnet.azurerm_subnet.subnet_count",
            "module.vnet.azurerm_subnet.subnet_for_each",
            "module.vnet.azurerm_subnet_network_security_group_association.vnet",
            "module.vnet.azurerm_subnet_route_table_association.vnet",
            "module.vnet.azurerm_virtual_network.vnet"
          ]
        }
      ]
    },
    {
      "module": "module.vmscaleset",
      "mode": "managed",
      "type": "azurerm_monitor_diagnostic_setting",
      "name": "lb-pip",
      "provider": "provider[\"registry.terraform.io/hashicorp/azurerm\"]",
      "instances": [
        {
          "index_key": 0,
          "schema_version": 0,
          "attributes": {
            "eventhub_authorization_rule_id": "",
            "eventhub_name": "",
            "id": "/subscriptions/7409015c-1c36-4389-ab17-588c61f855ff/resourceGroups/rg-shared-westeurope-01/providers/Microsoft.Network/publicIPAddresses/pip-vm-testvmss-westeurope-01|testvmss-pip-diag",
            "log": [
              {
                "category": "DDoSMitigationFlowLogs",
                "category_group": "",
                "enabled": true,
                "retention_policy": [
                  {
                    "days": null,
                    "enabled": false
                  }
                ]
              },
              {
                "category": "DDoSMitigationReports",
                "category_group": "",
                "enabled": true,
                "retention_policy": [
                  {
                    "days": null,
                    "enabled": false
                  }
                ]
              },
              {
                "category": "DDoSProtectionNotifications",
                "category_group": "",
                "enabled": true,
                "retention_policy": [
                  {
                    "days": null,
                    "enabled": false
                  }
                ]
              }
            ],
            "log_analytics_destination_type": "",
            "log_analytics_workspace_id": "/subscriptions/7409015c-1c36-4389-ab17-588c61f855ff/resourceGroups/rg-shared-westeurope-01/providers/Microsoft.OperationalInsights/workspaces/log-analytics-wp",
            "metric": [
              {
                "category": "AllMetrics",
                "enabled": true,
                "retention_policy": [
                  {
                    "days": null,
                    "enabled": false
                  }
                ]
              }
            ],
            "name": "testvmss-pip-diag",
            "partner_solution_id": null,
            "storage_account_id": null,
            "target_resource_id": "/subscriptions/7409015c-1c36-4389-ab17-588c61f855ff/resourceGroups/rg-shared-westeurope-01/providers/Microsoft.Network/publicIPAddresses/pip-vm-testvmss-westeurope-01",
            "timeouts": null
          },
          "sensitive_attributes": [],
          "private": "eyJlMmJmYjczMC1lY2FhLTExZTYtOGY4OC0zNDM2M2JjN2M0YzAiOnsiY3JlYXRlIjoxODAwMDAwMDAwMDAwLCJkZWxldGUiOjM2MDAwMDAwMDAwMDAsInJlYWQiOjMwMDAwMDAwMDAwMCwidXBkYXRlIjoxODAwMDAwMDAwMDAwfX0=",
          "dependencies": [
            "azurerm_resource_group.example",
            "data.azurerm_log_analytics_workspace.example",
            "module.linuxservers.azurerm_availability_set.vm",
            "module.linuxservers.azurerm_network_interface.vm",
            "module.linuxservers.azurerm_network_interface_security_group_association.test",
            "module.linuxservers.azurerm_network_security_group.vm",
            "module.linuxservers.azurerm_network_security_rule.vm",
            "module.linuxservers.azurerm_public_ip.vm",
            "module.linuxservers.azurerm_storage_account.vm_sa",
            "module.linuxservers.azurerm_virtual_machine.vm_linux",
            "module.linuxservers.azurerm_virtual_machine.vm_windows",
            "module.linuxservers.azurerm_virtual_machine_extension.extension",
            "module.linuxservers.data.azurerm_public_ip.vm",
            "module.linuxservers.data.azurerm_resource_group.vm",
            "module.linuxservers.random_id.vm_sa",
            "module.vmscaleset.azurerm_public_ip.pip",
            "module.vmscaleset.data.azurerm_resource_group.rg",
            "module.vnet.azurerm_subnet.subnet_count",
            "module.vnet.azurerm_subnet.subnet_for_each",
            "module.vnet.azurerm_subnet_network_security_group_association.vnet",
            "module.vnet.azurerm_subnet_route_table_association.vnet",
            "module.vnet.azurerm_virtual_network.vnet"
          ]
        }
      ]
    },
    {
      "module": "module.vmscaleset",
      "mode": "managed",
      "type": "azurerm_monitor_diagnostic_setting",
      "name": "nsg",
      "provider": "provider[\"registry.terraform.io/hashicorp/azurerm\"]",
      "instances": [
        {
          "index_key": 0,
          "schema_version": 0,
          "attributes": {
            "eventhub_authorization_rule_id": "",
            "eventhub_name": "",
            "id": "/subscriptions/7409015c-1c36-4389-ab17-588c61f855ff/resourceGroups/rg-shared-westeurope-01/providers/Microsoft.Network/networkSecurityGroups/nsg_testvmss_westeurope_in|nsg-testvmss-diag",
            "log": [
              {
                "category": "NetworkSecurityGroupEvent",
                "category_group": "",
                "enabled": true,
                "retention_policy": [
                  {
                    "days": null,
                    "enabled": false
                  }
                ]
              },
              {
                "category": "NetworkSecurityGroupRuleCounter",
                "category_group": "",
                "enabled": true,
                "retention_policy": [
                  {
                    "days": null,
                    "enabled": false
                  }
                ]
              }
            ],
            "log_analytics_destination_type": "",
            "log_analytics_workspace_id": "/subscriptions/7409015c-1c36-4389-ab17-588c61f855ff/resourceGroups/rg-shared-westeurope-01/providers/Microsoft.OperationalInsights/workspaces/log-analytics-wp",
            "metric": [],
            "name": "nsg-testvmss-diag",
            "partner_solution_id": null,
            "storage_account_id": null,
            "target_resource_id": "/subscriptions/7409015c-1c36-4389-ab17-588c61f855ff/resourceGroups/rg-shared-westeurope-01/providers/Microsoft.Network/networkSecurityGroups/nsg_testvmss_westeurope_in",
            "timeouts": null
          },
          "sensitive_attributes": [],
          "private": "eyJlMmJmYjczMC1lY2FhLTExZTYtOGY4OC0zNDM2M2JjN2M0YzAiOnsiY3JlYXRlIjoxODAwMDAwMDAwMDAwLCJkZWxldGUiOjM2MDAwMDAwMDAwMDAsInJlYWQiOjMwMDAwMDAwMDAwMCwidXBkYXRlIjoxODAwMDAwMDAwMDAwfX0=",
          "dependencies": [
            "azurerm_resource_group.example",
            "data.azurerm_log_analytics_workspace.example",
            "module.linuxservers.azurerm_availability_set.vm",
            "module.linuxservers.azurerm_network_interface.vm",
            "module.linuxservers.azurerm_network_interface_security_group_association.test",
            "module.linuxservers.azurerm_network_security_group.vm",
            "module.linuxservers.azurerm_network_security_rule.vm",
            "module.linuxservers.azurerm_public_ip.vm",
            "module.linuxservers.azurerm_storage_account.vm_sa",
            "module.linuxservers.azurerm_virtual_machine.vm_linux",
            "module.linuxservers.azurerm_virtual_machine.vm_windows",
            "module.linuxservers.azurerm_virtual_machine_extension.extension",
            "module.linuxservers.data.azurerm_public_ip.vm",
            "module.linuxservers.data.azurerm_resource_group.vm",
            "module.linuxservers.random_id.vm_sa",
            "module.vmscaleset.azurerm_network_security_group.nsg",
            "module.vmscaleset.data.azurerm_resource_group.rg",
            "module.vnet.azurerm_subnet.subnet_count",
            "module.vnet.azurerm_subnet.subnet_for_each",
            "module.vnet.azurerm_subnet_network_security_group_association.vnet",
            "module.vnet.azurerm_subnet_route_table_association.vnet",
            "module.vnet.azurerm_virtual_network.vnet"
          ]
        }
      ]
    },
    {
      "module": "module.vmscaleset",
      "mode": "managed",
      "type": "azurerm_monitor_diagnostic_setting",
      "name": "vmmsdiag",
      "provider": "provider[\"registry.terraform.io/hashicorp/azurerm\"]",
      "instances": [
        {
          "index_key": 0,
          "schema_version": 0,
          "attributes": {
            "eventhub_authorization_rule_id": "",
            "eventhub_name": "",
            "id": "/subscriptions/7409015c-1c36-4389-ab17-588c61f855ff/resourceGroups/rg-shared-westeurope-01/providers/Microsoft.Compute/virtualMachineScaleSets/vmtestvmss1|testvmss-diag",
            "log": [],
            "log_analytics_destination_type": "",
            "log_analytics_workspace_id": "/subscriptions/7409015c-1c36-4389-ab17-588c61f855ff/resourceGroups/rg-shared-westeurope-01/providers/Microsoft.OperationalInsights/workspaces/log-analytics-wp",
            "metric": [
              {
                "category": "AllMetrics",
                "enabled": true,
                "retention_policy": [
                  {
                    "days": null,
                    "enabled": false
                  }
                ]
              }
            ],
            "name": "testvmss-diag",
            "partner_solution_id": null,
            "storage_account_id": null,
            "target_resource_id": "/subscriptions/7409015c-1c36-4389-ab17-588c61f855ff/resourceGroups/rg-shared-westeurope-01/providers/Microsoft.Compute/virtualMachineScaleSets/vmtestvmss1",
            "timeouts": null
          },
          "sensitive_attributes": [],
          "private": "eyJlMmJmYjczMC1lY2FhLTExZTYtOGY4OC0zNDM2M2JjN2M0YzAiOnsiY3JlYXRlIjoxODAwMDAwMDAwMDAwLCJkZWxldGUiOjM2MDAwMDAwMDAwMDAsInJlYWQiOjMwMDAwMDAwMDAwMCwidXBkYXRlIjoxODAwMDAwMDAwMDAwfX0=",
          "dependencies": [
            "azurerm_resource_group.example",
            "data.azurerm_log_analytics_workspace.example",
            "module.linuxservers.azurerm_availability_set.vm",
            "module.linuxservers.azurerm_network_interface.vm",
            "module.linuxservers.azurerm_network_interface_security_group_association.test",
            "module.linuxservers.azurerm_network_security_group.vm",
            "module.linuxservers.azurerm_network_security_rule.vm",
            "module.linuxservers.azurerm_public_ip.vm",
            "module.linuxservers.azurerm_storage_account.vm_sa",
            "module.linuxservers.azurerm_virtual_machine.vm_linux",
            "module.linuxservers.azurerm_virtual_machine.vm_windows",
            "module.linuxservers.azurerm_virtual_machine_extension.extension",
            "module.linuxservers.data.azurerm_public_ip.vm",
            "module.linuxservers.data.azurerm_resource_group.vm",
            "module.linuxservers.random_id.vm_sa",
            "module.vmscaleset.azurerm_lb.vmsslb",
            "module.vmscaleset.azurerm_lb_backend_address_pool.bepool",
            "module.vmscaleset.azurerm_lb_nat_pool.natpol",
            "module.vmscaleset.azurerm_lb_probe.lbp",
            "module.vmscaleset.azurerm_lb_rule.lbrule",
            "module.vmscaleset.azurerm_linux_virtual_machine_scale_set.linux_vmss",
            "module.vmscaleset.azurerm_network_security_group.nsg",
            "module.vmscaleset.azurerm_proximity_placement_group.appgrp",
            "module.vmscaleset.azurerm_public_ip.pip",
            "module.vmscaleset.azurerm_windows_virtual_machine_scale_set.winsrv_vmss",
            "module.vmscaleset.data.azurerm_resource_group.rg",
            "module.vmscaleset.data.azurerm_storage_account.storeacc",
            "module.vmscaleset.data.azurerm_subnet.snet",
            "module.vmscaleset.data.azurerm_virtual_network.vnet",
            "module.vmscaleset.random_password.passwd",
            "module.vmscaleset.tls_private_key.rsa",
            "module.vnet.azurerm_subnet.subnet_count",
            "module.vnet.azurerm_subnet.subnet_for_each",
            "module.vnet.azurerm_subnet_network_security_group_association.vnet",
            "module.vnet.azurerm_subnet_route_table_association.vnet",
            "module.vnet.azurerm_virtual_network.vnet"
          ]
        }
      ]
    },
    {
      "module": "module.vmscaleset",
      "mode": "managed",
      "type": "azurerm_network_security_group",
      "name": "nsg",
      "provider": "provider[\"registry.terraform.io/hashicorp/azurerm\"]",
      "instances": [
        {
          "index_key": 0,
          "schema_version": 0,
          "attributes": {
            "id": "/subscriptions/7409015c-1c36-4389-ab17-588c61f855ff/resourceGroups/rg-shared-westeurope-01/providers/Microsoft.Network/networkSecurityGroups/nsg_testvmss_westeurope_in",
            "location": "westeurope",
            "name": "nsg_testvmss_westeurope_in",
            "resource_group_name": "rg-shared-westeurope-01",
            "security_rule": [],
            "tags": {
              "BusinessUnit": "CORP",
              "Env": "dev",
              "Owner": "user@example.com",
              "ProjectName": "demo-project",
              "ServiceClass": "Gold",
              "resourcename": "nsg_testvmss_westeurope_in"
            },
            "timeouts": null
          },
          "sensitive_attributes": [],
          "private": "eyJlMmJmYjczMC1lY2FhLTExZTYtOGY4OC0zNDM2M2JjN2M0YzAiOnsiY3JlYXRlIjoxODAwMDAwMDAwMDAwLCJkZWxldGUiOjE4MDAwMDAwMDAwMDAsInJlYWQiOjMwMDAwMDAwMDAwMCwidXBkYXRlIjoxODAwMDAwMDAwMDAwfX0=",
          "dependencies": [
            "azurerm_resource_group.example",
            "module.linuxservers.azurerm_availability_set.vm",
            "module.linuxservers.azurerm_network_interface.vm",
            "module.linuxservers.azurerm_network_interface_security_group_association.test",
            "module.linuxservers.azurerm_network_security_group.vm",
            "module.linuxservers.azurerm_network_security_rule.vm",
            "module.linuxservers.azurerm_public_ip.vm",
            "module.linuxservers.azurerm_storage_account.vm_sa",
            "module.linuxservers.azurerm_virtual_machine.vm_linux",
            "module.linuxservers.azurerm_virtual_machine.vm_windows",
            "module.linuxservers.azurerm_virtual_machine_extension.extension",
            "module.linuxservers.data.azurerm_public_ip.vm",
            "module.linuxservers.data.azurerm_resource_group.vm",
            "module.linuxservers.random_id.vm_sa",
            "module.vmscaleset.data.azurerm_resource_group.rg",
            "module.vnet.azurerm_subnet.subnet_count",
            "module.vnet.azurerm_subnet.subnet_for_each",
            "module.vnet.azurerm_subnet_network_security_group_association.vnet",
            "module.vnet.azurerm_subnet_route_table_association.vnet",
            "module.vnet.azurerm_virtual_network.vnet"
          ]
        }
      ]
    },
    {
      "module": "module.vmscaleset",
      "mode": "managed",
      "type": "azurerm_network_security_rule",
      "name": "nsg_rule",
      "provider": "provider[\"registry.terraform.io/hashicorp/azurerm\"]",
      "instances": [
        {
          "index_key": "http",
          "schema_version": 0,
          "attributes": {
            "access": "Allow",
            "description": "Inbound_Port_80",
            "destination_address_prefix": "10.0.1.0/24",
            "destination_address_prefixes": null,
            "destination_application_security_group_ids": null,
            "destination_port_range": "80",
            "destination_port_ranges": null,
            "direction": "Inbound",
            "id": "/subscriptions/7409015c-1c36-4389-ab17-588c61f855ff/resourceGroups/rg-shared-westeurope-01/providers/Microsoft.Network/networkSecurityGroups/nsg_testvmss_westeurope_in/securityRules/http",
            "name": "http",
            "network_security_group_name": "nsg_testvmss_westeurope_in",
            "priority": 100,
            "protocol": "Tcp",
            "resource_group_name": "rg-shared-westeurope-01",
            "source_address_prefix": "*",
            "source_address_prefixes": null,
            "source_application_security_group_ids": null,
            "source_port_range": "*",
            "source_port_ranges": null,
            "timeouts": null
          },
          "sensitive_attributes": [],
          "private": "eyJlMmJmYjczMC1lY2FhLTExZTYtOGY4OC0zNDM2M2JjN2M0YzAiOnsiY3JlYXRlIjoxODAwMDAwMDAwMDAwLCJkZWxldGUiOjE4MDAwMDAwMDAwMDAsInJlYWQiOjMwMDAwMDAwMDAwMCwidXBkYXRlIjoxODAwMDAwMDAwMDAwfX0=",
          "dependencies": [
            "azurerm_resource_group.example",
            "module.linuxservers.azurerm_availability_set.vm",
            "module.linuxservers.azurerm_network_interface.vm",
            "module.linuxservers.azurerm_network_interface_security_group_association.test",
            "module.linuxservers.azurerm_network_security_group.vm",
            "module.linuxservers.azurerm_network_security_rule.vm",
            "module.linuxservers.azurerm_public_ip.vm",
            "module.linuxservers.azurerm_storage_account.vm_sa",
            "module.linuxservers.azurerm_virtual_machine.vm_linux",
            "module.linuxservers.azurerm_virtual_machine.vm_windows",
            "module.linuxservers.azurerm_virtual_machine_extension.extension",
            "module.linuxservers.data.azurerm_public_ip.vm",
            "module.linuxservers.data.azurerm_resource_group.vm",
            "module.linuxservers.random_id.vm_sa",
            "module.vmscaleset.azurerm_network_security_group.nsg",
            "module.vmscaleset.data.azurerm_resource_group.rg",
            "module.vmscaleset.data.azurerm_subnet.snet",
            "module.vmscaleset.data.azurerm_virtual_network.vnet",
            "module.vnet.azurerm_subnet.subnet_count",
            "module.vnet.azurerm_subnet.subnet_for_each",
            "module.vnet.azurerm_subnet_network_security_group_association.vnet",
            "module.vnet.azurerm_subnet_route_table_association.vnet",
            "module.vnet.azurerm_virtual_network.vnet"
          ]
        },
        {
          "index_key": "https",
          "schema_version": 0,
          "attributes": {
            "access": "Allow",
            "description": "Inbound_Port_443",
            "destination_address_prefix": "10.0.1.0/24",
            "destination_address_prefixes": null,
            "destination_application_security_group_ids": null,
            "destination_port_range": "443",
            "destination_port_ranges": null,
            "direction": "Inbound",
            "id": "/subscriptions/7409015c-1c36-4389-ab17-588c61f855ff/resourceGroups/rg-shared-westeurope-01/providers/Microsoft.Network/networkSecurityGroups/nsg_testvmss_westeurope_in/securityRules/https",
            "name": "https",
            "network_security_group_name": "nsg_testvmss_westeurope_in",
            "priority": 200,
            "protocol": "Tcp",
            "resource_group_name": "rg-shared-westeurope-01",
            "source_address_prefix": "*",
            "source_address_prefixes": null,
            "source_application_security_group_ids": null,
            "source_port_range": "*",
            "source_port_ranges": null,
            "timeouts": null
          },
          "sensitive_attributes": [],
          "private": "eyJlMmJmYjczMC1lY2FhLTExZTYtOGY4OC0zNDM2M2JjN2M0YzAiOnsiY3JlYXRlIjoxODAwMDAwMDAwMDAwLCJkZWxldGUiOjE4MDAwMDAwMDAwMDAsInJlYWQiOjMwMDAwMDAwMDAwMCwidXBkYXRlIjoxODAwMDAwMDAwMDAwfX0=",
          "dependencies": [
            "azurerm_resource_group.example",
            "module.linuxservers.azurerm_availability_set.vm",
            "module.linuxservers.azurerm_network_interface.vm",
            "module.linuxservers.azurerm_network_interface_security_group_association.test",
            "module.linuxservers.azurerm_network_security_group.vm",
            "module.linuxservers.azurerm_network_security_rule.vm",
            "module.linuxservers.azurerm_public_ip.vm",
            "module.linuxservers.azurerm_storage_account.vm_sa",
            "module.linuxservers.azurerm_virtual_machine.vm_linux",
            "module.linuxservers.azurerm_virtual_machine.vm_windows",
            "module.linuxservers.azurerm_virtual_machine_extension.extension",
            "module.linuxservers.data.azurerm_public_ip.vm",
            "module.linuxservers.data.azurerm_resource_group.vm",
            "module.linuxservers.random_id.vm_sa",
            "module.vmscaleset.azurerm_network_security_group.nsg",
            "module.vmscaleset.data.azurerm_resource_group.rg",
            "module.vmscaleset.data.azurerm_subnet.snet",
            "module.vmscaleset.data.azurerm_virtual_network.vnet",
            "module.vnet.azurerm_subnet.subnet_count",
            "module.vnet.azurerm_subnet.subnet_for_each",
            "module.vnet.azurerm_subnet_network_security_group_association.vnet",
            "module.vnet.azurerm_subnet_route_table_association.vnet",
            "module.vnet.azurerm_virtual_network.vnet"
          ]
        },
        {
          "index_key": "linuxaccess",
          "schema_version": 0,
          "attributes": {
            "access": "Allow",
            "description": "Inbound_Port_22",
            "destination_address_prefix": "10.0.1.0/24",
            "destination_address_prefixes": null,
            "destination_application_security_group_ids": null,
            "destination_port_range": "22",
            "destination_port_ranges": null,
            "direction": "Inbound",
            "id": "/subscriptions/7409015c-1c36-4389-ab17-588c61f855ff/resourceGroups/rg-shared-westeurope-01/providers/Microsoft.Network/networkSecurityGroups/nsg_testvmss_westeurope_in/securityRules/linuxaccess",
            "name": "linuxaccess",
            "network_security_group_name": "nsg_testvmss_westeurope_in",
            "priority": 300,
            "protocol": "Tcp",
            "resource_group_name": "rg-shared-westeurope-01",
            "source_address_prefix": "210.16.95.159/32",
            "source_address_prefixes": null,
            "source_application_security_group_ids": null,
            "source_port_range": "*",
            "source_port_ranges": null,
            "timeouts": null
          },
          "sensitive_attributes": [],
          "private": "eyJlMmJmYjczMC1lY2FhLTExZTYtOGY4OC0zNDM2M2JjN2M0YzAiOnsiY3JlYXRlIjoxODAwMDAwMDAwMDAwLCJkZWxldGUiOjE4MDAwMDAwMDAwMDAsInJlYWQiOjMwMDAwMDAwMDAwMCwidXBkYXRlIjoxODAwMDAwMDAwMDAwfX0=",
          "dependencies": [
            "azurerm_resource_group.example",
            "module.linuxservers.azurerm_availability_set.vm",
            "module.linuxservers.azurerm_network_interface.vm",
            "module.linuxservers.azurerm_network_interface_security_group_association.test",
            "module.linuxservers.azurerm_network_security_group.vm",
            "module.linuxservers.azurerm_network_security_rule.vm",
            "module.linuxservers.azurerm_public_ip.vm",
            "module.linuxservers.azurerm_storage_account.vm_sa",
            "module.linuxservers.azurerm_virtual_machine.vm_linux",
            "module.linuxservers.azurerm_virtual_machine.vm_windows",
            "module.linuxservers.azurerm_virtual_machine_extension.extension",
            "module.linuxservers.data.azurerm_public_ip.vm",
            "module.linuxservers.data.azurerm_resource_group.vm",
            "module.linuxservers.random_id.vm_sa",
            "module.vmscaleset.azurerm_network_security_group.nsg",
            "module.vmscaleset.data.azurerm_resource_group.rg",
            "module.vmscaleset.data.azurerm_subnet.snet",
            "module.vmscaleset.data.azurerm_virtual_network.vnet",
            "module.vnet.azurerm_subnet.subnet_count",
            "module.vnet.azurerm_subnet.subnet_for_each",
            "module.vnet.azurerm_subnet_network_security_group_association.vnet",
            "module.vnet.azurerm_subnet_route_table_association.vnet",
            "module.vnet.azurerm_virtual_network.vnet"
          ]
        }
      ]
    },
    {
      "module": "module.vmscaleset",
      "mode": "managed",
      "type": "azurerm_proximity_placement_group",
      "name": "appgrp",
      "provider": "provider[\"registry.terraform.io/hashicorp/azurerm\"]",
      "instances": [
        {
          "index_key": 0,
          "schema_version": 0,
          "attributes": {
            "id": "/subscriptions/7409015c-1c36-4389-ab17-588c61f855ff/resourceGroups/rg-shared-westeurope-01/providers/Microsoft.Compute/proximityPlacementGroups/proxigrp-testvmss-westeurope",
            "location": "westeurope",
            "name": "proxigrp-testvmss-westeurope",
            "resource_group_name": "rg-shared-westeurope-01",
            "tags": {
              "BusinessUnit": "CORP",
              "Env": "dev",
              "Owner": "user@example.com",
              "ProjectName": "demo-project",
              "ServiceClass": "Gold",
              "resourcename": "proxigrp-testvmss-westeurope"
            },
            "timeouts": null
          },
          "sensitive_attributes": [],
          "private": "eyJlMmJmYjczMC1lY2FhLTExZTYtOGY4OC0zNDM2M2JjN2M0YzAiOnsiY3JlYXRlIjoxODAwMDAwMDAwMDAwLCJkZWxldGUiOjE4MDAwMDAwMDAwMDAsInJlYWQiOjMwMDAwMDAwMDAwMCwidXBkYXRlIjoxODAwMDAwMDAwMDAwfX0=",
          "dependencies": [
            "azurerm_resource_group.example",
            "module.linuxservers.azurerm_availability_set.vm",
            "module.linuxservers.azurerm_network_interface.vm",
            "module.linuxservers.azurerm_network_interface_security_group_association.test",
            "module.linuxservers.azurerm_network_security_group.vm",
            "module.linuxservers.azurerm_network_security_rule.vm",
            "module.linuxservers.azurerm_public_ip.vm",
            "module.linuxservers.azurerm_storage_account.vm_sa",
            "module.linuxservers.azurerm_virtual_machine.vm_linux",
            "module.linuxservers.azurerm_virtual_machine.vm_windows",
            "module.linuxservers.azurerm_virtual_machine_extension.extension",
            "module.linuxservers.data.azurerm_public_ip.vm",
            "module.linuxservers.data.azurerm_resource_group.vm",
            "module.linuxservers.random_id.vm_sa",
            "module.vmscaleset.data.azurerm_resource_group.rg",
            "module.vnet.azurerm_subnet.subnet_count",
            "module.vnet.azurerm_subnet.subnet_for_each",
            "module.vnet.azurerm_subnet_network_security_group_association.vnet",
            "module.vnet.azurerm_subnet_route_table_association.vnet",
            "module.vnet.azurerm_virtual_network.vnet"
          ]
        }
      ]
    },
    {
      "module": "module.vmscaleset",
      "mode": "managed",
      "type": "azurerm_public_ip",
      "name": "pip",
      "provider": "provider[\"registry.terraform.io/hashicorp/azurerm\"]",
      "instances": [
        {
          "index_key": 0,
          "schema_version": 0,
          "attributes": {
            "allocation_method": "Static",
            "ddos_protection_mode": "VirtualNetworkInherited",
            "ddos_protection_plan_id": null,
            "domain_name_label": null,
            "edge_zone": "",
            "fqdn": null,
            "id": "/subscriptions/7409015c-1c36-4389-ab17-588c61f855ff/resourceGroups/rg-shared-westeurope-01/providers/Microsoft.Network/publicIPAddresses/pip-vm-testvmss-westeurope-01",
            "idle_timeout_in_minutes": 4,
            "ip_address": "108.142.203.149",
            "ip_tags": null,
            "ip_version": "IPv4",
            "location": "westeurope",
            "name": "pip-vm-testvmss-westeurope-01",
            "public_ip_prefix_id": null,
            "resource_group_name": "rg-shared-westeurope-01",
            "reverse_fqdn": null,
            "sku": "Standard",
            "sku_tier": "Regional",
            "tags": {
              "BusinessUnit": "CORP",
              "Env": "dev",
              "Owner": "user@example.com",
              "ProjectName": "demo-project",
              "ServiceClass": "Gold",
              "resourcename": "pip-vm-testvmss-westeurope-01"
            },
            "timeouts": null,
            "zones": null
          },
          "sensitive_attributes": [],
          "private": "eyJlMmJmYjczMC1lY2FhLTExZTYtOGY4OC0zNDM2M2JjN2M0YzAiOnsiY3JlYXRlIjoxODAwMDAwMDAwMDAwLCJkZWxldGUiOjE4MDAwMDAwMDAwMDAsInJlYWQiOjMwMDAwMDAwMDAwMCwidXBkYXRlIjoxODAwMDAwMDAwMDAwfX0=",
          "dependencies": [
            "azurerm_resource_group.example",
            "module.linuxservers.azurerm_availability_set.vm",
            "module.linuxservers.azurerm_network_interface.vm",
            "module.linuxservers.azurerm_network_interface_security_group_association.test",
            "module.linuxservers.azurerm_network_security_group.vm",
            "module.linuxservers.azurerm_network_security_rule.vm",
            "module.linuxservers.azurerm_public_ip.vm",
            "module.linuxservers.azurerm_storage_account.vm_sa",
            "module.linuxservers.azurerm_virtual_machine.vm_linux",
            "module.linuxservers.azurerm_virtual_machine.vm_windows",
            "module.linuxservers.azurerm_virtual_machine_extension.extension",
            "module.linuxservers.data.azurerm_public_ip.vm",
            "module.linuxservers.data.azurerm_resource_group.vm",
            "module.linuxservers.random_id.vm_sa",
            "module.vmscaleset.data.azurerm_resource_group.rg",
            "module.vnet.azurerm_subnet.subnet_count",
            "module.vnet.azurerm_subnet.subnet_for_each",
            "module.vnet.azurerm_subnet_network_security_group_association.vnet",
            "module.vnet.azurerm_subnet_route_table_association.vnet",
            "module.vnet.azurerm_virtual_network.vnet"
          ]
        }
      ]
    },
    {
      "module": "module.vmscaleset",
      "mode": "managed",
      "type": "azurerm_virtual_machine_scale_set_extension",
      "name": "omsagentlinux",
      "provider": "provider[\"registry.terraform.io/hashicorp/azurerm\"]",
      "instances": [
        {
          "index_key": 0,
          "schema_version": 0,
          "attributes": {
            "auto_upgrade_minor_version": true,
            "automatic_upgrade_enabled": false,
            "failure_suppression_enabled": false,
            "force_update_tag": "",
            "id": "/subscriptions/7409015c-1c36-4389-ab17-588c61f855ff/resourceGroups/rg-shared-westeurope-01/providers/Microsoft.Compute/virtualMachineScaleSets/vmtestvmss1/extensions/OmsAgentForLinux",
            "name": "OmsAgentForLinux",
            "protected_settings": "    {\r\n    \"workspaceKey\": \"xwexOxCZJyOmoVZblzoGJea0/2IwlWuaGoDgeIo8HCe7v9qrx+cyM1pus8mmB9ruUKxsoJtJdGMnL0xBj6uSsw==\"\r\n    }\r\n",
            "protected_settings_from_key_vault": [],
            "provision_after_extensions": null,
            "publisher": "Microsoft.EnterpriseCloud.Monitoring",
            "settings": "{\"workspaceId\":\"63a702b8-031b-47c4-ada0-2017cd5846f4\"}",
            "timeouts": null,
            "type": "OmsAgentForLinux",
            "type_handler_version": "1.13",
            "virtual_machine_scale_set_id": "/subscriptions/7409015c-1c36-4389-ab17-588c61f855ff/resourceGroups/rg-shared-westeurope-01/providers/Microsoft.Compute/virtualMachineScaleSets/vmtestvmss1"
          },
          "sensitive_attributes": [
            [
              {
                "type": "get_attr",
                "value": "protected_settings"
              }
            ]
          ],
          "private": "eyJlMmJmYjczMC1lY2FhLTExZTYtOGY4OC0zNDM2M2JjN2M0YzAiOnsiY3JlYXRlIjoxODAwMDAwMDAwMDAwLCJkZWxldGUiOjE4MDAwMDAwMDAwMDAsInJlYWQiOjMwMDAwMDAwMDAwMCwidXBkYXRlIjoxODAwMDAwMDAwMDAwfX0=",
          "dependencies": [
            "azurerm_resource_group.example",
            "data.azurerm_log_analytics_workspace.example",
            "module.linuxservers.azurerm_availability_set.vm",
            "module.linuxservers.azurerm_network_interface.vm",
            "module.linuxservers.azurerm_network_interface_security_group_association.test",
            "module.linuxservers.azurerm_network_security_group.vm",
            "module.linuxservers.azurerm_network_security_rule.vm",
            "module.linuxservers.azurerm_public_ip.vm",
            "module.linuxservers.azurerm_storage_account.vm_sa",
            "module.linuxservers.azurerm_virtual_machine.vm_linux",
            "module.linuxservers.azurerm_virtual_machine.vm_windows",
            "module.linuxservers.azurerm_virtual_machine_extension.extension",
            "module.linuxservers.data.azurerm_public_ip.vm",
            "module.linuxservers.data.azurerm_resource_group.vm",
            "module.linuxservers.random_id.vm_sa",
            "module.vmscaleset.azurerm_lb.vmsslb",
            "module.vmscaleset.azurerm_lb_backend_address_pool.bepool",
            "module.vmscaleset.azurerm_lb_nat_pool.natpol",
            "module.vmscaleset.azurerm_lb_probe.lbp",
            "module.vmscaleset.azurerm_lb_rule.lbrule",
            "module.vmscaleset.azurerm_linux_virtual_machine_scale_set.linux_vmss",
            "module.vmscaleset.azurerm_network_security_group.nsg",
            "module.vmscaleset.azurerm_proximity_placement_group.appgrp",
            "module.vmscaleset.azurerm_public_ip.pip",
            "module.vmscaleset.data.azurerm_resource_group.rg",
            "module.vmscaleset.data.azurerm_storage_account.storeacc",
            "module.vmscaleset.data.azurerm_subnet.snet",
            "module.vmscaleset.data.azurerm_virtual_network.vnet",
            "module.vmscaleset.random_password.passwd",
            "module.vmscaleset.tls_private_key.rsa",
            "module.vnet.azurerm_subnet.subnet_count",
            "module.vnet.azurerm_subnet.subnet_for_each",
            "module.vnet.azurerm_subnet_network_security_group_association.vnet",
            "module.vnet.azurerm_subnet_route_table_association.vnet",
            "module.vnet.azurerm_virtual_network.vnet"
          ]
        }
      ]
    },
    {
      "module": "module.vmscaleset",
      "mode": "managed",
      "type": "tls_private_key",
      "name": "rsa",
      "provider": "provider[\"registry.terraform.io/hashicorp/tls\"]",
      "instances": [
        {
          "index_key": 0,
          "schema_version": 1,
          "attributes": {
            "algorithm": "RSA",
            "ecdsa_curve": "P224",
            "id": "e1fd092b93b6b2cd383c7fa82a5c58d790a7ad2a",
            "private_key_openssh": "-----BEGIN OPENSSH PRIVATE KEY-----\nb3BlbnNzaC1rZXktdjEAAAAABG5vbmUAAAAEbm9uZQAAAAAAAAABAAACFwAAAAdz\nc2gtcnNhAAAAAwEAAQAAAgEAxLecO3h7Db6n4gi+rEUxFGD5zIUJ16BKDVGo/nCW\n2AmScGUBqyMpYQ/+ESyVCHFCI10g7agh0WlS182IUnM276BTFWVRP3InMHrHNL/h\nxKwP1FFyvqSSjblkAdXFp2rdqwOCTR2ANPv6dm/EpbMxk34uIacEx3BEm5Fm6yU/\nlhzJuD+0MG5R/n+VSgR6zXBNSRk80C9YS+ktXKBu8eL3rBXyTs9mVdnkDyZpBuro\nmWSp0TmoGqKo6kHI3RD+Uybr6YX1ae22NNa5K4fmhECrlcdG35wT+UDsFjPZ9BhT\naJJUBSETBoBkw77HPStDRnDdOfF7fKI5h+hr0PfrLvjAXVVmzq/xHGs9sCPtq51P\nisU8ob2wY+rwtlwqVZbCkUtwOx9WoNRIcRrehQ27Jo39r++aC76vV8IUr+lL92JE\nMbN8c9rG1uiGgXKnvqsR8gUPBVVMhcBQQIexPmSzoHePDzdVIQB9+YBYm1qmbk9f\nLSZDhL3yw6Mr/AT3kbMf53cKMh13GcD/wcXs0zQQRP0kYnGOOS5eE5Jj5pbbWqWh\nq2XaSLFdu4auJw7rqWEcWyvkfqilx14bilc8NvMcJSbRTdpTue4m99OipE+mI/vP\naj2ConuEfFsXKTxwTK00ixfY8OxvgcLE9Awx2HMbhaPCGORIOF1jQ4K907MN+tZG\nAgMAAAc4sUiVWbFIlVkAAAAHc3NoLXJzYQAAAgEAxLecO3h7Db6n4gi+rEUxFGD5\nzIUJ16BKDVGo/nCW2AmScGUBqyMpYQ/+ESyVCHFCI10g7agh0WlS182IUnM276BT\nFWVRP3InMHrHNL/hxKwP1FFyvqSSjblkAdXFp2rdqwOCTR2ANPv6dm/EpbMxk34u\nIacEx3BEm5Fm6yU/lhzJuD+0MG5R/n+VSgR6zXBNSRk80C9YS+ktXKBu8eL3rBXy\nTs9mVdnkDyZpBuromWSp0TmoGqKo6kHI3RD+Uybr6YX1ae22NNa5K4fmhECrlcdG\n35wT+UDsFjPZ9BhTaJJUBSETBoBkw77HPStDRnDdOfF7fKI5h+hr0PfrLvjAXVVm\nzq/xHGs9sCPtq51PisU8ob2wY+rwtlwqVZbCkUtwOx9WoNRIcRrehQ27Jo39r++a\nC76vV8IUr+lL92JEMbN8c9rG1uiGgXKnvqsR8gUPBVVMhcBQQIexPmSzoHePDzdV\nIQB9+YBYm1qmbk9fLSZDhL3yw6Mr/AT3kbMf53cKMh13GcD/wcXs0zQQRP0kYnGO\nOS5eE5Jj5pbbWqWhq2XaSLFdu4auJw7rqWEcWyvkfqilx14bilc8NvMcJSbRTdpT\nue4m99OipE+mI/vPaj2ConuEfFsXKTxwTK00ixfY8OxvgcLE9Awx2HMbhaPCGORI\nOF1jQ4K907MN+tZGAgMAAAADAQABAAACAEhzO0Yn7GI2isxT3i3CWf4gbT/m66YP\nsdZP8gar3tJ4TAe7G681BwNpiXA31DfExtARd5Qv7SycNtemKgP7zQraKF9j7lWI\nrGhNf9qspPDzUe0nhjQylos98Vg/rEkpsbRPWYkfSV26RBekuG8ynRquST05ryfo\n8Eu/dIE8ObwGpECIrct8hhROVuRo2/WX288FTYF7PnDO01ce+1148zDc8F4YQp9x\n3W26/sl+cOY1zdlx+7i7mayVR+4rWQ+08QQTwzwdQZMaVh5zMfIZg1hpiW/How+U\n2p6ewDIHV4jXA7zT3pbxaKszM1wS9/cUkFXL22ges0Ob1UGkXWjyUp4m1tgmHEp0\nVLjAN0Hc9xqHKgXS7ESMLZo0OAonqXI2mhZmxonwJcRj2FlXx8qjlrsm+Ur3jWWB\nZLQ452m05BxUpi42+sujx3WK2D+J/ECyveSaEhpImgmZAA8HKrDECC4mZMorHVHv\ntpGjM0U6iggs8yY4YsRAXgyTl9vhMlDOu5tIEQb6Zi0RGhkCKuCMR+0s2mO+ryuX\najiluijdknUX9vn7FUkC7Qvr5xR1kw/OyDIoWpLZgF77RMCuZ51St4CbUzYPYwSg\nqMTiynKP+fcrdI8Gn3KQuNPK0JYBtGMZPkWhCPvXuwRrbIQuogUyr0HZ5Ln5GjmI\nIRypn8P+uiEZAAABACoGRM9hqbI25kjmw0R6z4hrP+ufTJPKblMED+hWUDuzqv2X\ni4dLAimMu0FukQCnLRonkdJ+DtQNJiN/EGq6eP9uJTgH1pgJ8M0cQlXg8nd0t2w6\nX0tjAFiADAkqMhfxv6VyNCucazT/XcBwTSd1FLt900Mf9goRu9uOG7fAhfFV3s2m\nIklCofqGS6MtPG0aRVoe2gV4Oc2OGEQwfDIbKGzQhHvjoVgTtAqOQuNWpjjIioHZ\nzVh7L903xw6igxKz61vmVIKvTD47j59ysNDAT7BinVXoMh0Ou71o793pCPKweSHb\nyreXiiDPG+xpRBZBBwpYpoYASNF6DiXviExvsncAAAEBAMbL3swNgQN9eqzWsE60\nfXWQloVF8MJF8p+9jfZFXtHRhlTyVXe0S+78gKsE07m3DKN80+xQ4hg1HWYHIC85\nzgocGj7C1nT1Y6VZ8/hNyct3ZVvQJlnxxwaj4j2yRwKuvhIRH7FK4jhTNNU6mey9\nk+zabHihkjfnQIb53yPKOLH28sGFgg1QDo93HoKqwzmbKCOknpczmMV5MyOsz3B/\n50/r047rX9WeEk+eKUcsA/FUwjDh++CqHRghc4X7NMqTdtKeeNpnj1Emj3/BD8xX\n5mJxZVujXtUIoc9bMOX/7aP+PS1R28e83iIRffbnGNOZ1nWWuB35tWVdEHA0b6o7\nNMcAAAEBAP1SlQyZ8QhTXjGAvr5lAjFzCTocoLJizwBrDsE2koNU+6bMWqX8ntPo\naR8FwkunjzOsQ3Kc8I8XNJw9VesJnNo2Tw39KjOfGjwuuO4587w+K1F0xmC72UxX\n6P0afJZDz6OCzwFrcNQXPzI03+/3NtTZtXVc8BgwAjT8BEeM5evQoVpDwfvm24jF\nrMG7LPHpXg9XS/H/Z8GaICcTBnQbjee1kR+cr6svuIGgzAt6JxQf9XsDXab2tXI6\nl8fJY2QMrVmRaXrpoY2INXvOUzEgXO1CfQ5qqgVr6RSaJ1M7506R4cCt1EzxtIDU\nV/Lf4qvmlKj6fmS4+khpKj0g59qN1OUAAAAAAQID\n-----END OPENSSH PRIVATE KEY-----\n",
            "private_key_pem": "-----BEGIN RSA PRIVATE KEY-----\nMIIJJwIBAAKCAgEAxLecO3h7Db6n4gi+rEUxFGD5zIUJ16BKDVGo/nCW2AmScGUB\nqyMpYQ/+ESyVCHFCI10g7agh0WlS182IUnM276BTFWVRP3InMHrHNL/hxKwP1FFy\nvqSSjblkAdXFp2rdqwOCTR2ANPv6dm/EpbMxk34uIacEx3BEm5Fm6yU/lhzJuD+0\nMG5R/n+VSgR6zXBNSRk80C9YS+ktXKBu8eL3rBXyTs9mVdnkDyZpBuromWSp0Tmo\nGqKo6kHI3RD+Uybr6YX1ae22NNa5K4fmhECrlcdG35wT+UDsFjPZ9BhTaJJUBSET\nBoBkw77HPStDRnDdOfF7fKI5h+hr0PfrLvjAXVVmzq/xHGs9sCPtq51PisU8ob2w\nY+rwtlwqVZbCkUtwOx9WoNRIcRrehQ27Jo39r++aC76vV8IUr+lL92JEMbN8c9rG\n1uiGgXKnvqsR8gUPBVVMhcBQQIexPmSzoHePDzdVIQB9+YBYm1qmbk9fLSZDhL3y\nw6Mr/AT3kbMf53cKMh13GcD/wcXs0zQQRP0kYnGOOS5eE5Jj5pbbWqWhq2XaSLFd\nu4auJw7rqWEcWyvkfqilx14bilc8NvMcJSbRTdpTue4m99OipE+mI/vPaj2ConuE\nfFsXKTxwTK00ixfY8OxvgcLE9Awx2HMbhaPCGORIOF1jQ4K907MN+tZGAgMCAwEA\nAQKCAgBIcztGJ+xiNorMU94twln+IG0/5uumD7HWT/IGq97SeEwHuxuvNQcDaYlw\nN9Q3xMbQEXeUL+0snDbXpioD+80K2ihfY+5ViKxoTX/arKTw81HtJ4Y0MpaLPfFY\nP6xJKbG0T1mJH0ldukQXpLhvMp0arkk9Oa8n6PBLv3SBPDm8BqRAiK3LfIYUTlbk\naNv1l9vPBU2Bez5wztNXHvtdePMw3PBeGEKfcd1tuv7JfnDmNc3Zcfu4u5mslUfu\nK1kPtPEEE8M8HUGTGlYeczHyGYNYaYlvx6MPlNqensAyB1eI1wO8096W8WirMzNc\nEvf3FJBVy9toHrNDm9VBpF1o8lKeJtbYJhxKdFS4wDdB3PcahyoF0uxEjC2aNDgK\nJ6lyNpoWZsaJ8CXEY9hZV8fKo5a7JvlK941lgWS0OOdptOQcVKYuNvrLo8d1itg/\nifxAsr3kmhIaSJoJmQAPByqwxAguJmTKKx1R77aRozNFOooILPMmOGLEQF4Mk5fb\n4TJQzrubSBEG+mYtERoZAirgjEftLNpjvq8rl2o4pboo3ZJ1F/b5+xVJAu0L6+cU\ndZMPzsgyKFqS2YBe+0TArmedUreAm1M2D2MEoKjE4spyj/n3K3SPBp9ykLjTytCW\nAbRjGT5FoQj717sEa2yELqIFMq9B2eS5+Ro5iCEcqZ/D/rohGQKCAQEAxsvezA2B\nA316rNawTrR9dZCWhUXwwkXyn72N9kVe0dGGVPJVd7RL7vyAqwTTubcMo3zT7FDi\nGDUdZgcgLznOChwaPsLWdPVjpVnz+E3Jy3dlW9AmWfHHBqPiPbJHAq6+EhEfsUri\nOFM01TqZ7L2T7NpseKGSN+dAhvnfI8o4sfbywYWCDVAOj3cegqrDOZsoI6SelzOY\nxXkzI6zPcH/nT+vTjutf1Z4ST54pRywD8VTCMOH74KodGCFzhfs0ypN20p542meP\nUSaPf8EPzFfmYnFlW6Ne1Qihz1sw5f/to/49LVHbx7zeIhF99ucY05nWdZa4Hfm1\nZV0QcDRvqjs0xwKCAQEA/VKVDJnxCFNeMYC+vmUCMXMJOhygsmLPAGsOwTaSg1T7\npsxapfye0+hpHwXCS6ePM6xDcpzwjxc0nD1V6wmc2jZPDf0qM58aPC647jnzvD4r\nUXTGYLvZTFfo/Rp8lkPPo4LPAWtw1Bc/MjTf7/c21Nm1dVzwGDACNPwER4zl69Ch\nWkPB++bbiMWswbss8eleD1dL8f9nwZogJxMGdBuN57WRH5yvqy+4gaDMC3onFB/1\newNdpva1cjqXx8ljZAytWZFpeumhjYg1e85TMSBc7UJ9DmqqBWvpFJonUzvnTpHh\nwK3UTPG0gNRX8t/iq+aUqPp+ZLj6SGkqPSDn2o3U5QKCAQADIvBO89+XOIGY/IIn\nm71m/3MAg0v7JLNhRdJZklqeoNmnuXMTwmp4SM+W4yqcAYFXiv6k+dm3XA8sruwZ\nEqZnjm3zk4tiqQR7dWHeBwwqA6Y7vpr8TE5BkpBdPNTV+//PtSl02KOdE+L/gj8v\ndwZAdGnFtXbjHujruEGHBQfD9wt5divJHfw80zpOAXe3DvWhKlW+OPguFW1zIKTd\nN4dkwWnDFX+blTTgwLQSBWXChv3RW59nugdffBegg4gfshfr1sg9Weju9NbKwzcG\nmFRwNS3ONlOmtM4owV2SI2mSbs50SphXHGm8y93a6WaA4Cp8DHa3MltkUAWUX59r\nZie9AoIBAHBcieod+hB0UgppDbILwY5HdSdGfWzCcQjBc7j1yMTiFAEnEWoghB6A\nLuhouIawGs+TsBMNU5JUe6x1dD+dcupDPot46JgfERbyrmpUYCz18mbeAgP0Lm0z\nbQ+fCPXpvBbNtZ3ulwwsB4bwdwfMQpDkxBz7jS9dVA1GX2uRLoaLcpZECa3+9w9S\nhs8jg8sFdQge83uyisYP5AUQ5kLn2eiV23oHGNA4iYFN3lOU6fJ+PndCxe6B7Xdu\nT9Z5GFHPYbCh1ASFznelm/t/R905ep5uaGPVofZnp+nQenLr1iw+fsDlGY7LgwHF\nrgD3l2YiD3xoJ1nrxnAJ3YdhqhWB5ZUCggEAKgZEz2GpsjbmSObDRHrPiGs/659M\nk8puUwQP6FZQO7Oq/ZeLh0sCKYy7QW6RAKctGieR0n4O1A0mI38Qarp4/24lOAfW\nmAnwzRxCVeDyd3S3bDpfS2MAWIAMCSoyF/G/pXI0K5xrNP9dwHBNJ3UUu33TQx/2\nChG7244bt8CF8VXezaYiSUKh+oZLoy08bRpFWh7aBXg5zY4YRDB8MhsobNCEe+Oh\nWBO0Co5C41amOMiKgdnNWHsv3TfHDqKDErPrW+ZUgq9MPjuPn3Kw0MBPsGKdVegy\nHQ67vWjv3ekI8rB5IdvKt5eKIM8b7GlEFkEHClimhgBI0XoOJe+ITG+ydw==\n-----END RSA PRIVATE KEY-----\n",
            "private_key_pem_pkcs8": "-----BEGIN PRIVATE KEY-----\nMIIJQQIBADANBgkqhkiG9w0BAQEFAASCCSswggknAgEAAoICAQDEt5w7eHsNvqfi\nCL6sRTEUYPnMhQnXoEoNUaj+cJbYCZJwZQGrIylhD/4RLJUIcUIjXSDtqCHRaVLX\nzYhSczbvoFMVZVE/cicwesc0v+HErA/UUXK+pJKNuWQB1cWnat2rA4JNHYA0+/p2\nb8SlszGTfi4hpwTHcESbkWbrJT+WHMm4P7QwblH+f5VKBHrNcE1JGTzQL1hL6S1c\noG7x4vesFfJOz2ZV2eQPJmkG6uiZZKnROagaoqjqQcjdEP5TJuvphfVp7bY01rkr\nh+aEQKuVx0bfnBP5QOwWM9n0GFNoklQFIRMGgGTDvsc9K0NGcN058Xt8ojmH6GvQ\n9+su+MBdVWbOr/Ecaz2wI+2rnU+KxTyhvbBj6vC2XCpVlsKRS3A7H1ag1EhxGt6F\nDbsmjf2v75oLvq9XwhSv6Uv3YkQxs3xz2sbW6IaBcqe+qxHyBQ8FVUyFwFBAh7E+\nZLOgd48PN1UhAH35gFibWqZuT18tJkOEvfLDoyv8BPeRsx/ndwoyHXcZwP/BxezT\nNBBE/SRicY45Ll4TkmPmlttapaGrZdpIsV27hq4nDuupYRxbK+R+qKXHXhuKVzw2\n8xwlJtFN2lO57ib306KkT6Yj+89qPYKie4R8WxcpPHBMrTSLF9jw7G+BwsT0DDHY\ncxuFo8IY5Eg4XWNDgr3Tsw361kYCAwIDAQABAoICAEhzO0Yn7GI2isxT3i3CWf4g\nbT/m66YPsdZP8gar3tJ4TAe7G681BwNpiXA31DfExtARd5Qv7SycNtemKgP7zQra\nKF9j7lWIrGhNf9qspPDzUe0nhjQylos98Vg/rEkpsbRPWYkfSV26RBekuG8ynRqu\nST05ryfo8Eu/dIE8ObwGpECIrct8hhROVuRo2/WX288FTYF7PnDO01ce+1148zDc\n8F4YQp9x3W26/sl+cOY1zdlx+7i7mayVR+4rWQ+08QQTwzwdQZMaVh5zMfIZg1hp\niW/How+U2p6ewDIHV4jXA7zT3pbxaKszM1wS9/cUkFXL22ges0Ob1UGkXWjyUp4m\n1tgmHEp0VLjAN0Hc9xqHKgXS7ESMLZo0OAonqXI2mhZmxonwJcRj2FlXx8qjlrsm\n+Ur3jWWBZLQ452m05BxUpi42+sujx3WK2D+J/ECyveSaEhpImgmZAA8HKrDECC4m\nZMorHVHvtpGjM0U6iggs8yY4YsRAXgyTl9vhMlDOu5tIEQb6Zi0RGhkCKuCMR+0s\n2mO+ryuXajiluijdknUX9vn7FUkC7Qvr5xR1kw/OyDIoWpLZgF77RMCuZ51St4Cb\nUzYPYwSgqMTiynKP+fcrdI8Gn3KQuNPK0JYBtGMZPkWhCPvXuwRrbIQuogUyr0HZ\n5Ln5GjmIIRypn8P+uiEZAoIBAQDGy97MDYEDfXqs1rBOtH11kJaFRfDCRfKfvY32\nRV7R0YZU8lV3tEvu/ICrBNO5twyjfNPsUOIYNR1mByAvOc4KHBo+wtZ09WOlWfP4\nTcnLd2Vb0CZZ8ccGo+I9skcCrr4SER+xSuI4UzTVOpnsvZPs2mx4oZI350CG+d8j\nyjix9vLBhYINUA6Pdx6CqsM5mygjpJ6XM5jFeTMjrM9wf+dP69OO61/VnhJPnilH\nLAPxVMIw4fvgqh0YIXOF+zTKk3bSnnjaZ49RJo9/wQ/MV+ZicWVbo17VCKHPWzDl\n/+2j/j0tUdvHvN4iEX325xjTmdZ1lrgd+bVlXRBwNG+qOzTHAoIBAQD9UpUMmfEI\nU14xgL6+ZQIxcwk6HKCyYs8Aaw7BNpKDVPumzFql/J7T6GkfBcJLp48zrENynPCP\nFzScPVXrCZzaNk8N/Soznxo8LrjuOfO8PitRdMZgu9lMV+j9GnyWQ8+jgs8Ba3DU\nFz8yNN/v9zbU2bV1XPAYMAI0/ARHjOXr0KFaQ8H75tuIxazBuyzx6V4PV0vx/2fB\nmiAnEwZ0G43ntZEfnK+rL7iBoMwLeicUH/V7A12m9rVyOpfHyWNkDK1ZkWl66aGN\niDV7zlMxIFztQn0OaqoFa+kUmidTO+dOkeHArdRM8bSA1Ffy3+Kr5pSo+n5kuPpI\naSo9IOfajdTlAoIBAAMi8E7z35c4gZj8giebvWb/cwCDS/sks2FF0lmSWp6g2ae5\ncxPCanhIz5bjKpwBgVeK/qT52bdcDyyu7BkSpmeObfOTi2KpBHt1Yd4HDCoDpju+\nmvxMTkGSkF081NX7/8+1KXTYo50T4v+CPy93BkB0acW1duMe6Ou4QYcFB8P3C3l2\nK8kd/DzTOk4Bd7cO9aEqVb44+C4VbXMgpN03h2TBacMVf5uVNODAtBIFZcKG/dFb\nn2e6B198F6CDiB+yF+vWyD1Z6O701srDNwaYVHA1Lc42U6a0zijBXZIjaZJuznRK\nmFccabzL3drpZoDgKnwMdrcyW2RQBZRfn2tmJ70CggEAcFyJ6h36EHRSCmkNsgvB\njkd1J0Z9bMJxCMFzuPXIxOIUAScRaiCEHoAu6Gi4hrAaz5OwEw1TklR7rHV0P51y\n6kM+i3jomB8RFvKualRgLPXyZt4CA/QubTNtD58I9em8Fs21ne6XDCwHhvB3B8xC\nkOTEHPuNL11UDUZfa5EuhotylkQJrf73D1KGzyODywV1CB7ze7KKxg/kBRDmQufZ\n6JXbegcY0DiJgU3eU5Tp8n4+d0LF7oHtd25P1nkYUc9hsKHUBIXOd6Wb+39H3Tl6\nnm5oY9Wh9men6dB6cuvWLD5+wOUZjsuDAcWuAPeXZiIPfGgnWevGcAndh2GqFYHl\nlQKCAQAqBkTPYamyNuZI5sNEes+Iaz/rn0yTym5TBA/oVlA7s6r9l4uHSwIpjLtB\nbpEApy0aJ5HSfg7UDSYjfxBqunj/biU4B9aYCfDNHEJV4PJ3dLdsOl9LYwBYgAwJ\nKjIX8b+lcjQrnGs0/13AcE0ndRS7fdNDH/YKEbvbjhu3wIXxVd7NpiJJQqH6hkuj\nLTxtGkVaHtoFeDnNjhhEMHwyGyhs0IR746FYE7QKjkLjVqY4yIqB2c1Yey/dN8cO\nooMSs+tb5lSCr0w+O4+fcrDQwE+wYp1V6DIdDru9aO/d6QjysHkh28q3l4ogzxvs\naUQWQQcKWKaGAEjReg4l74hMb7J3\n-----END PRIVATE KEY-----\n",
            "public_key_fingerprint_md5": "9f:08:1f:ef:be:31:18:79:3d:25:a6:80:ab:3a:c5:2c",
            "public_key_fingerprint_sha256": "SHA256:Y2yPTdaZf6+0CYKOhzOGUPweUJOeTfIgJQoPhBjKEeA",
            "public_key_openssh": "ssh-rsa AAAAB3NzaC1yc2EAAAADAQABAAACAQDEt5w7eHsNvqfiCL6sRTEUYPnMhQnXoEoNUaj+cJbYCZJwZQGrIylhD/4RLJUIcUIjXSDtqCHRaVLXzYhSczbvoFMVZVE/cicwesc0v+HErA/UUXK+pJKNuWQB1cWnat2rA4JNHYA0+/p2b8SlszGTfi4hpwTHcESbkWbrJT+WHMm4P7QwblH+f5VKBHrNcE1JGTzQL1hL6S1coG7x4vesFfJOz2ZV2eQPJmkG6uiZZKnROagaoqjqQcjdEP5TJuvphfVp7bY01rkrh+aEQKuVx0bfnBP5QOwWM9n0GFNoklQFIRMGgGTDvsc9K0NGcN058Xt8ojmH6GvQ9+su+MBdVWbOr/Ecaz2wI+2rnU+KxTyhvbBj6vC2XCpVlsKRS3A7H1ag1EhxGt6FDbsmjf2v75oLvq9XwhSv6Uv3YkQxs3xz2sbW6IaBcqe+qxHyBQ8FVUyFwFBAh7E+ZLOgd48PN1UhAH35gFibWqZuT18tJkOEvfLDoyv8BPeRsx/ndwoyHXcZwP/BxezTNBBE/SRicY45Ll4TkmPmlttapaGrZdpIsV27hq4nDuupYRxbK+R+qKXHXhuKVzw28xwlJtFN2lO57ib306KkT6Yj+89qPYKie4R8WxcpPHBMrTSLF9jw7G+BwsT0DDHYcxuFo8IY5Eg4XWNDgr3Tsw361kYCAw==\n",
            "public_key_pem": "-----BEGIN PUBLIC KEY-----\nMIICIjANBgkqhkiG9w0BAQEFAAOCAg8AMIICCgKCAgEAxLecO3h7Db6n4gi+rEUx\nFGD5zIUJ16BKDVGo/nCW2AmScGUBqyMpYQ/+ESyVCHFCI10g7agh0WlS182IUnM2\n76BTFWVRP3InMHrHNL/hxKwP1FFyvqSSjblkAdXFp2rdqwOCTR2ANPv6dm/EpbMx\nk34uIacEx3BEm5Fm6yU/lhzJuD+0MG5R/n+VSgR6zXBNSRk80C9YS+ktXKBu8eL3\nrBXyTs9mVdnkDyZpBuromWSp0TmoGqKo6kHI3RD+Uybr6YX1ae22NNa5K4fmhECr\nlcdG35wT+UDsFjPZ9BhTaJJUBSETBoBkw77HPStDRnDdOfF7fKI5h+hr0PfrLvjA\nXVVmzq/xHGs9sCPtq51PisU8ob2wY+rwtlwqVZbCkUtwOx9WoNRIcRrehQ27Jo39\nr++aC76vV8IUr+lL92JEMbN8c9rG1uiGgXKnvqsR8gUPBVVMhcBQQIexPmSzoHeP\nDzdVIQB9+YBYm1qmbk9fLSZDhL3yw6Mr/AT3kbMf53cKMh13GcD/wcXs0zQQRP0k\nYnGOOS5eE5Jj5pbbWqWhq2XaSLFdu4auJw7rqWEcWyvkfqilx14bilc8NvMcJSbR\nTdpTue4m99OipE+mI/vPaj2ConuEfFsXKTxwTK00ixfY8OxvgcLE9Awx2HMbhaPC\nGORIOF1jQ4K907MN+tZGAgMCAwEAAQ==\n-----END PUBLIC KEY-----\n",
            "rsa_bits": 4096
          },
          "sensitive_attributes": [],
          "dependencies": [
            "azurerm_resource_group.example",
            "module.linuxservers.azurerm_availability_set.vm",
            "module.linuxservers.azurerm_network_interface.vm",
            "module.linuxservers.azurerm_network_interface_security_group_association.test",
            "module.linuxservers.azurerm_network_security_group.vm",
            "module.linuxservers.azurerm_network_security_rule.vm",
            "module.linuxservers.azurerm_public_ip.vm",
            "module.linuxservers.azurerm_storage_account.vm_sa",
            "module.linuxservers.azurerm_virtual_machine.vm_linux",
            "module.linuxservers.azurerm_virtual_machine.vm_windows",
            "module.linuxservers.azurerm_virtual_machine_extension.extension",
            "module.linuxservers.data.azurerm_public_ip.vm",
            "module.linuxservers.data.azurerm_resource_group.vm",
            "module.linuxservers.random_id.vm_sa",
            "module.vnet.azurerm_subnet.subnet_count",
            "module.vnet.azurerm_subnet.subnet_for_each",
            "module.vnet.azurerm_subnet_network_security_group_association.vnet",
            "module.vnet.azurerm_subnet_route_table_association.vnet",
            "module.vnet.azurerm_virtual_network.vnet"
          ]
        }
      ]
    },
    {
      "module": "module.vnet",
      "mode": "managed",
      "type": "azurerm_subnet",
      "name": "subnet_count",
      "provider": "provider[\"registry.terraform.io/hashicorp/azurerm\"]",
      "instances": [
        {
          "index_key": 0,
          "schema_version": 0,
          "attributes": {
            "address_prefixes": [
              "10.0.1.0/24"
            ],
            "delegation": [],
            "enforce_private_link_endpoint_network_policies": false,
            "enforce_private_link_service_network_policies": false,
            "id": "/subscriptions/7409015c-1c36-4389-ab17-588c61f855ff/resourceGroups/rg-shared-westeurope-01/providers/Microsoft.Network/virtualNetworks/vnet-shared-hub-westeurope-001/subnets/snet-management",
            "name": "snet-management",
            "private_endpoint_network_policies_enabled": true,
            "private_link_service_network_policies_enabled": true,
            "resource_group_name": "rg-shared-westeurope-01",
            "service_endpoint_policy_ids": null,
            "service_endpoints": null,
            "timeouts": null,
            "virtual_network_name": "vnet-shared-hub-westeurope-001"
          },
          "sensitive_attributes": [],
          "private": "eyJlMmJmYjczMC1lY2FhLTExZTYtOGY4OC0zNDM2M2JjN2M0YzAiOnsiY3JlYXRlIjoxODAwMDAwMDAwMDAwLCJkZWxldGUiOjE4MDAwMDAwMDAwMDAsInJlYWQiOjMwMDAwMDAwMDAwMCwidXBkYXRlIjoxODAwMDAwMDAwMDAwfX0=",
          "dependencies": [
            "module.vnet.azurerm_virtual_network.vnet"
          ]
        }
      ]
    },
    {
      "module": "module.vnet",
      "mode": "managed",
      "type": "azurerm_virtual_network",
      "name": "vnet",
      "provider": "provider[\"registry.terraform.io/hashicorp/azurerm\"]",
      "instances": [
        {
          "schema_version": 0,
          "attributes": {
            "address_space": [
              "10.0.0.0/16"
            ],
            "bgp_community": "",
            "ddos_protection_plan": [],
            "dns_servers": [],
            "edge_zone": "",
            "flow_timeout_in_minutes": 0,
            "guid": "3fc4b2aa-5520-478e-91d1-57305b2043d2",
            "id": "/subscriptions/7409015c-1c36-4389-ab17-588c61f855ff/resourceGroups/rg-shared-westeurope-01/providers/Microsoft.Network/virtualNetworks/vnet-shared-hub-westeurope-001",
            "location": "westeurope",
            "name": "vnet-shared-hub-westeurope-001",
            "resource_group_name": "rg-shared-westeurope-01",
            "subnet": [],
            "tags": {
              "ENV": "test"
            },
            "timeouts": null
          },
          "sensitive_attributes": [],
          "private": "eyJlMmJmYjczMC1lY2FhLTExZTYtOGY4OC0zNDM2M2JjN2M0YzAiOnsiY3JlYXRlIjoxODAwMDAwMDAwMDAwLCJkZWxldGUiOjE4MDAwMDAwMDAwMDAsInJlYWQiOjMwMDAwMDAwMDAwMCwidXBkYXRlIjoxODAwMDAwMDAwMDAwfX0="
        }
      ]
    }
  ],
  "check_results": [
    {
      "object_kind": "resource",
      "config_addr": "module.linuxservers.azurerm_virtual_machine.vm_linux",
      "status": "pass",
      "objects": [
        {
          "object_addr": "module.linuxservers.azurerm_virtual_machine.vm_linux[0]",
          "status": "pass"
        }
      ]
    },
    {
      "object_kind": "resource",
      "config_addr": "module.linuxservers.azurerm_virtual_machine.vm_windows",
      "status": "pass",
      "objects": null
    }
  ]
}
