{
  "version": 4,
  "terraform_version": "1.3.6",
  "serial": 432,
  "lineage": "de500f46-fbe7-e666-87a0-1d02aab2c30a",
  "outputs": {
    "name": {
      "value": "-----BEGIN RSA PRIVATE KEY-----\nMIIJKQIBAAKCAgEApHfittDkQPKJRKZ8LiWKVbSiRYRj2VzSBXkCLYaEBwNe8+i5\n5uYR85ItbNGpzvEsCndRRQHtigpeGtgXxe0QWr+n/qOPehydCMhfYJ7K5opOHDze\noz6oeLCEt1vm8UthBZCqMOHE/A+a/oPxG1hw+2U/2jrx1zPFkNQETMe1whXGJQbf\nyH2ve+krKk3HtugxYbwGbgQWnC9wadwPMjX1H9H6OsamD8qCmHQPDbqLBL/HDLN+\nPlnjxLvQSaUqNm1RTY2F81paI2xLSngBPoCkn95DZZAv+/vT3JNxnZxoYeGyEHoM\n35GqJFpQBzHWfIfX9/GkM/HJWMNrRZU2yE6wMj50LKuIh+XbIQSDdUmv5pqWh35T\nDkGtKiuRlGHBYGixb45brz2fnbkCNPqJwVwywIZoRoJ4rFZYRZjoXMceL5WRxCvw\nQ9N5F+FY5+k/8Yztb1LLvWTn4UkZ17QPN5rK+3bhqsZOJNCUM+oWG4/l2LRXIu2C\nPUBWLYpFE6U3G7Jf9VQKzKmy2I1UbBEFVEVR9jHa8KAelCiZoAqSgt+bMns2hU++\nUVjzWXTfcDMhM76OAK/Bd9pe614Qob8id9GxanRUE5duki5htrdWEtPFVWZslV/D\nRPpxOpNVtxW0Bl2FHs3oCPl/CVc9R+nzykePfNMlW9OwV8kt66GeGYYpDVsCAwEA\nAQKCAgEAgIWCr9PLGomtBO2IitMhJ9pRGDvdfwUOxeIK9qJwV76lm7qYUzwkeQ8Y\n2jl5FdLW1JLq+h8Ijd+OLDIDWdLn/dJZKB6ORyFHAY77IVjVO5SGd4CFhlG3eyCN\nhW+Wp6Z8+clThYFX2pUjTJK0feb92yYC4LlBNScq0wMrHQjPGwzC2zpk85pr4EuU\nRKmlUGRf+nzhFWWyeXiEwuSJJ3aMx8HhZb7IE/zvUs0W2maUrjBjDqTRGU5LM/iE\nSph7xS5l41GdhE5ts9Kzf00Jw9rpSlh4mEw1gxcGNw8tMLoBw8OHz2Jg3vBIYcIF\nWanzbzsEZKf65fCio++Jy0VQGvWKr2fJSsDZ/A/kkE31S8i39A0jRk7y+vS2o7mE\nAFD7veeqaCBBivg/4AUApvlUb2YyDTTL2b0S/hJHUucWKK5UraI/Evs6lMLTdWRj\n+PCEpB+YDBygUsXNLZxkXd7M4ByL0Igh3lzpiJ77xWKiXFegVgGw9AfbM/xDAU5R\nCHRWgv/uYeeUV08scZF/onvwcWgBdvaMtb3YlKn9kIsMUmYe5Pzdp95ELD2DEcG0\nzycxWzRQ8fwTUjjy8RYDenwThlfDEDIDYb1muXECO5fKCu6sofoaZzAh4571foPx\nKiRVNrerwPJiF6hNQmMmJlb57lVBnWL4s0Od7dOC7SPAT4iBtXkCggEBAMZ5y4by\n29Jih3r2FLsFBAEN/9eshzjDpoC9Q13uxvGKUKuvTXluk7B/pSPixQOcX7iWxC5g\n047x6iPw8V3pn7z7YJVlH1lsULyOG2FllZbPJqk6zm0lDhn2QFG1Jgsz5Swg44w/\nJ1VNLsokqWueyu5E/F51RC0wie6YUMYiuBzUpImbNNZY7uqiDCPWcUEFnjH1RRYb\nRMwHoUtIqFlW/dLwtwURtga0e5ePRrxDLZxrrxnp/A56x3wnxo4n0nUbs3vQJOc+\nyF/9/HXNGJLZa7ps8b4r9lLiuX/2u60jeMH3Xo7s+qrNqzjPKDnDnARga/U2OHvr\naciT+RnOPIaPtvUCggEBANQi20Lc/97SQtEUwlPQU6kblI/DzjaY+4qE2PSbMbCT\noQ8frS7qTQHA3HWI70lE4Heiju+HsAr7Dv/PmIl8Pm6dpqodoV41/IGETiFccCAG\n3HtBd3ZovFoiGvwk4Ka1rc3F1Fg018dOYFWn4TGOSFVuAPG9TIlJff21ULBERnB4\nwZE79OykGuc/lDXZneCJtpxKAM3/wiO9E5V4Q7xNHi3haurVWAZiHxGul/x7Fku+\nJIL8KGQqrA2Yfn9BEONO/3ZD+tdaumqcjNUZc8d27Jo56G5aifXQ8zCD5bOULpZb\nkMwhMOWKOqksGR1BEJvpXYjXHjPbfysU8WHmOy4w4Q8CggEADN1oK98iEIkCbx30\nSgsRL2BQ7RHp0ewcpsudykDn9FAa2oYKZ4ybVh1v/tt8GbfRHI3pOXhdPi7AFoRP\noN670+wXXpenaIx0z0QG0lFbWOMkhmOhbcGxIE2t7Z3oUWGTwUCAf164lfbiyYeG\n08r/LGKcWSMQwD0dM7H7ylwFwxilcaX1zs8E7YCDeO81eBl9H4/eYohx9SepdM/I\n2cGhwkKIGnQDcHvSZwiKdTmFg1YXi353MBkVRR7u59f89EpPX/8l5TdUlaRI8PnS\nVfJx4Suen80JsmWv0HOVxqs98JSwNGN3/ApIxu3mlZfwTPhTBxn0n1OrD61HwDx1\n/+Lg4QKCAQBAh9nrHQ842P06XPZASL8qUhl/IjE4qpDaMk9NGWikLkRwNVKZUuzZ\n+7EUj/M6dplRy0Fv2/bRYE3Pw3bDW+gh/hMU7K6J2iJVw8mAnH3/QBcR53hPrMyf\nHoDW8uDj1aBpWCSgMHLzTgRACjGWwZF/a1ceMld168VHyEAjXqGO1S0M4RBAbCtC\n7TRIrUo5Y6sJH/nesE5+UKYEcfEo9syXaFr91KhSSMbquhHB3C+MGutAbTRcRB7S\ng/D3BPP+ManEcCl+GTtb8wNkT7nIk4Sl5beu2hvdixJvT7AwUINbeb8yWWZmbQYr\nMB7zpzdGNlcdqVKms76bfGNxRHf8NSJBAoIBAQCNG39qNwIDOskyzHRqjamZDQso\nBgmy45rxI9/2IM4A6lypOIbWSfjwCq57DDmSaBtZpJ3c3qdcuek2BeQD6OkuVqKA\njppslZkabm+DnY9Ao7ECo87Js0JpxuW8k4uQDDIVQFq+1ww5d3nT2gFzw1tMsEuC\nzJyzSU7xHA6WZjlg20PLKCAPp84y+0hbPtZfveg16aiPC4HY9/LffZy149LNxJiu\n8wz7ICqUwRDSTz5qM4SkLffpgYY2RT4I2mzZbAVwumM1KhpGl8nfM6nsDOTmMcmQ\no5YNv4JyRZ9NVo+R/6jtlcE8gTYu21Lg2KmY/vMygCTIPBKpG7VGfDd+cItk\n-----END RSA PRIVATE KEY-----\n",
      "type": "string",
      "sensitive": true
    }
  },
  "resources": [
    {
      "mode": "data",
      "type": "azurerm_log_analytics_workspace",
      "name": "example",
      "provider": "provider[\"registry.terraform.io/hashicorp/azurerm\"]",
      "instances": [
        {
          "schema_version": 0,
          "attributes": {
            "daily_quota_gb": -1,
            "id": "/subscriptions/c32027e6-240d-4ad6-bd95-d28947618f9d/resourceGroups/rg-shared-westeurope-01/providers/Microsoft.OperationalInsights/workspaces/loganalytics-we-sharedtest2",
            "location": "westeurope",
            "name": "loganalytics-we-sharedtest2",
            "primary_shared_key": "rvMaqcqrYJx8zUKLIvXo4V5LSzH8md5rbxwoZCThn3AlOIzAvZkF61wjVYnRfvLNaBadt4v4324yTIWlMOLEPw==",
            "resource_group_name": "rg-shared-westeurope-01",
            "retention_in_days": 30,
            "secondary_shared_key": "bwc0aodHMuOqd7HOmiwjzPzJP3vIM0I32SgkHm1KPb3Tk37FgI7dpmFkAg4T5ONfUyfdY+BpZWIf3KOW3aJoJw==",
            "sku": "pergb2018",
            "tags": {},
            "timeouts": null,
            "workspace_id": "7727511d-920f-45a7-9a02-f05b0effc5de"
          },
          "sensitive_attributes": []
        }
      ]
    },
    {
      "module": "module.vmscaleset",
      "mode": "data",
      "type": "azurerm_resource_group",
      "name": "rg",
      "provider": "provider[\"registry.terraform.io/hashicorp/azurerm\"]",
      "instances": [
        {
          "schema_version": 0,
          "attributes": {
            "id": "/subscriptions/c32027e6-240d-4ad6-bd95-d28947618f9d/resourceGroups/rg-shared-westeurope-01",
            "location": "westeurope",
            "name": "rg-shared-westeurope-01",
            "tags": {},
            "timeouts": null
          },
          "sensitive_attributes": []
        }
      ]
    },
    {
      "module": "module.vmscaleset",
      "mode": "data",
      "type": "azurerm_subnet",
      "name": "snet",
      "provider": "provider[\"registry.terraform.io/hashicorp/azurerm\"]",
      "instances": [
        {
          "schema_version": 0,
          "attributes": {
            "address_prefix": "10.0.1.0/24",
            "address_prefixes": [
              "10.0.1.0/24"
            ],
            "enforce_private_link_endpoint_network_policies": false,
            "enforce_private_link_service_network_policies": false,
            "id": "/subscriptions/c32027e6-240d-4ad6-bd95-d28947618f9d/resourceGroups/rg-shared-westeurope-01/providers/Microsoft.Network/virtualNetworks/vnet-shared-hub-westeurope-001/subnets/snet-management",
            "name": "snet-management",
            "network_security_group_id": "",
            "private_endpoint_network_policies_enabled": true,
            "private_link_service_network_policies_enabled": true,
            "resource_group_name": "rg-shared-westeurope-01",
            "route_table_id": "",
            "service_endpoints": [],
            "timeouts": null,
            "virtual_network_name": "vnet-shared-hub-westeurope-001"
          },
          "sensitive_attributes": []
        }
      ]
    },
    {
      "module": "module.vmscaleset",
      "mode": "data",
      "type": "azurerm_virtual_network",
      "name": "vnet",
      "provider": "provider[\"registry.terraform.io/hashicorp/azurerm\"]",
      "instances": [
        {
          "schema_version": 0,
          "attributes": {
            "address_space": [
              "10.0.0.0/16"
            ],
            "dns_servers": [],
            "guid": "f8185a49-dd84-4e44-b9f1-f4bb3297bcf4",
            "id": "/subscriptions/c32027e6-240d-4ad6-bd95-d28947618f9d/resourceGroups/rg-shared-westeurope-01/providers/Microsoft.Network/virtualNetworks/vnet-shared-hub-westeurope-001",
            "location": "westeurope",
            "name": "vnet-shared-hub-westeurope-001",
            "resource_group_name": "rg-shared-westeurope-01",
            "subnets": [
              "snet-management"
            ],
            "tags": {
              "ENV": "test"
            },
            "timeouts": null,
            "vnet_peerings": {},
            "vnet_peerings_addresses": []
          },
          "sensitive_attributes": []
        }
      ]
    },
    {
      "module": "module.vmscaleset",
      "mode": "managed",
      "type": "azurerm_lb",
      "name": "vmsslb",
      "provider": "provider[\"registry.terraform.io/hashicorp/azurerm\"]",
      "instances": [
        {
          "index_key": 0,
          "schema_version": 0,
          "attributes": {
            "edge_zone": "",
            "frontend_ip_configuration": [
              {
                "gateway_load_balancer_frontend_ip_configuration_id": "",
                "id": "/subscriptions/c32027e6-240d-4ad6-bd95-d28947618f9d/resourceGroups/rg-shared-westeurope-01/providers/Microsoft.Network/loadBalancers/lbext-testvmss-westeurope/frontendIPConfigurations/lbext-frontend-testvmss",
                "inbound_nat_rules": [],
                "load_balancer_rules": [],
                "name": "lbext-frontend-testvmss",
                "outbound_rules": [],
                "private_ip_address": "",
                "private_ip_address_allocation": "Dynamic",
                "private_ip_address_version": "",
                "public_ip_address_id": "/subscriptions/c32027e6-240d-4ad6-bd95-d28947618f9d/resourceGroups/rg-shared-westeurope-01/providers/Microsoft.Network/publicIPAddresses/pip-vm-testvmss-westeurope-01",
                "public_ip_prefix_id": "",
                "subnet_id": "",
                "zones": null
              }
            ],
            "id": "/subscriptions/c32027e6-240d-4ad6-bd95-d28947618f9d/resourceGroups/rg-shared-westeurope-01/providers/Microsoft.Network/loadBalancers/lbext-testvmss-westeurope",
            "location": "westeurope",
            "name": "lbext-testvmss-westeurope",
            "private_ip_address": "",
            "private_ip_addresses": [],
            "resource_group_name": "rg-shared-westeurope-01",
            "sku": "Standard",
            "sku_tier": "Regional",
            "tags": {
              "BusinessUnit": "CORP",
              "Env": "dev",
              "Owner": "user@example.com",
              "ProjectName": "demo-project",
              "ServiceClass": "Gold",
              "resourcename": "lbext-testvmss-westeurope"
            },
            "timeouts": null
          },
          "sensitive_attributes": [],
          "private": "eyJlMmJmYjczMC1lY2FhLTExZTYtOGY4OC0zNDM2M2JjN2M0YzAiOnsiY3JlYXRlIjoxODAwMDAwMDAwMDAwLCJkZWxldGUiOjE4MDAwMDAwMDAwMDAsInJlYWQiOjMwMDAwMDAwMDAwMCwidXBkYXRlIjoxODAwMDAwMDAwMDAwfX0=",
          "dependencies": [
            "module.vmscaleset.azurerm_public_ip.pip",
            "module.vmscaleset.data.azurerm_resource_group.rg",
            "module.vmscaleset.data.azurerm_subnet.snet",
            "module.vmscaleset.data.azurerm_virtual_network.vnet",
            "module.vnet.azurerm_subnet.subnet_count",
            "module.vnet.azurerm_subnet.subnet_for_each",
            "module.vnet.azurerm_subnet_network_security_group_association.vnet",
            "module.vnet.azurerm_subnet_route_table_association.vnet",
            "module.vnet.azurerm_virtual_network.vnet"
          ]
        }
      ]
    },
    {
      "module": "module.vmscaleset",
      "mode": "managed",
      "type": "azurerm_lb_backend_address_pool",
      "name": "bepool",
      "provider": "provider[\"registry.terraform.io/hashicorp/azurerm\"]",
      "instances": [
        {
          "index_key": 0,
          "schema_version": 0,
          "attributes": {
            "backend_ip_configurations": [],
            "id": "/subscriptions/c32027e6-240d-4ad6-bd95-d28947618f9d/resourceGroups/rg-shared-westeurope-01/providers/Microsoft.Network/loadBalancers/lbext-testvmss-westeurope/backendAddressPools/lbe-backend-pool-testvmss",
            "inbound_nat_rules": [],
            "load_balancing_rules": [],
            "loadbalancer_id": "/subscriptions/c32027e6-240d-4ad6-bd95-d28947618f9d/resourceGroups/rg-shared-westeurope-01/providers/Microsoft.Network/loadBalancers/lbext-testvmss-westeurope",
            "name": "lbe-backend-pool-testvmss",
            "outbound_rules": [],
            "timeouts": null,
            "tunnel_interface": []
          },
          "sensitive_attributes": [],
          "private": "eyJlMmJmYjczMC1lY2FhLTExZTYtOGY4OC0zNDM2M2JjN2M0YzAiOnsiY3JlYXRlIjoxODAwMDAwMDAwMDAwLCJkZWxldGUiOjE4MDAwMDAwMDAwMDAsInJlYWQiOjMwMDAwMDAwMDAwMCwidXBkYXRlIjoxODAwMDAwMDAwMDAwfX0=",
          "dependencies": [
            "module.vmscaleset.azurerm_lb.vmsslb",
            "module.vmscaleset.azurerm_public_ip.pip",
            "module.vmscaleset.data.azurerm_resource_group.rg",
            "module.vmscaleset.data.azurerm_subnet.snet",
            "module.vmscaleset.data.azurerm_virtual_network.vnet",
            "module.vnet.azurerm_subnet.subnet_count",
            "module.vnet.azurerm_subnet.subnet_for_each",
            "module.vnet.azurerm_subnet_network_security_group_association.vnet",
            "module.vnet.azurerm_subnet_route_table_association.vnet",
            "module.vnet.azurerm_virtual_network.vnet"
          ]
        }
      ]
    },
    {
      "module": "module.vmscaleset",
      "mode": "managed",
      "type": "azurerm_lb_probe",
      "name": "lbp",
      "provider": "provider[\"registry.terraform.io/hashicorp/azurerm\"]",
      "instances": [
        {
          "index_key": 0,
          "schema_version": 0,
          "attributes": {
            "id": "/subscriptions/c32027e6-240d-4ad6-bd95-d28947618f9d/resourceGroups/rg-shared-westeurope-01/providers/Microsoft.Network/loadBalancers/lbext-testvmss-westeurope/probes/lb-probe-port-80-testvmss",
            "interval_in_seconds": 15,
            "load_balancer_rules": [],
            "loadbalancer_id": "/subscriptions/c32027e6-240d-4ad6-bd95-d28947618f9d/resourceGroups/rg-shared-westeurope-01/providers/Microsoft.Network/loadBalancers/lbext-testvmss-westeurope",
            "name": "lb-probe-port-80-testvmss",
            "number_of_probes": 2,
            "port": 80,
            "probe_threshold": 1,
            "protocol": "Tcp",
            "request_path": "",
            "timeouts": null
          },
          "sensitive_attributes": [],
          "private": "eyJlMmJmYjczMC1lY2FhLTExZTYtOGY4OC0zNDM2M2JjN2M0YzAiOnsiY3JlYXRlIjoxODAwMDAwMDAwMDAwLCJkZWxldGUiOjE4MDAwMDAwMDAwMDAsInJlYWQiOjMwMDAwMDAwMDAwMCwidXBkYXRlIjoxODAwMDAwMDAwMDAwfX0=",
          "dependencies": [
            "module.vmscaleset.azurerm_lb.vmsslb",
            "module.vmscaleset.azurerm_public_ip.pip",
            "module.vmscaleset.data.azurerm_resource_group.rg",
            "module.vmscaleset.data.azurerm_subnet.snet",
            "module.vmscaleset.data.azurerm_virtual_network.vnet",
            "module.vnet.azurerm_subnet.subnet_count",
            "module.vnet.azurerm_subnet.subnet_for_each",
            "module.vnet.azurerm_subnet_network_security_group_association.vnet",
            "module.vnet.azurerm_subnet_route_table_association.vnet",
            "module.vnet.azurerm_virtual_network.vnet"
          ]
        }
      ]
    },
    {
      "module": "module.vmscaleset",
      "mode": "managed",
      "type": "azurerm_lb_rule",
      "name": "lbrule",
      "provider": "provider[\"registry.terraform.io/hashicorp/azurerm\"]",
      "instances": [
        {
          "index_key": 0,
          "schema_version": 0,
          "attributes": {
            "backend_address_pool_ids": [
              "/subscriptions/c32027e6-240d-4ad6-bd95-d28947618f9d/resourceGroups/rg-shared-westeurope-01/providers/Microsoft.Network/loadBalancers/lbext-testvmss-westeurope/backendAddressPools/lbe-backend-pool-testvmss"
            ],
            "backend_port": 80,
            "disable_outbound_snat": false,
            "enable_floating_ip": false,
            "enable_tcp_reset": false,
            "frontend_ip_configuration_id": "/subscriptions/c32027e6-240d-4ad6-bd95-d28947618f9d/resourceGroups/rg-shared-westeurope-01/providers/Microsoft.Network/loadBalancers/lbext-testvmss-westeurope/frontendIPConfigurations/lbext-frontend-testvmss",
            "frontend_ip_configuration_name": "lbext-frontend-testvmss",
            "frontend_port": 80,
            "id": "/subscriptions/c32027e6-240d-4ad6-bd95-d28947618f9d/resourceGroups/rg-shared-westeurope-01/providers/Microsoft.Network/loadBalancers/lbext-testvmss-westeurope/loadBalancingRules/testvmss-01-rule",
            "idle_timeout_in_minutes": 4,
            "load_distribution": "Default",
            "loadbalancer_id": "/subscriptions/c32027e6-240d-4ad6-bd95-d28947618f9d/resourceGroups/rg-shared-westeurope-01/providers/Microsoft.Network/loadBalancers/lbext-testvmss-westeurope",
            "name": "testvmss-01-rule",
            "probe_id": "/subscriptions/c32027e6-240d-4ad6-bd95-d28947618f9d/resourceGroups/rg-shared-westeurope-01/providers/Microsoft.Network/loadBalancers/lbext-testvmss-westeurope/probes/lb-probe-port-80-testvmss",
            "protocol": "Tcp",
            "timeouts": null
          },
          "sensitive_attributes": [],
          "private": "eyJlMmJmYjczMC1lY2FhLTExZTYtOGY4OC0zNDM2M2JjN2M0YzAiOnsiY3JlYXRlIjoxODAwMDAwMDAwMDAwLCJkZWxldGUiOjE4MDAwMDAwMDAwMDAsInJlYWQiOjMwMDAwMDAwMDAwMCwidXBkYXRlIjoxODAwMDAwMDAwMDAwfX0=",
          "dependencies": [
            "module.vmscaleset.azurerm_lb.vmsslb",
            "module.vmscaleset.azurerm_lb_backend_address_pool.bepool",
            "module.vmscaleset.azurerm_lb_probe.lbp",
            "module.vmscaleset.azurerm_public_ip.pip",
            "module.vmscaleset.data.azurerm_resource_group.rg",
            "module.vmscaleset.data.azurerm_subnet.snet",
            "module.vmscaleset.data.azurerm_virtual_network.vnet",
            "module.vnet.azurerm_subnet.subnet_count",
            "module.vnet.azurerm_subnet.subnet_for_each",
            "module.vnet.azurerm_subnet_network_security_group_association.vnet",
            "module.vnet.azurerm_subnet_route_table_association.vnet",
            "module.vnet.azurerm_virtual_network.vnet"
          ]
        },
        {
          "index_key": 1,
          "schema_version": 0,
          "attributes": {
            "backend_address_pool_ids": [
              "/subscriptions/c32027e6-240d-4ad6-bd95-d28947618f9d/resourceGroups/rg-shared-westeurope-01/providers/Microsoft.Network/loadBalancers/lbext-testvmss-westeurope/backendAddressPools/lbe-backend-pool-testvmss"
            ],
            "backend_port": 443,
            "disable_outbound_snat": false,
            "enable_floating_ip": false,
            "enable_tcp_reset": false,
            "frontend_ip_configuration_id": "/subscriptions/c32027e6-240d-4ad6-bd95-d28947618f9d/resourceGroups/rg-shared-westeurope-01/providers/Microsoft.Network/loadBalancers/lbext-testvmss-westeurope/frontendIPConfigurations/lbext-frontend-testvmss",
            "frontend_ip_configuration_name": "lbext-frontend-testvmss",
            "frontend_port": 443,
            "id": "/subscriptions/c32027e6-240d-4ad6-bd95-d28947618f9d/resourceGroups/rg-shared-westeurope-01/providers/Microsoft.Network/loadBalancers/lbext-testvmss-westeurope/loadBalancingRules/testvmss-02-rule",
            "idle_timeout_in_minutes": 4,
            "load_distribution": "Default",
            "loadbalancer_id": "/subscriptions/c32027e6-240d-4ad6-bd95-d28947618f9d/resourceGroups/rg-shared-westeurope-01/providers/Microsoft.Network/loadBalancers/lbext-testvmss-westeurope",
            "name": "testvmss-02-rule",
            "probe_id": "/subscriptions/c32027e6-240d-4ad6-bd95-d28947618f9d/resourceGroups/rg-shared-westeurope-01/providers/Microsoft.Network/loadBalancers/lbext-testvmss-westeurope/probes/lb-probe-port-80-testvmss",
            "protocol": "Tcp",
            "timeouts": null
          },
          "sensitive_attributes": [],
          "private": "eyJlMmJmYjczMC1lY2FhLTExZTYtOGY4OC0zNDM2M2JjN2M0YzAiOnsiY3JlYXRlIjoxODAwMDAwMDAwMDAwLCJkZWxldGUiOjE4MDAwMDAwMDAwMDAsInJlYWQiOjMwMDAwMDAwMDAwMCwidXBkYXRlIjoxODAwMDAwMDAwMDAwfX0=",
          "dependencies": [
            "module.vmscaleset.azurerm_lb.vmsslb",
            "module.vmscaleset.azurerm_lb_backend_address_pool.bepool",
            "module.vmscaleset.azurerm_lb_probe.lbp",
            "module.vmscaleset.azurerm_public_ip.pip",
            "module.vmscaleset.data.azurerm_resource_group.rg",
            "module.vmscaleset.data.azurerm_subnet.snet",
            "module.vmscaleset.data.azurerm_virtual_network.vnet",
            "module.vnet.azurerm_subnet.subnet_count",
            "module.vnet.azurerm_subnet.subnet_for_each",
            "module.vnet.azurerm_subnet_network_security_group_association.vnet",
            "module.vnet.azurerm_subnet_route_table_association.vnet",
            "module.vnet.azurerm_virtual_network.vnet"
          ]
        }
      ]
    },
    {
      "module": "module.vmscaleset",
      "mode": "managed",
      "type": "azurerm_linux_virtual_machine_scale_set",
      "name": "linux_vmss",
      "provider": "provider[\"registry.terraform.io/hashicorp/azurerm\"]",
      "instances": [
        {
          "index_key": 0,
          "schema_version": 0,
          "attributes": {
            "additional_capabilities": [],
            "admin_password": null,
            "admin_ssh_key": [
              {
                "public_key": "ssh-rsa AAAAB3NzaC1yc2EAAAADAQABAAABgQDDBH9EJA8Gzm0rbOASpP5LoB/GwU5RxDbc+sRFmkUViVvUTb37hX/6YPJPCPKAwP7cPeKBw6V2ZrdoqFPYYZ+U9znaUe7FGQkhJfR347jKs7k83rZhZd5+rWvMsXnGX5hkU2EEwfPnGWCKVCZkOPFnI0O2BCtve/CwWmxfOtisWyX9MGX3aIsRQ0aWSPQcPpS55Y4cB/qpr0CADF8LUti7Z5Sr8/VCgYD6zwPKf8XPkSgqEACP5ruTTRyVrIst9T3uELO1+8F9w0QnoN175sGOmblTAfqvQeRr7GTh5tqEet9YmDM14eGbe/zR2EhqLBchypwi/MGBzhIF9+2o/2IKX5FzthaTkHt6w/Bn4RInClMXCdhHYTmAuQzTju/7Ww6TjnkCk1VucgtyBlgiba/1R4XUzPbsC3Rxn9Lc4moCLzSc0BNg5h7iT2bH9esn1fjRSTD+KACSSZmaUuG2u/jAPjLcvhsU3K5g+fbwM/HrDWNntdboaY/nZ5a2zg/lQ4M= vmathpal@AIPL7889LT16443.local\n",
                "username": "vmathpal"
              }
            ],
            "admin_username": "vmathpal",
            "automatic_instance_repair": [
              {
                "enabled": true,
                "grace_period": "PT30M"
              }
            ],
            "automatic_os_upgrade_policy": [
              {
                "disable_automatic_rollback": true,
                "enable_automatic_os_upgrade": true
              }
            ],
            "boot_diagnostics": [
              {
                "storage_account_uri": ""
              }
            ],
            "capacity_reservation_group_id": "",
            "computer_name_prefix": "testvmss1",
            "custom_data": null,
            "data_disk": [
              {
                "caching": "ReadWrite",
                "create_option": "Empty",
                "disk_encryption_set_id": "",
                "disk_size_gb": 100,
                "lun": 0,
                "name": "",
                "storage_account_type": "Standard_LRS",
                "ultra_ssd_disk_iops_read_write": 0,
                "ultra_ssd_disk_mbps_read_write": 0,
                "write_accelerator_enabled": false
              },
              {
                "caching": "ReadWrite",
                "create_option": "Empty",
                "disk_encryption_set_id": "",
                "disk_size_gb": 200,
                "lun": 1,
                "name": "",
                "storage_account_type": "Standard_LRS",
                "ultra_ssd_disk_iops_read_write": 0,
                "ultra_ssd_disk_mbps_read_write": 0,
                "write_accelerator_enabled": false
              }
            ],
            "disable_password_authentication": true,
            "do_not_run_extensions_on_overprovisioned_machines": false,
            "edge_zone": "",
            "encryption_at_host_enabled": false,
            "eviction_policy": "",
            "extension": [],
            "extension_operations_enabled": true,
            "extensions_time_budget": "PT1H30M",
            "gallery_application": null,
            "gallery_applications": null,
            "health_probe_id": "/subscriptions/c32027e6-240d-4ad6-bd95-d28947618f9d/resourceGroups/rg-shared-westeurope-01/providers/Microsoft.Network/loadBalancers/lbext-testvmss-westeurope/probes/lb-probe-port-80-testvmss",
            "host_group_id": null,
            "id": "/subscriptions/c32027e6-240d-4ad6-bd95-d28947618f9d/resourceGroups/rg-shared-westeurope-01/providers/Microsoft.Compute/virtualMachineScaleSets/vmtestvmss1",
            "identity": [],
            "instances": 2,
            "location": "westeurope",
            "max_bid_price": -1,
            "name": "vmtestvmss1",
            "network_interface": [
              {
                "dns_servers": [],
                "enable_accelerated_networking": false,
                "enable_ip_forwarding": false,
                "ip_configuration": [
                  {
                    "application_gateway_backend_address_pool_ids": null,
                    "application_security_group_ids": null,
                    "load_balancer_backend_address_pool_ids": [
                      "/subscriptions/c32027e6-240d-4ad6-bd95-d28947618f9d/resourceGroups/rg-shared-westeurope-01/providers/Microsoft.Network/loadBalancers/lbext-testvmss-westeurope/backendAddressPools/lbe-backend-pool-testvmss"
                    ],
                    "load_balancer_inbound_nat_rules_ids": null,
                    "name": "ipconig-vmtestvmss1",
                    "primary": true,
                    "public_ip_address": [
                      {
                        "domain_name_label": "",
                        "idle_timeout_in_minutes": 4,
                        "ip_tag": [],
                        "name": "pip-vmtestvmss01",
                        "public_ip_prefix_id": "",
                        "version": "IPv4"
                      }
                    ],
                    "subnet_id": "/subscriptions/c32027e6-240d-4ad6-bd95-d28947618f9d/resourceGroups/rg-shared-westeurope-01/providers/Microsoft.Network/virtualNetworks/vnet-shared-hub-westeurope-001/subnets/snet-management",
                    "version": "IPv4"
                  }
                ],
                "name": "nic-vmtestvmss1",
                "network_security_group_id": "/subscriptions/c32027e6-240d-4ad6-bd95-d28947618f9d/resourceGroups/rg-shared-westeurope-01/providers/Microsoft.Network/networkSecurityGroups/nsg_testvmss_westeurope_in",
                "primary": true
              }
            ],
            "os_disk": [
              {
                "caching": "ReadWrite",
                "diff_disk_settings": [],
                "disk_encryption_set_id": "",
                "disk_size_gb": 30,
                "secure_vm_disk_encryption_set_id": "",
                "security_encryption_type": "",
                "storage_account_type": "StandardSSD_LRS",
                "write_accelerator_enabled": false
              }
            ],
            "overprovision": false,
            "plan": [],
            "platform_fault_domain_count": 0,
            "priority": "Regular",
            "provision_vm_agent": true,
            "proximity_placement_group_id": "/subscriptions/c32027e6-240d-4ad6-bd95-d28947618f9d/resourceGroups/RG-SHARED-WESTEUROPE-01/providers/Microsoft.Compute/proximityPlacementGroups/proxigrp-testvmss-westeurope",
            "resource_group_name": "rg-shared-westeurope-01",
            "rolling_upgrade_policy": [
              {
                "cross_zone_upgrades_enabled": false,
                "max_batch_instance_percent": 20,
                "max_unhealthy_instance_percent": 20,
                "max_unhealthy_upgraded_instance_percent": 20,
                "pause_time_between_batches": "PT0S",
                "prioritize_unhealthy_instances_enabled": false
              }
            ],
            "scale_in": [
              {
                "force_deletion_enabled": false,
                "rule": "Default"
              }
            ],
            "scale_in_policy": "Default",
            "secret": [],
            "secure_boot_enabled": false,
            "single_placement_group": true,
            "sku": "Standard_A2_v2",
            "source_image_id": "",
            "source_image_reference": [
              {
                "offer": "UbuntuServer",
                "publisher": "Canonical",
                "sku": "18.04-LTS",
                "version": "latest"
              }
            ],
            "spot_restore": null,
            "tags": {
              "BusinessUnit": "CORP",
              "Env": "dev",
              "Owner": "user@example.com",
              "ProjectName": "demo-project",
              "ServiceClass": "Gold",
              "resourcename": "vmtestvmss1"
            },
            "terminate_notification": null,
            "termination_notification": null,
            "timeouts": null,
            "unique_id": "1e43fb13-f674-4b1c-a3c5-74789332a2b2",
            "upgrade_mode": "Automatic",
            "user_data": "",
            "vtpm_enabled": false,
            "zone_balance": false,
            "zones": null
          },
          "sensitive_attributes": [],
          "private": "eyJlMmJmYjczMC1lY2FhLTExZTYtOGY4OC0zNDM2M2JjN2M0YzAiOnsiY3JlYXRlIjozNjAwMDAwMDAwMDAwLCJkZWxldGUiOjM2MDAwMDAwMDAwMDAsInJlYWQiOjMwMDAwMDAwMDAwMCwidXBkYXRlIjozNjAwMDAwMDAwMDAwfX0=",
          "dependencies": [
            "module.vmscaleset.azurerm_lb.vmsslb",
            "module.vmscaleset.azurerm_lb_backend_address_pool.bepool",
            "module.vmscaleset.azurerm_lb_nat_pool.natpol",
            "module.vmscaleset.azurerm_lb_probe.lbp",
            "module.vmscaleset.azurerm_lb_rule.lbrule",
            "module.vmscaleset.azurerm_network_security_group.nsg",
            "module.vmscaleset.azurerm_proximity_placement_group.appgrp",
            "module.vmscaleset.azurerm_public_ip.pip",
            "module.vmscaleset.data.azurerm_resource_group.rg",
            "module.vmscaleset.data.azurerm_storage_account.storeacc",
            "module.vmscaleset.data.azurerm_subnet.snet",
            "module.vmscaleset.data.azurerm_virtual_network.vnet",
            "module.vmscaleset.random_password.passwd",
            "module.vmscaleset.tls_private_key.rsa",
            "module.vnet.azurerm_subnet.subnet_count",
            "module.vnet.azurerm_subnet.subnet_for_each",
            "module.vnet.azurerm_subnet_network_security_group_association.vnet",
            "module.vnet.azurerm_subnet_route_table_association.vnet",
            "module.vnet.azurerm_virtual_network.vnet"
          ]
        }
      ]
    },
    {
      "module": "module.vmscaleset",
      "mode": "managed",
      "type": "azurerm_monitor_autoscale_setting",
      "name": "auto",
      "provider": "provider[\"registry.terraform.io/hashicorp/azurerm\"]",
      "instances": [
        {
          "index_key": 0,
          "schema_version": 2,
          "attributes": {
            "enabled": true,
            "id": "/subscriptions/c32027e6-240d-4ad6-bd95-d28947618f9d/resourceGroups/rg-shared-westeurope-01/providers/Microsoft.Insights/autoScaleSettings/auto-scale-set-testvmss",
            "location": "westeurope",
            "name": "auto-scale-set-testvmss",
            "notification": [],
            "profile": [
              {
                "capacity": [
                  {
                    "default": 2,
                    "maximum": 5,
                    "minimum": 2
                  }
                ],
                "fixed_date": [],
                "name": "default",
                "recurrence": [],
                "rule": [
                  {
                    "metric_trigger": [
                      {
                        "dimensions": [],
                        "divide_by_instance_count": false,
                        "metric_name": "Percentage CPU",
                        "metric_namespace": "",
                        "metric_resource_id": "/subscriptions/c32027e6-240d-4ad6-bd95-d28947618f9d/resourceGroups/rg-shared-westeurope-01/providers/Microsoft.Compute/virtualMachineScaleSets/vmtestvmss1",
                        "operator": "GreaterThan",
                        "statistic": "Average",
                        "threshold": 80,
                        "time_aggregation": "Average",
                        "time_grain": "PT1M",
                        "time_window": "PT5M"
                      }
                    ],
                    "scale_action": [
                      {
                        "cooldown": "PT1M",
                        "direction": "Increase",
                        "type": "ChangeCount",
                        "value": 1
                      }
                    ]
                  },
                  {
                    "metric_trigger": [
                      {
                        "dimensions": [],
                        "divide_by_instance_count": false,
                        "metric_name": "Percentage CPU",
                        "metric_namespace": "",
                        "metric_resource_id": "/subscriptions/c32027e6-240d-4ad6-bd95-d28947618f9d/resourceGroups/rg-shared-westeurope-01/providers/Microsoft.Compute/virtualMachineScaleSets/vmtestvmss1",
                        "operator": "LessThan",
                        "statistic": "Average",
                        "threshold": 20,
                        "time_aggregation": "Average",
                        "time_grain": "PT1M",
                        "time_window": "PT5M"
                      }
                    ],
                    "scale_action": [
                      {
                        "cooldown": "PT1M",
                        "direction": "Decrease",
                        "type": "ChangeCount",
                        "value": 1
                      }
                    ]
                  }
                ]
              }
            ],
            "resource_group_name": "rg-shared-westeurope-01",
            "tags": null,
            "target_resource_id": "/subscriptions/c32027e6-240d-4ad6-bd95-d28947618f9d/resourceGroups/rg-shared-westeurope-01/providers/Microsoft.Compute/virtualMachineScaleSets/vmtestvmss1",
            "timeouts": null
          },
          "sensitive_attributes": [],
          "private": "eyJlMmJmYjczMC1lY2FhLTExZTYtOGY4OC0zNDM2M2JjN2M0YzAiOnsiY3JlYXRlIjoxODAwMDAwMDAwMDAwLCJkZWxldGUiOjE4MDAwMDAwMDAwMDAsInJlYWQiOjMwMDAwMDAwMDAwMCwidXBkYXRlIjoxODAwMDAwMDAwMDAwfSwic2NoZW1hX3ZlcnNpb24iOiIyIn0=",
          "dependencies": [
            "module.vmscaleset.azurerm_lb.vmsslb",
            "module.vmscaleset.azurerm_lb_backend_address_pool.bepool",
            "module.vmscaleset.azurerm_lb_nat_pool.natpol",
            "module.vmscaleset.azurerm_lb_probe.lbp",
            "module.vmscaleset.azurerm_lb_rule.lbrule",
            "module.vmscaleset.azurerm_linux_virtual_machine_scale_set.linux_vmss",
            "module.vmscaleset.azurerm_network_security_group.nsg",
            "module.vmscaleset.azurerm_proximity_placement_group.appgrp",
            "module.vmscaleset.azurerm_public_ip.pip",
            "module.vmscaleset.azurerm_windows_virtual_machine_scale_set.winsrv_vmss",
            "module.vmscaleset.data.azurerm_resource_group.rg",
            "module.vmscaleset.data.azurerm_storage_account.storeacc",
            "module.vmscaleset.data.azurerm_subnet.snet",
            "module.vmscaleset.data.azurerm_virtual_network.vnet",
            "module.vmscaleset.random_password.passwd",
            "module.vmscaleset.tls_private_key.rsa",
            "module.vnet.azurerm_subnet.subnet_count",
            "module.vnet.azurerm_subnet.subnet_for_each",
            "module.vnet.azurerm_subnet_network_security_group_association.vnet",
            "module.vnet.azurerm_subnet_route_table_association.vnet",
            "module.vnet.azurerm_virtual_network.vnet"
          ]
        }
      ]
    },
    {
      "module": "module.vmscaleset",
      "mode": "managed",
      "type": "azurerm_monitor_diagnostic_setting",
      "name": "lb-pip",
      "provider": "provider[\"registry.terraform.io/hashicorp/azurerm\"]",
      "instances": [
        {
          "index_key": 0,
          "schema_version": 0,
          "attributes": {
            "eventhub_authorization_rule_id": "",
            "eventhub_name": "",
            "id": "/subscriptions/c32027e6-240d-4ad6-bd95-d28947618f9d/resourceGroups/rg-shared-westeurope-01/providers/Microsoft.Network/publicIPAddresses/pip-vm-testvmss-westeurope-01|testvmss-pip-diag",
            "log": [
              {
                "category": "DDoSMitigationFlowLogs",
                "category_group": "",
                "enabled": true,
                "retention_policy": [
                  {
                    "days": null,
                    "enabled": false
                  }
                ]
              },
              {
                "category": "DDoSMitigationReports",
                "category_group": "",
                "enabled": true,
                "retention_policy": [
                  {
                    "days": null,
                    "enabled": false
                  }
                ]
              },
              {
                "category": "DDoSProtectionNotifications",
                "category_group": "",
                "enabled": true,
                "retention_policy": [
                  {
                    "days": null,
                    "enabled": false
                  }
                ]
              }
            ],
            "log_analytics_destination_type": "",
            "log_analytics_workspace_id": "/subscriptions/c32027e6-240d-4ad6-bd95-d28947618f9d/resourceGroups/rg-shared-westeurope-01/providers/Microsoft.OperationalInsights/workspaces/loganalytics-we-sharedtest2",
            "metric": [
              {
                "category": "AllMetrics",
                "enabled": true,
                "retention_policy": [
                  {
                    "days": null,
                    "enabled": false
                  }
                ]
              }
            ],
            "name": "testvmss-pip-diag",
            "partner_solution_id": null,
            "storage_account_id": null,
            "target_resource_id": "/subscriptions/c32027e6-240d-4ad6-bd95-d28947618f9d/resourceGroups/rg-shared-westeurope-01/providers/Microsoft.Network/publicIPAddresses/pip-vm-testvmss-westeurope-01",
            "timeouts": null
          },
          "sensitive_attributes": [],
          "private": "eyJlMmJmYjczMC1lY2FhLTExZTYtOGY4OC0zNDM2M2JjN2M0YzAiOnsiY3JlYXRlIjoxODAwMDAwMDAwMDAwLCJkZWxldGUiOjM2MDAwMDAwMDAwMDAsInJlYWQiOjMwMDAwMDAwMDAwMCwidXBkYXRlIjoxODAwMDAwMDAwMDAwfX0=",
          "dependencies": [
            "data.azurerm_log_analytics_workspace.example",
            "module.vmscaleset.azurerm_public_ip.pip",
            "module.vmscaleset.data.azurerm_resource_group.rg",
            "module.vnet.azurerm_subnet.subnet_count",
            "module.vnet.azurerm_subnet.subnet_for_each",
            "module.vnet.azurerm_subnet_network_security_group_association.vnet",
            "module.vnet.azurerm_subnet_route_table_association.vnet",
            "module.vnet.azurerm_virtual_network.vnet"
          ]
        }
      ]
    },
    {
      "module": "module.vmscaleset",
      "mode": "managed",
      "type": "azurerm_monitor_diagnostic_setting",
      "name": "nsg",
      "provider": "provider[\"registry.terraform.io/hashicorp/azurerm\"]",
      "instances": [
        {
          "index_key": 0,
          "schema_version": 0,
          "attributes": {
            "eventhub_authorization_rule_id": "",
            "eventhub_name": "",
            "id": "/subscriptions/c32027e6-240d-4ad6-bd95-d28947618f9d/resourceGroups/rg-shared-westeurope-01/providers/Microsoft.Network/networkSecurityGroups/nsg_testvmss_westeurope_in|nsg-testvmss-diag",
            "log": [
              {
                "category": "NetworkSecurityGroupEvent",
                "category_group": "",
                "enabled": true,
                "retention_policy": [
                  {
                    "days": null,
                    "enabled": false
                  }
                ]
              },
              {
                "category": "NetworkSecurityGroupRuleCounter",
                "category_group": "",
                "enabled": true,
                "retention_policy": [
                  {
                    "days": null,
                    "enabled": false
                  }
                ]
              }
            ],
            "log_analytics_destination_type": "",
            "log_analytics_workspace_id": "/subscriptions/c32027e6-240d-4ad6-bd95-d28947618f9d/resourceGroups/rg-shared-westeurope-01/providers/Microsoft.OperationalInsights/workspaces/loganalytics-we-sharedtest2",
            "metric": [],
            "name": "nsg-testvmss-diag",
            "partner_solution_id": null,
            "storage_account_id": null,
            "target_resource_id": "/subscriptions/c32027e6-240d-4ad6-bd95-d28947618f9d/resourceGroups/rg-shared-westeurope-01/providers/Microsoft.Network/networkSecurityGroups/nsg_testvmss_westeurope_in",
            "timeouts": null
          },
          "sensitive_attributes": [],
          "private": "eyJlMmJmYjczMC1lY2FhLTExZTYtOGY4OC0zNDM2M2JjN2M0YzAiOnsiY3JlYXRlIjoxODAwMDAwMDAwMDAwLCJkZWxldGUiOjM2MDAwMDAwMDAwMDAsInJlYWQiOjMwMDAwMDAwMDAwMCwidXBkYXRlIjoxODAwMDAwMDAwMDAwfX0=",
          "dependencies": [
            "data.azurerm_log_analytics_workspace.example",
            "module.vmscaleset.azurerm_network_security_group.nsg",
            "module.vmscaleset.data.azurerm_resource_group.rg",
            "module.vnet.azurerm_subnet.subnet_count",
            "module.vnet.azurerm_subnet.subnet_for_each",
            "module.vnet.azurerm_subnet_network_security_group_association.vnet",
            "module.vnet.azurerm_subnet_route_table_association.vnet",
            "module.vnet.azurerm_virtual_network.vnet"
          ]
        }
      ]
    },
    {
      "module": "module.vmscaleset",
      "mode": "managed",
      "type": "azurerm_monitor_diagnostic_setting",
      "name": "vmmsdiag",
      "provider": "provider[\"registry.terraform.io/hashicorp/azurerm\"]",
      "instances": [
        {
          "index_key": 0,
          "schema_version": 0,
          "attributes": {
            "eventhub_authorization_rule_id": "",
            "eventhub_name": "",
            "id": "/subscriptions/c32027e6-240d-4ad6-bd95-d28947618f9d/resourceGroups/rg-shared-westeurope-01/providers/Microsoft.Compute/virtualMachineScaleSets/vmtestvmss1|testvmss-diag",
            "log": [],
            "log_analytics_destination_type": "",
            "log_analytics_workspace_id": "/subscriptions/c32027e6-240d-4ad6-bd95-d28947618f9d/resourceGroups/rg-shared-westeurope-01/providers/Microsoft.OperationalInsights/workspaces/loganalytics-we-sharedtest2",
            "metric": [
              {
                "category": "AllMetrics",
                "enabled": true,
                "retention_policy": [
                  {
                    "days": null,
                    "enabled": false
                  }
                ]
              }
            ],
            "name": "testvmss-diag",
            "partner_solution_id": null,
            "storage_account_id": null,
            "target_resource_id": "/subscriptions/c32027e6-240d-4ad6-bd95-d28947618f9d/resourceGroups/rg-shared-westeurope-01/providers/Microsoft.Compute/virtualMachineScaleSets/vmtestvmss1",
            "timeouts": null
          },
          "sensitive_attributes": [],
          "private": "eyJlMmJmYjczMC1lY2FhLTExZTYtOGY4OC0zNDM2M2JjN2M0YzAiOnsiY3JlYXRlIjoxODAwMDAwMDAwMDAwLCJkZWxldGUiOjM2MDAwMDAwMDAwMDAsInJlYWQiOjMwMDAwMDAwMDAwMCwidXBkYXRlIjoxODAwMDAwMDAwMDAwfX0=",
          "dependencies": [
            "data.azurerm_log_analytics_workspace.example",
            "module.vmscaleset.azurerm_lb.vmsslb",
            "module.vmscaleset.azurerm_lb_backend_address_pool.bepool",
            "module.vmscaleset.azurerm_lb_nat_pool.natpol",
            "module.vmscaleset.azurerm_lb_probe.lbp",
            "module.vmscaleset.azurerm_lb_rule.lbrule",
            "module.vmscaleset.azurerm_linux_virtual_machine_scale_set.linux_vmss",
            "module.vmscaleset.azurerm_network_security_group.nsg",
            "module.vmscaleset.azurerm_proximity_placement_group.appgrp",
            "module.vmscaleset.azurerm_public_ip.pip",
            "module.vmscaleset.azurerm_windows_virtual_machine_scale_set.winsrv_vmss",
            "module.vmscaleset.data.azurerm_resource_group.rg",
            "module.vmscaleset.data.azurerm_storage_account.storeacc",
            "module.vmscaleset.data.azurerm_subnet.snet",
            "module.vmscaleset.data.azurerm_virtual_network.vnet",
            "module.vmscaleset.random_password.passwd",
            "module.vmscaleset.tls_private_key.rsa",
            "module.vnet.azurerm_subnet.subnet_count",
            "module.vnet.azurerm_subnet.subnet_for_each",
            "module.vnet.azurerm_subnet_network_security_group_association.vnet",
            "module.vnet.azurerm_subnet_route_table_association.vnet",
            "module.vnet.azurerm_virtual_network.vnet"
          ]
        }
      ]
    },
    {
      "module": "module.vmscaleset",
      "mode": "managed",
      "type": "azurerm_network_security_group",
      "name": "nsg",
      "provider": "provider[\"registry.terraform.io/hashicorp/azurerm\"]",
      "instances": [
        {
          "index_key": 0,
          "schema_version": 0,
          "attributes": {
            "id": "/subscriptions/c32027e6-240d-4ad6-bd95-d28947618f9d/resourceGroups/rg-shared-westeurope-01/providers/Microsoft.Network/networkSecurityGroups/nsg_testvmss_westeurope_in",
            "location": "westeurope",
            "name": "nsg_testvmss_westeurope_in",
            "resource_group_name": "rg-shared-westeurope-01",
            "security_rule": [],
            "tags": {
              "BusinessUnit": "CORP",
              "Env": "dev",
              "Owner": "user@example.com",
              "ProjectName": "demo-project",
              "ServiceClass": "Gold",
              "resourcename": "nsg_testvmss_westeurope_in"
            },
            "timeouts": null
          },
          "sensitive_attributes": [],
          "private": "eyJlMmJmYjczMC1lY2FhLTExZTYtOGY4OC0zNDM2M2JjN2M0YzAiOnsiY3JlYXRlIjoxODAwMDAwMDAwMDAwLCJkZWxldGUiOjE4MDAwMDAwMDAwMDAsInJlYWQiOjMwMDAwMDAwMDAwMCwidXBkYXRlIjoxODAwMDAwMDAwMDAwfX0=",
          "dependencies": [
            "module.vmscaleset.data.azurerm_resource_group.rg",
            "module.vnet.azurerm_subnet.subnet_count",
            "module.vnet.azurerm_subnet.subnet_for_each",
            "module.vnet.azurerm_subnet_network_security_group_association.vnet",
            "module.vnet.azurerm_subnet_route_table_association.vnet",
            "module.vnet.azurerm_virtual_network.vnet"
          ]
        }
      ]
    },
    {
      "module": "module.vmscaleset",
      "mode": "managed",
      "type": "azurerm_network_security_rule",
      "name": "nsg_rule",
      "provider": "provider[\"registry.terraform.io/hashicorp/azurerm\"]",
      "instances": [
        {
          "index_key": "http",
          "schema_version": 0,
          "attributes": {
            "access": "Allow",
            "description": "Inbound_Port_80",
            "destination_address_prefix": "10.0.1.0/24",
            "destination_address_prefixes": null,
            "destination_application_security_group_ids": null,
            "destination_port_range": "80",
            "destination_port_ranges": null,
            "direction": "Inbound",
            "id": "/subscriptions/c32027e6-240d-4ad6-bd95-d28947618f9d/resourceGroups/rg-shared-westeurope-01/providers/Microsoft.Network/networkSecurityGroups/nsg_testvmss_westeurope_in/securityRules/http",
            "name": "http",
            "network_security_group_name": "nsg_testvmss_westeurope_in",
            "priority": 100,
            "protocol": "Tcp",
            "resource_group_name": "rg-shared-westeurope-01",
            "source_address_prefix": "*",
            "source_address_prefixes": null,
            "source_application_security_group_ids": null,
            "source_port_range": "*",
            "source_port_ranges": null,
            "timeouts": null
          },
          "sensitive_attributes": [],
          "private": "eyJlMmJmYjczMC1lY2FhLTExZTYtOGY4OC0zNDM2M2JjN2M0YzAiOnsiY3JlYXRlIjoxODAwMDAwMDAwMDAwLCJkZWxldGUiOjE4MDAwMDAwMDAwMDAsInJlYWQiOjMwMDAwMDAwMDAwMCwidXBkYXRlIjoxODAwMDAwMDAwMDAwfX0=",
          "dependencies": [
            "module.vmscaleset.azurerm_network_security_group.nsg",
            "module.vmscaleset.data.azurerm_resource_group.rg",
            "module.vmscaleset.data.azurerm_subnet.snet",
            "module.vmscaleset.data.azurerm_virtual_network.vnet",
            "module.vnet.azurerm_subnet.subnet_count",
            "module.vnet.azurerm_subnet.subnet_for_each",
            "module.vnet.azurerm_subnet_network_security_group_association.vnet",
            "module.vnet.azurerm_subnet_route_table_association.vnet",
            "module.vnet.azurerm_virtual_network.vnet"
          ]
        },
        {
          "index_key": "https",
          "schema_version": 0,
          "attributes": {
            "access": "Allow",
            "description": "Inbound_Port_443",
            "destination_address_prefix": "10.0.1.0/24",
            "destination_address_prefixes": null,
            "destination_application_security_group_ids": null,
            "destination_port_range": "443",
            "destination_port_ranges": null,
            "direction": "Inbound",
            "id": "/subscriptions/c32027e6-240d-4ad6-bd95-d28947618f9d/resourceGroups/rg-shared-westeurope-01/providers/Microsoft.Network/networkSecurityGroups/nsg_testvmss_westeurope_in/securityRules/https",
            "name": "https",
            "network_security_group_name": "nsg_testvmss_westeurope_in",
            "priority": 200,
            "protocol": "Tcp",
            "resource_group_name": "rg-shared-westeurope-01",
            "source_address_prefix": "*",
            "source_address_prefixes": null,
            "source_application_security_group_ids": null,
            "source_port_range": "*",
            "source_port_ranges": null,
            "timeouts": null
          },
          "sensitive_attributes": [],
          "private": "eyJlMmJmYjczMC1lY2FhLTExZTYtOGY4OC0zNDM2M2JjN2M0YzAiOnsiY3JlYXRlIjoxODAwMDAwMDAwMDAwLCJkZWxldGUiOjE4MDAwMDAwMDAwMDAsInJlYWQiOjMwMDAwMDAwMDAwMCwidXBkYXRlIjoxODAwMDAwMDAwMDAwfX0=",
          "dependencies": [
            "module.vmscaleset.azurerm_network_security_group.nsg",
            "module.vmscaleset.data.azurerm_resource_group.rg",
            "module.vmscaleset.data.azurerm_subnet.snet",
            "module.vmscaleset.data.azurerm_virtual_network.vnet",
            "module.vnet.azurerm_subnet.subnet_count",
            "module.vnet.azurerm_subnet.subnet_for_each",
            "module.vnet.azurerm_subnet_network_security_group_association.vnet",
            "module.vnet.azurerm_subnet_route_table_association.vnet",
            "module.vnet.azurerm_virtual_network.vnet"
          ]
        },
        {
          "index_key": "ssh",
          "schema_version": 0,
          "attributes": {
            "access": "Allow",
            "description": "Inbound_Port_22",
            "destination_address_prefix": "10.0.1.0/24",
            "destination_address_prefixes": null,
            "destination_application_security_group_ids": null,
            "destination_port_range": "22",
            "destination_port_ranges": null,
            "direction": "Inbound",
            "id": "/subscriptions/c32027e6-240d-4ad6-bd95-d28947618f9d/resourceGroups/rg-shared-westeurope-01/providers/Microsoft.Network/networkSecurityGroups/nsg_testvmss_westeurope_in/securityRules/ssh",
            "name": "ssh",
            "network_security_group_name": "nsg_testvmss_westeurope_in",
            "priority": 300,
            "protocol": "Tcp",
            "resource_group_name": "rg-shared-westeurope-01",
            "source_address_prefix": "*",
            "source_address_prefixes": null,
            "source_application_security_group_ids": null,
            "source_port_range": "*",
            "source_port_ranges": null,
            "timeouts": null
          },
          "sensitive_attributes": [],
          "private": "eyJlMmJmYjczMC1lY2FhLTExZTYtOGY4OC0zNDM2M2JjN2M0YzAiOnsiY3JlYXRlIjoxODAwMDAwMDAwMDAwLCJkZWxldGUiOjE4MDAwMDAwMDAwMDAsInJlYWQiOjMwMDAwMDAwMDAwMCwidXBkYXRlIjoxODAwMDAwMDAwMDAwfX0=",
          "dependencies": [
            "module.vmscaleset.azurerm_network_security_group.nsg",
            "module.vmscaleset.data.azurerm_resource_group.rg",
            "module.vmscaleset.data.azurerm_subnet.snet",
            "module.vmscaleset.data.azurerm_virtual_network.vnet",
            "module.vnet.azurerm_subnet.subnet_count",
            "module.vnet.azurerm_subnet.subnet_for_each",
            "module.vnet.azurerm_subnet_network_security_group_association.vnet",
            "module.vnet.azurerm_subnet_route_table_association.vnet",
            "module.vnet.azurerm_virtual_network.vnet"
          ]
        }
      ]
    },
    {
      "module": "module.vmscaleset",
      "mode": "managed",
      "type": "azurerm_proximity_placement_group",
      "name": "appgrp",
      "provider": "provider[\"registry.terraform.io/hashicorp/azurerm\"]",
      "instances": [
        {
          "index_key": 0,
          "schema_version": 0,
          "attributes": {
            "id": "/subscriptions/c32027e6-240d-4ad6-bd95-d28947618f9d/resourceGroups/rg-shared-westeurope-01/providers/Microsoft.Compute/proximityPlacementGroups/proxigrp-testvmss-westeurope",
            "location": "westeurope",
            "name": "proxigrp-testvmss-westeurope",
            "resource_group_name": "rg-shared-westeurope-01",
            "tags": {
              "BusinessUnit": "CORP",
              "Env": "dev",
              "Owner": "user@example.com",
              "ProjectName": "demo-project",
              "ServiceClass": "Gold",
              "resourcename": "proxigrp-testvmss-westeurope"
            },
            "timeouts": null
          },
          "sensitive_attributes": [],
          "private": "eyJlMmJmYjczMC1lY2FhLTExZTYtOGY4OC0zNDM2M2JjN2M0YzAiOnsiY3JlYXRlIjoxODAwMDAwMDAwMDAwLCJkZWxldGUiOjE4MDAwMDAwMDAwMDAsInJlYWQiOjMwMDAwMDAwMDAwMCwidXBkYXRlIjoxODAwMDAwMDAwMDAwfX0=",
          "dependencies": [
            "module.vmscaleset.data.azurerm_resource_group.rg",
            "module.vnet.azurerm_subnet.subnet_count",
            "module.vnet.azurerm_subnet.subnet_for_each",
            "module.vnet.azurerm_subnet_network_security_group_association.vnet",
            "module.vnet.azurerm_subnet_route_table_association.vnet",
            "module.vnet.azurerm_virtual_network.vnet"
          ]
        }
      ]
    },
    {
      "module": "module.vmscaleset",
      "mode": "managed",
      "type": "azurerm_public_ip",
      "name": "pip",
      "provider": "provider[\"registry.terraform.io/hashicorp/azurerm\"]",
      "instances": [
        {
          "index_key": 0,
          "schema_version": 0,
          "attributes": {
            "allocation_method": "Static",
            "ddos_protection_mode": "VirtualNetworkInherited",
            "ddos_protection_plan_id": null,
            "domain_name_label": null,
            "edge_zone": "",
            "fqdn": null,
            "id": "/subscriptions/c32027e6-240d-4ad6-bd95-d28947618f9d/resourceGroups/rg-shared-westeurope-01/providers/Microsoft.Network/publicIPAddresses/pip-vm-testvmss-westeurope-01",
            "idle_timeout_in_minutes": 4,
            "ip_address": "108.142.254.123",
            "ip_tags": null,
            "ip_version": "IPv4",
            "location": "westeurope",
            "name": "pip-vm-testvmss-westeurope-01",
            "public_ip_prefix_id": null,
            "resource_group_name": "rg-shared-westeurope-01",
            "reverse_fqdn": null,
            "sku": "Standard",
            "sku_tier": "Regional",
            "tags": {
              "BusinessUnit": "CORP",
              "Env": "dev",
              "Owner": "user@example.com",
              "ProjectName": "demo-project",
              "ServiceClass": "Gold",
              "resourcename": "pip-vm-testvmss-westeurope-01"
            },
            "timeouts": null,
            "zones": null
          },
          "sensitive_attributes": [],
          "private": "eyJlMmJmYjczMC1lY2FhLTExZTYtOGY4OC0zNDM2M2JjN2M0YzAiOnsiY3JlYXRlIjoxODAwMDAwMDAwMDAwLCJkZWxldGUiOjE4MDAwMDAwMDAwMDAsInJlYWQiOjMwMDAwMDAwMDAwMCwidXBkYXRlIjoxODAwMDAwMDAwMDAwfX0=",
          "dependencies": [
            "module.vmscaleset.data.azurerm_resource_group.rg",
            "module.vnet.azurerm_subnet.subnet_count",
            "module.vnet.azurerm_subnet.subnet_for_each",
            "module.vnet.azurerm_subnet_network_security_group_association.vnet",
            "module.vnet.azurerm_subnet_route_table_association.vnet",
            "module.vnet.azurerm_virtual_network.vnet"
          ]
        }
      ]
    },
    {
      "module": "module.vmscaleset",
      "mode": "managed",
      "type": "azurerm_virtual_machine_scale_set_extension",
      "name": "omsagentlinux",
      "provider": "provider[\"registry.terraform.io/hashicorp/azurerm\"]",
      "instances": [
        {
          "index_key": 0,
          "schema_version": 0,
          "attributes": {
            "auto_upgrade_minor_version": true,
            "automatic_upgrade_enabled": false,
            "failure_suppression_enabled": false,
            "force_update_tag": "",
            "id": "/subscriptions/c32027e6-240d-4ad6-bd95-d28947618f9d/resourceGroups/rg-shared-westeurope-01/providers/Microsoft.Compute/virtualMachineScaleSets/vmtestvmss1/extensions/OmsAgentForLinux",
            "name": "OmsAgentForLinux",
            "protected_settings": "    {\r\n    \"workspaceKey\": \"rvMaqcqrYJx8zUKLIvXo4V5LSzH8md5rbxwoZCThn3AlOIzAvZkF61wjVYnRfvLNaBadt4v4324yTIWlMOLEPw==\"\r\n    }\r\n",
            "protected_settings_from_key_vault": [],
            "provision_after_extensions": null,
            "publisher": "Microsoft.EnterpriseCloud.Monitoring",
            "settings": "{\"workspaceId\":\"7727511d-920f-45a7-9a02-f05b0effc5de\"}",
            "timeouts": null,
            "type": "OmsAgentForLinux",
            "type_handler_version": "1.13",
            "virtual_machine_scale_set_id": "/subscriptions/c32027e6-240d-4ad6-bd95-d28947618f9d/resourceGroups/rg-shared-westeurope-01/providers/Microsoft.Compute/virtualMachineScaleSets/vmtestvmss1"
          },
          "sensitive_attributes": [
            [
              {
                "type": "get_attr",
                "value": "protected_settings"
              }
            ]
          ],
          "private": "eyJlMmJmYjczMC1lY2FhLTExZTYtOGY4OC0zNDM2M2JjN2M0YzAiOnsiY3JlYXRlIjoxODAwMDAwMDAwMDAwLCJkZWxldGUiOjE4MDAwMDAwMDAwMDAsInJlYWQiOjMwMDAwMDAwMDAwMCwidXBkYXRlIjoxODAwMDAwMDAwMDAwfX0=",
          "dependencies": [
            "data.azurerm_log_analytics_workspace.example",
            "module.vmscaleset.azurerm_lb.vmsslb",
            "module.vmscaleset.azurerm_lb_backend_address_pool.bepool",
            "module.vmscaleset.azurerm_lb_nat_pool.natpol",
            "module.vmscaleset.azurerm_lb_probe.lbp",
            "module.vmscaleset.azurerm_lb_rule.lbrule",
            "module.vmscaleset.azurerm_linux_virtual_machine_scale_set.linux_vmss",
            "module.vmscaleset.azurerm_network_security_group.nsg",
            "module.vmscaleset.azurerm_proximity_placement_group.appgrp",
            "module.vmscaleset.azurerm_public_ip.pip",
            "module.vmscaleset.data.azurerm_resource_group.rg",
            "module.vmscaleset.data.azurerm_storage_account.storeacc",
            "module.vmscaleset.data.azurerm_subnet.snet",
            "module.vmscaleset.data.azurerm_virtual_network.vnet",
            "module.vmscaleset.random_password.passwd",
            "module.vmscaleset.tls_private_key.rsa",
            "module.vnet.azurerm_subnet.subnet_count",
            "module.vnet.azurerm_subnet.subnet_for_each",
            "module.vnet.azurerm_subnet_network_security_group_association.vnet",
            "module.vnet.azurerm_subnet_route_table_association.vnet",
            "module.vnet.azurerm_virtual_network.vnet"
          ]
        }
      ]
    },
    {
      "module": "module.vmscaleset",
      "mode": "managed",
      "type": "tls_private_key",
      "name": "rsa",
      "provider": "provider[\"registry.terraform.io/hashicorp/tls\"]",
      "instances": [
        {
          "index_key": 0,
          "schema_version": 1,
          "attributes": {
            "algorithm": "RSA",
            "ecdsa_curve": "P224",
            "id": "c0c0e4321c0e850ddf87e4bc806bcaaa9beb0aa8",
            "private_key_openssh": "-----BEGIN OPENSSH PRIVATE KEY-----\nb3BlbnNzaC1rZXktdjEAAAAABG5vbmUAAAAEbm9uZQAAAAAAAAABAAACFwAAAAdz\nc2gtcnNhAAAAAwEAAQAAAgEApHfittDkQPKJRKZ8LiWKVbSiRYRj2VzSBXkCLYaE\nBwNe8+i55uYR85ItbNGpzvEsCndRRQHtigpeGtgXxe0QWr+n/qOPehydCMhfYJ7K\n5opOHDzeoz6oeLCEt1vm8UthBZCqMOHE/A+a/oPxG1hw+2U/2jrx1zPFkNQETMe1\nwhXGJQbfyH2ve+krKk3HtugxYbwGbgQWnC9wadwPMjX1H9H6OsamD8qCmHQPDbqL\nBL/HDLN+PlnjxLvQSaUqNm1RTY2F81paI2xLSngBPoCkn95DZZAv+/vT3JNxnZxo\nYeGyEHoM35GqJFpQBzHWfIfX9/GkM/HJWMNrRZU2yE6wMj50LKuIh+XbIQSDdUmv\n5pqWh35TDkGtKiuRlGHBYGixb45brz2fnbkCNPqJwVwywIZoRoJ4rFZYRZjoXMce\nL5WRxCvwQ9N5F+FY5+k/8Yztb1LLvWTn4UkZ17QPN5rK+3bhqsZOJNCUM+oWG4/l\n2LRXIu2CPUBWLYpFE6U3G7Jf9VQKzKmy2I1UbBEFVEVR9jHa8KAelCiZoAqSgt+b\nMns2hU++UVjzWXTfcDMhM76OAK/Bd9pe614Qob8id9GxanRUE5duki5htrdWEtPF\nVWZslV/DRPpxOpNVtxW0Bl2FHs3oCPl/CVc9R+nzykePfNMlW9OwV8kt66GeGYYp\nDVsAAAc4TjksbE45LGwAAAAHc3NoLXJzYQAAAgEApHfittDkQPKJRKZ8LiWKVbSi\nRYRj2VzSBXkCLYaEBwNe8+i55uYR85ItbNGpzvEsCndRRQHtigpeGtgXxe0QWr+n\n/qOPehydCMhfYJ7K5opOHDzeoz6oeLCEt1vm8UthBZCqMOHE/A+a/oPxG1hw+2U/\n2jrx1zPFkNQETMe1whXGJQbfyH2ve+krKk3HtugxYbwGbgQWnC9wadwPMjX1H9H6\nOsamD8qCmHQPDbqLBL/HDLN+PlnjxLvQSaUqNm1RTY2F81paI2xLSngBPoCkn95D\nZZAv+/vT3JNxnZxoYeGyEHoM35GqJFpQBzHWfIfX9/GkM/HJWMNrRZU2yE6wMj50\nLKuIh+XbIQSDdUmv5pqWh35TDkGtKiuRlGHBYGixb45brz2fnbkCNPqJwVwywIZo\nRoJ4rFZYRZjoXMceL5WRxCvwQ9N5F+FY5+k/8Yztb1LLvWTn4UkZ17QPN5rK+3bh\nqsZOJNCUM+oWG4/l2LRXIu2CPUBWLYpFE6U3G7Jf9VQKzKmy2I1UbBEFVEVR9jHa\n8KAelCiZoAqSgt+bMns2hU++UVjzWXTfcDMhM76OAK/Bd9pe614Qob8id9GxanRU\nE5duki5htrdWEtPFVWZslV/DRPpxOpNVtxW0Bl2FHs3oCPl/CVc9R+nzykePfNMl\nW9OwV8kt66GeGYYpDVsAAAADAQABAAACAQCAhYKv08saia0E7YiK0yEn2lEYO91/\nBQ7F4gr2onBXvqWbuphTPCR5DxjaOXkV0tbUkur6HwiN344sMgNZ0uf90lkoHo5H\nIUcBjvshWNU7lIZ3gIWGUbd7II2Fb5anpnz5yVOFgVfalSNMkrR95v3bJgLguUE1\nJyrTAysdCM8bDMLbOmTzmmvgS5REqaVQZF/6fOEVZbJ5eITC5IkndozHweFlvsgT\n/O9SzRbaZpSuMGMOpNEZTksz+IRKmHvFLmXjUZ2ETm2z0rN/TQnD2ulKWHiYTDWD\nFwY3Dy0wugHDw4fPYmDe8EhhwgVZqfNvOwRkp/rl8KKj74nLRVAa9YqvZ8lKwNn8\nD+SQTfVLyLf0DSNGTvL69LajuYQAUPu956poIEGK+D/gBQCm+VRvZjINNMvZvRL+\nEkdS5xYorlStoj8S+zqUwtN1ZGP48ISkH5gMHKBSxc0tnGRd3szgHIvQiCHeXOmI\nnvvFYqJcV6BWAbD0B9sz/EMBTlEIdFaC/+5h55RXTyxxkX+ie/BxaAF29oy1vdiU\nqf2QiwxSZh7k/N2n3kQsPYMRwbTPJzFbNFDx/BNSOPLxFgN6fBOGV8MQMgNhvWa5\ncQI7l8oK7qyh+hpnMCHjnvV+g/EqJFU2t6vA8mIXqE1CYyYmVvnuVUGdYvizQ53t\n04LtI8BPiIG1eQAAAQEAjRt/ajcCAzrJMsx0ao2pmQ0LKAYJsuOa8SPf9iDOAOpc\nqTiG1kn48Aqueww5kmgbWaSd3N6nXLnpNgXkA+jpLlaigI6abJWZGm5vg52PQKOx\nAqPOybNCacblvJOLkAwyFUBavtcMOXd509oBc8NbTLBLgsycs0lO8RwOlmY5YNtD\nyyggD6fOMvtIWz7WX73oNemojwuB2Pfy332ctePSzcSYrvMM+yAqlMEQ0k8+ajOE\npC336YGGNkU+CNps2WwFcLpjNSoaRpfJ3zOp7Azk5jHJkKOWDb+CckWfTVaPkf+o\n7ZXBPIE2LttS4NipmP7zMoAkyDwSqRu1Rnw3fnCLZAAAAQEAxnnLhvLb0mKHevYU\nuwUEAQ3/16yHOMOmgL1DXe7G8YpQq69NeW6TsH+lI+LFA5xfuJbELmDTjvHqI/Dx\nXemfvPtglWUfWWxQvI4bYWWVls8mqTrObSUOGfZAUbUmCzPlLCDjjD8nVU0uyiSp\na57K7kT8XnVELTCJ7phQxiK4HNSkiZs01lju6qIMI9ZxQQWeMfVFFhtEzAehS0io\nWVb90vC3BRG2BrR7l49GvEMtnGuvGen8DnrHfCfGjifSdRuze9Ak5z7IX/38dc0Y\nktlrumzxviv2UuK5f/a7rSN4wfdejuz6qs2rOM8oOcOcBGBr9TY4e+tpyJP5Gc48\nho+29QAAAQEA1CLbQtz/3tJC0RTCU9BTqRuUj8PONpj7ioTY9JsxsJOhDx+tLupN\nAcDcdYjvSUTgd6KO74ewCvsO/8+YiXw+bp2mqh2hXjX8gYROIVxwIAbce0F3dmi8\nWiIa/CTgprWtzcXUWDTXx05gVafhMY5IVW4A8b1MiUl9/bVQsERGcHjBkTv07KQa\n5z+UNdmd4Im2nEoAzf/CI70TlXhDvE0eLeFq6tVYBmIfEa6X/HsWS74kgvwoZCqs\nDZh+f0EQ407/dkP611q6apyM1Rlzx3bsmjnoblqJ9dDzMIPls5QulluQzCEw5Yo6\nqSwZHUEQm+ldiNceM9t/KxTxYeY7LjDhDwAAAAAB\n-----END OPENSSH PRIVATE KEY-----\n",
            "private_key_pem": "-----BEGIN RSA PRIVATE KEY-----\nMIIJKQIBAAKCAgEApHfittDkQPKJRKZ8LiWKVbSiRYRj2VzSBXkCLYaEBwNe8+i5\n5uYR85ItbNGpzvEsCndRRQHtigpeGtgXxe0QWr+n/qOPehydCMhfYJ7K5opOHDze\noz6oeLCEt1vm8UthBZCqMOHE/A+a/oPxG1hw+2U/2jrx1zPFkNQETMe1whXGJQbf\nyH2ve+krKk3HtugxYbwGbgQWnC9wadwPMjX1H9H6OsamD8qCmHQPDbqLBL/HDLN+\nPlnjxLvQSaUqNm1RTY2F81paI2xLSngBPoCkn95DZZAv+/vT3JNxnZxoYeGyEHoM\n35GqJFpQBzHWfIfX9/GkM/HJWMNrRZU2yE6wMj50LKuIh+XbIQSDdUmv5pqWh35T\nDkGtKiuRlGHBYGixb45brz2fnbkCNPqJwVwywIZoRoJ4rFZYRZjoXMceL5WRxCvw\nQ9N5F+FY5+k/8Yztb1LLvWTn4UkZ17QPN5rK+3bhqsZOJNCUM+oWG4/l2LRXIu2C\nPUBWLYpFE6U3G7Jf9VQKzKmy2I1UbBEFVEVR9jHa8KAelCiZoAqSgt+bMns2hU++\nUVjzWXTfcDMhM76OAK/Bd9pe614Qob8id9GxanRUE5duki5htrdWEtPFVWZslV/D\nRPpxOpNVtxW0Bl2FHs3oCPl/CVc9R+nzykePfNMlW9OwV8kt66GeGYYpDVsCAwEA\nAQKCAgEAgIWCr9PLGomtBO2IitMhJ9pRGDvdfwUOxeIK9qJwV76lm7qYUzwkeQ8Y\n2jl5FdLW1JLq+h8Ijd+OLDIDWdLn/dJZKB6ORyFHAY77IVjVO5SGd4CFhlG3eyCN\nhW+Wp6Z8+clThYFX2pUjTJK0feb92yYC4LlBNScq0wMrHQjPGwzC2zpk85pr4EuU\nRKmlUGRf+nzhFWWyeXiEwuSJJ3aMx8HhZb7IE/zvUs0W2maUrjBjDqTRGU5LM/iE\nSph7xS5l41GdhE5ts9Kzf00Jw9rpSlh4mEw1gxcGNw8tMLoBw8OHz2Jg3vBIYcIF\nWanzbzsEZKf65fCio++Jy0VQGvWKr2fJSsDZ/A/kkE31S8i39A0jRk7y+vS2o7mE\nAFD7veeqaCBBivg/4AUApvlUb2YyDTTL2b0S/hJHUucWKK5UraI/Evs6lMLTdWRj\n+PCEpB+YDBygUsXNLZxkXd7M4ByL0Igh3lzpiJ77xWKiXFegVgGw9AfbM/xDAU5R\nCHRWgv/uYeeUV08scZF/onvwcWgBdvaMtb3YlKn9kIsMUmYe5Pzdp95ELD2DEcG0\nzycxWzRQ8fwTUjjy8RYDenwThlfDEDIDYb1muXECO5fKCu6sofoaZzAh4571foPx\nKiRVNrerwPJiF6hNQmMmJlb57lVBnWL4s0Od7dOC7SPAT4iBtXkCggEBAMZ5y4by\n29Jih3r2FLsFBAEN/9eshzjDpoC9Q13uxvGKUKuvTXluk7B/pSPixQOcX7iWxC5g\n047x6iPw8V3pn7z7YJVlH1lsULyOG2FllZbPJqk6zm0lDhn2QFG1Jgsz5Swg44w/\nJ1VNLsokqWueyu5E/F51RC0wie6YUMYiuBzUpImbNNZY7uqiDCPWcUEFnjH1RRYb\nRMwHoUtIqFlW/dLwtwURtga0e5ePRrxDLZxrrxnp/A56x3wnxo4n0nUbs3vQJOc+\nyF/9/HXNGJLZa7ps8b4r9lLiuX/2u60jeMH3Xo7s+qrNqzjPKDnDnARga/U2OHvr\naciT+RnOPIaPtvUCggEBANQi20Lc/97SQtEUwlPQU6kblI/DzjaY+4qE2PSbMbCT\noQ8frS7qTQHA3HWI70lE4Heiju+HsAr7Dv/PmIl8Pm6dpqodoV41/IGETiFccCAG\n3HtBd3ZovFoiGvwk4Ka1rc3F1Fg018dOYFWn4TGOSFVuAPG9TIlJff21ULBERnB4\nwZE79OykGuc/lDXZneCJtpxKAM3/wiO9E5V4Q7xNHi3haurVWAZiHxGul/x7Fku+\nJIL8KGQqrA2Yfn9BEONO/3ZD+tdaumqcjNUZc8d27Jo56G5aifXQ8zCD5bOULpZb\nkMwhMOWKOqksGR1BEJvpXYjXHjPbfysU8WHmOy4w4Q8CggEADN1oK98iEIkCbx30\nSgsRL2BQ7RHp0ewcpsudykDn9FAa2oYKZ4ybVh1v/tt8GbfRHI3pOXhdPi7AFoRP\noN670+wXXpenaIx0z0QG0lFbWOMkhmOhbcGxIE2t7Z3oUWGTwUCAf164lfbiyYeG\n08r/LGKcWSMQwD0dM7H7ylwFwxilcaX1zs8E7YCDeO81eBl9H4/eYohx9SepdM/I\n2cGhwkKIGnQDcHvSZwiKdTmFg1YXi353MBkVRR7u59f89EpPX/8l5TdUlaRI8PnS\nVfJx4Suen80JsmWv0HOVxqs98JSwNGN3/ApIxu3mlZfwTPhTBxn0n1OrD61HwDx1\n/+Lg4QKCAQBAh9nrHQ842P06XPZASL8qUhl/IjE4qpDaMk9NGWikLkRwNVKZUuzZ\n+7EUj/M6dplRy0Fv2/bRYE3Pw3bDW+gh/hMU7K6J2iJVw8mAnH3/QBcR53hPrMyf\nHoDW8uDj1aBpWCSgMHLzTgRACjGWwZF/a1ceMld168VHyEAjXqGO1S0M4RBAbCtC\n7TRIrUo5Y6sJH/nesE5+UKYEcfEo9syXaFr91KhSSMbquhHB3C+MGutAbTRcRB7S\ng/D3BPP+ManEcCl+GTtb8wNkT7nIk4Sl5beu2hvdixJvT7AwUINbeb8yWWZmbQYr\nMB7zpzdGNlcdqVKms76bfGNxRHf8NSJBAoIBAQCNG39qNwIDOskyzHRqjamZDQso\nBgmy45rxI9/2IM4A6lypOIbWSfjwCq57DDmSaBtZpJ3c3qdcuek2BeQD6OkuVqKA\njppslZkabm+DnY9Ao7ECo87Js0JpxuW8k4uQDDIVQFq+1ww5d3nT2gFzw1tMsEuC\nzJyzSU7xHA6WZjlg20PLKCAPp84y+0hbPtZfveg16aiPC4HY9/LffZy149LNxJiu\n8wz7ICqUwRDSTz5qM4SkLffpgYY2RT4I2mzZbAVwumM1KhpGl8nfM6nsDOTmMcmQ\no5YNv4JyRZ9NVo+R/6jtlcE8gTYu21Lg2KmY/vMygCTIPBKpG7VGfDd+cItk\n-----END RSA PRIVATE KEY-----\n",
            "private_key_pem_pkcs8": "-----BEGIN PRIVATE KEY-----\nMIIJQwIBADANBgkqhkiG9w0BAQEFAASCCS0wggkpAgEAAoICAQCkd+K20ORA8olE\npnwuJYpVtKJFhGPZXNIFeQIthoQHA17z6Lnm5hHzki1s0anO8SwKd1FFAe2KCl4a\n2BfF7RBav6f+o496HJ0IyF9gnsrmik4cPN6jPqh4sIS3W+bxS2EFkKow4cT8D5r+\ng/EbWHD7ZT/aOvHXM8WQ1ARMx7XCFcYlBt/Ifa976SsqTce26DFhvAZuBBacL3Bp\n3A8yNfUf0fo6xqYPyoKYdA8NuosEv8cMs34+WePEu9BJpSo2bVFNjYXzWlojbEtK\neAE+gKSf3kNlkC/7+9Pck3GdnGhh4bIQegzfkaokWlAHMdZ8h9f38aQz8clYw2tF\nlTbITrAyPnQsq4iH5dshBIN1Sa/mmpaHflMOQa0qK5GUYcFgaLFvjluvPZ+duQI0\n+onBXDLAhmhGgnisVlhFmOhcxx4vlZHEK/BD03kX4Vjn6T/xjO1vUsu9ZOfhSRnX\ntA83msr7duGqxk4k0JQz6hYbj+XYtFci7YI9QFYtikUTpTcbsl/1VArMqbLYjVRs\nEQVURVH2MdrwoB6UKJmgCpKC35syezaFT75RWPNZdN9wMyEzvo4Ar8F32l7rXhCh\nvyJ30bFqdFQTl26SLmG2t1YS08VVZmyVX8NE+nE6k1W3FbQGXYUezegI+X8JVz1H\n6fPKR4980yVb07BXyS3roZ4ZhikNWwIDAQABAoICAQCAhYKv08saia0E7YiK0yEn\n2lEYO91/BQ7F4gr2onBXvqWbuphTPCR5DxjaOXkV0tbUkur6HwiN344sMgNZ0uf9\n0lkoHo5HIUcBjvshWNU7lIZ3gIWGUbd7II2Fb5anpnz5yVOFgVfalSNMkrR95v3b\nJgLguUE1JyrTAysdCM8bDMLbOmTzmmvgS5REqaVQZF/6fOEVZbJ5eITC5IkndozH\nweFlvsgT/O9SzRbaZpSuMGMOpNEZTksz+IRKmHvFLmXjUZ2ETm2z0rN/TQnD2ulK\nWHiYTDWDFwY3Dy0wugHDw4fPYmDe8EhhwgVZqfNvOwRkp/rl8KKj74nLRVAa9Yqv\nZ8lKwNn8D+SQTfVLyLf0DSNGTvL69LajuYQAUPu956poIEGK+D/gBQCm+VRvZjIN\nNMvZvRL+EkdS5xYorlStoj8S+zqUwtN1ZGP48ISkH5gMHKBSxc0tnGRd3szgHIvQ\niCHeXOmInvvFYqJcV6BWAbD0B9sz/EMBTlEIdFaC/+5h55RXTyxxkX+ie/BxaAF2\n9oy1vdiUqf2QiwxSZh7k/N2n3kQsPYMRwbTPJzFbNFDx/BNSOPLxFgN6fBOGV8MQ\nMgNhvWa5cQI7l8oK7qyh+hpnMCHjnvV+g/EqJFU2t6vA8mIXqE1CYyYmVvnuVUGd\nYvizQ53t04LtI8BPiIG1eQKCAQEAxnnLhvLb0mKHevYUuwUEAQ3/16yHOMOmgL1D\nXe7G8YpQq69NeW6TsH+lI+LFA5xfuJbELmDTjvHqI/DxXemfvPtglWUfWWxQvI4b\nYWWVls8mqTrObSUOGfZAUbUmCzPlLCDjjD8nVU0uyiSpa57K7kT8XnVELTCJ7phQ\nxiK4HNSkiZs01lju6qIMI9ZxQQWeMfVFFhtEzAehS0ioWVb90vC3BRG2BrR7l49G\nvEMtnGuvGen8DnrHfCfGjifSdRuze9Ak5z7IX/38dc0Yktlrumzxviv2UuK5f/a7\nrSN4wfdejuz6qs2rOM8oOcOcBGBr9TY4e+tpyJP5Gc48ho+29QKCAQEA1CLbQtz/\n3tJC0RTCU9BTqRuUj8PONpj7ioTY9JsxsJOhDx+tLupNAcDcdYjvSUTgd6KO74ew\nCvsO/8+YiXw+bp2mqh2hXjX8gYROIVxwIAbce0F3dmi8WiIa/CTgprWtzcXUWDTX\nx05gVafhMY5IVW4A8b1MiUl9/bVQsERGcHjBkTv07KQa5z+UNdmd4Im2nEoAzf/C\nI70TlXhDvE0eLeFq6tVYBmIfEa6X/HsWS74kgvwoZCqsDZh+f0EQ407/dkP611q6\napyM1Rlzx3bsmjnoblqJ9dDzMIPls5QulluQzCEw5Yo6qSwZHUEQm+ldiNceM9t/\nKxTxYeY7LjDhDwKCAQAM3Wgr3yIQiQJvHfRKCxEvYFDtEenR7Bymy53KQOf0UBra\nhgpnjJtWHW/+23wZt9Ecjek5eF0+LsAWhE+g3rvT7Bdel6dojHTPRAbSUVtY4ySG\nY6FtwbEgTa3tnehRYZPBQIB/XriV9uLJh4bTyv8sYpxZIxDAPR0zsfvKXAXDGKVx\npfXOzwTtgIN47zV4GX0fj95iiHH1J6l0z8jZwaHCQogadANwe9JnCIp1OYWDVheL\nfncwGRVFHu7n1/z0Sk9f/yXlN1SVpEjw+dJV8nHhK56fzQmyZa/Qc5XGqz3wlLA0\nY3f8CkjG7eaVl/BM+FMHGfSfU6sPrUfAPHX/4uDhAoIBAECH2esdDzjY/Tpc9kBI\nvypSGX8iMTiqkNoyT00ZaKQuRHA1UplS7Nn7sRSP8zp2mVHLQW/b9tFgTc/DdsNb\n6CH+ExTsronaIlXDyYCcff9AFxHneE+szJ8egNby4OPVoGlYJKAwcvNOBEAKMZbB\nkX9rVx4yV3XrxUfIQCNeoY7VLQzhEEBsK0LtNEitSjljqwkf+d6wTn5QpgRx8Sj2\nzJdoWv3UqFJIxuq6EcHcL4wa60BtNFxEHtKD8PcE8/4xqcRwKX4ZO1vzA2RPuciT\nhKXlt67aG92LEm9PsDBQg1t5vzJZZmZtBiswHvOnN0Y2Vx2pUqazvpt8Y3FEd/w1\nIkECggEBAI0bf2o3AgM6yTLMdGqNqZkNCygGCbLjmvEj3/YgzgDqXKk4htZJ+PAK\nrnsMOZJoG1mkndzep1y56TYF5APo6S5WooCOmmyVmRpub4Odj0CjsQKjzsmzQmnG\n5byTi5AMMhVAWr7XDDl3edPaAXPDW0ywS4LMnLNJTvEcDpZmOWDbQ8soIA+nzjL7\nSFs+1l+96DXpqI8Lgdj38t99nLXj0s3EmK7zDPsgKpTBENJPPmozhKQt9+mBhjZF\nPgjabNlsBXC6YzUqGkaXyd8zqewM5OYxyZCjlg2/gnJFn01Wj5H/qO2VwTyBNi7b\nUuDYqZj+8zKAJMg8EqkbtUZ8N35wi2Q=\n-----END PRIVATE KEY-----\n",
            "public_key_fingerprint_md5": "44:9f:e8:c8:97:df:aa:3c:b8:cc:1d:3c:42:56:60:33",
            "public_key_fingerprint_sha256": "SHA256:93CbJFieeKsw/IiuVZAxDDEjBrkbtEVmcijmaap/XoM",
            "public_key_openssh": "ssh-rsa AAAAB3NzaC1yc2EAAAADAQABAAACAQCkd+K20ORA8olEpnwuJYpVtKJFhGPZXNIFeQIthoQHA17z6Lnm5hHzki1s0anO8SwKd1FFAe2KCl4a2BfF7RBav6f+o496HJ0IyF9gnsrmik4cPN6jPqh4sIS3W+bxS2EFkKow4cT8D5r+g/EbWHD7ZT/aOvHXM8WQ1ARMx7XCFcYlBt/Ifa976SsqTce26DFhvAZuBBacL3Bp3A8yNfUf0fo6xqYPyoKYdA8NuosEv8cMs34+WePEu9BJpSo2bVFNjYXzWlojbEtKeAE+gKSf3kNlkC/7+9Pck3GdnGhh4bIQegzfkaokWlAHMdZ8h9f38aQz8clYw2tFlTbITrAyPnQsq4iH5dshBIN1Sa/mmpaHflMOQa0qK5GUYcFgaLFvjluvPZ+duQI0+onBXDLAhmhGgnisVlhFmOhcxx4vlZHEK/BD03kX4Vjn6T/xjO1vUsu9ZOfhSRnXtA83msr7duGqxk4k0JQz6hYbj+XYtFci7YI9QFYtikUTpTcbsl/1VArMqbLYjVRsEQVURVH2MdrwoB6UKJmgCpKC35syezaFT75RWPNZdN9wMyEzvo4Ar8F32l7rXhChvyJ30bFqdFQTl26SLmG2t1YS08VVZmyVX8NE+nE6k1W3FbQGXYUezegI+X8JVz1H6fPKR4980yVb07BXyS3roZ4ZhikNWw==\n",
            "public_key_pem": "-----BEGIN PUBLIC KEY-----\nMIICIjANBgkqhkiG9w0BAQEFAAOCAg8AMIICCgKCAgEApHfittDkQPKJRKZ8LiWK\nVbSiRYRj2VzSBXkCLYaEBwNe8+i55uYR85ItbNGpzvEsCndRRQHtigpeGtgXxe0Q\nWr+n/qOPehydCMhfYJ7K5opOHDzeoz6oeLCEt1vm8UthBZCqMOHE/A+a/oPxG1hw\n+2U/2jrx1zPFkNQETMe1whXGJQbfyH2ve+krKk3HtugxYbwGbgQWnC9wadwPMjX1\nH9H6OsamD8qCmHQPDbqLBL/HDLN+PlnjxLvQSaUqNm1RTY2F81paI2xLSngBPoCk\nn95DZZAv+/vT3JNxnZxoYeGyEHoM35GqJFpQBzHWfIfX9/GkM/HJWMNrRZU2yE6w\nMj50LKuIh+XbIQSDdUmv5pqWh35TDkGtKiuRlGHBYGixb45brz2fnbkCNPqJwVwy\nwIZoRoJ4rFZYRZjoXMceL5WRxCvwQ9N5F+FY5+k/8Yztb1LLvWTn4UkZ17QPN5rK\n+3bhqsZOJNCUM+oWG4/l2LRXIu2CPUBWLYpFE6U3G7Jf9VQKzKmy2I1UbBEFVEVR\n9jHa8KAelCiZoAqSgt+bMns2hU++UVjzWXTfcDMhM76OAK/Bd9pe614Qob8id9Gx\nanRUE5duki5htrdWEtPFVWZslV/DRPpxOpNVtxW0Bl2FHs3oCPl/CVc9R+nzykeP\nfNMlW9OwV8kt66GeGYYpDVsCAwEAAQ==\n-----END PUBLIC KEY-----\n",
            "rsa_bits": 4096
          },
          "sensitive_attributes": [],
          "dependencies": [
            "module.vnet.azurerm_subnet.subnet_count",
            "module.vnet.azurerm_subnet.subnet_for_each",
            "module.vnet.azurerm_subnet_network_security_group_association.vnet",
            "module.vnet.azurerm_subnet_route_table_association.vnet",
            "module.vnet.azurerm_virtual_network.vnet"
          ]
        }
      ]
    },
    {
      "module": "module.vnet",
      "mode": "managed",
      "type": "azurerm_subnet",
      "name": "subnet_count",
      "provider": "provider[\"registry.terraform.io/hashicorp/azurerm\"]",
      "instances": [
        {
          "index_key": 0,
          "schema_version": 0,
          "attributes": {
            "address_prefixes": [
              "10.0.1.0/24"
            ],
            "delegation": [],
            "enforce_private_link_endpoint_network_policies": false,
            "enforce_private_link_service_network_policies": false,
            "id": "/subscriptions/c32027e6-240d-4ad6-bd95-d28947618f9d/resourceGroups/rg-shared-westeurope-01/providers/Microsoft.Network/virtualNetworks/vnet-shared-hub-westeurope-001/subnets/snet-management",
            "name": "snet-management",
            "private_endpoint_network_policies_enabled": true,
            "private_link_service_network_policies_enabled": true,
            "resource_group_name": "rg-shared-westeurope-01",
            "service_endpoint_policy_ids": null,
            "service_endpoints": null,
            "timeouts": null,
            "virtual_network_name": "vnet-shared-hub-westeurope-001"
          },
          "sensitive_attributes": [],
          "private": "eyJlMmJmYjczMC1lY2FhLTExZTYtOGY4OC0zNDM2M2JjN2M0YzAiOnsiY3JlYXRlIjoxODAwMDAwMDAwMDAwLCJkZWxldGUiOjE4MDAwMDAwMDAwMDAsInJlYWQiOjMwMDAwMDAwMDAwMCwidXBkYXRlIjoxODAwMDAwMDAwMDAwfX0=",
          "dependencies": [
            "module.vnet.azurerm_virtual_network.vnet"
          ]
        }
      ]
    },
    {
      "module": "module.vnet",
      "mode": "managed",
      "type": "azurerm_virtual_network",
      "name": "vnet",
      "provider": "provider[\"registry.terraform.io/hashicorp/azurerm\"]",
      "instances": [
        {
          "schema_version": 0,
          "attributes": {
            "address_space": [
              "10.0.0.0/16"
            ],
            "bgp_community": "",
            "ddos_protection_plan": [],
            "dns_servers": [],
            "edge_zone": "",
            "flow_timeout_in_minutes": 0,
            "guid": "f8185a49-dd84-4e44-b9f1-f4bb3297bcf4",
            "id": "/subscriptions/c32027e6-240d-4ad6-bd95-d28947618f9d/resourceGroups/rg-shared-westeurope-01/providers/Microsoft.Network/virtualNetworks/vnet-shared-hub-westeurope-001",
            "location": "westeurope",
            "name": "vnet-shared-hub-westeurope-001",
            "resource_group_name": "rg-shared-westeurope-01",
            "subnet": [],
            "tags": {
              "ENV": "test"
            },
            "timeouts": null
          },
          "sensitive_attributes": [],
          "private": "eyJlMmJmYjczMC1lY2FhLTExZTYtOGY4OC0zNDM2M2JjN2M0YzAiOnsiY3JlYXRlIjoxODAwMDAwMDAwMDAwLCJkZWxldGUiOjE4MDAwMDAwMDAwMDAsInJlYWQiOjMwMDAwMDAwMDAwMCwidXBkYXRlIjoxODAwMDAwMDAwMDAwfX0="
        }
      ]
    }
  ],
  "check_results": null
}
